{
  "version": 4,
  "terraform_version": "1.11.4",
  "serial": 261,
  "lineage": "4544c71b-3dfd-7837-e9b7-805ceb423903",
  "outputs": {
    "cluster_endpoint": {
      "value": "https://87B1CD7180F8AC829BDB44A604B90675.gr7.us-east-1.eks.amazonaws.com",
      "type": "string"
    },
    "cluster_name": {
      "value": "valkey-ci",
      "type": "string"
    },
    "karpenter_node_role_arn": {
      "value": "arn:aws:iam::653928081447:role/Karpenter-valkey-ci-20260501212738858700000016",
      "type": "string"
    },
    "private_subnet_ids": {
      "value": [
        "subnet-0c54b83204514b8ea",
        "subnet-0bc07261e41abc215"
      ],
      "type": [
        "tuple",
        [
          "string",
          "string"
        ]
      ]
    },
    "runner_namespace": {
      "value": "arc-runners",
      "type": "string"
    },
    "vpc_id": {
      "value": "vpc-0fa984275ed4d8c39",
      "type": "string"
    }
  },
  "resources": [
    {
      "mode": "data",
      "type": "aws_availability_zones",
      "name": "available",
      "provider": "provider[\"registry.terraform.io/hashicorp/aws\"]",
      "instances": [
        {
          "schema_version": 0,
          "attributes": {
            "all_availability_zones": null,
            "exclude_names": null,
            "exclude_zone_ids": null,
            "filter": null,
            "group_names": [
              "us-east-1-zg-1"
            ],
            "id": "us-east-1",
            "names": [
              "us-east-1a",
              "us-east-1b",
              "us-east-1c",
              "us-east-1d",
              "us-east-1e",
              "us-east-1f"
            ],
            "state": "available",
            "timeouts": null,
            "zone_ids": [
              "use1-az6",
              "use1-az1",
              "use1-az2",
              "use1-az4",
              "use1-az3",
              "use1-az5"
            ]
          },
          "sensitive_attributes": []
        }
      ]
    },
    {
      "mode": "managed",
      "type": "aws_route",
      "name": "karpenter_nat",
      "provider": "provider[\"registry.terraform.io/hashicorp/aws\"]",
      "instances": [
        {
          "schema_version": 0,
          "attributes": {
            "carrier_gateway_id": "",
            "core_network_arn": "",
            "destination_cidr_block": "0.0.0.0/0",
            "destination_ipv6_cidr_block": "",
            "destination_prefix_list_id": "",
            "egress_only_gateway_id": "",
            "gateway_id": "",
            "id": "r-rtb-06cfb7b5d1e5ca8031080289494",
            "instance_id": "",
            "instance_owner_id": "",
            "local_gateway_id": "",
            "nat_gateway_id": "nat-02ffdaa2c53184c67",
            "network_interface_id": "",
            "origin": "CreateRoute",
            "route_table_id": "rtb-06cfb7b5d1e5ca803",
            "state": "active",
            "timeouts": null,
            "transit_gateway_id": "",
            "vpc_endpoint_id": "",
            "vpc_peering_connection_id": ""
          },
          "sensitive_attributes": [],
          "private": "eyJlMmJmYjczMC1lY2FhLTExZTYtOGY4OC0zNDM2M2JjN2M0YzAiOnsiY3JlYXRlIjozMDAwMDAwMDAwMDAsImRlbGV0ZSI6MzAwMDAwMDAwMDAwLCJ1cGRhdGUiOjEyMDAwMDAwMDAwMH19",
          "dependencies": [
            "aws_route_table.karpenter",
            "data.aws_availability_zones.available",
            "module.vpc.aws_eip.nat",
            "module.vpc.aws_internet_gateway.this",
            "module.vpc.aws_nat_gateway.this",
            "module.vpc.aws_subnet.public",
            "module.vpc.aws_vpc.this",
            "module.vpc.aws_vpc_ipv4_cidr_block_association.this"
          ]
        }
      ]
    },
    {
      "mode": "managed",
      "type": "aws_route_table",
      "name": "karpenter",
      "provider": "provider[\"registry.terraform.io/hashicorp/aws\"]",
      "instances": [
        {
          "schema_version": 0,
          "attributes": {
            "arn": "arn:aws:ec2:us-east-1:653928081447:route-table/rtb-06cfb7b5d1e5ca803",
            "id": "rtb-06cfb7b5d1e5ca803",
            "owner_id": "653928081447",
            "propagating_vgws": [],
            "route": [
              {
                "carrier_gateway_id": "",
                "cidr_block": "0.0.0.0/0",
                "core_network_arn": "",
                "destination_prefix_list_id": "",
                "egress_only_gateway_id": "",
                "gateway_id": "",
                "ipv6_cidr_block": "",
                "local_gateway_id": "",
                "nat_gateway_id": "nat-02ffdaa2c53184c67",
                "network_interface_id": "",
                "transit_gateway_id": "",
                "vpc_endpoint_id": "",
                "vpc_peering_connection_id": ""
              }
            ],
            "tags": {
              "Name": "valkey-ci-karpenter",
              "Owner": "roshkhatri",
              "Project": "valkey-ci"
            },
            "tags_all": {
              "Name": "valkey-ci-karpenter",
              "Owner": "roshkhatri",
              "Project": "valkey-ci"
            },
            "timeouts": null,
            "vpc_id": "vpc-0fa984275ed4d8c39"
          },
          "sensitive_attributes": [],
          "private": "eyJlMmJmYjczMC1lY2FhLTExZTYtOGY4OC0zNDM2M2JjN2M0YzAiOnsiY3JlYXRlIjozMDAwMDAwMDAwMDAsImRlbGV0ZSI6MzAwMDAwMDAwMDAwLCJ1cGRhdGUiOjEyMDAwMDAwMDAwMH19",
          "dependencies": [
            "module.vpc.aws_vpc.this"
          ]
        }
      ]
    },
    {
      "mode": "managed",
      "type": "aws_route_table_association",
      "name": "karpenter",
      "provider": "provider[\"registry.terraform.io/hashicorp/aws\"]",
      "instances": [
        {
          "index_key": 0,
          "schema_version": 0,
          "attributes": {
            "gateway_id": "",
            "id": "rtbassoc-011d61aa929b6d03f",
            "route_table_id": "rtb-06cfb7b5d1e5ca803",
            "subnet_id": "subnet-0e888aca932cb6fb4",
            "timeouts": null
          },
          "sensitive_attributes": [],
          "private": "eyJlMmJmYjczMC1lY2FhLTExZTYtOGY4OC0zNDM2M2JjN2M0YzAiOnsiY3JlYXRlIjozMDAwMDAwMDAwMDAsImRlbGV0ZSI6MzAwMDAwMDAwMDAwLCJ1cGRhdGUiOjEyMDAwMDAwMDAwMH19",
          "dependencies": [
            "aws_route_table.karpenter",
            "aws_subnet.karpenter",
            "aws_vpc_ipv4_cidr_block_association.secondary",
            "data.aws_availability_zones.available",
            "module.vpc.aws_vpc.this"
          ]
        },
        {
          "index_key": 1,
          "schema_version": 0,
          "attributes": {
            "gateway_id": "",
            "id": "rtbassoc-08f3b7fa86be0f02b",
            "route_table_id": "rtb-06cfb7b5d1e5ca803",
            "subnet_id": "subnet-0513323891764704b",
            "timeouts": null
          },
          "sensitive_attributes": [],
          "private": "eyJlMmJmYjczMC1lY2FhLTExZTYtOGY4OC0zNDM2M2JjN2M0YzAiOnsiY3JlYXRlIjozMDAwMDAwMDAwMDAsImRlbGV0ZSI6MzAwMDAwMDAwMDAwLCJ1cGRhdGUiOjEyMDAwMDAwMDAwMH19",
          "dependencies": [
            "aws_route_table.karpenter",
            "aws_subnet.karpenter",
            "aws_vpc_ipv4_cidr_block_association.secondary",
            "data.aws_availability_zones.available",
            "module.vpc.aws_vpc.this"
          ]
        }
      ]
    },
    {
      "mode": "managed",
      "type": "aws_subnet",
      "name": "karpenter",
      "provider": "provider[\"registry.terraform.io/hashicorp/aws\"]",
      "instances": [
        {
          "index_key": 0,
          "schema_version": 1,
          "attributes": {
            "arn": "arn:aws:ec2:us-east-1:653928081447:subnet/subnet-0e888aca932cb6fb4",
            "assign_ipv6_address_on_creation": false,
            "availability_zone": "us-east-1a",
            "availability_zone_id": "use1-az6",
            "cidr_block": "100.64.0.0/18",
            "customer_owned_ipv4_pool": "",
            "enable_dns64": false,
            "enable_lni_at_device_index": 0,
            "enable_resource_name_dns_a_record_on_launch": false,
            "enable_resource_name_dns_aaaa_record_on_launch": false,
            "id": "subnet-0e888aca932cb6fb4",
            "ipv6_cidr_block": "",
            "ipv6_cidr_block_association_id": "",
            "ipv6_native": false,
            "map_customer_owned_ip_on_launch": false,
            "map_public_ip_on_launch": false,
            "outpost_arn": "",
            "owner_id": "653928081447",
            "private_dns_hostname_type_on_launch": "ip-name",
            "tags": {
              "Name": "valkey-ci-karpenter-us-east-1a",
              "Owner": "roshkhatri",
              "Project": "valkey-ci",
              "karpenter.sh/discovery": "valkey-ci"
            },
            "tags_all": {
              "Name": "valkey-ci-karpenter-us-east-1a",
              "Owner": "roshkhatri",
              "Project": "valkey-ci",
              "karpenter.sh/discovery": "valkey-ci"
            },
            "timeouts": null,
            "vpc_id": "vpc-0fa984275ed4d8c39"
          },
          "sensitive_attributes": [],
          "private": "eyJlMmJmYjczMC1lY2FhLTExZTYtOGY4OC0zNDM2M2JjN2M0YzAiOnsiY3JlYXRlIjo2MDAwMDAwMDAwMDAsImRlbGV0ZSI6MTIwMDAwMDAwMDAwMH0sInNjaGVtYV92ZXJzaW9uIjoiMSJ9",
          "dependencies": [
            "aws_vpc_ipv4_cidr_block_association.secondary",
            "data.aws_availability_zones.available",
            "module.vpc.aws_vpc.this"
          ]
        },
        {
          "index_key": 1,
          "schema_version": 1,
          "attributes": {
            "arn": "arn:aws:ec2:us-east-1:653928081447:subnet/subnet-0513323891764704b",
            "assign_ipv6_address_on_creation": false,
            "availability_zone": "us-east-1b",
            "availability_zone_id": "use1-az1",
            "cidr_block": "100.64.64.0/18",
            "customer_owned_ipv4_pool": "",
            "enable_dns64": false,
            "enable_lni_at_device_index": 0,
            "enable_resource_name_dns_a_record_on_launch": false,
            "enable_resource_name_dns_aaaa_record_on_launch": false,
            "id": "subnet-0513323891764704b",
            "ipv6_cidr_block": "",
            "ipv6_cidr_block_association_id": "",
            "ipv6_native": false,
            "map_customer_owned_ip_on_launch": false,
            "map_public_ip_on_launch": false,
            "outpost_arn": "",
            "owner_id": "653928081447",
            "private_dns_hostname_type_on_launch": "ip-name",
            "tags": {
              "Name": "valkey-ci-karpenter-us-east-1b",
              "Owner": "roshkhatri",
              "Project": "valkey-ci",
              "karpenter.sh/discovery": "valkey-ci"
            },
            "tags_all": {
              "Name": "valkey-ci-karpenter-us-east-1b",
              "Owner": "roshkhatri",
              "Project": "valkey-ci",
              "karpenter.sh/discovery": "valkey-ci"
            },
            "timeouts": null,
            "vpc_id": "vpc-0fa984275ed4d8c39"
          },
          "sensitive_attributes": [],
          "private": "eyJlMmJmYjczMC1lY2FhLTExZTYtOGY4OC0zNDM2M2JjN2M0YzAiOnsiY3JlYXRlIjo2MDAwMDAwMDAwMDAsImRlbGV0ZSI6MTIwMDAwMDAwMDAwMH0sInNjaGVtYV92ZXJzaW9uIjoiMSJ9",
          "dependencies": [
            "aws_vpc_ipv4_cidr_block_association.secondary",
            "data.aws_availability_zones.available",
            "module.vpc.aws_vpc.this"
          ]
        }
      ]
    },
    {
      "mode": "managed",
      "type": "aws_vpc_ipv4_cidr_block_association",
      "name": "secondary",
      "provider": "provider[\"registry.terraform.io/hashicorp/aws\"]",
      "instances": [
        {
          "schema_version": 0,
          "attributes": {
            "cidr_block": "100.64.0.0/16",
            "id": "vpc-cidr-assoc-0a21a338c2b8d6f6d",
            "ipv4_ipam_pool_id": null,
            "ipv4_netmask_length": null,
            "timeouts": null,
            "vpc_id": "vpc-0fa984275ed4d8c39"
          },
          "sensitive_attributes": [],
          "private": "eyJlMmJmYjczMC1lY2FhLTExZTYtOGY4OC0zNDM2M2JjN2M0YzAiOnsiY3JlYXRlIjo2MDAwMDAwMDAwMDAsImRlbGV0ZSI6NjAwMDAwMDAwMDAwfX0=",
          "dependencies": [
            "module.vpc.aws_vpc.this"
          ]
        }
      ]
    },
    {
      "mode": "managed",
      "type": "helm_release",
      "name": "karpenter",
      "provider": "provider[\"registry.terraform.io/hashicorp/helm\"]",
      "instances": [
        {
          "schema_version": 1,
          "attributes": {
            "atomic": false,
            "chart": "karpenter",
            "cleanup_on_fail": false,
            "create_namespace": false,
            "dependency_update": false,
            "description": null,
            "devel": null,
            "disable_crd_hooks": false,
            "disable_openapi_validation": false,
            "disable_webhooks": false,
            "force_update": false,
            "id": "karpenter",
            "keyring": null,
            "lint": false,
            "manifest": null,
            "max_history": 0,
            "metadata": [
              {
                "app_version": "1.1.1",
                "chart": "karpenter",
                "first_deployed": 1777670913,
                "last_deployed": 1777670913,
                "name": "karpenter",
                "namespace": "kube-system",
                "notes": "",
                "revision": 1,
                "values": "{\"nodeSelector\":{\"node-role\":\"system\"},\"settings\":{\"clusterEndpoint\":\"https://87B1CD7180F8AC829BDB44A604B90675.gr7.us-east-1.eks.amazonaws.com\",\"clusterName\":\"valkey-ci\",\"interruptionQueue\":\"Karpenter-valkey-ci\"},\"tolerations\":[{\"effect\":\"NoSchedule\",\"key\":\"CriticalAddonsOnly\",\"operator\":\"Exists\"}]}",
                "version": "1.1.1"
              }
            ],
            "name": "karpenter",
            "namespace": "kube-system",
            "pass_credentials": false,
            "postrender": [],
            "recreate_pods": false,
            "render_subchart_notes": true,
            "replace": false,
            "repository": "oci://public.ecr.aws/karpenter",
            "repository_ca_file": null,
            "repository_cert_file": null,
            "repository_key_file": null,
            "repository_password": null,
            "repository_username": null,
            "reset_values": false,
            "reuse_values": false,
            "set": [],
            "set_list": [],
            "set_sensitive": [],
            "skip_crds": false,
            "status": "deployed",
            "timeout": 300,
            "upgrade_install": null,
            "values": [
              "\"nodeSelector\":\n  \"node-role\": \"system\"\n\"settings\":\n  \"clusterEndpoint\": \"https://87B1CD7180F8AC829BDB44A604B90675.gr7.us-east-1.eks.amazonaws.com\"\n  \"clusterName\": \"valkey-ci\"\n  \"interruptionQueue\": \"Karpenter-valkey-ci\"\n\"tolerations\":\n- \"effect\": \"NoSchedule\"\n  \"key\": \"CriticalAddonsOnly\"\n  \"operator\": \"Exists\"\n"
            ],
            "verify": false,
            "version": "1.1.1",
            "wait": true,
            "wait_for_jobs": false
          },
          "sensitive_attributes": [
            [
              {
                "type": "get_attr",
                "value": "repository_password"
              }
            ]
          ],
          "private": "eyJzY2hlbWFfdmVyc2lvbiI6IjEifQ==",
          "dependencies": [
            "data.aws_availability_zones.available",
            "module.eks.aws_cloudwatch_log_group.this",
            "module.eks.aws_eks_access_entry.this",
            "module.eks.aws_eks_access_policy_association.this",
            "module.eks.aws_eks_cluster.this",
            "module.eks.aws_iam_policy.cni_ipv6_policy",
            "module.eks.aws_iam_role.eks_auto",
            "module.eks.aws_iam_role.this",
            "module.eks.aws_iam_role_policy_attachment.this",
            "module.eks.aws_security_group.cluster",
            "module.eks.aws_security_group.node",
            "module.eks.aws_security_group_rule.cluster",
            "module.eks.aws_security_group_rule.node",
            "module.eks.data.aws_caller_identity.current",
            "module.eks.data.aws_iam_policy_document.assume_role_policy",
            "module.eks.data.aws_iam_policy_document.cni_ipv6_policy",
            "module.eks.data.aws_iam_policy_document.node_assume_role_policy",
            "module.eks.data.aws_iam_session_context.current",
            "module.eks.data.aws_partition.current",
            "module.eks.module.kms.aws_kms_external_key.this",
            "module.eks.module.kms.aws_kms_key.this",
            "module.eks.module.kms.aws_kms_replica_external_key.this",
            "module.eks.module.kms.aws_kms_replica_key.this",
            "module.eks.module.kms.data.aws_caller_identity.current",
            "module.eks.module.kms.data.aws_iam_policy_document.this",
            "module.eks.module.kms.data.aws_partition.current",
            "module.karpenter.aws_cloudwatch_event_rule.this",
            "module.karpenter.aws_cloudwatch_event_target.this",
            "module.karpenter.aws_eks_access_entry.node",
            "module.karpenter.aws_eks_pod_identity_association.karpenter",
            "module.karpenter.aws_iam_instance_profile.this",
            "module.karpenter.aws_iam_policy.controller",
            "module.karpenter.aws_iam_role.controller",
            "module.karpenter.aws_iam_role.node",
            "module.karpenter.aws_iam_role_policy_attachment.controller",
            "module.karpenter.aws_iam_role_policy_attachment.controller_additional",
            "module.karpenter.aws_iam_role_policy_attachment.node",
            "module.karpenter.aws_iam_role_policy_attachment.node_additional",
            "module.karpenter.aws_sqs_queue.this",
            "module.karpenter.aws_sqs_queue_policy.this",
            "module.karpenter.data.aws_caller_identity.current",
            "module.karpenter.data.aws_iam_policy_document.controller",
            "module.karpenter.data.aws_iam_policy_document.controller_assume_role",
            "module.karpenter.data.aws_iam_policy_document.node_assume_role",
            "module.karpenter.data.aws_iam_policy_document.queue",
            "module.karpenter.data.aws_iam_policy_document.v033",
            "module.karpenter.data.aws_iam_policy_document.v1",
            "module.karpenter.data.aws_partition.current",
            "module.karpenter.data.aws_region.current",
            "module.vpc.aws_subnet.private",
            "module.vpc.aws_vpc.this",
            "module.vpc.aws_vpc_ipv4_cidr_block_association.this"
          ]
        }
      ]
    },
    {
      "mode": "managed",
      "type": "kubectl_manifest",
      "name": "ec2nodeclass_arm64",
      "provider": "provider[\"registry.terraform.io/gavinbunney/kubectl\"]",
      "instances": [
        {
          "schema_version": 1,
          "attributes": {
            "api_version": "karpenter.k8s.aws/v1",
            "apply_only": false,
            "force_conflicts": false,
            "force_new": false,
            "id": "/apis/karpenter.k8s.aws/v1/ec2nodeclasses/arm64",
            "ignore_fields": null,
            "kind": "EC2NodeClass",
            "live_manifest_incluster": "19f8f3eca0d0eac0453c61c4c6b419c3f17526876eb2be7d909b6d47f662f911",
            "live_uid": "890494b2-6134-4e19-9381-72be31c56aba",
            "name": "arm64",
            "namespace": null,
            "override_namespace": null,
            "sensitive_fields": null,
            "server_side_apply": false,
            "timeouts": null,
            "uid": "890494b2-6134-4e19-9381-72be31c56aba",
            "validate_schema": true,
            "wait": null,
            "wait_for_rollout": true,
            "yaml_body": "\"apiVersion\": \"karpenter.k8s.aws/v1\"\n\"kind\": \"EC2NodeClass\"\n\"metadata\":\n  \"name\": \"arm64\"\n\"spec\":\n  \"amiSelectorTerms\":\n  - \"alias\": \"al2023@latest\"\n  \"blockDeviceMappings\":\n  - \"deviceName\": \"/dev/xvda\"\n    \"ebs\":\n      \"deleteOnTermination\": true\n      \"encrypted\": true\n      \"volumeSize\": \"100Gi\"\n      \"volumeType\": \"gp3\"\n  \"role\": \"Karpenter-valkey-ci-20260501212738858700000016\"\n  \"securityGroupSelectorTerms\":\n  - \"tags\":\n      \"karpenter.sh/discovery\": \"valkey-ci\"\n  \"subnetSelectorTerms\":\n  - \"tags\":\n      \"karpenter.sh/discovery\": \"valkey-ci\"\n  \"tags\":\n    \"Owner\": \"roshkhatri\"\n    \"Project\": \"valkey-ci\"\n",
            "yaml_body_parsed": "apiVersion: karpenter.k8s.aws/v1\nkind: EC2NodeClass\nmetadata:\n  name: arm64\nspec:\n  amiSelectorTerms:\n  - alias: al2023@latest\n  blockDeviceMappings:\n  - deviceName: /dev/xvda\n    ebs:\n      deleteOnTermination: true\n      encrypted: true\n      volumeSize: 100Gi\n      volumeType: gp3\n  role: Karpenter-valkey-ci-20260501212738858700000016\n  securityGroupSelectorTerms:\n  - tags:\n      karpenter.sh/discovery: valkey-ci\n  subnetSelectorTerms:\n  - tags:\n      karpenter.sh/discovery: valkey-ci\n  tags:\n    Owner: roshkhatri\n    Project: valkey-ci\n",
            "yaml_incluster": "19f8f3eca0d0eac0453c61c4c6b419c3f17526876eb2be7d909b6d47f662f911"
          },
          "sensitive_attributes": [
            [
              {
                "type": "get_attr",
                "value": "live_manifest_incluster"
              }
            ],
            [
              {
                "type": "get_attr",
                "value": "yaml_body"
              }
            ],
            [
              {
                "type": "get_attr",
                "value": "yaml_incluster"
              }
            ]
          ],
          "private": "eyJlMmJmYjczMC1lY2FhLTExZTYtOGY4OC0zNDM2M2JjN2M0YzAiOnsiY3JlYXRlIjo2MDAwMDAwMDAwMDB9LCJzY2hlbWFfdmVyc2lvbiI6IjEifQ==",
          "dependencies": [
            "data.aws_availability_zones.available",
            "helm_release.karpenter",
            "module.eks.aws_cloudwatch_log_group.this",
            "module.eks.aws_eks_access_entry.this",
            "module.eks.aws_eks_access_policy_association.this",
            "module.eks.aws_eks_cluster.this",
            "module.eks.aws_iam_policy.cni_ipv6_policy",
            "module.eks.aws_iam_role.eks_auto",
            "module.eks.aws_iam_role.this",
            "module.eks.aws_iam_role_policy_attachment.this",
            "module.eks.aws_security_group.cluster",
            "module.eks.aws_security_group.node",
            "module.eks.aws_security_group_rule.cluster",
            "module.eks.aws_security_group_rule.node",
            "module.eks.data.aws_caller_identity.current",
            "module.eks.data.aws_iam_policy_document.assume_role_policy",
            "module.eks.data.aws_iam_policy_document.cni_ipv6_policy",
            "module.eks.data.aws_iam_policy_document.node_assume_role_policy",
            "module.eks.data.aws_iam_session_context.current",
            "module.eks.data.aws_partition.current",
            "module.eks.module.kms.aws_kms_external_key.this",
            "module.eks.module.kms.aws_kms_key.this",
            "module.eks.module.kms.aws_kms_replica_external_key.this",
            "module.eks.module.kms.aws_kms_replica_key.this",
            "module.eks.module.kms.data.aws_caller_identity.current",
            "module.eks.module.kms.data.aws_iam_policy_document.this",
            "module.eks.module.kms.data.aws_partition.current",
            "module.karpenter.aws_cloudwatch_event_rule.this",
            "module.karpenter.aws_cloudwatch_event_target.this",
            "module.karpenter.aws_eks_access_entry.node",
            "module.karpenter.aws_eks_pod_identity_association.karpenter",
            "module.karpenter.aws_iam_instance_profile.this",
            "module.karpenter.aws_iam_policy.controller",
            "module.karpenter.aws_iam_role.controller",
            "module.karpenter.aws_iam_role.node",
            "module.karpenter.aws_iam_role_policy_attachment.controller",
            "module.karpenter.aws_iam_role_policy_attachment.controller_additional",
            "module.karpenter.aws_iam_role_policy_attachment.node",
            "module.karpenter.aws_iam_role_policy_attachment.node_additional",
            "module.karpenter.aws_sqs_queue.this",
            "module.karpenter.aws_sqs_queue_policy.this",
            "module.karpenter.data.aws_caller_identity.current",
            "module.karpenter.data.aws_iam_policy_document.controller",
            "module.karpenter.data.aws_iam_policy_document.controller_assume_role",
            "module.karpenter.data.aws_iam_policy_document.node_assume_role",
            "module.karpenter.data.aws_iam_policy_document.queue",
            "module.karpenter.data.aws_iam_policy_document.v033",
            "module.karpenter.data.aws_iam_policy_document.v1",
            "module.karpenter.data.aws_partition.current",
            "module.karpenter.data.aws_region.current",
            "module.vpc.aws_subnet.private",
            "module.vpc.aws_vpc.this",
            "module.vpc.aws_vpc_ipv4_cidr_block_association.this"
          ]
        }
      ]
    },
    {
      "mode": "managed",
      "type": "kubectl_manifest",
      "name": "ec2nodeclass_x64",
      "provider": "provider[\"registry.terraform.io/gavinbunney/kubectl\"]",
      "instances": [
        {
          "schema_version": 1,
          "attributes": {
            "api_version": "karpenter.k8s.aws/v1",
            "apply_only": false,
            "force_conflicts": false,
            "force_new": false,
            "id": "/apis/karpenter.k8s.aws/v1/ec2nodeclasses/x64",
            "ignore_fields": null,
            "kind": "EC2NodeClass",
            "live_manifest_incluster": "6123bf0cdfcdb53a11ef6155202d089dbc991f1a44aad05b72713577d698296a",
            "live_uid": "53e0ba02-52bb-4076-a65c-6180294b2f9e",
            "name": "x64",
            "namespace": null,
            "override_namespace": null,
            "sensitive_fields": null,
            "server_side_apply": false,
            "timeouts": null,
            "uid": "53e0ba02-52bb-4076-a65c-6180294b2f9e",
            "validate_schema": true,
            "wait": null,
            "wait_for_rollout": true,
            "yaml_body": "\"apiVersion\": \"karpenter.k8s.aws/v1\"\n\"kind\": \"EC2NodeClass\"\n\"metadata\":\n  \"name\": \"x64\"\n\"spec\":\n  \"amiSelectorTerms\":\n  - \"alias\": \"al2023@latest\"\n  \"blockDeviceMappings\":\n  - \"deviceName\": \"/dev/xvda\"\n    \"ebs\":\n      \"deleteOnTermination\": true\n      \"encrypted\": true\n      \"volumeSize\": \"100Gi\"\n      \"volumeType\": \"gp3\"\n  \"role\": \"Karpenter-valkey-ci-20260501212738858700000016\"\n  \"securityGroupSelectorTerms\":\n  - \"tags\":\n      \"karpenter.sh/discovery\": \"valkey-ci\"\n  \"subnetSelectorTerms\":\n  - \"tags\":\n      \"karpenter.sh/discovery\": \"valkey-ci\"\n  \"tags\":\n    \"Owner\": \"roshkhatri\"\n    \"Project\": \"valkey-ci\"\n",
            "yaml_body_parsed": "apiVersion: karpenter.k8s.aws/v1\nkind: EC2NodeClass\nmetadata:\n  name: x64\nspec:\n  amiSelectorTerms:\n  - alias: al2023@latest\n  blockDeviceMappings:\n  - deviceName: /dev/xvda\n    ebs:\n      deleteOnTermination: true\n      encrypted: true\n      volumeSize: 100Gi\n      volumeType: gp3\n  role: Karpenter-valkey-ci-20260501212738858700000016\n  securityGroupSelectorTerms:\n  - tags:\n      karpenter.sh/discovery: valkey-ci\n  subnetSelectorTerms:\n  - tags:\n      karpenter.sh/discovery: valkey-ci\n  tags:\n    Owner: roshkhatri\n    Project: valkey-ci\n",
            "yaml_incluster": "6123bf0cdfcdb53a11ef6155202d089dbc991f1a44aad05b72713577d698296a"
          },
          "sensitive_attributes": [
            [
              {
                "type": "get_attr",
                "value": "live_manifest_incluster"
              }
            ],
            [
              {
                "type": "get_attr",
                "value": "yaml_body"
              }
            ],
            [
              {
                "type": "get_attr",
                "value": "yaml_incluster"
              }
            ]
          ],
          "private": "eyJlMmJmYjczMC1lY2FhLTExZTYtOGY4OC0zNDM2M2JjN2M0YzAiOnsiY3JlYXRlIjo2MDAwMDAwMDAwMDB9LCJzY2hlbWFfdmVyc2lvbiI6IjEifQ==",
          "dependencies": [
            "data.aws_availability_zones.available",
            "helm_release.karpenter",
            "module.eks.aws_cloudwatch_log_group.this",
            "module.eks.aws_eks_access_entry.this",
            "module.eks.aws_eks_access_policy_association.this",
            "module.eks.aws_eks_cluster.this",
            "module.eks.aws_iam_policy.cni_ipv6_policy",
            "module.eks.aws_iam_role.eks_auto",
            "module.eks.aws_iam_role.this",
            "module.eks.aws_iam_role_policy_attachment.this",
            "module.eks.aws_security_group.cluster",
            "module.eks.aws_security_group.node",
            "module.eks.aws_security_group_rule.cluster",
            "module.eks.aws_security_group_rule.node",
            "module.eks.data.aws_caller_identity.current",
            "module.eks.data.aws_iam_policy_document.assume_role_policy",
            "module.eks.data.aws_iam_policy_document.cni_ipv6_policy",
            "module.eks.data.aws_iam_policy_document.node_assume_role_policy",
            "module.eks.data.aws_iam_session_context.current",
            "module.eks.data.aws_partition.current",
            "module.eks.module.kms.aws_kms_external_key.this",
            "module.eks.module.kms.aws_kms_key.this",
            "module.eks.module.kms.aws_kms_replica_external_key.this",
            "module.eks.module.kms.aws_kms_replica_key.this",
            "module.eks.module.kms.data.aws_caller_identity.current",
            "module.eks.module.kms.data.aws_iam_policy_document.this",
            "module.eks.module.kms.data.aws_partition.current",
            "module.karpenter.aws_cloudwatch_event_rule.this",
            "module.karpenter.aws_cloudwatch_event_target.this",
            "module.karpenter.aws_eks_access_entry.node",
            "module.karpenter.aws_eks_pod_identity_association.karpenter",
            "module.karpenter.aws_iam_instance_profile.this",
            "module.karpenter.aws_iam_policy.controller",
            "module.karpenter.aws_iam_role.controller",
            "module.karpenter.aws_iam_role.node",
            "module.karpenter.aws_iam_role_policy_attachment.controller",
            "module.karpenter.aws_iam_role_policy_attachment.controller_additional",
            "module.karpenter.aws_iam_role_policy_attachment.node",
            "module.karpenter.aws_iam_role_policy_attachment.node_additional",
            "module.karpenter.aws_sqs_queue.this",
            "module.karpenter.aws_sqs_queue_policy.this",
            "module.karpenter.data.aws_caller_identity.current",
            "module.karpenter.data.aws_iam_policy_document.controller",
            "module.karpenter.data.aws_iam_policy_document.controller_assume_role",
            "module.karpenter.data.aws_iam_policy_document.node_assume_role",
            "module.karpenter.data.aws_iam_policy_document.queue",
            "module.karpenter.data.aws_iam_policy_document.v033",
            "module.karpenter.data.aws_iam_policy_document.v1",
            "module.karpenter.data.aws_partition.current",
            "module.karpenter.data.aws_region.current",
            "module.vpc.aws_subnet.private",
            "module.vpc.aws_vpc.this",
            "module.vpc.aws_vpc_ipv4_cidr_block_association.this"
          ]
        }
      ]
    },
    {
      "mode": "managed",
      "type": "kubectl_manifest",
      "name": "nodepool_arm64",
      "provider": "provider[\"registry.terraform.io/gavinbunney/kubectl\"]",
      "instances": [
        {
          "schema_version": 1,
          "attributes": {
            "api_version": "karpenter.sh/v1",
            "apply_only": false,
            "force_conflicts": false,
            "force_new": false,
            "id": "/apis/karpenter.sh/v1/nodepools/linux-arm64",
            "ignore_fields": null,
            "kind": "NodePool",
            "live_manifest_incluster": "63a4946c7bce650cbb0742ed03f5c966571fa421fa29be105fc392619a31ee8b",
            "live_uid": "f08b05fa-4062-420e-8952-69c846f40284",
            "name": "linux-arm64",
            "namespace": null,
            "override_namespace": null,
            "sensitive_fields": null,
            "server_side_apply": false,
            "timeouts": null,
            "uid": "f08b05fa-4062-420e-8952-69c846f40284",
            "validate_schema": true,
            "wait": null,
            "wait_for_rollout": true,
            "yaml_body": "\"apiVersion\": \"karpenter.sh/v1\"\n\"kind\": \"NodePool\"\n\"metadata\":\n  \"name\": \"linux-arm64\"\n\"spec\":\n  \"disruption\":\n    \"consolidateAfter\": \"Never\"\n    \"consolidationPolicy\": \"WhenEmpty\"\n  \"limits\":\n    \"cpu\": \"16\"\n    \"memory\": \"64Gi\"\n  \"template\":\n    \"metadata\":\n      \"labels\":\n        \"valkey.io/pool\": \"arm64\"\n    \"spec\":\n      \"nodeClassRef\":\n        \"group\": \"karpenter.k8s.aws\"\n        \"kind\": \"EC2NodeClass\"\n        \"name\": \"arm64\"\n      \"requirements\":\n      - \"key\": \"kubernetes.io/arch\"\n        \"operator\": \"In\"\n        \"values\":\n        - \"arm64\"\n      - \"key\": \"karpenter.sh/capacity-type\"\n        \"operator\": \"In\"\n        \"values\":\n        - \"on-demand\"\n      - \"key\": \"node.kubernetes.io/instance-type\"\n        \"operator\": \"In\"\n        \"values\":\n        - \"c7g.2xlarge\"\n        - \"c7g.4xlarge\"\n        - \"m7g.2xlarge\"\n        - \"m7g.4xlarge\"\n",
            "yaml_body_parsed": "apiVersion: karpenter.sh/v1\nkind: NodePool\nmetadata:\n  name: linux-arm64\nspec:\n  disruption:\n    consolidateAfter: Never\n    consolidationPolicy: WhenEmpty\n  limits:\n    cpu: \"16\"\n    memory: 64Gi\n  template:\n    metadata:\n      labels:\n        valkey.io/pool: arm64\n    spec:\n      nodeClassRef:\n        group: karpenter.k8s.aws\n        kind: EC2NodeClass\n        name: arm64\n      requirements:\n      - key: kubernetes.io/arch\n        operator: In\n        values:\n        - arm64\n      - key: karpenter.sh/capacity-type\n        operator: In\n        values:\n        - on-demand\n      - key: node.kubernetes.io/instance-type\n        operator: In\n        values:\n        - c7g.2xlarge\n        - c7g.4xlarge\n        - m7g.2xlarge\n        - m7g.4xlarge\n",
            "yaml_incluster": "63a4946c7bce650cbb0742ed03f5c966571fa421fa29be105fc392619a31ee8b"
          },
          "sensitive_attributes": [
            [
              {
                "type": "get_attr",
                "value": "yaml_body"
              }
            ],
            [
              {
                "type": "get_attr",
                "value": "live_manifest_incluster"
              }
            ],
            [
              {
                "type": "get_attr",
                "value": "yaml_incluster"
              }
            ]
          ],
          "private": "eyJlMmJmYjczMC1lY2FhLTExZTYtOGY4OC0zNDM2M2JjN2M0YzAiOnsiY3JlYXRlIjo2MDAwMDAwMDAwMDB9LCJzY2hlbWFfdmVyc2lvbiI6IjEifQ==",
          "dependencies": [
            "data.aws_availability_zones.available",
            "helm_release.karpenter",
            "module.eks.aws_cloudwatch_log_group.this",
            "module.eks.aws_eks_access_entry.this",
            "module.eks.aws_eks_access_policy_association.this",
            "module.eks.aws_eks_cluster.this",
            "module.eks.aws_iam_policy.cni_ipv6_policy",
            "module.eks.aws_iam_role.eks_auto",
            "module.eks.aws_iam_role.this",
            "module.eks.aws_iam_role_policy_attachment.this",
            "module.eks.aws_security_group.cluster",
            "module.eks.aws_security_group.node",
            "module.eks.aws_security_group_rule.cluster",
            "module.eks.aws_security_group_rule.node",
            "module.eks.data.aws_caller_identity.current",
            "module.eks.data.aws_iam_policy_document.assume_role_policy",
            "module.eks.data.aws_iam_policy_document.cni_ipv6_policy",
            "module.eks.data.aws_iam_policy_document.node_assume_role_policy",
            "module.eks.data.aws_iam_session_context.current",
            "module.eks.data.aws_partition.current",
            "module.eks.module.kms.aws_kms_external_key.this",
            "module.eks.module.kms.aws_kms_key.this",
            "module.eks.module.kms.aws_kms_replica_external_key.this",
            "module.eks.module.kms.aws_kms_replica_key.this",
            "module.eks.module.kms.data.aws_caller_identity.current",
            "module.eks.module.kms.data.aws_iam_policy_document.this",
            "module.eks.module.kms.data.aws_partition.current",
            "module.karpenter.aws_cloudwatch_event_rule.this",
            "module.karpenter.aws_cloudwatch_event_target.this",
            "module.karpenter.aws_eks_access_entry.node",
            "module.karpenter.aws_eks_pod_identity_association.karpenter",
            "module.karpenter.aws_iam_instance_profile.this",
            "module.karpenter.aws_iam_policy.controller",
            "module.karpenter.aws_iam_role.controller",
            "module.karpenter.aws_iam_role.node",
            "module.karpenter.aws_iam_role_policy_attachment.controller",
            "module.karpenter.aws_iam_role_policy_attachment.controller_additional",
            "module.karpenter.aws_iam_role_policy_attachment.node",
            "module.karpenter.aws_iam_role_policy_attachment.node_additional",
            "module.karpenter.aws_sqs_queue.this",
            "module.karpenter.aws_sqs_queue_policy.this",
            "module.karpenter.data.aws_caller_identity.current",
            "module.karpenter.data.aws_iam_policy_document.controller",
            "module.karpenter.data.aws_iam_policy_document.controller_assume_role",
            "module.karpenter.data.aws_iam_policy_document.node_assume_role",
            "module.karpenter.data.aws_iam_policy_document.queue",
            "module.karpenter.data.aws_iam_policy_document.v033",
            "module.karpenter.data.aws_iam_policy_document.v1",
            "module.karpenter.data.aws_partition.current",
            "module.karpenter.data.aws_region.current",
            "module.vpc.aws_subnet.private",
            "module.vpc.aws_vpc.this",
            "module.vpc.aws_vpc_ipv4_cidr_block_association.this"
          ]
        }
      ]
    },
    {
      "mode": "managed",
      "type": "kubectl_manifest",
      "name": "nodepool_x64",
      "provider": "provider[\"registry.terraform.io/gavinbunney/kubectl\"]",
      "instances": [
        {
          "schema_version": 1,
          "attributes": {
            "api_version": "karpenter.sh/v1",
            "apply_only": false,
            "force_conflicts": false,
            "force_new": false,
            "id": "/apis/karpenter.sh/v1/nodepools/linux-x64",
            "ignore_fields": null,
            "kind": "NodePool",
            "live_manifest_incluster": "45e6d0754e68a62939a0faf3adc324b517920da726892f8d44d326a1268a8fae",
            "live_uid": "9aa7773c-0bfd-4dc4-8e7a-383edd7749fa",
            "name": "linux-x64",
            "namespace": null,
            "override_namespace": null,
            "sensitive_fields": null,
            "server_side_apply": false,
            "timeouts": null,
            "uid": "9aa7773c-0bfd-4dc4-8e7a-383edd7749fa",
            "validate_schema": true,
            "wait": null,
            "wait_for_rollout": true,
            "yaml_body": "\"apiVersion\": \"karpenter.sh/v1\"\n\"kind\": \"NodePool\"\n\"metadata\":\n  \"name\": \"linux-x64\"\n\"spec\":\n  \"disruption\":\n    \"consolidateAfter\": \"60s\"\n    \"consolidationPolicy\": \"WhenEmpty\"\n  \"limits\":\n    \"cpu\": \"3200\"\n    \"memory\": \"6400Gi\"\n  \"template\":\n    \"metadata\":\n      \"labels\":\n        \"valkey.io/pool\": \"x64\"\n    \"spec\":\n      \"nodeClassRef\":\n        \"group\": \"karpenter.k8s.aws\"\n        \"kind\": \"EC2NodeClass\"\n        \"name\": \"x64\"\n      \"requirements\":\n      - \"key\": \"kubernetes.io/arch\"\n        \"operator\": \"In\"\n        \"values\":\n        - \"amd64\"\n      - \"key\": \"karpenter.sh/capacity-type\"\n        \"operator\": \"In\"\n        \"values\":\n        - \"on-demand\"\n      - \"key\": \"node.kubernetes.io/instance-type\"\n        \"operator\": \"In\"\n        \"values\":\n        - \"c7i.2xlarge\"\n        - \"c7i.4xlarge\"\n        - \"m7i.2xlarge\"\n        - \"m7i.4xlarge\"\n        - \"c6i.2xlarge\"\n        - \"c6i.4xlarge\"\n        - \"m6i.2xlarge\"\n        - \"m6i.4xlarge\"\n",
            "yaml_body_parsed": "apiVersion: karpenter.sh/v1\nkind: NodePool\nmetadata:\n  name: linux-x64\nspec:\n  disruption:\n    consolidateAfter: 60s\n    consolidationPolicy: WhenEmpty\n  limits:\n    cpu: \"3200\"\n    memory: 6400Gi\n  template:\n    metadata:\n      labels:\n        valkey.io/pool: x64\n    spec:\n      nodeClassRef:\n        group: karpenter.k8s.aws\n        kind: EC2NodeClass\n        name: x64\n      requirements:\n      - key: kubernetes.io/arch\n        operator: In\n        values:\n        - amd64\n      - key: karpenter.sh/capacity-type\n        operator: In\n        values:\n        - on-demand\n      - key: node.kubernetes.io/instance-type\n        operator: In\n        values:\n        - c7i.2xlarge\n        - c7i.4xlarge\n        - m7i.2xlarge\n        - m7i.4xlarge\n        - c6i.2xlarge\n        - c6i.4xlarge\n        - m6i.2xlarge\n        - m6i.4xlarge\n",
            "yaml_incluster": "45e6d0754e68a62939a0faf3adc324b517920da726892f8d44d326a1268a8fae"
          },
          "sensitive_attributes": [
            [
              {
                "type": "get_attr",
                "value": "yaml_incluster"
              }
            ],
            [
              {
                "type": "get_attr",
                "value": "yaml_body"
              }
            ],
            [
              {
                "type": "get_attr",
                "value": "live_manifest_incluster"
              }
            ]
          ],
          "private": "eyJlMmJmYjczMC1lY2FhLTExZTYtOGY4OC0zNDM2M2JjN2M0YzAiOnsiY3JlYXRlIjo2MDAwMDAwMDAwMDB9LCJzY2hlbWFfdmVyc2lvbiI6IjEifQ==",
          "dependencies": [
            "data.aws_availability_zones.available",
            "helm_release.karpenter",
            "module.eks.aws_cloudwatch_log_group.this",
            "module.eks.aws_eks_access_entry.this",
            "module.eks.aws_eks_access_policy_association.this",
            "module.eks.aws_eks_cluster.this",
            "module.eks.aws_iam_policy.cni_ipv6_policy",
            "module.eks.aws_iam_role.eks_auto",
            "module.eks.aws_iam_role.this",
            "module.eks.aws_iam_role_policy_attachment.this",
            "module.eks.aws_security_group.cluster",
            "module.eks.aws_security_group.node",
            "module.eks.aws_security_group_rule.cluster",
            "module.eks.aws_security_group_rule.node",
            "module.eks.data.aws_caller_identity.current",
            "module.eks.data.aws_iam_policy_document.assume_role_policy",
            "module.eks.data.aws_iam_policy_document.cni_ipv6_policy",
            "module.eks.data.aws_iam_policy_document.node_assume_role_policy",
            "module.eks.data.aws_iam_session_context.current",
            "module.eks.data.aws_partition.current",
            "module.eks.module.kms.aws_kms_external_key.this",
            "module.eks.module.kms.aws_kms_key.this",
            "module.eks.module.kms.aws_kms_replica_external_key.this",
            "module.eks.module.kms.aws_kms_replica_key.this",
            "module.eks.module.kms.data.aws_caller_identity.current",
            "module.eks.module.kms.data.aws_iam_policy_document.this",
            "module.eks.module.kms.data.aws_partition.current",
            "module.karpenter.aws_cloudwatch_event_rule.this",
            "module.karpenter.aws_cloudwatch_event_target.this",
            "module.karpenter.aws_eks_access_entry.node",
            "module.karpenter.aws_eks_pod_identity_association.karpenter",
            "module.karpenter.aws_iam_instance_profile.this",
            "module.karpenter.aws_iam_policy.controller",
            "module.karpenter.aws_iam_role.controller",
            "module.karpenter.aws_iam_role.node",
            "module.karpenter.aws_iam_role_policy_attachment.controller",
            "module.karpenter.aws_iam_role_policy_attachment.controller_additional",
            "module.karpenter.aws_iam_role_policy_attachment.node",
            "module.karpenter.aws_iam_role_policy_attachment.node_additional",
            "module.karpenter.aws_sqs_queue.this",
            "module.karpenter.aws_sqs_queue_policy.this",
            "module.karpenter.data.aws_caller_identity.current",
            "module.karpenter.data.aws_iam_policy_document.controller",
            "module.karpenter.data.aws_iam_policy_document.controller_assume_role",
            "module.karpenter.data.aws_iam_policy_document.node_assume_role",
            "module.karpenter.data.aws_iam_policy_document.queue",
            "module.karpenter.data.aws_iam_policy_document.v033",
            "module.karpenter.data.aws_iam_policy_document.v1",
            "module.karpenter.data.aws_partition.current",
            "module.karpenter.data.aws_region.current",
            "module.vpc.aws_subnet.private",
            "module.vpc.aws_vpc.this",
            "module.vpc.aws_vpc_ipv4_cidr_block_association.this"
          ]
        }
      ]
    },
    {
      "mode": "managed",
      "type": "kubectl_manifest",
      "name": "nodepool_x64_largemem",
      "provider": "provider[\"registry.terraform.io/gavinbunney/kubectl\"]",
      "instances": [
        {
          "schema_version": 1,
          "attributes": {
            "api_version": "karpenter.sh/v1",
            "apply_only": false,
            "force_conflicts": false,
            "force_new": false,
            "id": "/apis/karpenter.sh/v1/nodepools/linux-x64-largemem",
            "ignore_fields": null,
            "kind": "NodePool",
            "live_manifest_incluster": "07dce361c58d777142d890aadd4a1c5dd204fa2fd24a5bd9628660108e843f40",
            "live_uid": "ec2cc9cd-8d62-4776-accf-ed67ecbb8c99",
            "name": "linux-x64-largemem",
            "namespace": null,
            "override_namespace": null,
            "sensitive_fields": null,
            "server_side_apply": false,
            "timeouts": null,
            "uid": "ec2cc9cd-8d62-4776-accf-ed67ecbb8c99",
            "validate_schema": true,
            "wait": null,
            "wait_for_rollout": true,
            "yaml_body": "\"apiVersion\": \"karpenter.sh/v1\"\n\"kind\": \"NodePool\"\n\"metadata\":\n  \"name\": \"linux-x64-largemem\"\n\"spec\":\n  \"disruption\":\n    \"consolidateAfter\": \"300s\"\n    \"consolidationPolicy\": \"WhenEmpty\"\n  \"limits\":\n    \"cpu\": \"128\"\n    \"memory\": \"512Gi\"\n  \"template\":\n    \"metadata\":\n      \"labels\":\n        \"valkey.io/pool\": \"x64-largemem\"\n    \"spec\":\n      \"nodeClassRef\":\n        \"group\": \"karpenter.k8s.aws\"\n        \"kind\": \"EC2NodeClass\"\n        \"name\": \"x64\"\n      \"requirements\":\n      - \"key\": \"kubernetes.io/arch\"\n        \"operator\": \"In\"\n        \"values\":\n        - \"amd64\"\n      - \"key\": \"karpenter.sh/capacity-type\"\n        \"operator\": \"In\"\n        \"values\":\n        - \"on-demand\"\n      - \"key\": \"node.kubernetes.io/instance-type\"\n        \"operator\": \"In\"\n        \"values\":\n        - \"m7i.4xlarge\"\n        - \"m6i.4xlarge\"\n",
            "yaml_body_parsed": "apiVersion: karpenter.sh/v1\nkind: NodePool\nmetadata:\n  name: linux-x64-largemem\nspec:\n  disruption:\n    consolidateAfter: 300s\n    consolidationPolicy: WhenEmpty\n  limits:\n    cpu: \"128\"\n    memory: 512Gi\n  template:\n    metadata:\n      labels:\n        valkey.io/pool: x64-largemem\n    spec:\n      nodeClassRef:\n        group: karpenter.k8s.aws\n        kind: EC2NodeClass\n        name: x64\n      requirements:\n      - key: kubernetes.io/arch\n        operator: In\n        values:\n        - amd64\n      - key: karpenter.sh/capacity-type\n        operator: In\n        values:\n        - on-demand\n      - key: node.kubernetes.io/instance-type\n        operator: In\n        values:\n        - m7i.4xlarge\n        - m6i.4xlarge\n",
            "yaml_incluster": "07dce361c58d777142d890aadd4a1c5dd204fa2fd24a5bd9628660108e843f40"
          },
          "sensitive_attributes": [
            [
              {
                "type": "get_attr",
                "value": "live_manifest_incluster"
              }
            ],
            [
              {
                "type": "get_attr",
                "value": "yaml_incluster"
              }
            ],
            [
              {
                "type": "get_attr",
                "value": "yaml_body"
              }
            ]
          ],
          "private": "eyJlMmJmYjczMC1lY2FhLTExZTYtOGY4OC0zNDM2M2JjN2M0YzAiOnsiY3JlYXRlIjo2MDAwMDAwMDAwMDB9LCJzY2hlbWFfdmVyc2lvbiI6IjEifQ==",
          "dependencies": [
            "data.aws_availability_zones.available",
            "helm_release.karpenter",
            "module.eks.aws_cloudwatch_log_group.this",
            "module.eks.aws_eks_access_entry.this",
            "module.eks.aws_eks_access_policy_association.this",
            "module.eks.aws_eks_cluster.this",
            "module.eks.aws_iam_policy.cni_ipv6_policy",
            "module.eks.aws_iam_role.eks_auto",
            "module.eks.aws_iam_role.this",
            "module.eks.aws_iam_role_policy_attachment.this",
            "module.eks.aws_security_group.cluster",
            "module.eks.aws_security_group.node",
            "module.eks.aws_security_group_rule.cluster",
            "module.eks.aws_security_group_rule.node",
            "module.eks.data.aws_caller_identity.current",
            "module.eks.data.aws_iam_policy_document.assume_role_policy",
            "module.eks.data.aws_iam_policy_document.cni_ipv6_policy",
            "module.eks.data.aws_iam_policy_document.node_assume_role_policy",
            "module.eks.data.aws_iam_session_context.current",
            "module.eks.data.aws_partition.current",
            "module.eks.module.kms.aws_kms_external_key.this",
            "module.eks.module.kms.aws_kms_key.this",
            "module.eks.module.kms.aws_kms_replica_external_key.this",
            "module.eks.module.kms.aws_kms_replica_key.this",
            "module.eks.module.kms.data.aws_caller_identity.current",
            "module.eks.module.kms.data.aws_iam_policy_document.this",
            "module.eks.module.kms.data.aws_partition.current",
            "module.karpenter.aws_cloudwatch_event_rule.this",
            "module.karpenter.aws_cloudwatch_event_target.this",
            "module.karpenter.aws_eks_access_entry.node",
            "module.karpenter.aws_eks_pod_identity_association.karpenter",
            "module.karpenter.aws_iam_instance_profile.this",
            "module.karpenter.aws_iam_policy.controller",
            "module.karpenter.aws_iam_role.controller",
            "module.karpenter.aws_iam_role.node",
            "module.karpenter.aws_iam_role_policy_attachment.controller",
            "module.karpenter.aws_iam_role_policy_attachment.controller_additional",
            "module.karpenter.aws_iam_role_policy_attachment.node",
            "module.karpenter.aws_iam_role_policy_attachment.node_additional",
            "module.karpenter.aws_sqs_queue.this",
            "module.karpenter.aws_sqs_queue_policy.this",
            "module.karpenter.data.aws_caller_identity.current",
            "module.karpenter.data.aws_iam_policy_document.controller",
            "module.karpenter.data.aws_iam_policy_document.controller_assume_role",
            "module.karpenter.data.aws_iam_policy_document.node_assume_role",
            "module.karpenter.data.aws_iam_policy_document.queue",
            "module.karpenter.data.aws_iam_policy_document.v033",
            "module.karpenter.data.aws_iam_policy_document.v1",
            "module.karpenter.data.aws_partition.current",
            "module.karpenter.data.aws_region.current",
            "module.vpc.aws_subnet.private",
            "module.vpc.aws_vpc.this",
            "module.vpc.aws_vpc_ipv4_cidr_block_association.this"
          ]
        }
      ]
    },
    {
      "mode": "managed",
      "type": "kubernetes_namespace",
      "name": "arc_runners",
      "provider": "provider[\"registry.terraform.io/hashicorp/kubernetes\"]",
      "instances": [
        {
          "schema_version": 0,
          "attributes": {
            "id": "arc-runners",
            "metadata": [
              {
                "annotations": {},
                "generate_name": "",
                "generation": 0,
                "labels": {},
                "name": "arc-runners",
                "resource_version": "872",
                "uid": "1a40a8d5-9867-471b-84de-504b2d576ea6"
              }
            ],
            "timeouts": null,
            "wait_for_default_service_account": false
          },
          "sensitive_attributes": [],
          "private": "eyJlMmJmYjczMC1lY2FhLTExZTYtOGY4OC0zNDM2M2JjN2M0YzAiOnsiZGVsZXRlIjozMDAwMDAwMDAwMDB9fQ==",
          "dependencies": [
            "data.aws_availability_zones.available",
            "module.eks.aws_cloudwatch_log_group.this",
            "module.eks.aws_eks_access_entry.this",
            "module.eks.aws_eks_access_policy_association.this",
            "module.eks.aws_eks_cluster.this",
            "module.eks.aws_iam_policy.cni_ipv6_policy",
            "module.eks.aws_iam_role.eks_auto",
            "module.eks.aws_iam_role.this",
            "module.eks.aws_iam_role_policy_attachment.this",
            "module.eks.aws_security_group.cluster",
            "module.eks.aws_security_group.node",
            "module.eks.aws_security_group_rule.cluster",
            "module.eks.aws_security_group_rule.node",
            "module.eks.data.aws_caller_identity.current",
            "module.eks.data.aws_iam_policy_document.assume_role_policy",
            "module.eks.data.aws_iam_policy_document.cni_ipv6_policy",
            "module.eks.data.aws_iam_policy_document.node_assume_role_policy",
            "module.eks.data.aws_iam_session_context.current",
            "module.eks.data.aws_partition.current",
            "module.eks.module.kms.aws_kms_external_key.this",
            "module.eks.module.kms.aws_kms_key.this",
            "module.eks.module.kms.aws_kms_replica_external_key.this",
            "module.eks.module.kms.aws_kms_replica_key.this",
            "module.eks.module.kms.data.aws_caller_identity.current",
            "module.eks.module.kms.data.aws_iam_policy_document.this",
            "module.eks.module.kms.data.aws_partition.current",
            "module.vpc.aws_subnet.private",
            "module.vpc.aws_vpc.this",
            "module.vpc.aws_vpc_ipv4_cidr_block_association.this"
          ]
        }
      ]
    },
    {
      "mode": "managed",
      "type": "kubernetes_namespace",
      "name": "arc_system",
      "provider": "provider[\"registry.terraform.io/hashicorp/kubernetes\"]",
      "instances": [
        {
          "schema_version": 0,
          "attributes": {
            "id": "arc-system",
            "metadata": [
              {
                "annotations": {},
                "generate_name": "",
                "generation": 0,
                "labels": {},
                "name": "arc-system",
                "resource_version": "871",
                "uid": "f7ef6e82-1fe0-44bf-b13d-6f0b66aac897"
              }
            ],
            "timeouts": null,
            "wait_for_default_service_account": false
          },
          "sensitive_attributes": [],
          "private": "eyJlMmJmYjczMC1lY2FhLTExZTYtOGY4OC0zNDM2M2JjN2M0YzAiOnsiZGVsZXRlIjozMDAwMDAwMDAwMDB9fQ==",
          "dependencies": [
            "data.aws_availability_zones.available",
            "module.eks.aws_cloudwatch_log_group.this",
            "module.eks.aws_eks_access_entry.this",
            "module.eks.aws_eks_access_policy_association.this",
            "module.eks.aws_eks_cluster.this",
            "module.eks.aws_iam_policy.cni_ipv6_policy",
            "module.eks.aws_iam_role.eks_auto",
            "module.eks.aws_iam_role.this",
            "module.eks.aws_iam_role_policy_attachment.this",
            "module.eks.aws_security_group.cluster",
            "module.eks.aws_security_group.node",
            "module.eks.aws_security_group_rule.cluster",
            "module.eks.aws_security_group_rule.node",
            "module.eks.data.aws_caller_identity.current",
            "module.eks.data.aws_iam_policy_document.assume_role_policy",
            "module.eks.data.aws_iam_policy_document.cni_ipv6_policy",
            "module.eks.data.aws_iam_policy_document.node_assume_role_policy",
            "module.eks.data.aws_iam_session_context.current",
            "module.eks.data.aws_partition.current",
            "module.eks.module.kms.aws_kms_external_key.this",
            "module.eks.module.kms.aws_kms_key.this",
            "module.eks.module.kms.aws_kms_replica_external_key.this",
            "module.eks.module.kms.aws_kms_replica_key.this",
            "module.eks.module.kms.data.aws_caller_identity.current",
            "module.eks.module.kms.data.aws_iam_policy_document.this",
            "module.eks.module.kms.data.aws_partition.current",
            "module.vpc.aws_subnet.private",
            "module.vpc.aws_vpc.this",
            "module.vpc.aws_vpc_ipv4_cidr_block_association.this"
          ]
        }
      ]
    },
    {
      "mode": "managed",
      "type": "kubernetes_secret",
      "name": "github_app",
      "provider": "provider[\"registry.terraform.io/hashicorp/kubernetes\"]",
      "instances": [
        {
          "schema_version": 0,
          "attributes": {
            "binary_data": null,
            "binary_data_wo": null,
            "binary_data_wo_revision": null,
            "data": {
              "github_app_id": "3570767",
              "github_app_installation_id": "128754506",
              "github_app_private_key": "-----BEGIN RSA PRIVATE KEY-----\nMIIEpAIBAAKCAQEA0tW1ymM6ek1xA7QAPxYNpzLLosx0xfrj4GKkgljKw6HnV68Q\ngjVVvt+sdNMbK00szpn1xHZWhgFriC9GHEFNyQAhQ1MDC9JB571e12pFbmXPS7uV\nN8KBCsg6FgPfe+GM2BwI7IAQbskW6k4l4Tw7Kp+V0ZimqfknXw+zmjThh2+UgJzi\nQRrZAg5KeEmwUoKtoa0R1ZTevBHKtK9BgCFSSBIJl0M3tkGXTVnyGo77nFOvjfI/\ngRsrS8tZe/ituWXsNY6nL/87XsU+ZTkkNrA2VjT03KTXaHnzKqN5n/RUZu7P5/I5\n1xrLq+wj4AbbbkAZ5EpbswAlZd1mBKMGvtPjLQIDAQABAoIBACT+80NsXhqP9EDe\nGRz41bR9KVaL4gHLoKkDJjLpOctSYbH1OkRe74jq3uwxDxduF2q5gXLUASLKpP/k\nq7zRiMC4kR2rN2Gfp4jupfHO6BgTLWjwpaJ/Mv2dXPP4AgNO9NQHN1morzmBd8/t\nnqADXa6BCl0ZGEXDPrFjo/RvSxPkos+T4a+UiJrWOgdTbLZ2YgV9WRmwhrwbezBj\nWXZEISey9091RtbKsUpP1HU/enofPP8THSP1ozqlNeqjU9PHV4SiN+tVHQ2z2MNN\nWU/EU10nIa0o1eEbMcyRpqdz+LYKvY2yyOoSnA1OUU3FjF6zGN0XXajcQ+MJN2tY\nabuShoECgYEA9sj3VSLM4YzeWFTac9FkTwOcDJSSVOSIJQf3ekxDFGEP8AGMlQ+B\nNrBKpliX5luWFbA+8Ef/ILZzv/FXhfwTZA9hdUnChnB0Ido8/jvBgxSWBN9PpyoK\n9SqikvO/n8ju1U4LcAIsapBr4Ro2vA60X8IkQfPcT6JWzUPopxrxlbUCgYEA2rUX\n8akS7TtVxSMLxh+i2wOXD/Xo+TiigYajyozgTX0h/+Lmqu5O7yZXANkeLeHfAxBd\nHE+TYK6e6T0iTWzBrHq6rDXodomte9af+YXNxgL3vWgKPDi1+/UQO9zarc4YeZFB\nu5DS0U3YzQ4kT1y1UfLFyIixCpUFQDsqoifuApkCgYEA9Bitg5krW8FRP7+WX85y\nUDE6zbq6zptJCo/Juj7qbqLe978ghWPTo/tVqxmgDarzVbqBVntwH7Q341fdAVrm\n9ya7eB6f+QgL5lwNzk3exz+6b1FOYQMV2Y/1RDMyi+JcUcGjUIPl2PXGrt2V3AcT\nZFAMOuvxMxdYkimkWn0tDa0CgYAy5tUEzJn4Fsg2kpqJ6REJMkO1VkF7x5+iz8hN\nOw51WntQR+nxvHcol97F9sJcYWZ7GxLgpPCjHuEjXbQfGwHUd9f8fqt080QqP2CK\nPYcP397y+UTwkS5hzr6RgCxxKTdvC8ylr+YxCpI731+6DNSylvNLYez6joZjVaHt\njaeKeQKBgQC/AflWoT19YTx94Y2ZEPCzcUaTNTruMMKgJ/gdsWNvXotx/TAQdawj\npc05X8nJ/GAzVmUdrN1loUTDS5FDOQ5GDaeEgyi2IJ5ddAwXTNlV0+tuPt/obvou\nXPcxKt6/k72D2FaqQJ0tBRMySEUtC/udVgQgnmPJDfh9KBnKsTMCsg==\n-----END RSA PRIVATE KEY-----\n"
            },
            "data_wo": null,
            "data_wo_revision": null,
            "id": "arc-runners/github-app-secret",
            "immutable": false,
            "metadata": [
              {
                "annotations": {},
                "generate_name": "",
                "generation": 0,
                "labels": {},
                "name": "github-app-secret",
                "namespace": "arc-runners",
                "resource_version": "879",
                "uid": "9b4508b1-6659-491d-bdf3-987be5792f15"
              }
            ],
            "timeouts": null,
            "type": "Opaque",
            "wait_for_service_account_token": true
          },
          "sensitive_attributes": [
            [
              {
                "type": "get_attr",
                "value": "data"
              }
            ],
            [
              {
                "type": "get_attr",
                "value": "data"
              },
              {
                "type": "index",
                "value": {
                  "value": "github_app_id",
                  "type": "string"
                }
              }
            ],
            [
              {
                "type": "get_attr",
                "value": "data"
              },
              {
                "type": "index",
                "value": {
                  "value": "github_app_installation_id",
                  "type": "string"
                }
              }
            ],
            [
              {
                "type": "get_attr",
                "value": "data"
              },
              {
                "type": "index",
                "value": {
                  "value": "github_app_private_key",
                  "type": "string"
                }
              }
            ],
            [
              {
                "type": "get_attr",
                "value": "binary_data"
              }
            ]
          ],
          "private": "eyJlMmJmYjczMC1lY2FhLTExZTYtOGY4OC0zNDM2M2JjN2M0YzAiOnsiY3JlYXRlIjo2MDAwMDAwMDAwMH19",
          "dependencies": [
            "data.aws_availability_zones.available",
            "kubernetes_namespace.arc_runners",
            "module.eks.aws_cloudwatch_log_group.this",
            "module.eks.aws_eks_access_entry.this",
            "module.eks.aws_eks_access_policy_association.this",
            "module.eks.aws_eks_cluster.this",
            "module.eks.aws_iam_policy.cni_ipv6_policy",
            "module.eks.aws_iam_role.eks_auto",
            "module.eks.aws_iam_role.this",
            "module.eks.aws_iam_role_policy_attachment.this",
            "module.eks.aws_security_group.cluster",
            "module.eks.aws_security_group.node",
            "module.eks.aws_security_group_rule.cluster",
            "module.eks.aws_security_group_rule.node",
            "module.eks.data.aws_caller_identity.current",
            "module.eks.data.aws_iam_policy_document.assume_role_policy",
            "module.eks.data.aws_iam_policy_document.cni_ipv6_policy",
            "module.eks.data.aws_iam_policy_document.node_assume_role_policy",
            "module.eks.data.aws_iam_session_context.current",
            "module.eks.data.aws_partition.current",
            "module.eks.module.kms.aws_kms_external_key.this",
            "module.eks.module.kms.aws_kms_key.this",
            "module.eks.module.kms.aws_kms_replica_external_key.this",
            "module.eks.module.kms.aws_kms_replica_key.this",
            "module.eks.module.kms.data.aws_caller_identity.current",
            "module.eks.module.kms.data.aws_iam_policy_document.this",
            "module.eks.module.kms.data.aws_partition.current",
            "module.vpc.aws_subnet.private",
            "module.vpc.aws_vpc.this",
            "module.vpc.aws_vpc_ipv4_cidr_block_association.this"
          ]
        }
      ]
    },
    {
      "module": "module.eks",
      "mode": "data",
      "type": "aws_caller_identity",
      "name": "current",
      "provider": "provider[\"registry.terraform.io/hashicorp/aws\"]",
      "instances": [
        {
          "index_key": 0,
          "schema_version": 0,
          "attributes": {
            "account_id": "653928081447",
            "arn": "arn:aws:sts::653928081447:assumed-role/Admin/rvkhatri-Isengard",
            "id": "653928081447",
            "user_id": "AROAZQQJGVAT7Y6ORLTFH:rvkhatri-Isengard"
          },
          "sensitive_attributes": []
        }
      ]
    },
    {
      "module": "module.eks",
      "mode": "data",
      "type": "aws_eks_addon_version",
      "name": "this",
      "provider": "provider[\"registry.terraform.io/hashicorp/aws\"]",
      "instances": [
        {
          "index_key": "coredns",
          "schema_version": 0,
          "attributes": {
            "addon_name": "coredns",
            "id": "coredns",
            "kubernetes_version": "1.31",
            "most_recent": false,
            "version": "v1.11.4-eksbuild.33"
          },
          "sensitive_attributes": []
        },
        {
          "index_key": "eks-pod-identity-agent",
          "schema_version": 0,
          "attributes": {
            "addon_name": "eks-pod-identity-agent",
            "id": "eks-pod-identity-agent",
            "kubernetes_version": "1.31",
            "most_recent": false,
            "version": "v1.3.10-eksbuild.3"
          },
          "sensitive_attributes": []
        },
        {
          "index_key": "kube-proxy",
          "schema_version": 0,
          "attributes": {
            "addon_name": "kube-proxy",
            "id": "kube-proxy",
            "kubernetes_version": "1.31",
            "most_recent": false,
            "version": "v1.31.14-eksbuild.9"
          },
          "sensitive_attributes": []
        },
        {
          "index_key": "vpc-cni",
          "schema_version": 0,
          "attributes": {
            "addon_name": "vpc-cni",
            "id": "vpc-cni",
            "kubernetes_version": "1.31",
            "most_recent": true,
            "version": "v1.21.1-eksbuild.8"
          },
          "sensitive_attributes": []
        }
      ]
    },
    {
      "module": "module.eks",
      "mode": "data",
      "type": "aws_iam_policy_document",
      "name": "assume_role_policy",
      "provider": "provider[\"registry.terraform.io/hashicorp/aws\"]",
      "instances": [
        {
          "index_key": 0,
          "schema_version": 0,
          "attributes": {
            "id": "2830595799",
            "json": "{\n  \"Version\": \"2012-10-17\",\n  \"Statement\": [\n    {\n      \"Sid\": \"EKSClusterAssumeRole\",\n      \"Effect\": \"Allow\",\n      \"Action\": [\n        \"sts:TagSession\",\n        \"sts:AssumeRole\"\n      ],\n      \"Principal\": {\n        \"Service\": \"eks.amazonaws.com\"\n      }\n    }\n  ]\n}",
            "minified_json": "{\"Version\":\"2012-10-17\",\"Statement\":[{\"Sid\":\"EKSClusterAssumeRole\",\"Effect\":\"Allow\",\"Action\":[\"sts:TagSession\",\"sts:AssumeRole\"],\"Principal\":{\"Service\":\"eks.amazonaws.com\"}}]}",
            "override_json": null,
            "override_policy_documents": null,
            "policy_id": null,
            "source_json": null,
            "source_policy_documents": null,
            "statement": [
              {
                "actions": [
                  "sts:AssumeRole",
                  "sts:TagSession"
                ],
                "condition": [],
                "effect": "Allow",
                "not_actions": [],
                "not_principals": [],
                "not_resources": [],
                "principals": [
                  {
                    "identifiers": [
                      "eks.amazonaws.com"
                    ],
                    "type": "Service"
                  }
                ],
                "resources": [],
                "sid": "EKSClusterAssumeRole"
              }
            ],
            "version": "2012-10-17"
          },
          "sensitive_attributes": []
        }
      ]
    },
    {
      "module": "module.eks",
      "mode": "data",
      "type": "aws_iam_policy_document",
      "name": "custom",
      "provider": "provider[\"registry.terraform.io/hashicorp/aws\"]",
      "instances": [
        {
          "index_key": 0,
          "schema_version": 0,
          "attributes": {
            "id": "513122117",
            "json": "{\n  \"Version\": \"2012-10-17\",\n  \"Statement\": [\n    {\n      \"Sid\": \"Compute\",\n      \"Effect\": \"Allow\",\n      \"Action\": [\n        \"ec2:RunInstances\",\n        \"ec2:CreateLaunchTemplate\",\n        \"ec2:CreateFleet\"\n      ],\n      \"Resource\": \"*\",\n      \"Condition\": {\n        \"StringEquals\": {\n          \"aws:RequestTag/eks:eks-cluster-name\": \"${aws:PrincipalTag/eks:eks-cluster-name}\"\n        },\n        \"StringLike\": {\n          \"aws:RequestTag/eks:kubernetes-node-class-name\": \"*\",\n          \"aws:RequestTag/eks:kubernetes-node-pool-name\": \"*\"\n        }\n      }\n    },\n    {\n      \"Sid\": \"Storage\",\n      \"Effect\": \"Allow\",\n      \"Action\": [\n        \"ec2:CreateVolume\",\n        \"ec2:CreateSnapshot\"\n      ],\n      \"Resource\": [\n        \"arn:aws:ec2:*:*:volume/*\",\n        \"arn:aws:ec2:*:*:snapshot/*\"\n      ],\n      \"Condition\": {\n        \"StringEquals\": {\n          \"aws:RequestTag/eks:eks-cluster-name\": \"${aws:PrincipalTag/eks:eks-cluster-name}\"\n        }\n      }\n    },\n    {\n      \"Sid\": \"Networking\",\n      \"Effect\": \"Allow\",\n      \"Action\": \"ec2:CreateNetworkInterface\",\n      \"Resource\": \"*\",\n      \"Condition\": {\n        \"StringEquals\": {\n          \"aws:RequestTag/eks:eks-cluster-name\": \"${aws:PrincipalTag/eks:eks-cluster-name}\",\n          \"aws:RequestTag/eks:kubernetes-cni-node-name\": \"*\"\n        }\n      }\n    },\n    {\n      \"Sid\": \"LoadBalancer\",\n      \"Effect\": \"Allow\",\n      \"Action\": [\n        \"elasticloadbalancing:CreateTargetGroup\",\n        \"elasticloadbalancing:CreateRule\",\n        \"elasticloadbalancing:CreateLoadBalancer\",\n        \"elasticloadbalancing:CreateListener\",\n        \"ec2:CreateSecurityGroup\"\n      ],\n      \"Resource\": \"*\",\n      \"Condition\": {\n        \"StringEquals\": {\n          \"aws:RequestTag/eks:eks-cluster-name\": \"${aws:PrincipalTag/eks:eks-cluster-name}\"\n        }\n      }\n    },\n    {\n      \"Sid\": \"ShieldProtection\",\n      \"Effect\": \"Allow\",\n      \"Action\": \"shield:CreateProtection\",\n      \"Resource\": \"*\",\n      \"Condition\": {\n        \"StringEquals\": {\n          \"aws:RequestTag/eks:eks-cluster-name\": \"${aws:PrincipalTag/eks:eks-cluster-name}\"\n        }\n      }\n    },\n    {\n      \"Sid\": \"ShieldTagResource\",\n      \"Effect\": \"Allow\",\n      \"Action\": \"shield:TagResource\",\n      \"Resource\": \"arn:aws:shield::*:protection/*\",\n      \"Condition\": {\n        \"StringEquals\": {\n          \"aws:RequestTag/eks:eks-cluster-name\": \"${aws:PrincipalTag/eks:eks-cluster-name}\"\n        }\n      }\n    }\n  ]\n}",
            "minified_json": "{\"Version\":\"2012-10-17\",\"Statement\":[{\"Sid\":\"Compute\",\"Effect\":\"Allow\",\"Action\":[\"ec2:RunInstances\",\"ec2:CreateLaunchTemplate\",\"ec2:CreateFleet\"],\"Resource\":\"*\",\"Condition\":{\"StringEquals\":{\"aws:RequestTag/eks:eks-cluster-name\":\"${aws:PrincipalTag/eks:eks-cluster-name}\"},\"StringLike\":{\"aws:RequestTag/eks:kubernetes-node-class-name\":\"*\",\"aws:RequestTag/eks:kubernetes-node-pool-name\":\"*\"}}},{\"Sid\":\"Storage\",\"Effect\":\"Allow\",\"Action\":[\"ec2:CreateVolume\",\"ec2:CreateSnapshot\"],\"Resource\":[\"arn:aws:ec2:*:*:volume/*\",\"arn:aws:ec2:*:*:snapshot/*\"],\"Condition\":{\"StringEquals\":{\"aws:RequestTag/eks:eks-cluster-name\":\"${aws:PrincipalTag/eks:eks-cluster-name}\"}}},{\"Sid\":\"Networking\",\"Effect\":\"Allow\",\"Action\":\"ec2:CreateNetworkInterface\",\"Resource\":\"*\",\"Condition\":{\"StringEquals\":{\"aws:RequestTag/eks:eks-cluster-name\":\"${aws:PrincipalTag/eks:eks-cluster-name}\",\"aws:RequestTag/eks:kubernetes-cni-node-name\":\"*\"}}},{\"Sid\":\"LoadBalancer\",\"Effect\":\"Allow\",\"Action\":[\"elasticloadbalancing:CreateTargetGroup\",\"elasticloadbalancing:CreateRule\",\"elasticloadbalancing:CreateLoadBalancer\",\"elasticloadbalancing:CreateListener\",\"ec2:CreateSecurityGroup\"],\"Resource\":\"*\",\"Condition\":{\"StringEquals\":{\"aws:RequestTag/eks:eks-cluster-name\":\"${aws:PrincipalTag/eks:eks-cluster-name}\"}}},{\"Sid\":\"ShieldProtection\",\"Effect\":\"Allow\",\"Action\":\"shield:CreateProtection\",\"Resource\":\"*\",\"Condition\":{\"StringEquals\":{\"aws:RequestTag/eks:eks-cluster-name\":\"${aws:PrincipalTag/eks:eks-cluster-name}\"}}},{\"Sid\":\"ShieldTagResource\",\"Effect\":\"Allow\",\"Action\":\"shield:TagResource\",\"Resource\":\"arn:aws:shield::*:protection/*\",\"Condition\":{\"StringEquals\":{\"aws:RequestTag/eks:eks-cluster-name\":\"${aws:PrincipalTag/eks:eks-cluster-name}\"}}}]}",
            "override_json": null,
            "override_policy_documents": null,
            "policy_id": null,
            "source_json": null,
            "source_policy_documents": null,
            "statement": [
              {
                "actions": [
                  "ec2:CreateFleet",
                  "ec2:CreateLaunchTemplate",
                  "ec2:RunInstances"
                ],
                "condition": [
                  {
                    "test": "StringEquals",
                    "values": [
                      "${aws:PrincipalTag/eks:eks-cluster-name}"
                    ],
                    "variable": "aws:RequestTag/eks:eks-cluster-name"
                  },
                  {
                    "test": "StringLike",
                    "values": [
                      "*"
                    ],
                    "variable": "aws:RequestTag/eks:kubernetes-node-class-name"
                  },
                  {
                    "test": "StringLike",
                    "values": [
                      "*"
                    ],
                    "variable": "aws:RequestTag/eks:kubernetes-node-pool-name"
                  }
                ],
                "effect": "Allow",
                "not_actions": [],
                "not_principals": [],
                "not_resources": [],
                "principals": [],
                "resources": [
                  "*"
                ],
                "sid": "Compute"
              },
              {
                "actions": [
                  "ec2:CreateSnapshot",
                  "ec2:CreateVolume"
                ],
                "condition": [
                  {
                    "test": "StringEquals",
                    "values": [
                      "${aws:PrincipalTag/eks:eks-cluster-name}"
                    ],
                    "variable": "aws:RequestTag/eks:eks-cluster-name"
                  }
                ],
                "effect": "Allow",
                "not_actions": [],
                "not_principals": [],
                "not_resources": [],
                "principals": [],
                "resources": [
                  "arn:aws:ec2:*:*:snapshot/*",
                  "arn:aws:ec2:*:*:volume/*"
                ],
                "sid": "Storage"
              },
              {
                "actions": [
                  "ec2:CreateNetworkInterface"
                ],
                "condition": [
                  {
                    "test": "StringEquals",
                    "values": [
                      "${aws:PrincipalTag/eks:eks-cluster-name}"
                    ],
                    "variable": "aws:RequestTag/eks:eks-cluster-name"
                  },
                  {
                    "test": "StringEquals",
                    "values": [
                      "*"
                    ],
                    "variable": "aws:RequestTag/eks:kubernetes-cni-node-name"
                  }
                ],
                "effect": "Allow",
                "not_actions": [],
                "not_principals": [],
                "not_resources": [],
                "principals": [],
                "resources": [
                  "*"
                ],
                "sid": "Networking"
              },
              {
                "actions": [
                  "ec2:CreateSecurityGroup",
                  "elasticloadbalancing:CreateListener",
                  "elasticloadbalancing:CreateLoadBalancer",
                  "elasticloadbalancing:CreateRule",
                  "elasticloadbalancing:CreateTargetGroup"
                ],
                "condition": [
                  {
                    "test": "StringEquals",
                    "values": [
                      "${aws:PrincipalTag/eks:eks-cluster-name}"
                    ],
                    "variable": "aws:RequestTag/eks:eks-cluster-name"
                  }
                ],
                "effect": "Allow",
                "not_actions": [],
                "not_principals": [],
                "not_resources": [],
                "principals": [],
                "resources": [
                  "*"
                ],
                "sid": "LoadBalancer"
              },
              {
                "actions": [
                  "shield:CreateProtection"
                ],
                "condition": [
                  {
                    "test": "StringEquals",
                    "values": [
                      "${aws:PrincipalTag/eks:eks-cluster-name}"
                    ],
                    "variable": "aws:RequestTag/eks:eks-cluster-name"
                  }
                ],
                "effect": "Allow",
                "not_actions": [],
                "not_principals": [],
                "not_resources": [],
                "principals": [],
                "resources": [
                  "*"
                ],
                "sid": "ShieldProtection"
              },
              {
                "actions": [
                  "shield:TagResource"
                ],
                "condition": [
                  {
                    "test": "StringEquals",
                    "values": [
                      "${aws:PrincipalTag/eks:eks-cluster-name}"
                    ],
                    "variable": "aws:RequestTag/eks:eks-cluster-name"
                  }
                ],
                "effect": "Allow",
                "not_actions": [],
                "not_principals": [],
                "not_resources": [],
                "principals": [],
                "resources": [
                  "arn:aws:shield::*:protection/*"
                ],
                "sid": "ShieldTagResource"
              }
            ],
            "version": "2012-10-17"
          },
          "sensitive_attributes": []
        }
      ]
    },
    {
      "module": "module.eks",
      "mode": "data",
      "type": "aws_iam_session_context",
      "name": "current",
      "provider": "provider[\"registry.terraform.io/hashicorp/aws\"]",
      "instances": [
        {
          "index_key": 0,
          "schema_version": 0,
          "attributes": {
            "arn": "arn:aws:sts::653928081447:assumed-role/Admin/rvkhatri-Isengard",
            "id": "arn:aws:sts::653928081447:assumed-role/Admin/rvkhatri-Isengard",
            "issuer_arn": "arn:aws:iam::653928081447:role/Admin",
            "issuer_id": "AROAZQQJGVAT7Y6ORLTFH",
            "issuer_name": "Admin",
            "session_name": "rvkhatri-Isengard"
          },
          "sensitive_attributes": []
        }
      ]
    },
    {
      "module": "module.eks",
      "mode": "data",
      "type": "aws_partition",
      "name": "current",
      "provider": "provider[\"registry.terraform.io/hashicorp/aws\"]",
      "instances": [
        {
          "index_key": 0,
          "schema_version": 0,
          "attributes": {
            "dns_suffix": "amazonaws.com",
            "id": "aws",
            "partition": "aws",
            "reverse_dns_prefix": "com.amazonaws"
          },
          "sensitive_attributes": []
        }
      ]
    },
    {
      "module": "module.eks",
      "mode": "data",
      "type": "tls_certificate",
      "name": "this",
      "provider": "provider[\"registry.terraform.io/hashicorp/tls\"]",
      "instances": [
        {
          "index_key": 0,
          "schema_version": 0,
          "attributes": {
            "certificates": [
              {
                "cert_pem": "-----BEGIN CERTIFICATE-----\nMIIEkjCCA3qgAwIBAgITBn+USionzfP6wq4rAfkI7rnExjANBgkqhkiG9w0BAQsF\nADCBmDELMAkGA1UEBhMCVVMxEDAOBgNVBAgTB0FyaXpvbmExEzARBgNVBAcTClNj\nb3R0c2RhbGUxJTAjBgNVBAoTHFN0YXJmaWVsZCBUZWNobm9sb2dpZXMsIEluYy4x\nOzA5BgNVBAMTMlN0YXJmaWVsZCBTZXJ2aWNlcyBSb290IENlcnRpZmljYXRlIEF1\ndGhvcml0eSAtIEcyMB4XDTE1MDUyNTEyMDAwMFoXDTM3MTIzMTAxMDAwMFowOTEL\nMAkGA1UEBhMCVVMxDzANBgNVBAoTBkFtYXpvbjEZMBcGA1UEAxMQQW1hem9uIFJv\nb3QgQ0EgMTCCASIwDQYJKoZIhvcNAQEBBQADggEPADCCAQoCggEBALJ4gHHKeNXj\nca9HgFB0fW7Y14h29Jlo91ghYPl0hAEvrAIthtOgQ3pOsqTQNroBvo3bSMgHFzZM\n9O6II8c+6zf1tRn4SWiw3te5djgdYZ6k/oI2peVKVuRF4fn9tBb6dNqcmzU5L/qw\nIFAGbHrQgLKm+a/sRxmPUDgH3KKHOVj4utWp+UhnMJbulHheb4mjUcAwhmahRWa6\nVOujw5H5SNz/0egwLX0tdHA114gk957EWW67c4cX8jJGKLhD+rcdqsq08p8kDi1L\n93FcXmn/6pUCyziKrlA4b9v7LWIbxcceVOF34GfID5yHI9Y/QCB/IIDEgEw+OyQm\njgSubJrIqg0CAwEAAaOCATEwggEtMA8GA1UdEwEB/wQFMAMBAf8wDgYDVR0PAQH/\nBAQDAgGGMB0GA1UdDgQWBBSEGMyFNOy8DJSULghZnMeyEE4KCDAfBgNVHSMEGDAW\ngBScXwDfqgHXMCs4iKK4bUqc8hGRgzB4BggrBgEFBQcBAQRsMGowLgYIKwYBBQUH\nMAGGImh0dHA6Ly9vY3NwLnJvb3RnMi5hbWF6b250cnVzdC5jb20wOAYIKwYBBQUH\nMAKGLGh0dHA6Ly9jcnQucm9vdGcyLmFtYXpvbnRydXN0LmNvbS9yb290ZzIuY2Vy\nMD0GA1UdHwQ2MDQwMqAwoC6GLGh0dHA6Ly9jcmwucm9vdGcyLmFtYXpvbnRydXN0\nLmNvbS9yb290ZzIuY3JsMBEGA1UdIAQKMAgwBgYEVR0gADANBgkqhkiG9w0BAQsF\nAAOCAQEAYjdCXLwQtT6LLOkMm2xF4gcAevnFWAu5CIw+7bMlPLVvUOTNNWqnkzSW\nMiGpSESrnO09tKpzbeR/FoCJbM8oAxiDR3mjEH4wW6w7sGDgd9QIpuEdfF7Au/ma\neyKdpwAJfqxGF4PcnCZXmTA5YpaP7dreqsXMGz7KQ2hsVxa81Q4gLv7/wmpdLqBK\nbRRYh5TmOTFffHPLkIhqhBGWJ6bt2YFGpn6jcgAKUj6DiAdjd4lpFw85hdKrCEVN\n0FE6/V1dN2RMfjCyVSRCnTawXZwXgWHxyvkQAiSr6w10kY17RSlQOYiypok1JR4U\nakcjMS9cmvqtmg5iUaQqqcT5NJ0hGA==\n-----END CERTIFICATE-----\n",
                "is_ca": true,
                "issuer": "CN=Starfield Services Root Certificate Authority - G2,O=Starfield Technologies\\, Inc.,L=Scottsdale,ST=Arizona,C=US",
                "max_path_length": -1,
                "not_after": "2037-12-31T01:00:00Z",
                "not_before": "2015-05-25T12:00:00Z",
                "public_key_algorithm": "RSA",
                "serial_number": "144918191876577076464031512351042010504348870",
                "sha1_fingerprint": "06b25927c42a721631c1efd9431e648fa62e1e39",
                "signature_algorithm": "SHA256-RSA",
                "subject": "CN=Amazon Root CA 1,O=Amazon,C=US",
                "version": 3
              },
              {
                "cert_pem": "-----BEGIN CERTIFICATE-----\nMIIEXjCCA0agAwIBAgITB3MSOAudZoijOx7Zv5zNpo4ODzANBgkqhkiG9w0BAQsF\nADA5MQswCQYDVQQGEwJVUzEPMA0GA1UEChMGQW1hem9uMRkwFwYDVQQDExBBbWF6\nb24gUm9vdCBDQSAxMB4XDTIyMDgyMzIyMjEyOFoXDTMwMDgyMzIyMjEyOFowPDEL\nMAkGA1UEBhMCVVMxDzANBgNVBAoTBkFtYXpvbjEcMBoGA1UEAxMTQW1hem9uIFJT\nQSAyMDQ4IE0wMTCCASIwDQYJKoZIhvcNAQEBBQADggEPADCCAQoCggEBAOtxLKnL\nH4gokjIwr4pXD3i3NyWVVYesZ1yX0yLI2qIUZ2t88Gfa4gMqs1YSXca1R/lnCKeT\nepWSGA+0+fkQNpp/L4C2T7oTTsddUx7g3ZYzByDTlrwS5HRQQqEFE3O1T5tEJP4t\nf+28IoXsNiEzl3UGzicYgtzj2cWCB41eJgEmJmcf2T8TzzK6a614ZPyq/w4CPAff\nnAV4coz96nW3AyiE2uhuB4zQUIXvgVSycW7sbWLvj5TDXunEpNCRwC4kkZjK7rol\njtT2cbb7W2s4Bkg3R42G3PLqBvt2N32e/0JOTViCk8/iccJ4sXqrS1uUN4iB5Nmv\nJK74csVl+0u0UecCAwEAAaOCAVowggFWMBIGA1UdEwEB/wQIMAYBAf8CAQAwDgYD\nVR0PAQH/BAQDAgGGMB0GA1UdJQQWMBQGCCsGAQUFBwMBBggrBgEFBQcDAjAdBgNV\nHQ4EFgQUgbgOY4qJEhjl+js7UJWf5uWQE4UwHwYDVR0jBBgwFoAUhBjMhTTsvAyU\nlC4IWZzHshBOCggwewYIKwYBBQUHAQEEbzBtMC8GCCsGAQUFBzABhiNodHRwOi8v\nb2NzcC5yb290Y2ExLmFtYXpvbnRydXN0LmNvbTA6BggrBgEFBQcwAoYuaHR0cDov\nL2NydC5yb290Y2ExLmFtYXpvbnRydXN0LmNvbS9yb290Y2ExLmNlcjA/BgNVHR8E\nODA2MDSgMqAwhi5odHRwOi8vY3JsLnJvb3RjYTEuYW1hem9udHJ1c3QuY29tL3Jv\nb3RjYTEuY3JsMBMGA1UdIAQMMAowCAYGZ4EMAQIBMA0GCSqGSIb3DQEBCwUAA4IB\nAQCtAN4CBSMuBjJitGuxlBbkEUDeK/pZwTXv4KqPK0G50fOHOQAd8j21p0cMBgbG\nkfMHVwLU7b0XwZCav0h1ogdPMN1KakK1DT0VwA/+hFvGPJnMV1Kx2G4S1ZaSk0uU\n5QfoiYIIano01J5k4T2HapKQmmOhS/iPtuo00wW+IMLeBuKMn3OLn005hcrOGTad\nhcmeyfhQP7Z+iKHvyoQGi1C0ClymHETx/chhQGDyYSWqB/THwnN15AwLQo0E5V9E\nSJlbe4mBlqeInUsNYugExNf+tOiybcrswBy8OFsd34XOW3rjSUtsuafd9AWySa3h\nxRRrwszrzX/WWGm6wyB+f7C4\n-----END CERTIFICATE-----\n",
                "is_ca": true,
                "issuer": "CN=Amazon Root CA 1,O=Amazon,C=US",
                "max_path_length": 0,
                "not_after": "2030-08-23T22:21:28Z",
                "not_before": "2022-08-23T22:21:28Z",
                "public_key_algorithm": "RSA",
                "serial_number": "166129328851546858514271303855646110030630415",
                "sha1_fingerprint": "2ad974a775f73cbdbbd8f5ac3a49255fa8fb1f8c",
                "signature_algorithm": "SHA256-RSA",
                "subject": "CN=Amazon RSA 2048 M01,O=Amazon,C=US",
                "version": 3
              },
              {
                "cert_pem": "-----BEGIN CERTIFICATE-----\nMIIF3DCCBMSgAwIBAgIQDWSUrLO5Y9qkm2y4CpQ/CTANBgkqhkiG9w0BAQsFADA8\nMQswCQYDVQQGEwJVUzEPMA0GA1UEChMGQW1hem9uMRwwGgYDVQQDExNBbWF6b24g\nUlNBIDIwNDggTTAxMB4XDTI2MDEyNzAwMDAwMFoXDTI3MDIyNTIzNTk1OVowKDEm\nMCQGA1UEAwwdKi5la3MudXMtZWFzdC0xLmFtYXpvbmF3cy5jb20wggEiMA0GCSqG\nSIb3DQEBAQUAA4IBDwAwggEKAoIBAQDjfWC3ScmP3Yt3ENQgpvZzbXg3ZqdR+F5k\n/SIXqF2RRdrDIu3B0CivVPkNbZxS4dUjum7WHRV3+cjhne679pLBzKp/aCqycyVr\nqiGvPsCOywSNgCQ7KGZ7fR9L0o4eQ5vsotNTjF1HDkoVGdjDt8qjFedVngnnLZ2f\n9E/tACJHoCXLbg1BLI/0xXQKZqLiLGUgcLhnZjYn6AW8QgXgGyJMwHo6n13wf8uY\n3RAaOWMsTglOfMrPMKclQBwh4OaWzHD3SLXnjAvdtuErZGWSz01pRY89FfxZWtSf\nxGG+ERvHMAoM2lIbV74Bs0B+qVVAxP658rpMbPevtRrlj+fYkFzvAgMBAAGjggLs\nMIIC6DAfBgNVHSMEGDAWgBSBuA5jiokSGOX6OztQlZ/m5ZAThTAdBgNVHQ4EFgQU\npzXKZp4CIP0/n8bNGf3YAZVaFtIwKAYDVR0RBCEwH4IdKi5la3MudXMtZWFzdC0x\nLmFtYXpvbmF3cy5jb20wEwYDVR0gBAwwCjAIBgZngQwBAgEwDgYDVR0PAQH/BAQD\nAgWgMBMGA1UdJQQMMAoGCCsGAQUFBwMBMDsGA1UdHwQ0MDIwMKAuoCyGKmh0dHA6\nLy9jcmwucjJtMDEuYW1hem9udHJ1c3QuY29tL3IybTAxLmNybDB1BggrBgEFBQcB\nAQRpMGcwLQYIKwYBBQUHMAGGIWh0dHA6Ly9vY3NwLnIybTAxLmFtYXpvbnRydXN0\nLmNvbTA2BggrBgEFBQcwAoYqaHR0cDovL2NydC5yMm0wMS5hbWF6b250cnVzdC5j\nb20vcjJtMDEuY2VyMAwGA1UdEwEB/wQCMAAwggF+BgorBgEEAdZ5AgQCBIIBbgSC\nAWoBaAB1AExj3JjlnB2riPYeij3ero+rRKM3e1+blMP7oZz8wb4mAAABm/3p2vcA\nAAQDAEYwRAIgOCwhiOx8FXqVNu1L+Mv2q8pJCKzIqLFwCE6VAugMkb0CIBu7W9o8\nRWfC1A9XjVWFxJ0uIquBPcEycQMNc8pRKAJFAHcAHJ9oLOn68EVpUPgbloqH3dsy\nENhM5siy44JSSsTPWZ8AAAGb/ena3wAABAMASDBGAiEAjAu69L5N17FqPfmXSt1v\ngM+df4yz50M/fb2LDfmx+xECIQC3B3aoHVNsjqYMmqwQgR4ViKIREwNzCYKBm+W0\nGnlwnwB2AGBMmq96f3dfAdQG/JINyJnrCxx9+MlSG/r6F3c7l4vJAAABm/3p28gA\nAAQDAEcwRQIgMiBVCk6C4EylG885QJIv8X2wpplMtdWJxyt3JVQ56NUCIQC6uZDM\nw0VrwTXkW4eLg73D5Z89Z8tadQwizoXyjBAaYjANBgkqhkiG9w0BAQsFAAOCAQEA\nHMEZInJfTjgc0JTF+C7ZR/8rk1c511SMI9RcmNjnrkoP3pBPQTSEU92bGaCYvOYO\nRMB1bAOk/Ql9kDBSRDcKiOz8wPWZBgyJZRMSVyO5WbLM//8jsP83vmvFNbSo7Tuk\n5R6KAtzOMOymwITZeM6k4saoyB847rmlPDIkD/RRM0Col+Ik8+V3HSdHsnrA/3Ep\n1ICdUJvE0M9oEnbO2DWrCz6yOuz0AcfcmMGTBLqlsFdoJpcXj7c1QcCJaK1B7qaQ\nuQXdywqElVO6BrBxHQROLxjLHXMNblOzvrXYWGkhiQ+0cYYCMBtbhpphhebxnUBV\nuCxvp9/yY1GmsG6lwzLYEw==\n-----END CERTIFICATE-----\n",
                "is_ca": false,
                "issuer": "CN=Amazon RSA 2048 M01,O=Amazon,C=US",
                "max_path_length": -1,
                "not_after": "2027-02-25T23:59:59Z",
                "not_before": "2026-01-27T00:00:00Z",
                "public_key_algorithm": "RSA",
                "serial_number": "17802209110544621593474031143248740105",
                "sha1_fingerprint": "37647fee5fc063960139521aa2400c75db27825b",
                "signature_algorithm": "SHA256-RSA",
                "subject": "CN=*.eks.us-east-1.amazonaws.com",
                "version": 3
              }
            ],
            "content": null,
            "id": "b1b539daa206035ae3c3e28288b0681fa1b462f3",
            "url": "https://oidc.eks.us-east-1.amazonaws.com/id/87B1CD7180F8AC829BDB44A604B90675",
            "verify_chain": true
          },
          "sensitive_attributes": []
        }
      ]
    },
    {
      "module": "module.eks",
      "mode": "managed",
      "type": "aws_cloudwatch_log_group",
      "name": "this",
      "provider": "provider[\"registry.terraform.io/hashicorp/aws\"]",
      "instances": [
        {
          "index_key": 0,
          "schema_version": 0,
          "attributes": {
            "arn": "arn:aws:logs:us-east-1:653928081447:log-group:/aws/eks/valkey-ci/cluster",
            "id": "/aws/eks/valkey-ci/cluster",
            "kms_key_id": "",
            "log_group_class": "STANDARD",
            "name": "/aws/eks/valkey-ci/cluster",
            "name_prefix": "",
            "retention_in_days": 90,
            "skip_destroy": false,
            "tags": {
              "Name": "/aws/eks/valkey-ci/cluster",
              "Owner": "roshkhatri",
              "Project": "valkey-ci"
            },
            "tags_all": {
              "Name": "/aws/eks/valkey-ci/cluster",
              "Owner": "roshkhatri",
              "Project": "valkey-ci"
            }
          },
          "sensitive_attributes": [],
          "private": "bnVsbA=="
        }
      ]
    },
    {
      "module": "module.eks",
      "mode": "managed",
      "type": "aws_ec2_tag",
      "name": "cluster_primary_security_group",
      "provider": "provider[\"registry.terraform.io/hashicorp/aws\"]",
      "instances": [
        {
          "index_key": "Owner",
          "schema_version": 0,
          "attributes": {
            "id": "sg-0912b8fe1c404afdb,Owner",
            "key": "Owner",
            "resource_id": "sg-0912b8fe1c404afdb",
            "value": "roshkhatri"
          },
          "sensitive_attributes": [],
          "private": "bnVsbA==",
          "dependencies": [
            "data.aws_availability_zones.available",
            "module.eks.aws_cloudwatch_log_group.this",
            "module.eks.aws_eks_cluster.this",
            "module.eks.aws_iam_policy.cni_ipv6_policy",
            "module.eks.aws_iam_role.eks_auto",
            "module.eks.aws_iam_role.this",
            "module.eks.aws_iam_role_policy_attachment.this",
            "module.eks.aws_security_group.cluster",
            "module.eks.aws_security_group.node",
            "module.eks.aws_security_group_rule.cluster",
            "module.eks.aws_security_group_rule.node",
            "module.eks.data.aws_caller_identity.current",
            "module.eks.data.aws_iam_policy_document.assume_role_policy",
            "module.eks.data.aws_iam_policy_document.cni_ipv6_policy",
            "module.eks.data.aws_iam_policy_document.node_assume_role_policy",
            "module.eks.data.aws_iam_session_context.current",
            "module.eks.data.aws_partition.current",
            "module.eks.module.kms.aws_kms_external_key.this",
            "module.eks.module.kms.aws_kms_key.this",
            "module.eks.module.kms.aws_kms_replica_external_key.this",
            "module.eks.module.kms.aws_kms_replica_key.this",
            "module.eks.module.kms.data.aws_caller_identity.current",
            "module.eks.module.kms.data.aws_iam_policy_document.this",
            "module.eks.module.kms.data.aws_partition.current",
            "module.vpc.aws_subnet.private",
            "module.vpc.aws_vpc.this",
            "module.vpc.aws_vpc_ipv4_cidr_block_association.this"
          ]
        },
        {
          "index_key": "Project",
          "schema_version": 0,
          "attributes": {
            "id": "sg-0912b8fe1c404afdb,Project",
            "key": "Project",
            "resource_id": "sg-0912b8fe1c404afdb",
            "value": "valkey-ci"
          },
          "sensitive_attributes": [],
          "private": "bnVsbA==",
          "dependencies": [
            "data.aws_availability_zones.available",
            "module.eks.aws_cloudwatch_log_group.this",
            "module.eks.aws_eks_cluster.this",
            "module.eks.aws_iam_policy.cni_ipv6_policy",
            "module.eks.aws_iam_role.eks_auto",
            "module.eks.aws_iam_role.this",
            "module.eks.aws_iam_role_policy_attachment.this",
            "module.eks.aws_security_group.cluster",
            "module.eks.aws_security_group.node",
            "module.eks.aws_security_group_rule.cluster",
            "module.eks.aws_security_group_rule.node",
            "module.eks.data.aws_caller_identity.current",
            "module.eks.data.aws_iam_policy_document.assume_role_policy",
            "module.eks.data.aws_iam_policy_document.cni_ipv6_policy",
            "module.eks.data.aws_iam_policy_document.node_assume_role_policy",
            "module.eks.data.aws_iam_session_context.current",
            "module.eks.data.aws_partition.current",
            "module.eks.module.kms.aws_kms_external_key.this",
            "module.eks.module.kms.aws_kms_key.this",
            "module.eks.module.kms.aws_kms_replica_external_key.this",
            "module.eks.module.kms.aws_kms_replica_key.this",
            "module.eks.module.kms.data.aws_caller_identity.current",
            "module.eks.module.kms.data.aws_iam_policy_document.this",
            "module.eks.module.kms.data.aws_partition.current",
            "module.vpc.aws_subnet.private",
            "module.vpc.aws_vpc.this",
            "module.vpc.aws_vpc_ipv4_cidr_block_association.this"
          ]
        }
      ]
    },
    {
      "module": "module.eks",
      "mode": "managed",
      "type": "aws_eks_access_entry",
      "name": "this",
      "provider": "provider[\"registry.terraform.io/hashicorp/aws\"]",
      "instances": [
        {
          "index_key": "cluster_creator",
          "schema_version": 0,
          "attributes": {
            "access_entry_arn": "arn:aws:eks:us-east-1:653928081447:access-entry/valkey-ci/role/653928081447/Admin/d4cef2b8-5165-e66f-e324-5ccc8ab0d96b",
            "cluster_name": "valkey-ci",
            "created_at": "2026-05-01T21:27:37Z",
            "id": "valkey-ci:arn:aws:iam::653928081447:role/Admin",
            "kubernetes_groups": [],
            "modified_at": "2026-05-01T21:27:37Z",
            "principal_arn": "arn:aws:iam::653928081447:role/Admin",
            "tags": {
              "Owner": "roshkhatri",
              "Project": "valkey-ci"
            },
            "tags_all": {
              "Owner": "roshkhatri",
              "Project": "valkey-ci"
            },
            "timeouts": null,
            "type": "STANDARD",
            "user_name": "arn:aws:sts::653928081447:assumed-role/Admin/{{SessionName}}"
          },
          "sensitive_attributes": [],
          "private": "eyJlMmJmYjczMC1lY2FhLTExZTYtOGY4OC0zNDM2M2JjN2M0YzAiOnsiY3JlYXRlIjo2MDAwMDAwMDAwMDAsImRlbGV0ZSI6NjAwMDAwMDAwMDAwfX0=",
          "dependencies": [
            "data.aws_availability_zones.available",
            "module.eks.aws_cloudwatch_log_group.this",
            "module.eks.aws_eks_cluster.this",
            "module.eks.aws_iam_policy.cni_ipv6_policy",
            "module.eks.aws_iam_role.eks_auto",
            "module.eks.aws_iam_role.this",
            "module.eks.aws_iam_role_policy_attachment.this",
            "module.eks.aws_security_group.cluster",
            "module.eks.aws_security_group.node",
            "module.eks.aws_security_group_rule.cluster",
            "module.eks.aws_security_group_rule.node",
            "module.eks.data.aws_caller_identity.current",
            "module.eks.data.aws_iam_policy_document.assume_role_policy",
            "module.eks.data.aws_iam_policy_document.cni_ipv6_policy",
            "module.eks.data.aws_iam_policy_document.node_assume_role_policy",
            "module.eks.data.aws_iam_session_context.current",
            "module.eks.data.aws_partition.current",
            "module.eks.module.kms.aws_kms_external_key.this",
            "module.eks.module.kms.aws_kms_key.this",
            "module.eks.module.kms.aws_kms_replica_external_key.this",
            "module.eks.module.kms.aws_kms_replica_key.this",
            "module.eks.module.kms.data.aws_caller_identity.current",
            "module.eks.module.kms.data.aws_iam_policy_document.this",
            "module.eks.module.kms.data.aws_partition.current",
            "module.vpc.aws_subnet.private",
            "module.vpc.aws_vpc.this",
            "module.vpc.aws_vpc_ipv4_cidr_block_association.this"
          ]
        }
      ]
    },
    {
      "module": "module.eks",
      "mode": "managed",
      "type": "aws_eks_access_policy_association",
      "name": "this",
      "provider": "provider[\"registry.terraform.io/hashicorp/aws\"]",
      "instances": [
        {
          "index_key": "cluster_creator_admin",
          "schema_version": 0,
          "attributes": {
            "access_scope": [
              {
                "namespaces": [],
                "type": "cluster"
              }
            ],
            "associated_at": "2026-05-01 21:27:38.309 +0000 UTC",
            "cluster_name": "valkey-ci",
            "id": "valkey-ci#arn:aws:iam::653928081447:role/Admin#arn:aws:eks::aws:cluster-access-policy/AmazonEKSClusterAdminPolicy",
            "modified_at": "2026-05-01 21:27:38.309 +0000 UTC",
            "policy_arn": "arn:aws:eks::aws:cluster-access-policy/AmazonEKSClusterAdminPolicy",
            "principal_arn": "arn:aws:iam::653928081447:role/Admin",
            "timeouts": null
          },
          "sensitive_attributes": [],
          "private": "eyJlMmJmYjczMC1lY2FhLTExZTYtOGY4OC0zNDM2M2JjN2M0YzAiOnsiY3JlYXRlIjo2MDAwMDAwMDAwMDAsImRlbGV0ZSI6NjAwMDAwMDAwMDAwfX0=",
          "dependencies": [
            "data.aws_availability_zones.available",
            "module.eks.aws_cloudwatch_log_group.this",
            "module.eks.aws_eks_access_entry.this",
            "module.eks.aws_eks_cluster.this",
            "module.eks.aws_iam_policy.cni_ipv6_policy",
            "module.eks.aws_iam_role.eks_auto",
            "module.eks.aws_iam_role.this",
            "module.eks.aws_iam_role_policy_attachment.this",
            "module.eks.aws_security_group.cluster",
            "module.eks.aws_security_group.node",
            "module.eks.aws_security_group_rule.cluster",
            "module.eks.aws_security_group_rule.node",
            "module.eks.data.aws_caller_identity.current",
            "module.eks.data.aws_iam_policy_document.assume_role_policy",
            "module.eks.data.aws_iam_policy_document.cni_ipv6_policy",
            "module.eks.data.aws_iam_policy_document.node_assume_role_policy",
            "module.eks.data.aws_iam_session_context.current",
            "module.eks.data.aws_partition.current",
            "module.eks.module.kms.aws_kms_external_key.this",
            "module.eks.module.kms.aws_kms_key.this",
            "module.eks.module.kms.aws_kms_replica_external_key.this",
            "module.eks.module.kms.aws_kms_replica_key.this",
            "module.eks.module.kms.data.aws_caller_identity.current",
            "module.eks.module.kms.data.aws_iam_policy_document.this",
            "module.eks.module.kms.data.aws_partition.current",
            "module.vpc.aws_subnet.private",
            "module.vpc.aws_vpc.this",
            "module.vpc.aws_vpc_ipv4_cidr_block_association.this"
          ]
        }
      ]
    },
    {
      "module": "module.eks",
      "mode": "managed",
      "type": "aws_eks_addon",
      "name": "this",
      "provider": "provider[\"registry.terraform.io/hashicorp/aws\"]",
      "instances": [
        {
          "index_key": "coredns",
          "schema_version": 0,
          "attributes": {
            "addon_name": "coredns",
            "addon_version": "v1.11.4-eksbuild.33",
            "arn": "arn:aws:eks:us-east-1:653928081447:addon/valkey-ci/coredns/80cef2b9-2eb9-c5f5-7486-2fb688b7055e",
            "cluster_name": "valkey-ci",
            "configuration_values": "",
            "created_at": "2026-05-01T21:29:30Z",
            "id": "valkey-ci:coredns",
            "modified_at": "2026-05-01T21:29:42Z",
            "pod_identity_association": [],
            "preserve": true,
            "resolve_conflicts": null,
            "resolve_conflicts_on_create": "OVERWRITE",
            "resolve_conflicts_on_update": "OVERWRITE",
            "service_account_role_arn": "",
            "tags": {
              "Owner": "roshkhatri",
              "Project": "valkey-ci"
            },
            "tags_all": {
              "Owner": "roshkhatri",
              "Project": "valkey-ci"
            },
            "timeouts": {
              "create": null,
              "delete": null,
              "update": null
            }
          },
          "sensitive_attributes": [],
          "private": "eyJlMmJmYjczMC1lY2FhLTExZTYtOGY4OC0zNDM2M2JjN2M0YzAiOnsiY3JlYXRlIjoxMjAwMDAwMDAwMDAwLCJkZWxldGUiOjI0MDAwMDAwMDAwMDAsInVwZGF0ZSI6MTIwMDAwMDAwMDAwMH19",
          "dependencies": [
            "data.aws_availability_zones.available",
            "module.eks.aws_cloudwatch_log_group.this",
            "module.eks.aws_eks_cluster.this",
            "module.eks.aws_iam_policy.cni_ipv6_policy",
            "module.eks.aws_iam_role.eks_auto",
            "module.eks.aws_iam_role.this",
            "module.eks.aws_iam_role_policy_attachment.this",
            "module.eks.aws_security_group.cluster",
            "module.eks.aws_security_group.node",
            "module.eks.aws_security_group_rule.cluster",
            "module.eks.aws_security_group_rule.node",
            "module.eks.data.aws_caller_identity.current",
            "module.eks.data.aws_eks_addon_version.this",
            "module.eks.data.aws_iam_policy_document.assume_role_policy",
            "module.eks.data.aws_iam_policy_document.cni_ipv6_policy",
            "module.eks.data.aws_iam_policy_document.node_assume_role_policy",
            "module.eks.data.aws_iam_session_context.current",
            "module.eks.data.aws_partition.current",
            "module.eks.module.eks_managed_node_group.aws_autoscaling_schedule.this",
            "module.eks.module.eks_managed_node_group.aws_eks_node_group.this",
            "module.eks.module.eks_managed_node_group.aws_iam_role.this",
            "module.eks.module.eks_managed_node_group.aws_iam_role_policy.this",
            "module.eks.module.eks_managed_node_group.aws_iam_role_policy_attachment.additional",
            "module.eks.module.eks_managed_node_group.aws_iam_role_policy_attachment.this",
            "module.eks.module.eks_managed_node_group.aws_launch_template.this",
            "module.eks.module.eks_managed_node_group.aws_placement_group.this",
            "module.eks.module.eks_managed_node_group.data.aws_caller_identity.current",
            "module.eks.module.eks_managed_node_group.data.aws_ec2_instance_type.this",
            "module.eks.module.eks_managed_node_group.data.aws_ec2_instance_type_offerings.this",
            "module.eks.module.eks_managed_node_group.data.aws_iam_policy_document.assume_role_policy",
            "module.eks.module.eks_managed_node_group.data.aws_iam_policy_document.role",
            "module.eks.module.eks_managed_node_group.data.aws_partition.current",
            "module.eks.module.eks_managed_node_group.data.aws_ssm_parameter.ami",
            "module.eks.module.eks_managed_node_group.data.aws_subnets.placement_group",
            "module.eks.module.eks_managed_node_group.module.user_data.data.cloudinit_config.al2023_eks_managed_node_group",
            "module.eks.module.eks_managed_node_group.module.user_data.data.cloudinit_config.linux_eks_managed_node_group",
            "module.eks.module.eks_managed_node_group.module.user_data.null_resource.validate_cluster_service_cidr",
            "module.eks.module.fargate_profile.aws_eks_fargate_profile.this",
            "module.eks.module.fargate_profile.aws_iam_role.this",
            "module.eks.module.fargate_profile.aws_iam_role_policy.this",
            "module.eks.module.fargate_profile.aws_iam_role_policy_attachment.additional",
            "module.eks.module.fargate_profile.aws_iam_role_policy_attachment.this",
            "module.eks.module.fargate_profile.data.aws_caller_identity.current",
            "module.eks.module.fargate_profile.data.aws_iam_policy_document.assume_role_policy",
            "module.eks.module.fargate_profile.data.aws_iam_policy_document.role",
            "module.eks.module.fargate_profile.data.aws_partition.current",
            "module.eks.module.fargate_profile.data.aws_region.current",
            "module.eks.module.kms.aws_kms_external_key.this",
            "module.eks.module.kms.aws_kms_key.this",
            "module.eks.module.kms.aws_kms_replica_external_key.this",
            "module.eks.module.kms.aws_kms_replica_key.this",
            "module.eks.module.kms.data.aws_caller_identity.current",
            "module.eks.module.kms.data.aws_iam_policy_document.this",
            "module.eks.module.kms.data.aws_partition.current",
            "module.eks.module.self_managed_node_group.aws_autoscaling_group.this",
            "module.eks.module.self_managed_node_group.aws_autoscaling_schedule.this",
            "module.eks.module.self_managed_node_group.aws_eks_access_entry.this",
            "module.eks.module.self_managed_node_group.aws_iam_instance_profile.this",
            "module.eks.module.self_managed_node_group.aws_iam_role.this",
            "module.eks.module.self_managed_node_group.aws_iam_role_policy.this",
            "module.eks.module.self_managed_node_group.aws_iam_role_policy_attachment.additional",
            "module.eks.module.self_managed_node_group.aws_iam_role_policy_attachment.this",
            "module.eks.module.self_managed_node_group.aws_launch_template.this",
            "module.eks.module.self_managed_node_group.aws_placement_group.this",
            "module.eks.module.self_managed_node_group.data.aws_caller_identity.current",
            "module.eks.module.self_managed_node_group.data.aws_ec2_instance_type.this",
            "module.eks.module.self_managed_node_group.data.aws_ec2_instance_type_offerings.this",
            "module.eks.module.self_managed_node_group.data.aws_iam_policy_document.assume_role_policy",
            "module.eks.module.self_managed_node_group.data.aws_iam_policy_document.role",
            "module.eks.module.self_managed_node_group.data.aws_partition.current",
            "module.eks.module.self_managed_node_group.data.aws_ssm_parameter.ami",
            "module.eks.module.self_managed_node_group.data.aws_subnets.placement_group",
            "module.eks.module.self_managed_node_group.module.user_data.data.cloudinit_config.al2023_eks_managed_node_group",
            "module.eks.module.self_managed_node_group.module.user_data.data.cloudinit_config.linux_eks_managed_node_group",
            "module.eks.module.self_managed_node_group.module.user_data.null_resource.validate_cluster_service_cidr",
            "module.eks.time_sleep.this",
            "module.vpc.aws_subnet.private",
            "module.vpc.aws_vpc.this",
            "module.vpc.aws_vpc_ipv4_cidr_block_association.this"
          ]
        },
        {
          "index_key": "eks-pod-identity-agent",
          "schema_version": 0,
          "attributes": {
            "addon_name": "eks-pod-identity-agent",
            "addon_version": "v1.3.10-eksbuild.3",
            "arn": "arn:aws:eks:us-east-1:653928081447:addon/valkey-ci/eks-pod-identity-agent/d4cef2b9-2eba-a2e8-de25-ee5e388c1e01",
            "cluster_name": "valkey-ci",
            "configuration_values": "",
            "created_at": "2026-05-01T21:29:30Z",
            "id": "valkey-ci:eks-pod-identity-agent",
            "modified_at": "2026-05-04T18:41:48Z",
            "pod_identity_association": [],
            "preserve": true,
            "resolve_conflicts": null,
            "resolve_conflicts_on_create": "OVERWRITE",
            "resolve_conflicts_on_update": "OVERWRITE",
            "service_account_role_arn": "",
            "tags": {
              "Owner": "roshkhatri",
              "Project": "valkey-ci"
            },
            "tags_all": {
              "Owner": "roshkhatri",
              "Project": "valkey-ci"
            },
            "timeouts": {
              "create": null,
              "delete": null,
              "update": null
            }
          },
          "sensitive_attributes": [],
          "private": "eyJlMmJmYjczMC1lY2FhLTExZTYtOGY4OC0zNDM2M2JjN2M0YzAiOnsiY3JlYXRlIjoxMjAwMDAwMDAwMDAwLCJkZWxldGUiOjI0MDAwMDAwMDAwMDAsInVwZGF0ZSI6MTIwMDAwMDAwMDAwMH19",
          "dependencies": [
            "data.aws_availability_zones.available",
            "module.eks.aws_cloudwatch_log_group.this",
            "module.eks.aws_eks_cluster.this",
            "module.eks.aws_iam_policy.cni_ipv6_policy",
            "module.eks.aws_iam_role.eks_auto",
            "module.eks.aws_iam_role.this",
            "module.eks.aws_iam_role_policy_attachment.this",
            "module.eks.aws_security_group.cluster",
            "module.eks.aws_security_group.node",
            "module.eks.aws_security_group_rule.cluster",
            "module.eks.aws_security_group_rule.node",
            "module.eks.data.aws_caller_identity.current",
            "module.eks.data.aws_eks_addon_version.this",
            "module.eks.data.aws_iam_policy_document.assume_role_policy",
            "module.eks.data.aws_iam_policy_document.cni_ipv6_policy",
            "module.eks.data.aws_iam_policy_document.node_assume_role_policy",
            "module.eks.data.aws_iam_session_context.current",
            "module.eks.data.aws_partition.current",
            "module.eks.module.eks_managed_node_group.aws_autoscaling_schedule.this",
            "module.eks.module.eks_managed_node_group.aws_eks_node_group.this",
            "module.eks.module.eks_managed_node_group.aws_iam_role.this",
            "module.eks.module.eks_managed_node_group.aws_iam_role_policy.this",
            "module.eks.module.eks_managed_node_group.aws_iam_role_policy_attachment.additional",
            "module.eks.module.eks_managed_node_group.aws_iam_role_policy_attachment.this",
            "module.eks.module.eks_managed_node_group.aws_launch_template.this",
            "module.eks.module.eks_managed_node_group.aws_placement_group.this",
            "module.eks.module.eks_managed_node_group.data.aws_caller_identity.current",
            "module.eks.module.eks_managed_node_group.data.aws_ec2_instance_type.this",
            "module.eks.module.eks_managed_node_group.data.aws_ec2_instance_type_offerings.this",
            "module.eks.module.eks_managed_node_group.data.aws_iam_policy_document.assume_role_policy",
            "module.eks.module.eks_managed_node_group.data.aws_iam_policy_document.role",
            "module.eks.module.eks_managed_node_group.data.aws_partition.current",
            "module.eks.module.eks_managed_node_group.data.aws_ssm_parameter.ami",
            "module.eks.module.eks_managed_node_group.data.aws_subnets.placement_group",
            "module.eks.module.eks_managed_node_group.module.user_data.data.cloudinit_config.al2023_eks_managed_node_group",
            "module.eks.module.eks_managed_node_group.module.user_data.data.cloudinit_config.linux_eks_managed_node_group",
            "module.eks.module.eks_managed_node_group.module.user_data.null_resource.validate_cluster_service_cidr",
            "module.eks.module.fargate_profile.aws_eks_fargate_profile.this",
            "module.eks.module.fargate_profile.aws_iam_role.this",
            "module.eks.module.fargate_profile.aws_iam_role_policy.this",
            "module.eks.module.fargate_profile.aws_iam_role_policy_attachment.additional",
            "module.eks.module.fargate_profile.aws_iam_role_policy_attachment.this",
            "module.eks.module.fargate_profile.data.aws_caller_identity.current",
            "module.eks.module.fargate_profile.data.aws_iam_policy_document.assume_role_policy",
            "module.eks.module.fargate_profile.data.aws_iam_policy_document.role",
            "module.eks.module.fargate_profile.data.aws_partition.current",
            "module.eks.module.fargate_profile.data.aws_region.current",
            "module.eks.module.kms.aws_kms_external_key.this",
            "module.eks.module.kms.aws_kms_key.this",
            "module.eks.module.kms.aws_kms_replica_external_key.this",
            "module.eks.module.kms.aws_kms_replica_key.this",
            "module.eks.module.kms.data.aws_caller_identity.current",
            "module.eks.module.kms.data.aws_iam_policy_document.this",
            "module.eks.module.kms.data.aws_partition.current",
            "module.eks.module.self_managed_node_group.aws_autoscaling_group.this",
            "module.eks.module.self_managed_node_group.aws_autoscaling_schedule.this",
            "module.eks.module.self_managed_node_group.aws_eks_access_entry.this",
            "module.eks.module.self_managed_node_group.aws_iam_instance_profile.this",
            "module.eks.module.self_managed_node_group.aws_iam_role.this",
            "module.eks.module.self_managed_node_group.aws_iam_role_policy.this",
            "module.eks.module.self_managed_node_group.aws_iam_role_policy_attachment.additional",
            "module.eks.module.self_managed_node_group.aws_iam_role_policy_attachment.this",
            "module.eks.module.self_managed_node_group.aws_launch_template.this",
            "module.eks.module.self_managed_node_group.aws_placement_group.this",
            "module.eks.module.self_managed_node_group.data.aws_caller_identity.current",
            "module.eks.module.self_managed_node_group.data.aws_ec2_instance_type.this",
            "module.eks.module.self_managed_node_group.data.aws_ec2_instance_type_offerings.this",
            "module.eks.module.self_managed_node_group.data.aws_iam_policy_document.assume_role_policy",
            "module.eks.module.self_managed_node_group.data.aws_iam_policy_document.role",
            "module.eks.module.self_managed_node_group.data.aws_partition.current",
            "module.eks.module.self_managed_node_group.data.aws_ssm_parameter.ami",
            "module.eks.module.self_managed_node_group.data.aws_subnets.placement_group",
            "module.eks.module.self_managed_node_group.module.user_data.data.cloudinit_config.al2023_eks_managed_node_group",
            "module.eks.module.self_managed_node_group.module.user_data.data.cloudinit_config.linux_eks_managed_node_group",
            "module.eks.module.self_managed_node_group.module.user_data.null_resource.validate_cluster_service_cidr",
            "module.eks.time_sleep.this",
            "module.vpc.aws_subnet.private",
            "module.vpc.aws_vpc.this",
            "module.vpc.aws_vpc_ipv4_cidr_block_association.this"
          ]
        },
        {
          "index_key": "kube-proxy",
          "schema_version": 0,
          "attributes": {
            "addon_name": "kube-proxy",
            "addon_version": "v1.31.14-eksbuild.9",
            "arn": "arn:aws:eks:us-east-1:653928081447:addon/valkey-ci/kube-proxy/60cef2b9-2eb9-66ec-6597-8df2fd9abb9f",
            "cluster_name": "valkey-ci",
            "configuration_values": "",
            "created_at": "2026-05-01T21:29:30Z",
            "id": "valkey-ci:kube-proxy",
            "modified_at": "2026-05-04T18:40:01Z",
            "pod_identity_association": [],
            "preserve": true,
            "resolve_conflicts": null,
            "resolve_conflicts_on_create": "OVERWRITE",
            "resolve_conflicts_on_update": "OVERWRITE",
            "service_account_role_arn": "",
            "tags": {
              "Owner": "roshkhatri",
              "Project": "valkey-ci"
            },
            "tags_all": {
              "Owner": "roshkhatri",
              "Project": "valkey-ci"
            },
            "timeouts": {
              "create": null,
              "delete": null,
              "update": null
            }
          },
          "sensitive_attributes": [],
          "private": "eyJlMmJmYjczMC1lY2FhLTExZTYtOGY4OC0zNDM2M2JjN2M0YzAiOnsiY3JlYXRlIjoxMjAwMDAwMDAwMDAwLCJkZWxldGUiOjI0MDAwMDAwMDAwMDAsInVwZGF0ZSI6MTIwMDAwMDAwMDAwMH19",
          "dependencies": [
            "data.aws_availability_zones.available",
            "module.eks.aws_cloudwatch_log_group.this",
            "module.eks.aws_eks_cluster.this",
            "module.eks.aws_iam_policy.cni_ipv6_policy",
            "module.eks.aws_iam_role.eks_auto",
            "module.eks.aws_iam_role.this",
            "module.eks.aws_iam_role_policy_attachment.this",
            "module.eks.aws_security_group.cluster",
            "module.eks.aws_security_group.node",
            "module.eks.aws_security_group_rule.cluster",
            "module.eks.aws_security_group_rule.node",
            "module.eks.data.aws_caller_identity.current",
            "module.eks.data.aws_eks_addon_version.this",
            "module.eks.data.aws_iam_policy_document.assume_role_policy",
            "module.eks.data.aws_iam_policy_document.cni_ipv6_policy",
            "module.eks.data.aws_iam_policy_document.node_assume_role_policy",
            "module.eks.data.aws_iam_session_context.current",
            "module.eks.data.aws_partition.current",
            "module.eks.module.eks_managed_node_group.aws_autoscaling_schedule.this",
            "module.eks.module.eks_managed_node_group.aws_eks_node_group.this",
            "module.eks.module.eks_managed_node_group.aws_iam_role.this",
            "module.eks.module.eks_managed_node_group.aws_iam_role_policy.this",
            "module.eks.module.eks_managed_node_group.aws_iam_role_policy_attachment.additional",
            "module.eks.module.eks_managed_node_group.aws_iam_role_policy_attachment.this",
            "module.eks.module.eks_managed_node_group.aws_launch_template.this",
            "module.eks.module.eks_managed_node_group.aws_placement_group.this",
            "module.eks.module.eks_managed_node_group.data.aws_caller_identity.current",
            "module.eks.module.eks_managed_node_group.data.aws_ec2_instance_type.this",
            "module.eks.module.eks_managed_node_group.data.aws_ec2_instance_type_offerings.this",
            "module.eks.module.eks_managed_node_group.data.aws_iam_policy_document.assume_role_policy",
            "module.eks.module.eks_managed_node_group.data.aws_iam_policy_document.role",
            "module.eks.module.eks_managed_node_group.data.aws_partition.current",
            "module.eks.module.eks_managed_node_group.data.aws_ssm_parameter.ami",
            "module.eks.module.eks_managed_node_group.data.aws_subnets.placement_group",
            "module.eks.module.eks_managed_node_group.module.user_data.data.cloudinit_config.al2023_eks_managed_node_group",
            "module.eks.module.eks_managed_node_group.module.user_data.data.cloudinit_config.linux_eks_managed_node_group",
            "module.eks.module.eks_managed_node_group.module.user_data.null_resource.validate_cluster_service_cidr",
            "module.eks.module.fargate_profile.aws_eks_fargate_profile.this",
            "module.eks.module.fargate_profile.aws_iam_role.this",
            "module.eks.module.fargate_profile.aws_iam_role_policy.this",
            "module.eks.module.fargate_profile.aws_iam_role_policy_attachment.additional",
            "module.eks.module.fargate_profile.aws_iam_role_policy_attachment.this",
            "module.eks.module.fargate_profile.data.aws_caller_identity.current",
            "module.eks.module.fargate_profile.data.aws_iam_policy_document.assume_role_policy",
            "module.eks.module.fargate_profile.data.aws_iam_policy_document.role",
            "module.eks.module.fargate_profile.data.aws_partition.current",
            "module.eks.module.fargate_profile.data.aws_region.current",
            "module.eks.module.kms.aws_kms_external_key.this",
            "module.eks.module.kms.aws_kms_key.this",
            "module.eks.module.kms.aws_kms_replica_external_key.this",
            "module.eks.module.kms.aws_kms_replica_key.this",
            "module.eks.module.kms.data.aws_caller_identity.current",
            "module.eks.module.kms.data.aws_iam_policy_document.this",
            "module.eks.module.kms.data.aws_partition.current",
            "module.eks.module.self_managed_node_group.aws_autoscaling_group.this",
            "module.eks.module.self_managed_node_group.aws_autoscaling_schedule.this",
            "module.eks.module.self_managed_node_group.aws_eks_access_entry.this",
            "module.eks.module.self_managed_node_group.aws_iam_instance_profile.this",
            "module.eks.module.self_managed_node_group.aws_iam_role.this",
            "module.eks.module.self_managed_node_group.aws_iam_role_policy.this",
            "module.eks.module.self_managed_node_group.aws_iam_role_policy_attachment.additional",
            "module.eks.module.self_managed_node_group.aws_iam_role_policy_attachment.this",
            "module.eks.module.self_managed_node_group.aws_launch_template.this",
            "module.eks.module.self_managed_node_group.aws_placement_group.this",
            "module.eks.module.self_managed_node_group.data.aws_caller_identity.current",
            "module.eks.module.self_managed_node_group.data.aws_ec2_instance_type.this",
            "module.eks.module.self_managed_node_group.data.aws_ec2_instance_type_offerings.this",
            "module.eks.module.self_managed_node_group.data.aws_iam_policy_document.assume_role_policy",
            "module.eks.module.self_managed_node_group.data.aws_iam_policy_document.role",
            "module.eks.module.self_managed_node_group.data.aws_partition.current",
            "module.eks.module.self_managed_node_group.data.aws_ssm_parameter.ami",
            "module.eks.module.self_managed_node_group.data.aws_subnets.placement_group",
            "module.eks.module.self_managed_node_group.module.user_data.data.cloudinit_config.al2023_eks_managed_node_group",
            "module.eks.module.self_managed_node_group.module.user_data.data.cloudinit_config.linux_eks_managed_node_group",
            "module.eks.module.self_managed_node_group.module.user_data.null_resource.validate_cluster_service_cidr",
            "module.eks.time_sleep.this",
            "module.vpc.aws_subnet.private",
            "module.vpc.aws_vpc.this",
            "module.vpc.aws_vpc_ipv4_cidr_block_association.this"
          ]
        },
        {
          "index_key": "vpc-cni",
          "schema_version": 0,
          "attributes": {
            "addon_name": "vpc-cni",
            "addon_version": "v1.21.1-eksbuild.8",
            "arn": "arn:aws:eks:us-east-1:653928081447:addon/valkey-ci/vpc-cni/facef2b9-2eb6-6982-5b01-edaff83a5291",
            "cluster_name": "valkey-ci",
            "configuration_values": "{\"env\":{\"ENABLE_PREFIX_DELEGATION\":\"true\",\"WARM_PREFIX_TARGET\":\"1\"}}",
            "created_at": "2026-05-01T21:29:30Z",
            "id": "valkey-ci:vpc-cni",
            "modified_at": "2026-05-04T18:38:59Z",
            "pod_identity_association": [],
            "preserve": true,
            "resolve_conflicts": null,
            "resolve_conflicts_on_create": "OVERWRITE",
            "resolve_conflicts_on_update": "OVERWRITE",
            "service_account_role_arn": "",
            "tags": {
              "Owner": "roshkhatri",
              "Project": "valkey-ci"
            },
            "tags_all": {
              "Owner": "roshkhatri",
              "Project": "valkey-ci"
            },
            "timeouts": {
              "create": null,
              "delete": null,
              "update": null
            }
          },
          "sensitive_attributes": [],
          "private": "eyJlMmJmYjczMC1lY2FhLTExZTYtOGY4OC0zNDM2M2JjN2M0YzAiOnsiY3JlYXRlIjoxMjAwMDAwMDAwMDAwLCJkZWxldGUiOjI0MDAwMDAwMDAwMDAsInVwZGF0ZSI6MTIwMDAwMDAwMDAwMH19",
          "dependencies": [
            "data.aws_availability_zones.available",
            "module.eks.aws_cloudwatch_log_group.this",
            "module.eks.aws_eks_cluster.this",
            "module.eks.aws_iam_policy.cni_ipv6_policy",
            "module.eks.aws_iam_role.eks_auto",
            "module.eks.aws_iam_role.this",
            "module.eks.aws_iam_role_policy_attachment.this",
            "module.eks.aws_security_group.cluster",
            "module.eks.aws_security_group.node",
            "module.eks.aws_security_group_rule.cluster",
            "module.eks.aws_security_group_rule.node",
            "module.eks.data.aws_caller_identity.current",
            "module.eks.data.aws_eks_addon_version.this",
            "module.eks.data.aws_iam_policy_document.assume_role_policy",
            "module.eks.data.aws_iam_policy_document.cni_ipv6_policy",
            "module.eks.data.aws_iam_policy_document.node_assume_role_policy",
            "module.eks.data.aws_iam_session_context.current",
            "module.eks.data.aws_partition.current",
            "module.eks.module.eks_managed_node_group.aws_autoscaling_schedule.this",
            "module.eks.module.eks_managed_node_group.aws_eks_node_group.this",
            "module.eks.module.eks_managed_node_group.aws_iam_role.this",
            "module.eks.module.eks_managed_node_group.aws_iam_role_policy.this",
            "module.eks.module.eks_managed_node_group.aws_iam_role_policy_attachment.additional",
            "module.eks.module.eks_managed_node_group.aws_iam_role_policy_attachment.this",
            "module.eks.module.eks_managed_node_group.aws_launch_template.this",
            "module.eks.module.eks_managed_node_group.aws_placement_group.this",
            "module.eks.module.eks_managed_node_group.data.aws_caller_identity.current",
            "module.eks.module.eks_managed_node_group.data.aws_ec2_instance_type.this",
            "module.eks.module.eks_managed_node_group.data.aws_ec2_instance_type_offerings.this",
            "module.eks.module.eks_managed_node_group.data.aws_iam_policy_document.assume_role_policy",
            "module.eks.module.eks_managed_node_group.data.aws_iam_policy_document.role",
            "module.eks.module.eks_managed_node_group.data.aws_partition.current",
            "module.eks.module.eks_managed_node_group.data.aws_ssm_parameter.ami",
            "module.eks.module.eks_managed_node_group.data.aws_subnets.placement_group",
            "module.eks.module.eks_managed_node_group.module.user_data.data.cloudinit_config.al2023_eks_managed_node_group",
            "module.eks.module.eks_managed_node_group.module.user_data.data.cloudinit_config.linux_eks_managed_node_group",
            "module.eks.module.eks_managed_node_group.module.user_data.null_resource.validate_cluster_service_cidr",
            "module.eks.module.fargate_profile.aws_eks_fargate_profile.this",
            "module.eks.module.fargate_profile.aws_iam_role.this",
            "module.eks.module.fargate_profile.aws_iam_role_policy.this",
            "module.eks.module.fargate_profile.aws_iam_role_policy_attachment.additional",
            "module.eks.module.fargate_profile.aws_iam_role_policy_attachment.this",
            "module.eks.module.fargate_profile.data.aws_caller_identity.current",
            "module.eks.module.fargate_profile.data.aws_iam_policy_document.assume_role_policy",
            "module.eks.module.fargate_profile.data.aws_iam_policy_document.role",
            "module.eks.module.fargate_profile.data.aws_partition.current",
            "module.eks.module.fargate_profile.data.aws_region.current",
            "module.eks.module.kms.aws_kms_external_key.this",
            "module.eks.module.kms.aws_kms_key.this",
            "module.eks.module.kms.aws_kms_replica_external_key.this",
            "module.eks.module.kms.aws_kms_replica_key.this",
            "module.eks.module.kms.data.aws_caller_identity.current",
            "module.eks.module.kms.data.aws_iam_policy_document.this",
            "module.eks.module.kms.data.aws_partition.current",
            "module.eks.module.self_managed_node_group.aws_autoscaling_group.this",
            "module.eks.module.self_managed_node_group.aws_autoscaling_schedule.this",
            "module.eks.module.self_managed_node_group.aws_eks_access_entry.this",
            "module.eks.module.self_managed_node_group.aws_iam_instance_profile.this",
            "module.eks.module.self_managed_node_group.aws_iam_role.this",
            "module.eks.module.self_managed_node_group.aws_iam_role_policy.this",
            "module.eks.module.self_managed_node_group.aws_iam_role_policy_attachment.additional",
            "module.eks.module.self_managed_node_group.aws_iam_role_policy_attachment.this",
            "module.eks.module.self_managed_node_group.aws_launch_template.this",
            "module.eks.module.self_managed_node_group.aws_placement_group.this",
            "module.eks.module.self_managed_node_group.data.aws_caller_identity.current",
            "module.eks.module.self_managed_node_group.data.aws_ec2_instance_type.this",
            "module.eks.module.self_managed_node_group.data.aws_ec2_instance_type_offerings.this",
            "module.eks.module.self_managed_node_group.data.aws_iam_policy_document.assume_role_policy",
            "module.eks.module.self_managed_node_group.data.aws_iam_policy_document.role",
            "module.eks.module.self_managed_node_group.data.aws_partition.current",
            "module.eks.module.self_managed_node_group.data.aws_ssm_parameter.ami",
            "module.eks.module.self_managed_node_group.data.aws_subnets.placement_group",
            "module.eks.module.self_managed_node_group.module.user_data.data.cloudinit_config.al2023_eks_managed_node_group",
            "module.eks.module.self_managed_node_group.module.user_data.data.cloudinit_config.linux_eks_managed_node_group",
            "module.eks.module.self_managed_node_group.module.user_data.null_resource.validate_cluster_service_cidr",
            "module.eks.time_sleep.this",
            "module.vpc.aws_subnet.private",
            "module.vpc.aws_vpc.this",
            "module.vpc.aws_vpc_ipv4_cidr_block_association.this"
          ]
        }
      ]
    },
    {
      "module": "module.eks",
      "mode": "managed",
      "type": "aws_eks_cluster",
      "name": "this",
      "provider": "provider[\"registry.terraform.io/hashicorp/aws\"]",
      "instances": [
        {
          "index_key": 0,
          "schema_version": 1,
          "attributes": {
            "access_config": [
              {
                "authentication_mode": "API_AND_CONFIG_MAP",
                "bootstrap_cluster_creator_admin_permissions": false
              }
            ],
            "arn": "arn:aws:eks:us-east-1:653928081447:cluster/valkey-ci",
            "bootstrap_self_managed_addons": true,
            "certificate_authority": [
              {
                "data": "LS0tLS1CRUdJTiBDRVJUSUZJQ0FURS0tLS0tCk1JSURCVENDQWUyZ0F3SUJBZ0lJVzBPQlZ1RTVwcmN3RFFZSktvWklodmNOQVFFTEJRQXdGVEVUTUJFR0ExVUUKQXhNS2EzVmlaWEp1WlhSbGN6QWVGdzB5TmpBMU1ERXlNVEU0TWpWYUZ3MHpOakEwTWpneU1USXpNalZhTUJVeApFekFSQmdOVkJBTVRDbXQxWW1WeWJtVjBaWE13Z2dFaU1BMEdDU3FHU0liM0RRRUJBUVVBQTRJQkR3QXdnZ0VLCkFvSUJBUUM5NllzNm10bUdOYm85RmhPeVVnM016UFNEV1E4MkhtMkxPeW45WXB4TDZISXc5ZnRtMkhkaDZoVzEKUDNOTzk1enJFeXhxZ2JleDgwZDhBVm9yVGprUUN2ODdzOEpVM3RsQlJhNGlEM09RMFpJUUdwMkN0SnRNdGVGcgpoSkNvWnlFQlIxelBUdVpPVnlRTjRZTTU0QkNpM1BLUklCRE91VDdwWHM4YXkrZ05odXF0R3ZYaWtUTDhYcmduCkhxUTl1OUdZalZ3SVVONmEycGxlMk1ZRm5wTWZ2b1ViRG1WMDMvWk5aeC9rVVNIMTY2aGFTWVZBWTRtRHNnRDUKUmVkbHdyU1lSWFhLdUIrZzFlMCtQNHl6UmhKaHJYMHo1bnVXNnBkVHpWSktwdWFBVG9hYTd6blZIZVA5ZzRrcwpFcUdwbDBaUG9kY0tIa3ZBQkp0aHVsMjkrcDlWQWdNQkFBR2pXVEJYTUE0R0ExVWREd0VCL3dRRUF3SUNwREFQCkJnTlZIUk1CQWY4RUJUQURBUUgvTUIwR0ExVWREZ1FXQkJUVCt1L05ZTjBsWTdkYmphYnZKbzdBUFhtMy96QVYKQmdOVkhSRUVEakFNZ2dwcmRXSmxjbTVsZEdWek1BMEdDU3FHU0liM0RRRUJDd1VBQTRJQkFRQlZGaEJOanNsRgp3R3hlVGlPNHpsaVF3ZXRkdHdhQ2NKVGpmeHlpTDIwRTlQY21YVHpZQTZyUDhlNkxqL1BMZUhnTEs4UnU0UGpECno2anprVllzMUlBd3ZTZUxzZ1U5RFJTbEp5UjArZG1Cbm9yc01OQUpIR0V4RytCOWQwUlg3UUZUUVRyTFEwUkcKM1k4bEhJa0QyY1BEWTFvak9BUkFuL09iUW9oQ1ZnbkVuNloyR3hSZStUamtMejFDcWNWWklPQ1I3RUhqb1diNApUVGI0WkppUWhtaEVDYkRVbzcwQVFtZjQzbjQ1cEFjcFpSV2diV2xkY1ZLTkpiOUE0ZE11RXVTZUtsZ2VxR1R2CnpxeUcwM0pUUTd6Wm9PNzVpeDlZWkdFdXZxdzhJQnRadVZJUytrZ0tHeDROd0hxQmg4ckIwcVU4Y1JtYSt2dDQKZDdtTHpqeUFSL3N3Ci0tLS0tRU5EIENFUlRJRklDQVRFLS0tLS0K"
              }
            ],
            "cluster_id": null,
            "compute_config": [],
            "created_at": "2026-05-01T21:18:11Z",
            "enabled_cluster_log_types": [
              "api",
              "audit",
              "authenticator"
            ],
            "encryption_config": [
              {
                "provider": [
                  {
                    "key_arn": "arn:aws:kms:us-east-1:653928081447:key/fef2a79c-ba48-4192-80c0-c8598bf6fb2d"
                  }
                ],
                "resources": [
                  "secrets"
                ]
              }
            ],
            "endpoint": "https://87B1CD7180F8AC829BDB44A604B90675.gr7.us-east-1.eks.amazonaws.com",
            "force_update_version": null,
            "id": "valkey-ci",
            "identity": [
              {
                "oidc": [
                  {
                    "issuer": "https://oidc.eks.us-east-1.amazonaws.com/id/87B1CD7180F8AC829BDB44A604B90675"
                  }
                ]
              }
            ],
            "kubernetes_network_config": [
              {
                "elastic_load_balancing": [
                  {
                    "enabled": false
                  }
                ],
                "ip_family": "ipv4",
                "service_ipv4_cidr": "172.20.0.0/16",
                "service_ipv6_cidr": ""
              }
            ],
            "name": "valkey-ci",
            "outpost_config": [],
            "platform_version": "eks.58",
            "remote_network_config": [],
            "role_arn": "arn:aws:iam::653928081447:role/valkey-ci-cluster-20260501211745817700000004",
            "status": "ACTIVE",
            "storage_config": [],
            "tags": {
              "Owner": "roshkhatri",
              "Project": "valkey-ci",
              "terraform-aws-modules": "eks"
            },
            "tags_all": {
              "Owner": "roshkhatri",
              "Project": "valkey-ci",
              "terraform-aws-modules": "eks"
            },
            "timeouts": {
              "create": null,
              "delete": null,
              "update": null
            },
            "upgrade_policy": [
              {
                "support_type": "EXTENDED"
              }
            ],
            "version": "1.31",
            "vpc_config": [
              {
                "cluster_security_group_id": "sg-0912b8fe1c404afdb",
                "endpoint_private_access": true,
                "endpoint_public_access": true,
                "public_access_cidrs": [
                  "0.0.0.0/0"
                ],
                "security_group_ids": [
                  "sg-0f7a11dd430ea1f1b"
                ],
                "subnet_ids": [
                  "subnet-0bc07261e41abc215",
                  "subnet-0c54b83204514b8ea"
                ],
                "vpc_id": "vpc-0fa984275ed4d8c39"
              }
            ],
            "zonal_shift_config": []
          },
          "sensitive_attributes": [],
          "private": "eyJlMmJmYjczMC1lY2FhLTExZTYtOGY4OC0zNDM2M2JjN2M0YzAiOnsiY3JlYXRlIjoxODAwMDAwMDAwMDAwLCJkZWxldGUiOjkwMDAwMDAwMDAwMCwidXBkYXRlIjozNjAwMDAwMDAwMDAwfSwic2NoZW1hX3ZlcnNpb24iOiIxIn0=",
          "dependencies": [
            "data.aws_availability_zones.available",
            "module.eks.aws_cloudwatch_log_group.this",
            "module.eks.aws_iam_policy.cni_ipv6_policy",
            "module.eks.aws_iam_role.eks_auto",
            "module.eks.aws_iam_role.this",
            "module.eks.aws_iam_role_policy_attachment.this",
            "module.eks.aws_security_group.cluster",
            "module.eks.aws_security_group.node",
            "module.eks.aws_security_group_rule.cluster",
            "module.eks.aws_security_group_rule.node",
            "module.eks.data.aws_caller_identity.current",
            "module.eks.data.aws_iam_policy_document.assume_role_policy",
            "module.eks.data.aws_iam_policy_document.cni_ipv6_policy",
            "module.eks.data.aws_iam_policy_document.node_assume_role_policy",
            "module.eks.data.aws_iam_session_context.current",
            "module.eks.data.aws_partition.current",
            "module.eks.module.kms.aws_kms_external_key.this",
            "module.eks.module.kms.aws_kms_key.this",
            "module.eks.module.kms.aws_kms_replica_external_key.this",
            "module.eks.module.kms.aws_kms_replica_key.this",
            "module.eks.module.kms.data.aws_caller_identity.current",
            "module.eks.module.kms.data.aws_iam_policy_document.this",
            "module.eks.module.kms.data.aws_partition.current",
            "module.vpc.aws_subnet.private",
            "module.vpc.aws_vpc.this",
            "module.vpc.aws_vpc_ipv4_cidr_block_association.this"
          ]
        }
      ]
    },
    {
      "module": "module.eks",
      "mode": "managed",
      "type": "aws_iam_openid_connect_provider",
      "name": "oidc_provider",
      "provider": "provider[\"registry.terraform.io/hashicorp/aws\"]",
      "instances": [
        {
          "index_key": 0,
          "schema_version": 0,
          "attributes": {
            "arn": "arn:aws:iam::653928081447:oidc-provider/oidc.eks.us-east-1.amazonaws.com/id/87B1CD7180F8AC829BDB44A604B90675",
            "client_id_list": [
              "sts.amazonaws.com"
            ],
            "id": "arn:aws:iam::653928081447:oidc-provider/oidc.eks.us-east-1.amazonaws.com/id/87B1CD7180F8AC829BDB44A604B90675",
            "tags": {
              "Name": "valkey-ci-eks-irsa",
              "Owner": "roshkhatri",
              "Project": "valkey-ci"
            },
            "tags_all": {
              "Name": "valkey-ci-eks-irsa",
              "Owner": "roshkhatri",
              "Project": "valkey-ci"
            },
            "thumbprint_list": [
              "06b25927c42a721631c1efd9431e648fa62e1e39"
            ],
            "url": "oidc.eks.us-east-1.amazonaws.com/id/87B1CD7180F8AC829BDB44A604B90675"
          },
          "sensitive_attributes": [],
          "private": "bnVsbA==",
          "dependencies": [
            "data.aws_availability_zones.available",
            "module.eks.aws_cloudwatch_log_group.this",
            "module.eks.aws_eks_cluster.this",
            "module.eks.aws_iam_policy.cni_ipv6_policy",
            "module.eks.aws_iam_role.eks_auto",
            "module.eks.aws_iam_role.this",
            "module.eks.aws_iam_role_policy_attachment.this",
            "module.eks.aws_security_group.cluster",
            "module.eks.aws_security_group.node",
            "module.eks.aws_security_group_rule.cluster",
            "module.eks.aws_security_group_rule.node",
            "module.eks.data.aws_caller_identity.current",
            "module.eks.data.aws_iam_policy_document.assume_role_policy",
            "module.eks.data.aws_iam_policy_document.cni_ipv6_policy",
            "module.eks.data.aws_iam_policy_document.node_assume_role_policy",
            "module.eks.data.aws_iam_session_context.current",
            "module.eks.data.aws_partition.current",
            "module.eks.data.tls_certificate.this",
            "module.eks.module.kms.aws_kms_external_key.this",
            "module.eks.module.kms.aws_kms_key.this",
            "module.eks.module.kms.aws_kms_replica_external_key.this",
            "module.eks.module.kms.aws_kms_replica_key.this",
            "module.eks.module.kms.data.aws_caller_identity.current",
            "module.eks.module.kms.data.aws_iam_policy_document.this",
            "module.eks.module.kms.data.aws_partition.current",
            "module.vpc.aws_subnet.private",
            "module.vpc.aws_vpc.this",
            "module.vpc.aws_vpc_ipv4_cidr_block_association.this"
          ]
        }
      ]
    },
    {
      "module": "module.eks",
      "mode": "managed",
      "type": "aws_iam_policy",
      "name": "cluster_encryption",
      "provider": "provider[\"registry.terraform.io/hashicorp/aws\"]",
      "instances": [
        {
          "index_key": 0,
          "schema_version": 0,
          "attributes": {
            "arn": "arn:aws:iam::653928081447:policy/valkey-ci-cluster-ClusterEncryption20260501211808153300000010",
            "attachment_count": 1,
            "description": "Cluster encryption policy to allow cluster role to utilize CMK provided",
            "id": "arn:aws:iam::653928081447:policy/valkey-ci-cluster-ClusterEncryption20260501211808153300000010",
            "name": "valkey-ci-cluster-ClusterEncryption20260501211808153300000010",
            "name_prefix": "valkey-ci-cluster-ClusterEncryption",
            "path": "/",
            "policy": "{\"Statement\":[{\"Action\":[\"kms:Encrypt\",\"kms:Decrypt\",\"kms:ListGrants\",\"kms:DescribeKey\"],\"Effect\":\"Allow\",\"Resource\":\"arn:aws:kms:us-east-1:653928081447:key/fef2a79c-ba48-4192-80c0-c8598bf6fb2d\"}],\"Version\":\"2012-10-17\"}",
            "policy_id": "ANPAZQQJGVATTVD2LFKVR",
            "tags": {
              "Owner": "roshkhatri",
              "Project": "valkey-ci"
            },
            "tags_all": {
              "Owner": "roshkhatri",
              "Project": "valkey-ci"
            }
          },
          "sensitive_attributes": [],
          "private": "bnVsbA==",
          "dependencies": [
            "module.eks.aws_iam_role.this",
            "module.eks.data.aws_caller_identity.current",
            "module.eks.data.aws_iam_policy_document.assume_role_policy",
            "module.eks.data.aws_iam_session_context.current",
            "module.eks.module.kms.aws_kms_external_key.this",
            "module.eks.module.kms.aws_kms_key.this",
            "module.eks.module.kms.aws_kms_replica_external_key.this",
            "module.eks.module.kms.aws_kms_replica_key.this",
            "module.eks.module.kms.data.aws_caller_identity.current",
            "module.eks.module.kms.data.aws_iam_policy_document.this",
            "module.eks.module.kms.data.aws_partition.current"
          ]
        }
      ]
    },
    {
      "module": "module.eks",
      "mode": "managed",
      "type": "aws_iam_policy",
      "name": "custom",
      "provider": "provider[\"registry.terraform.io/hashicorp/aws\"]",
      "instances": [
        {
          "index_key": 0,
          "schema_version": 0,
          "attributes": {
            "arn": "arn:aws:iam::653928081447:policy/valkey-ci-cluster-20260501211745816700000001",
            "attachment_count": 1,
            "description": "",
            "id": "arn:aws:iam::653928081447:policy/valkey-ci-cluster-20260501211745816700000001",
            "name": "valkey-ci-cluster-20260501211745816700000001",
            "name_prefix": "valkey-ci-cluster-",
            "path": "/",
            "policy": "{\"Statement\":[{\"Action\":[\"ec2:RunInstances\",\"ec2:CreateLaunchTemplate\",\"ec2:CreateFleet\"],\"Condition\":{\"StringEquals\":{\"aws:RequestTag/eks:eks-cluster-name\":\"${aws:PrincipalTag/eks:eks-cluster-name}\"},\"StringLike\":{\"aws:RequestTag/eks:kubernetes-node-class-name\":\"*\",\"aws:RequestTag/eks:kubernetes-node-pool-name\":\"*\"}},\"Effect\":\"Allow\",\"Resource\":\"*\",\"Sid\":\"Compute\"},{\"Action\":[\"ec2:CreateVolume\",\"ec2:CreateSnapshot\"],\"Condition\":{\"StringEquals\":{\"aws:RequestTag/eks:eks-cluster-name\":\"${aws:PrincipalTag/eks:eks-cluster-name}\"}},\"Effect\":\"Allow\",\"Resource\":[\"arn:aws:ec2:*:*:volume/*\",\"arn:aws:ec2:*:*:snapshot/*\"],\"Sid\":\"Storage\"},{\"Action\":\"ec2:CreateNetworkInterface\",\"Condition\":{\"StringEquals\":{\"aws:RequestTag/eks:eks-cluster-name\":\"${aws:PrincipalTag/eks:eks-cluster-name}\",\"aws:RequestTag/eks:kubernetes-cni-node-name\":\"*\"}},\"Effect\":\"Allow\",\"Resource\":\"*\",\"Sid\":\"Networking\"},{\"Action\":[\"elasticloadbalancing:CreateTargetGroup\",\"elasticloadbalancing:CreateRule\",\"elasticloadbalancing:CreateLoadBalancer\",\"elasticloadbalancing:CreateListener\",\"ec2:CreateSecurityGroup\"],\"Condition\":{\"StringEquals\":{\"aws:RequestTag/eks:eks-cluster-name\":\"${aws:PrincipalTag/eks:eks-cluster-name}\"}},\"Effect\":\"Allow\",\"Resource\":\"*\",\"Sid\":\"LoadBalancer\"},{\"Action\":\"shield:CreateProtection\",\"Condition\":{\"StringEquals\":{\"aws:RequestTag/eks:eks-cluster-name\":\"${aws:PrincipalTag/eks:eks-cluster-name}\"}},\"Effect\":\"Allow\",\"Resource\":\"*\",\"Sid\":\"ShieldProtection\"},{\"Action\":\"shield:TagResource\",\"Condition\":{\"StringEquals\":{\"aws:RequestTag/eks:eks-cluster-name\":\"${aws:PrincipalTag/eks:eks-cluster-name}\"}},\"Effect\":\"Allow\",\"Resource\":\"arn:aws:shield::*:protection/*\",\"Sid\":\"ShieldTagResource\"}],\"Version\":\"2012-10-17\"}",
            "policy_id": "ANPAZQQJGVAT2SYE4CJMN",
            "tags": {
              "Owner": "roshkhatri",
              "Project": "valkey-ci"
            },
            "tags_all": {
              "Owner": "roshkhatri",
              "Project": "valkey-ci"
            }
          },
          "sensitive_attributes": [],
          "private": "bnVsbA==",
          "dependencies": [
            "module.eks.data.aws_iam_policy_document.custom",
            "module.eks.data.aws_partition.current"
          ]
        }
      ]
    },
    {
      "module": "module.eks",
      "mode": "managed",
      "type": "aws_iam_role",
      "name": "this",
      "provider": "provider[\"registry.terraform.io/hashicorp/aws\"]",
      "instances": [
        {
          "index_key": 0,
          "schema_version": 0,
          "attributes": {
            "arn": "arn:aws:iam::653928081447:role/valkey-ci-cluster-20260501211745817700000004",
            "assume_role_policy": "{\"Statement\":[{\"Action\":[\"sts:TagSession\",\"sts:AssumeRole\"],\"Effect\":\"Allow\",\"Principal\":{\"Service\":\"eks.amazonaws.com\"},\"Sid\":\"EKSClusterAssumeRole\"}],\"Version\":\"2012-10-17\"}",
            "create_date": "2026-05-01T21:17:46Z",
            "description": "",
            "force_detach_policies": true,
            "id": "valkey-ci-cluster-20260501211745817700000004",
            "inline_policy": [],
            "managed_policy_arns": [
              "arn:aws:iam::653928081447:policy/valkey-ci-cluster-20260501211745816700000001",
              "arn:aws:iam::653928081447:policy/valkey-ci-cluster-ClusterEncryption20260501211808153300000010",
              "arn:aws:iam::aws:policy/AmazonEKSClusterPolicy",
              "arn:aws:iam::aws:policy/AmazonEKSVPCResourceController"
            ],
            "max_session_duration": 3600,
            "name": "valkey-ci-cluster-20260501211745817700000004",
            "name_prefix": "valkey-ci-cluster-",
            "path": "/",
            "permissions_boundary": "",
            "tags": {
              "Owner": "roshkhatri",
              "Project": "valkey-ci"
            },
            "tags_all": {
              "Owner": "roshkhatri",
              "Project": "valkey-ci"
            },
            "unique_id": "AROAZQQJGVATZCGVYWZDG"
          },
          "sensitive_attributes": [],
          "private": "bnVsbA==",
          "dependencies": [
            "module.eks.data.aws_iam_policy_document.assume_role_policy"
          ]
        }
      ]
    },
    {
      "module": "module.eks",
      "mode": "managed",
      "type": "aws_iam_role_policy_attachment",
      "name": "cluster_encryption",
      "provider": "provider[\"registry.terraform.io/hashicorp/aws\"]",
      "instances": [
        {
          "index_key": 0,
          "schema_version": 0,
          "attributes": {
            "id": "valkey-ci-cluster-20260501211745817700000004-20260501211808621200000011",
            "policy_arn": "arn:aws:iam::653928081447:policy/valkey-ci-cluster-ClusterEncryption20260501211808153300000010",
            "role": "valkey-ci-cluster-20260501211745817700000004"
          },
          "sensitive_attributes": [],
          "private": "bnVsbA==",
          "dependencies": [
            "module.eks.aws_iam_policy.cluster_encryption",
            "module.eks.aws_iam_role.this",
            "module.eks.data.aws_caller_identity.current",
            "module.eks.data.aws_iam_policy_document.assume_role_policy",
            "module.eks.data.aws_iam_session_context.current",
            "module.eks.module.kms.aws_kms_external_key.this",
            "module.eks.module.kms.aws_kms_key.this",
            "module.eks.module.kms.aws_kms_replica_external_key.this",
            "module.eks.module.kms.aws_kms_replica_key.this",
            "module.eks.module.kms.data.aws_caller_identity.current",
            "module.eks.module.kms.data.aws_iam_policy_document.this",
            "module.eks.module.kms.data.aws_partition.current"
          ]
        }
      ]
    },
    {
      "module": "module.eks",
      "mode": "managed",
      "type": "aws_iam_role_policy_attachment",
      "name": "custom",
      "provider": "provider[\"registry.terraform.io/hashicorp/aws\"]",
      "instances": [
        {
          "index_key": 0,
          "schema_version": 0,
          "attributes": {
            "id": "valkey-ci-cluster-20260501211745817700000004-20260501211746612000000008",
            "policy_arn": "arn:aws:iam::653928081447:policy/valkey-ci-cluster-20260501211745816700000001",
            "role": "valkey-ci-cluster-20260501211745817700000004"
          },
          "sensitive_attributes": [],
          "private": "bnVsbA==",
          "dependencies": [
            "module.eks.aws_iam_policy.custom",
            "module.eks.aws_iam_role.this",
            "module.eks.data.aws_iam_policy_document.assume_role_policy",
            "module.eks.data.aws_iam_policy_document.custom",
            "module.eks.data.aws_partition.current"
          ]
        }
      ]
    },
    {
      "module": "module.eks",
      "mode": "managed",
      "type": "aws_iam_role_policy_attachment",
      "name": "this",
      "provider": "provider[\"registry.terraform.io/hashicorp/aws\"]",
      "instances": [
        {
          "index_key": "AmazonEKSClusterPolicy",
          "schema_version": 0,
          "attributes": {
            "id": "valkey-ci-cluster-20260501211745817700000004-20260501211746561000000005",
            "policy_arn": "arn:aws:iam::aws:policy/AmazonEKSClusterPolicy",
            "role": "valkey-ci-cluster-20260501211745817700000004"
          },
          "sensitive_attributes": [],
          "private": "bnVsbA==",
          "dependencies": [
            "module.eks.aws_iam_role.this",
            "module.eks.data.aws_iam_policy_document.assume_role_policy",
            "module.eks.data.aws_partition.current"
          ]
        },
        {
          "index_key": "AmazonEKSVPCResourceController",
          "schema_version": 0,
          "attributes": {
            "id": "valkey-ci-cluster-20260501211745817700000004-20260501211746570000000006",
            "policy_arn": "arn:aws:iam::aws:policy/AmazonEKSVPCResourceController",
            "role": "valkey-ci-cluster-20260501211745817700000004"
          },
          "sensitive_attributes": [],
          "private": "bnVsbA==",
          "dependencies": [
            "module.eks.aws_iam_role.this",
            "module.eks.data.aws_iam_policy_document.assume_role_policy",
            "module.eks.data.aws_partition.current"
          ]
        }
      ]
    },
    {
      "module": "module.eks",
      "mode": "managed",
      "type": "aws_security_group",
      "name": "cluster",
      "provider": "provider[\"registry.terraform.io/hashicorp/aws\"]",
      "instances": [
        {
          "index_key": 0,
          "schema_version": 1,
          "attributes": {
            "arn": "arn:aws:ec2:us-east-1:653928081447:security-group/sg-0f7a11dd430ea1f1b",
            "description": "EKS cluster security group",
            "egress": [],
            "id": "sg-0f7a11dd430ea1f1b",
            "ingress": [
              {
                "cidr_blocks": [],
                "description": "Node groups to cluster API",
                "from_port": 443,
                "ipv6_cidr_blocks": [],
                "prefix_list_ids": [],
                "protocol": "tcp",
                "security_groups": [
                  "sg-0edac2b73d6ba7609"
                ],
                "self": false,
                "to_port": 443
              }
            ],
            "name": "valkey-ci-cluster-2026050121175949350000000e",
            "name_prefix": "valkey-ci-cluster-",
            "owner_id": "653928081447",
            "revoke_rules_on_delete": false,
            "tags": {
              "Name": "valkey-ci-cluster",
              "Owner": "roshkhatri",
              "Project": "valkey-ci"
            },
            "tags_all": {
              "Name": "valkey-ci-cluster",
              "Owner": "roshkhatri",
              "Project": "valkey-ci"
            },
            "timeouts": null,
            "vpc_id": "vpc-0fa984275ed4d8c39"
          },
          "sensitive_attributes": [],
          "private": "eyJlMmJmYjczMC1lY2FhLTExZTYtOGY4OC0zNDM2M2JjN2M0YzAiOnsiY3JlYXRlIjo2MDAwMDAwMDAwMDAsImRlbGV0ZSI6OTAwMDAwMDAwMDAwfSwic2NoZW1hX3ZlcnNpb24iOiIxIn0=",
          "dependencies": [
            "module.vpc.aws_vpc.this"
          ],
          "create_before_destroy": true
        }
      ]
    },
    {
      "module": "module.eks",
      "mode": "managed",
      "type": "aws_security_group",
      "name": "node",
      "provider": "provider[\"registry.terraform.io/hashicorp/aws\"]",
      "instances": [
        {
          "index_key": 0,
          "schema_version": 1,
          "attributes": {
            "arn": "arn:aws:ec2:us-east-1:653928081447:security-group/sg-0edac2b73d6ba7609",
            "description": "EKS node shared security group",
            "egress": [
              {
                "cidr_blocks": [
                  "0.0.0.0/0"
                ],
                "description": "Allow all egress",
                "from_port": 0,
                "ipv6_cidr_blocks": [],
                "prefix_list_ids": [],
                "protocol": "-1",
                "security_groups": [],
                "self": false,
                "to_port": 0
              }
            ],
            "id": "sg-0edac2b73d6ba7609",
            "ingress": [
              {
                "cidr_blocks": [],
                "description": "Cluster API to node 4443/tcp webhook",
                "from_port": 4443,
                "ipv6_cidr_blocks": [],
                "prefix_list_ids": [],
                "protocol": "tcp",
                "security_groups": [
                  "sg-0f7a11dd430ea1f1b"
                ],
                "self": false,
                "to_port": 4443
              },
              {
                "cidr_blocks": [],
                "description": "Cluster API to node 6443/tcp webhook",
                "from_port": 6443,
                "ipv6_cidr_blocks": [],
                "prefix_list_ids": [],
                "protocol": "tcp",
                "security_groups": [
                  "sg-0f7a11dd430ea1f1b"
                ],
                "self": false,
                "to_port": 6443
              },
              {
                "cidr_blocks": [],
                "description": "Cluster API to node 8443/tcp webhook",
                "from_port": 8443,
                "ipv6_cidr_blocks": [],
                "prefix_list_ids": [],
                "protocol": "tcp",
                "security_groups": [
                  "sg-0f7a11dd430ea1f1b"
                ],
                "self": false,
                "to_port": 8443
              },
              {
                "cidr_blocks": [],
                "description": "Cluster API to node 9443/tcp webhook",
                "from_port": 9443,
                "ipv6_cidr_blocks": [],
                "prefix_list_ids": [],
                "protocol": "tcp",
                "security_groups": [
                  "sg-0f7a11dd430ea1f1b"
                ],
                "self": false,
                "to_port": 9443
              },
              {
                "cidr_blocks": [],
                "description": "Cluster API to node groups",
                "from_port": 443,
                "ipv6_cidr_blocks": [],
                "prefix_list_ids": [],
                "protocol": "tcp",
                "security_groups": [
                  "sg-0f7a11dd430ea1f1b"
                ],
                "self": false,
                "to_port": 443
              },
              {
                "cidr_blocks": [],
                "description": "Cluster API to node kubelets",
                "from_port": 10250,
                "ipv6_cidr_blocks": [],
                "prefix_list_ids": [],
                "protocol": "tcp",
                "security_groups": [
                  "sg-0f7a11dd430ea1f1b"
                ],
                "self": false,
                "to_port": 10250
              },
              {
                "cidr_blocks": [],
                "description": "Node to node CoreDNS UDP",
                "from_port": 53,
                "ipv6_cidr_blocks": [],
                "prefix_list_ids": [],
                "protocol": "udp",
                "security_groups": [],
                "self": true,
                "to_port": 53
              },
              {
                "cidr_blocks": [],
                "description": "Node to node CoreDNS",
                "from_port": 53,
                "ipv6_cidr_blocks": [],
                "prefix_list_ids": [],
                "protocol": "tcp",
                "security_groups": [],
                "self": true,
                "to_port": 53
              },
              {
                "cidr_blocks": [],
                "description": "Node to node ingress on ephemeral ports",
                "from_port": 1025,
                "ipv6_cidr_blocks": [],
                "prefix_list_ids": [],
                "protocol": "tcp",
                "security_groups": [],
                "self": true,
                "to_port": 65535
              }
            ],
            "name": "valkey-ci-node-2026050121175852880000000c",
            "name_prefix": "valkey-ci-node-",
            "owner_id": "653928081447",
            "revoke_rules_on_delete": false,
            "tags": {
              "Name": "valkey-ci-node",
              "Owner": "roshkhatri",
              "Project": "valkey-ci",
              "karpenter.sh/discovery": "valkey-ci",
              "kubernetes.io/cluster/valkey-ci": "owned"
            },
            "tags_all": {
              "Name": "valkey-ci-node",
              "Owner": "roshkhatri",
              "Project": "valkey-ci",
              "karpenter.sh/discovery": "valkey-ci",
              "kubernetes.io/cluster/valkey-ci": "owned"
            },
            "timeouts": null,
            "vpc_id": "vpc-0fa984275ed4d8c39"
          },
          "sensitive_attributes": [],
          "private": "eyJlMmJmYjczMC1lY2FhLTExZTYtOGY4OC0zNDM2M2JjN2M0YzAiOnsiY3JlYXRlIjo2MDAwMDAwMDAwMDAsImRlbGV0ZSI6OTAwMDAwMDAwMDAwfSwic2NoZW1hX3ZlcnNpb24iOiIxIn0=",
          "dependencies": [
            "module.vpc.aws_vpc.this"
          ],
          "create_before_destroy": true
        }
      ]
    },
    {
      "module": "module.eks",
      "mode": "managed",
      "type": "aws_security_group_rule",
      "name": "cluster",
      "provider": "provider[\"registry.terraform.io/hashicorp/aws\"]",
      "instances": [
        {
          "index_key": "ingress_nodes_443",
          "schema_version": 2,
          "attributes": {
            "cidr_blocks": null,
            "description": "Node groups to cluster API",
            "from_port": 443,
            "id": "sgrule-3538657366",
            "ipv6_cidr_blocks": null,
            "prefix_list_ids": null,
            "protocol": "tcp",
            "security_group_id": "sg-0f7a11dd430ea1f1b",
            "security_group_rule_id": "sgr-0d1ec5a3dfd3c3297",
            "self": false,
            "source_security_group_id": "sg-0edac2b73d6ba7609",
            "timeouts": null,
            "to_port": 443,
            "type": "ingress"
          },
          "sensitive_attributes": [],
          "private": "eyJlMmJmYjczMC1lY2FhLTExZTYtOGY4OC0zNDM2M2JjN2M0YzAiOnsiY3JlYXRlIjozMDAwMDAwMDAwMDB9LCJzY2hlbWFfdmVyc2lvbiI6IjIifQ==",
          "dependencies": [
            "module.eks.aws_security_group.cluster",
            "module.eks.aws_security_group.node",
            "module.vpc.aws_vpc.this"
          ]
        }
      ]
    },
    {
      "module": "module.eks",
      "mode": "managed",
      "type": "aws_security_group_rule",
      "name": "node",
      "provider": "provider[\"registry.terraform.io/hashicorp/aws\"]",
      "instances": [
        {
          "index_key": "egress_all",
          "schema_version": 2,
          "attributes": {
            "cidr_blocks": [
              "0.0.0.0/0"
            ],
            "description": "Allow all egress",
            "from_port": 0,
            "id": "sgrule-1756845030",
            "ipv6_cidr_blocks": null,
            "prefix_list_ids": [],
            "protocol": "-1",
            "security_group_id": "sg-0edac2b73d6ba7609",
            "security_group_rule_id": "sgr-08514c597c8fa59a0",
            "self": false,
            "source_security_group_id": null,
            "timeouts": null,
            "to_port": 0,
            "type": "egress"
          },
          "sensitive_attributes": [],
          "private": "eyJlMmJmYjczMC1lY2FhLTExZTYtOGY4OC0zNDM2M2JjN2M0YzAiOnsiY3JlYXRlIjozMDAwMDAwMDAwMDB9LCJzY2hlbWFfdmVyc2lvbiI6IjIifQ==",
          "dependencies": [
            "module.eks.aws_security_group.cluster",
            "module.eks.aws_security_group.node",
            "module.vpc.aws_vpc.this"
          ]
        },
        {
          "index_key": "ingress_cluster_443",
          "schema_version": 2,
          "attributes": {
            "cidr_blocks": null,
            "description": "Cluster API to node groups",
            "from_port": 443,
            "id": "sgrule-2836469455",
            "ipv6_cidr_blocks": null,
            "prefix_list_ids": [],
            "protocol": "tcp",
            "security_group_id": "sg-0edac2b73d6ba7609",
            "security_group_rule_id": "sgr-030962468e92a317a",
            "self": false,
            "source_security_group_id": "sg-0f7a11dd430ea1f1b",
            "timeouts": null,
            "to_port": 443,
            "type": "ingress"
          },
          "sensitive_attributes": [],
          "private": "eyJlMmJmYjczMC1lY2FhLTExZTYtOGY4OC0zNDM2M2JjN2M0YzAiOnsiY3JlYXRlIjozMDAwMDAwMDAwMDB9LCJzY2hlbWFfdmVyc2lvbiI6IjIifQ==",
          "dependencies": [
            "module.eks.aws_security_group.cluster",
            "module.eks.aws_security_group.node",
            "module.vpc.aws_vpc.this"
          ]
        },
        {
          "index_key": "ingress_cluster_4443_webhook",
          "schema_version": 2,
          "attributes": {
            "cidr_blocks": null,
            "description": "Cluster API to node 4443/tcp webhook",
            "from_port": 4443,
            "id": "sgrule-1358508037",
            "ipv6_cidr_blocks": null,
            "prefix_list_ids": [],
            "protocol": "tcp",
            "security_group_id": "sg-0edac2b73d6ba7609",
            "security_group_rule_id": "sgr-0d02e409dcb45250c",
            "self": false,
            "source_security_group_id": "sg-0f7a11dd430ea1f1b",
            "timeouts": null,
            "to_port": 4443,
            "type": "ingress"
          },
          "sensitive_attributes": [],
          "private": "eyJlMmJmYjczMC1lY2FhLTExZTYtOGY4OC0zNDM2M2JjN2M0YzAiOnsiY3JlYXRlIjozMDAwMDAwMDAwMDB9LCJzY2hlbWFfdmVyc2lvbiI6IjIifQ==",
          "dependencies": [
            "module.eks.aws_security_group.cluster",
            "module.eks.aws_security_group.node",
            "module.vpc.aws_vpc.this"
          ]
        },
        {
          "index_key": "ingress_cluster_6443_webhook",
          "schema_version": 2,
          "attributes": {
            "cidr_blocks": null,
            "description": "Cluster API to node 6443/tcp webhook",
            "from_port": 6443,
            "id": "sgrule-2579191699",
            "ipv6_cidr_blocks": null,
            "prefix_list_ids": [],
            "protocol": "tcp",
            "security_group_id": "sg-0edac2b73d6ba7609",
            "security_group_rule_id": "sgr-0393b9522aab10d94",
            "self": false,
            "source_security_group_id": "sg-0f7a11dd430ea1f1b",
            "timeouts": null,
            "to_port": 6443,
            "type": "ingress"
          },
          "sensitive_attributes": [],
          "private": "eyJlMmJmYjczMC1lY2FhLTExZTYtOGY4OC0zNDM2M2JjN2M0YzAiOnsiY3JlYXRlIjozMDAwMDAwMDAwMDB9LCJzY2hlbWFfdmVyc2lvbiI6IjIifQ==",
          "dependencies": [
            "module.eks.aws_security_group.cluster",
            "module.eks.aws_security_group.node",
            "module.vpc.aws_vpc.this"
          ]
        },
        {
          "index_key": "ingress_cluster_8443_webhook",
          "schema_version": 2,
          "attributes": {
            "cidr_blocks": null,
            "description": "Cluster API to node 8443/tcp webhook",
            "from_port": 8443,
            "id": "sgrule-2330422194",
            "ipv6_cidr_blocks": null,
            "prefix_list_ids": [],
            "protocol": "tcp",
            "security_group_id": "sg-0edac2b73d6ba7609",
            "security_group_rule_id": "sgr-01fd9d2d3b9f5f988",
            "self": false,
            "source_security_group_id": "sg-0f7a11dd430ea1f1b",
            "timeouts": null,
            "to_port": 8443,
            "type": "ingress"
          },
          "sensitive_attributes": [],
          "private": "eyJlMmJmYjczMC1lY2FhLTExZTYtOGY4OC0zNDM2M2JjN2M0YzAiOnsiY3JlYXRlIjozMDAwMDAwMDAwMDB9LCJzY2hlbWFfdmVyc2lvbiI6IjIifQ==",
          "dependencies": [
            "module.eks.aws_security_group.cluster",
            "module.eks.aws_security_group.node",
            "module.vpc.aws_vpc.this"
          ]
        },
        {
          "index_key": "ingress_cluster_9443_webhook",
          "schema_version": 2,
          "attributes": {
            "cidr_blocks": null,
            "description": "Cluster API to node 9443/tcp webhook",
            "from_port": 9443,
            "id": "sgrule-3997587577",
            "ipv6_cidr_blocks": null,
            "prefix_list_ids": [],
            "protocol": "tcp",
            "security_group_id": "sg-0edac2b73d6ba7609",
            "security_group_rule_id": "sgr-0a33165d3c1f9b858",
            "self": false,
            "source_security_group_id": "sg-0f7a11dd430ea1f1b",
            "timeouts": null,
            "to_port": 9443,
            "type": "ingress"
          },
          "sensitive_attributes": [],
          "private": "eyJlMmJmYjczMC1lY2FhLTExZTYtOGY4OC0zNDM2M2JjN2M0YzAiOnsiY3JlYXRlIjozMDAwMDAwMDAwMDB9LCJzY2hlbWFfdmVyc2lvbiI6IjIifQ==",
          "dependencies": [
            "module.eks.aws_security_group.cluster",
            "module.eks.aws_security_group.node",
            "module.vpc.aws_vpc.this"
          ]
        },
        {
          "index_key": "ingress_cluster_kubelet",
          "schema_version": 2,
          "attributes": {
            "cidr_blocks": null,
            "description": "Cluster API to node kubelets",
            "from_port": 10250,
            "id": "sgrule-143107162",
            "ipv6_cidr_blocks": null,
            "prefix_list_ids": [],
            "protocol": "tcp",
            "security_group_id": "sg-0edac2b73d6ba7609",
            "security_group_rule_id": "sgr-07ba041c7c40a9b46",
            "self": false,
            "source_security_group_id": "sg-0f7a11dd430ea1f1b",
            "timeouts": null,
            "to_port": 10250,
            "type": "ingress"
          },
          "sensitive_attributes": [],
          "private": "eyJlMmJmYjczMC1lY2FhLTExZTYtOGY4OC0zNDM2M2JjN2M0YzAiOnsiY3JlYXRlIjozMDAwMDAwMDAwMDB9LCJzY2hlbWFfdmVyc2lvbiI6IjIifQ==",
          "dependencies": [
            "module.eks.aws_security_group.cluster",
            "module.eks.aws_security_group.node",
            "module.vpc.aws_vpc.this"
          ]
        },
        {
          "index_key": "ingress_nodes_ephemeral",
          "schema_version": 2,
          "attributes": {
            "cidr_blocks": null,
            "description": "Node to node ingress on ephemeral ports",
            "from_port": 1025,
            "id": "sgrule-149490356",
            "ipv6_cidr_blocks": null,
            "prefix_list_ids": [],
            "protocol": "tcp",
            "security_group_id": "sg-0edac2b73d6ba7609",
            "security_group_rule_id": "sgr-0c0da3d6264952409",
            "self": true,
            "source_security_group_id": null,
            "timeouts": null,
            "to_port": 65535,
            "type": "ingress"
          },
          "sensitive_attributes": [],
          "private": "eyJlMmJmYjczMC1lY2FhLTExZTYtOGY4OC0zNDM2M2JjN2M0YzAiOnsiY3JlYXRlIjozMDAwMDAwMDAwMDB9LCJzY2hlbWFfdmVyc2lvbiI6IjIifQ==",
          "dependencies": [
            "module.eks.aws_security_group.cluster",
            "module.eks.aws_security_group.node",
            "module.vpc.aws_vpc.this"
          ]
        },
        {
          "index_key": "ingress_self_coredns_tcp",
          "schema_version": 2,
          "attributes": {
            "cidr_blocks": null,
            "description": "Node to node CoreDNS",
            "from_port": 53,
            "id": "sgrule-1756168640",
            "ipv6_cidr_blocks": null,
            "prefix_list_ids": [],
            "protocol": "tcp",
            "security_group_id": "sg-0edac2b73d6ba7609",
            "security_group_rule_id": "sgr-0d5a770474e53de7d",
            "self": true,
            "source_security_group_id": null,
            "timeouts": null,
            "to_port": 53,
            "type": "ingress"
          },
          "sensitive_attributes": [],
          "private": "eyJlMmJmYjczMC1lY2FhLTExZTYtOGY4OC0zNDM2M2JjN2M0YzAiOnsiY3JlYXRlIjozMDAwMDAwMDAwMDB9LCJzY2hlbWFfdmVyc2lvbiI6IjIifQ==",
          "dependencies": [
            "module.eks.aws_security_group.cluster",
            "module.eks.aws_security_group.node",
            "module.vpc.aws_vpc.this"
          ]
        },
        {
          "index_key": "ingress_self_coredns_udp",
          "schema_version": 2,
          "attributes": {
            "cidr_blocks": null,
            "description": "Node to node CoreDNS UDP",
            "from_port": 53,
            "id": "sgrule-3438453295",
            "ipv6_cidr_blocks": null,
            "prefix_list_ids": [],
            "protocol": "udp",
            "security_group_id": "sg-0edac2b73d6ba7609",
            "security_group_rule_id": "sgr-0a477bc856851045a",
            "self": true,
            "source_security_group_id": null,
            "timeouts": null,
            "to_port": 53,
            "type": "ingress"
          },
          "sensitive_attributes": [],
          "private": "eyJlMmJmYjczMC1lY2FhLTExZTYtOGY4OC0zNDM2M2JjN2M0YzAiOnsiY3JlYXRlIjozMDAwMDAwMDAwMDB9LCJzY2hlbWFfdmVyc2lvbiI6IjIifQ==",
          "dependencies": [
            "module.eks.aws_security_group.cluster",
            "module.eks.aws_security_group.node",
            "module.vpc.aws_vpc.this"
          ]
        }
      ]
    },
    {
      "module": "module.eks",
      "mode": "managed",
      "type": "time_sleep",
      "name": "this",
      "provider": "provider[\"registry.terraform.io/hashicorp/time\"]",
      "instances": [
        {
          "index_key": 0,
          "schema_version": 0,
          "attributes": {
            "create_duration": "30s",
            "destroy_duration": null,
            "id": "2026-05-01T21:28:07Z",
            "triggers": {
              "cluster_certificate_authority_data": "LS0tLS1CRUdJTiBDRVJUSUZJQ0FURS0tLS0tCk1JSURCVENDQWUyZ0F3SUJBZ0lJVzBPQlZ1RTVwcmN3RFFZSktvWklodmNOQVFFTEJRQXdGVEVUTUJFR0ExVUUKQXhNS2EzVmlaWEp1WlhSbGN6QWVGdzB5TmpBMU1ERXlNVEU0TWpWYUZ3MHpOakEwTWpneU1USXpNalZhTUJVeApFekFSQmdOVkJBTVRDbXQxWW1WeWJtVjBaWE13Z2dFaU1BMEdDU3FHU0liM0RRRUJBUVVBQTRJQkR3QXdnZ0VLCkFvSUJBUUM5NllzNm10bUdOYm85RmhPeVVnM016UFNEV1E4MkhtMkxPeW45WXB4TDZISXc5ZnRtMkhkaDZoVzEKUDNOTzk1enJFeXhxZ2JleDgwZDhBVm9yVGprUUN2ODdzOEpVM3RsQlJhNGlEM09RMFpJUUdwMkN0SnRNdGVGcgpoSkNvWnlFQlIxelBUdVpPVnlRTjRZTTU0QkNpM1BLUklCRE91VDdwWHM4YXkrZ05odXF0R3ZYaWtUTDhYcmduCkhxUTl1OUdZalZ3SVVONmEycGxlMk1ZRm5wTWZ2b1ViRG1WMDMvWk5aeC9rVVNIMTY2aGFTWVZBWTRtRHNnRDUKUmVkbHdyU1lSWFhLdUIrZzFlMCtQNHl6UmhKaHJYMHo1bnVXNnBkVHpWSktwdWFBVG9hYTd6blZIZVA5ZzRrcwpFcUdwbDBaUG9kY0tIa3ZBQkp0aHVsMjkrcDlWQWdNQkFBR2pXVEJYTUE0R0ExVWREd0VCL3dRRUF3SUNwREFQCkJnTlZIUk1CQWY4RUJUQURBUUgvTUIwR0ExVWREZ1FXQkJUVCt1L05ZTjBsWTdkYmphYnZKbzdBUFhtMy96QVYKQmdOVkhSRUVEakFNZ2dwcmRXSmxjbTVsZEdWek1BMEdDU3FHU0liM0RRRUJDd1VBQTRJQkFRQlZGaEJOanNsRgp3R3hlVGlPNHpsaVF3ZXRkdHdhQ2NKVGpmeHlpTDIwRTlQY21YVHpZQTZyUDhlNkxqL1BMZUhnTEs4UnU0UGpECno2anprVllzMUlBd3ZTZUxzZ1U5RFJTbEp5UjArZG1Cbm9yc01OQUpIR0V4RytCOWQwUlg3UUZUUVRyTFEwUkcKM1k4bEhJa0QyY1BEWTFvak9BUkFuL09iUW9oQ1ZnbkVuNloyR3hSZStUamtMejFDcWNWWklPQ1I3RUhqb1diNApUVGI0WkppUWhtaEVDYkRVbzcwQVFtZjQzbjQ1cEFjcFpSV2diV2xkY1ZLTkpiOUE0ZE11RXVTZUtsZ2VxR1R2CnpxeUcwM0pUUTd6Wm9PNzVpeDlZWkdFdXZxdzhJQnRadVZJUytrZ0tHeDROd0hxQmg4ckIwcVU4Y1JtYSt2dDQKZDdtTHpqeUFSL3N3Ci0tLS0tRU5EIENFUlRJRklDQVRFLS0tLS0K",
              "cluster_endpoint": "https://87B1CD7180F8AC829BDB44A604B90675.gr7.us-east-1.eks.amazonaws.com",
              "cluster_name": "valkey-ci",
              "cluster_service_cidr": "172.20.0.0/16",
              "cluster_version": "1.31"
            }
          },
          "sensitive_attributes": [],
          "dependencies": [
            "data.aws_availability_zones.available",
            "module.eks.aws_cloudwatch_log_group.this",
            "module.eks.aws_eks_cluster.this",
            "module.eks.aws_iam_policy.cni_ipv6_policy",
            "module.eks.aws_iam_role.eks_auto",
            "module.eks.aws_iam_role.this",
            "module.eks.aws_iam_role_policy_attachment.this",
            "module.eks.aws_security_group.cluster",
            "module.eks.aws_security_group.node",
            "module.eks.aws_security_group_rule.cluster",
            "module.eks.aws_security_group_rule.node",
            "module.eks.data.aws_caller_identity.current",
            "module.eks.data.aws_iam_policy_document.assume_role_policy",
            "module.eks.data.aws_iam_policy_document.cni_ipv6_policy",
            "module.eks.data.aws_iam_policy_document.node_assume_role_policy",
            "module.eks.data.aws_iam_session_context.current",
            "module.eks.data.aws_partition.current",
            "module.eks.module.kms.aws_kms_external_key.this",
            "module.eks.module.kms.aws_kms_key.this",
            "module.eks.module.kms.aws_kms_replica_external_key.this",
            "module.eks.module.kms.aws_kms_replica_key.this",
            "module.eks.module.kms.data.aws_caller_identity.current",
            "module.eks.module.kms.data.aws_iam_policy_document.this",
            "module.eks.module.kms.data.aws_partition.current",
            "module.vpc.aws_subnet.private",
            "module.vpc.aws_vpc.this",
            "module.vpc.aws_vpc_ipv4_cidr_block_association.this"
          ],
          "create_before_destroy": true
        }
      ]
    },
    {
      "module": "module.eks.module.eks_managed_node_group[\"system\"]",
      "mode": "data",
      "type": "aws_caller_identity",
      "name": "current",
      "provider": "provider[\"registry.terraform.io/hashicorp/aws\"]",
      "instances": [
        {
          "schema_version": 0,
          "attributes": {
            "account_id": "653928081447",
            "arn": "arn:aws:sts::653928081447:assumed-role/Admin/rvkhatri-Isengard",
            "id": "653928081447",
            "user_id": "AROAZQQJGVAT7Y6ORLTFH:rvkhatri-Isengard"
          },
          "sensitive_attributes": []
        }
      ]
    },
    {
      "module": "module.eks.module.eks_managed_node_group[\"system\"]",
      "mode": "data",
      "type": "aws_iam_policy_document",
      "name": "assume_role_policy",
      "provider": "provider[\"registry.terraform.io/hashicorp/aws\"]",
      "instances": [
        {
          "index_key": 0,
          "schema_version": 0,
          "attributes": {
            "id": "2560088296",
            "json": "{\n  \"Version\": \"2012-10-17\",\n  \"Statement\": [\n    {\n      \"Sid\": \"EKSNodeAssumeRole\",\n      \"Effect\": \"Allow\",\n      \"Action\": \"sts:AssumeRole\",\n      \"Principal\": {\n        \"Service\": \"ec2.amazonaws.com\"\n      }\n    }\n  ]\n}",
            "minified_json": "{\"Version\":\"2012-10-17\",\"Statement\":[{\"Sid\":\"EKSNodeAssumeRole\",\"Effect\":\"Allow\",\"Action\":\"sts:AssumeRole\",\"Principal\":{\"Service\":\"ec2.amazonaws.com\"}}]}",
            "override_json": null,
            "override_policy_documents": null,
            "policy_id": null,
            "source_json": null,
            "source_policy_documents": null,
            "statement": [
              {
                "actions": [
                  "sts:AssumeRole"
                ],
                "condition": [],
                "effect": "Allow",
                "not_actions": [],
                "not_principals": [],
                "not_resources": [],
                "principals": [
                  {
                    "identifiers": [
                      "ec2.amazonaws.com"
                    ],
                    "type": "Service"
                  }
                ],
                "resources": [],
                "sid": "EKSNodeAssumeRole"
              }
            ],
            "version": "2012-10-17"
          },
          "sensitive_attributes": []
        }
      ]
    },
    {
      "module": "module.eks.module.eks_managed_node_group[\"system\"]",
      "mode": "data",
      "type": "aws_partition",
      "name": "current",
      "provider": "provider[\"registry.terraform.io/hashicorp/aws\"]",
      "instances": [
        {
          "schema_version": 0,
          "attributes": {
            "dns_suffix": "amazonaws.com",
            "id": "aws",
            "partition": "aws",
            "reverse_dns_prefix": "com.amazonaws"
          },
          "sensitive_attributes": []
        }
      ]
    },
    {
      "module": "module.eks.module.eks_managed_node_group[\"system\"]",
      "mode": "managed",
      "type": "aws_eks_node_group",
      "name": "this",
      "provider": "provider[\"registry.terraform.io/hashicorp/aws\"]",
      "instances": [
        {
          "index_key": 0,
          "schema_version": 0,
          "attributes": {
            "ami_type": "AL2023_ARM_64_STANDARD",
            "arn": "arn:aws:eks:us-east-1:653928081447:nodegroup/valkey-ci/system-20260504204637389600000001/46cefa5f-1710-9547-51c2-4788761b634b",
            "capacity_type": "ON_DEMAND",
            "cluster_name": "valkey-ci",
            "disk_size": 0,
            "force_update_version": null,
            "id": "valkey-ci:system-20260504204637389600000001",
            "instance_types": [
              "t4g.medium"
            ],
            "labels": {
              "node-role": "system"
            },
            "launch_template": [
              {
                "id": "lt-01d6fa1f9794be176",
                "name": "system-2026050121280741040000001e",
                "version": "1"
              }
            ],
            "node_group_name": "system-20260504204637389600000001",
            "node_group_name_prefix": "system-",
            "node_repair_config": [],
            "node_role_arn": "arn:aws:iam::653928081447:role/system-eks-node-group-20260501211745817300000003",
            "release_version": "1.31.14-20260423",
            "remote_access": [],
            "resources": [
              {
                "autoscaling_groups": [
                  {
                    "name": "eks-system-20260504204637389600000001-46cefa5f-1710-9547-51c2-4788761b634b"
                  }
                ],
                "remote_access_security_group_id": ""
              }
            ],
            "scaling_config": [
              {
                "desired_size": 2,
                "max_size": 4,
                "min_size": 2
              }
            ],
            "status": "ACTIVE",
            "subnet_ids": [
              "subnet-0bc07261e41abc215",
              "subnet-0c54b83204514b8ea"
            ],
            "tags": {
              "Name": "system",
              "Owner": "roshkhatri",
              "Project": "valkey-ci"
            },
            "tags_all": {
              "Name": "system",
              "Owner": "roshkhatri",
              "Project": "valkey-ci"
            },
            "taint": [
              {
                "effect": "NO_SCHEDULE",
                "key": "CriticalAddonsOnly",
                "value": ""
              }
            ],
            "timeouts": {
              "create": null,
              "delete": null,
              "update": null
            },
            "update_config": [
              {
                "max_unavailable": 0,
                "max_unavailable_percentage": 33
              }
            ],
            "version": "1.31"
          },
          "sensitive_attributes": [],
          "private": "eyJlMmJmYjczMC1lY2FhLTExZTYtOGY4OC0zNDM2M2JjN2M0YzAiOnsiY3JlYXRlIjozNjAwMDAwMDAwMDAwLCJkZWxldGUiOjM2MDAwMDAwMDAwMDAsInVwZGF0ZSI6MzYwMDAwMDAwMDAwMH19",
          "dependencies": [
            "data.aws_availability_zones.available",
            "module.eks.aws_cloudwatch_log_group.this",
            "module.eks.aws_eks_cluster.this",
            "module.eks.aws_iam_policy.cni_ipv6_policy",
            "module.eks.aws_iam_role.eks_auto",
            "module.eks.aws_iam_role.this",
            "module.eks.aws_iam_role_policy_attachment.this",
            "module.eks.aws_security_group.cluster",
            "module.eks.aws_security_group.node",
            "module.eks.aws_security_group_rule.cluster",
            "module.eks.aws_security_group_rule.node",
            "module.eks.data.aws_caller_identity.current",
            "module.eks.data.aws_iam_policy_document.assume_role_policy",
            "module.eks.data.aws_iam_policy_document.cni_ipv6_policy",
            "module.eks.data.aws_iam_policy_document.node_assume_role_policy",
            "module.eks.data.aws_iam_session_context.current",
            "module.eks.data.aws_partition.current",
            "module.eks.module.eks_managed_node_group.aws_iam_role.this",
            "module.eks.module.eks_managed_node_group.aws_iam_role_policy_attachment.additional",
            "module.eks.module.eks_managed_node_group.aws_iam_role_policy_attachment.this",
            "module.eks.module.eks_managed_node_group.aws_launch_template.this",
            "module.eks.module.eks_managed_node_group.aws_placement_group.this",
            "module.eks.module.eks_managed_node_group.data.aws_caller_identity.current",
            "module.eks.module.eks_managed_node_group.data.aws_ec2_instance_type.this",
            "module.eks.module.eks_managed_node_group.data.aws_ec2_instance_type_offerings.this",
            "module.eks.module.eks_managed_node_group.data.aws_iam_policy_document.assume_role_policy",
            "module.eks.module.eks_managed_node_group.data.aws_partition.current",
            "module.eks.module.eks_managed_node_group.data.aws_ssm_parameter.ami",
            "module.eks.module.eks_managed_node_group.data.aws_subnets.placement_group",
            "module.eks.module.eks_managed_node_group.module.user_data.data.cloudinit_config.al2023_eks_managed_node_group",
            "module.eks.module.eks_managed_node_group.module.user_data.data.cloudinit_config.linux_eks_managed_node_group",
            "module.eks.module.kms.aws_kms_external_key.this",
            "module.eks.module.kms.aws_kms_key.this",
            "module.eks.module.kms.aws_kms_replica_external_key.this",
            "module.eks.module.kms.aws_kms_replica_key.this",
            "module.eks.module.kms.data.aws_caller_identity.current",
            "module.eks.module.kms.data.aws_iam_policy_document.this",
            "module.eks.module.kms.data.aws_partition.current",
            "module.eks.time_sleep.this",
            "module.vpc.aws_subnet.private",
            "module.vpc.aws_vpc.this",
            "module.vpc.aws_vpc_ipv4_cidr_block_association.this"
          ],
          "create_before_destroy": true
        }
      ]
    },
    {
      "module": "module.eks.module.eks_managed_node_group[\"system\"]",
      "mode": "managed",
      "type": "aws_iam_role",
      "name": "this",
      "provider": "provider[\"registry.terraform.io/hashicorp/aws\"]",
      "instances": [
        {
          "index_key": 0,
          "schema_version": 0,
          "attributes": {
            "arn": "arn:aws:iam::653928081447:role/system-eks-node-group-20260501211745817300000003",
            "assume_role_policy": "{\"Statement\":[{\"Action\":\"sts:AssumeRole\",\"Effect\":\"Allow\",\"Principal\":{\"Service\":\"ec2.amazonaws.com\"},\"Sid\":\"EKSNodeAssumeRole\"}],\"Version\":\"2012-10-17\"}",
            "create_date": "2026-05-01T21:17:46Z",
            "description": "EKS managed node group IAM role",
            "force_detach_policies": true,
            "id": "system-eks-node-group-20260501211745817300000003",
            "inline_policy": [],
            "managed_policy_arns": [
              "arn:aws:iam::aws:policy/AmazonEC2ContainerRegistryReadOnly",
              "arn:aws:iam::aws:policy/AmazonEKSWorkerNodePolicy",
              "arn:aws:iam::aws:policy/AmazonEKS_CNI_Policy"
            ],
            "max_session_duration": 3600,
            "name": "system-eks-node-group-20260501211745817300000003",
            "name_prefix": "system-eks-node-group-",
            "path": "/",
            "permissions_boundary": "",
            "tags": {
              "Owner": "roshkhatri",
              "Project": "valkey-ci"
            },
            "tags_all": {
              "Owner": "roshkhatri",
              "Project": "valkey-ci"
            },
            "unique_id": "AROAZQQJGVATRJGJFE67Q"
          },
          "sensitive_attributes": [],
          "private": "bnVsbA==",
          "dependencies": [
            "module.eks.module.eks_managed_node_group.data.aws_iam_policy_document.assume_role_policy"
          ],
          "create_before_destroy": true
        }
      ]
    },
    {
      "module": "module.eks.module.eks_managed_node_group[\"system\"]",
      "mode": "managed",
      "type": "aws_iam_role_policy_attachment",
      "name": "this",
      "provider": "provider[\"registry.terraform.io/hashicorp/aws\"]",
      "instances": [
        {
          "index_key": "AmazonEC2ContainerRegistryReadOnly",
          "schema_version": 0,
          "attributes": {
            "id": "system-eks-node-group-20260501211745817300000003-2026050121174670220000000a",
            "policy_arn": "arn:aws:iam::aws:policy/AmazonEC2ContainerRegistryReadOnly",
            "role": "system-eks-node-group-20260501211745817300000003"
          },
          "sensitive_attributes": [],
          "private": "bnVsbA==",
          "dependencies": [
            "module.eks.module.eks_managed_node_group.aws_iam_role.this",
            "module.eks.module.eks_managed_node_group.data.aws_caller_identity.current",
            "module.eks.module.eks_managed_node_group.data.aws_iam_policy_document.assume_role_policy",
            "module.eks.module.eks_managed_node_group.data.aws_partition.current"
          ],
          "create_before_destroy": true
        },
        {
          "index_key": "AmazonEKSWorkerNodePolicy",
          "schema_version": 0,
          "attributes": {
            "id": "system-eks-node-group-20260501211745817300000003-20260501211746578700000007",
            "policy_arn": "arn:aws:iam::aws:policy/AmazonEKSWorkerNodePolicy",
            "role": "system-eks-node-group-20260501211745817300000003"
          },
          "sensitive_attributes": [],
          "private": "bnVsbA==",
          "dependencies": [
            "module.eks.module.eks_managed_node_group.aws_iam_role.this",
            "module.eks.module.eks_managed_node_group.data.aws_caller_identity.current",
            "module.eks.module.eks_managed_node_group.data.aws_iam_policy_document.assume_role_policy",
            "module.eks.module.eks_managed_node_group.data.aws_partition.current"
          ],
          "create_before_destroy": true
        },
        {
          "index_key": "AmazonEKS_CNI_Policy",
          "schema_version": 0,
          "attributes": {
            "id": "system-eks-node-group-20260501211745817300000003-20260501211746676300000009",
            "policy_arn": "arn:aws:iam::aws:policy/AmazonEKS_CNI_Policy",
            "role": "system-eks-node-group-20260501211745817300000003"
          },
          "sensitive_attributes": [],
          "private": "bnVsbA==",
          "dependencies": [
            "module.eks.module.eks_managed_node_group.aws_iam_role.this",
            "module.eks.module.eks_managed_node_group.data.aws_caller_identity.current",
            "module.eks.module.eks_managed_node_group.data.aws_iam_policy_document.assume_role_policy",
            "module.eks.module.eks_managed_node_group.data.aws_partition.current"
          ],
          "create_before_destroy": true
        }
      ]
    },
    {
      "module": "module.eks.module.eks_managed_node_group[\"system\"]",
      "mode": "managed",
      "type": "aws_launch_template",
      "name": "this",
      "provider": "provider[\"registry.terraform.io/hashicorp/aws\"]",
      "instances": [
        {
          "index_key": 0,
          "schema_version": 0,
          "attributes": {
            "arn": "arn:aws:ec2:us-east-1:653928081447:launch-template/lt-01d6fa1f9794be176",
            "block_device_mappings": [],
            "capacity_reservation_specification": [],
            "cpu_options": [],
            "credit_specification": [],
            "default_version": 1,
            "description": "Custom launch template for system EKS managed node group",
            "disable_api_stop": false,
            "disable_api_termination": false,
            "ebs_optimized": "",
            "elastic_gpu_specifications": [],
            "elastic_inference_accelerator": [],
            "enclave_options": [],
            "hibernation_options": [],
            "iam_instance_profile": [],
            "id": "lt-01d6fa1f9794be176",
            "image_id": "",
            "instance_initiated_shutdown_behavior": "",
            "instance_market_options": [],
            "instance_requirements": [],
            "instance_type": "",
            "kernel_id": "",
            "key_name": "",
            "latest_version": 1,
            "license_specification": [],
            "maintenance_options": [],
            "metadata_options": [
              {
                "http_endpoint": "enabled",
                "http_protocol_ipv6": "",
                "http_put_response_hop_limit": 2,
                "http_tokens": "required",
                "instance_metadata_tags": ""
              }
            ],
            "monitoring": [
              {
                "enabled": true
              }
            ],
            "name": "system-2026050121280741040000001e",
            "name_prefix": "system-",
            "network_interfaces": [],
            "placement": [],
            "private_dns_name_options": [],
            "ram_disk_id": "",
            "security_group_names": [],
            "tag_specifications": [
              {
                "resource_type": "instance",
                "tags": {
                  "Name": "system",
                  "Owner": "roshkhatri",
                  "Project": "valkey-ci"
                }
              },
              {
                "resource_type": "network-interface",
                "tags": {
                  "Name": "system",
                  "Owner": "roshkhatri",
                  "Project": "valkey-ci"
                }
              },
              {
                "resource_type": "volume",
                "tags": {
                  "Name": "system",
                  "Owner": "roshkhatri",
                  "Project": "valkey-ci"
                }
              }
            ],
            "tags": {
              "Owner": "roshkhatri",
              "Project": "valkey-ci"
            },
            "tags_all": {
              "Owner": "roshkhatri",
              "Project": "valkey-ci"
            },
            "update_default_version": true,
            "user_data": "",
            "vpc_security_group_ids": [
              "sg-0edac2b73d6ba7609"
            ]
          },
          "sensitive_attributes": [],
          "private": "bnVsbA==",
          "dependencies": [
            "data.aws_availability_zones.available",
            "module.eks.aws_cloudwatch_log_group.this",
            "module.eks.aws_eks_cluster.this",
            "module.eks.aws_iam_policy.cni_ipv6_policy",
            "module.eks.aws_iam_role.eks_auto",
            "module.eks.aws_iam_role.this",
            "module.eks.aws_iam_role_policy_attachment.this",
            "module.eks.aws_security_group.cluster",
            "module.eks.aws_security_group.node",
            "module.eks.aws_security_group_rule.cluster",
            "module.eks.aws_security_group_rule.node",
            "module.eks.data.aws_caller_identity.current",
            "module.eks.data.aws_iam_policy_document.assume_role_policy",
            "module.eks.data.aws_iam_policy_document.cni_ipv6_policy",
            "module.eks.data.aws_iam_policy_document.node_assume_role_policy",
            "module.eks.data.aws_iam_session_context.current",
            "module.eks.data.aws_partition.current",
            "module.eks.module.eks_managed_node_group.aws_iam_role.this",
            "module.eks.module.eks_managed_node_group.aws_iam_role_policy_attachment.additional",
            "module.eks.module.eks_managed_node_group.aws_iam_role_policy_attachment.this",
            "module.eks.module.eks_managed_node_group.aws_placement_group.this",
            "module.eks.module.eks_managed_node_group.data.aws_caller_identity.current",
            "module.eks.module.eks_managed_node_group.data.aws_ec2_instance_type.this",
            "module.eks.module.eks_managed_node_group.data.aws_iam_policy_document.assume_role_policy",
            "module.eks.module.eks_managed_node_group.data.aws_partition.current",
            "module.eks.module.eks_managed_node_group.module.user_data.data.cloudinit_config.al2023_eks_managed_node_group",
            "module.eks.module.eks_managed_node_group.module.user_data.data.cloudinit_config.linux_eks_managed_node_group",
            "module.eks.module.kms.aws_kms_external_key.this",
            "module.eks.module.kms.aws_kms_key.this",
            "module.eks.module.kms.aws_kms_replica_external_key.this",
            "module.eks.module.kms.aws_kms_replica_key.this",
            "module.eks.module.kms.data.aws_caller_identity.current",
            "module.eks.module.kms.data.aws_iam_policy_document.this",
            "module.eks.module.kms.data.aws_partition.current",
            "module.eks.time_sleep.this",
            "module.vpc.aws_subnet.private",
            "module.vpc.aws_vpc.this",
            "module.vpc.aws_vpc_ipv4_cidr_block_association.this"
          ],
          "create_before_destroy": true
        }
      ]
    },
    {
      "module": "module.eks.module.eks_managed_node_group[\"system\"].module.user_data",
      "mode": "managed",
      "type": "null_resource",
      "name": "validate_cluster_service_cidr",
      "provider": "provider[\"registry.terraform.io/hashicorp/null\"]",
      "instances": [
        {
          "schema_version": 0,
          "attributes": {
            "id": "2303782778892231338",
            "triggers": null
          },
          "sensitive_attributes": [],
          "dependencies": [
            "data.aws_availability_zones.available",
            "module.eks.aws_cloudwatch_log_group.this",
            "module.eks.aws_eks_cluster.this",
            "module.eks.aws_iam_policy.cni_ipv6_policy",
            "module.eks.aws_iam_role.eks_auto",
            "module.eks.aws_iam_role.this",
            "module.eks.aws_iam_role_policy_attachment.this",
            "module.eks.aws_security_group.cluster",
            "module.eks.aws_security_group.node",
            "module.eks.aws_security_group_rule.cluster",
            "module.eks.aws_security_group_rule.node",
            "module.eks.data.aws_caller_identity.current",
            "module.eks.data.aws_iam_policy_document.assume_role_policy",
            "module.eks.data.aws_iam_policy_document.cni_ipv6_policy",
            "module.eks.data.aws_iam_policy_document.node_assume_role_policy",
            "module.eks.data.aws_iam_session_context.current",
            "module.eks.data.aws_partition.current",
            "module.eks.module.kms.aws_kms_external_key.this",
            "module.eks.module.kms.aws_kms_key.this",
            "module.eks.module.kms.aws_kms_replica_external_key.this",
            "module.eks.module.kms.aws_kms_replica_key.this",
            "module.eks.module.kms.data.aws_caller_identity.current",
            "module.eks.module.kms.data.aws_iam_policy_document.this",
            "module.eks.module.kms.data.aws_partition.current",
            "module.eks.time_sleep.this",
            "module.vpc.aws_subnet.private",
            "module.vpc.aws_vpc.this",
            "module.vpc.aws_vpc_ipv4_cidr_block_association.this"
          ]
        }
      ]
    },
    {
      "module": "module.eks.module.kms",
      "mode": "data",
      "type": "aws_caller_identity",
      "name": "current",
      "provider": "provider[\"registry.terraform.io/hashicorp/aws\"]",
      "instances": [
        {
          "index_key": 0,
          "schema_version": 0,
          "attributes": {
            "account_id": "653928081447",
            "arn": "arn:aws:sts::653928081447:assumed-role/Admin/rvkhatri-Isengard",
            "id": "653928081447",
            "user_id": "AROAZQQJGVAT7Y6ORLTFH:rvkhatri-Isengard"
          },
          "sensitive_attributes": []
        }
      ]
    },
    {
      "module": "module.eks.module.kms",
      "mode": "data",
      "type": "aws_iam_policy_document",
      "name": "this",
      "provider": "provider[\"registry.terraform.io/hashicorp/aws\"]",
      "instances": [
        {
          "index_key": 0,
          "schema_version": 0,
          "attributes": {
            "id": "956666880",
            "json": "{\n  \"Version\": \"2012-10-17\",\n  \"Statement\": [\n    {\n      \"Sid\": \"Default\",\n      \"Effect\": \"Allow\",\n      \"Action\": \"kms:*\",\n      \"Resource\": \"*\",\n      \"Principal\": {\n        \"AWS\": \"arn:aws:iam::653928081447:root\"\n      }\n    },\n    {\n      \"Sid\": \"KeyAdministration\",\n      \"Effect\": \"Allow\",\n      \"Action\": [\n        \"kms:Update*\",\n        \"kms:UntagResource\",\n        \"kms:TagResource\",\n        \"kms:ScheduleKeyDeletion\",\n        \"kms:Revoke*\",\n        \"kms:ReplicateKey\",\n        \"kms:Put*\",\n        \"kms:List*\",\n        \"kms:ImportKeyMaterial\",\n        \"kms:Get*\",\n        \"kms:Enable*\",\n        \"kms:Disable*\",\n        \"kms:Describe*\",\n        \"kms:Delete*\",\n        \"kms:Create*\",\n        \"kms:CancelKeyDeletion\"\n      ],\n      \"Resource\": \"*\",\n      \"Principal\": {\n        \"AWS\": \"arn:aws:iam::653928081447:role/Admin\"\n      }\n    },\n    {\n      \"Sid\": \"KeyUsage\",\n      \"Effect\": \"Allow\",\n      \"Action\": [\n        \"kms:ReEncrypt*\",\n        \"kms:GenerateDataKey*\",\n        \"kms:Encrypt\",\n        \"kms:DescribeKey\",\n        \"kms:Decrypt\"\n      ],\n      \"Resource\": \"*\",\n      \"Principal\": {\n        \"AWS\": \"arn:aws:iam::653928081447:role/valkey-ci-cluster-20260501211745817700000004\"\n      }\n    }\n  ]\n}",
            "minified_json": "{\"Version\":\"2012-10-17\",\"Statement\":[{\"Sid\":\"Default\",\"Effect\":\"Allow\",\"Action\":\"kms:*\",\"Resource\":\"*\",\"Principal\":{\"AWS\":\"arn:aws:iam::653928081447:root\"}},{\"Sid\":\"KeyAdministration\",\"Effect\":\"Allow\",\"Action\":[\"kms:Update*\",\"kms:UntagResource\",\"kms:TagResource\",\"kms:ScheduleKeyDeletion\",\"kms:Revoke*\",\"kms:ReplicateKey\",\"kms:Put*\",\"kms:List*\",\"kms:ImportKeyMaterial\",\"kms:Get*\",\"kms:Enable*\",\"kms:Disable*\",\"kms:Describe*\",\"kms:Delete*\",\"kms:Create*\",\"kms:CancelKeyDeletion\"],\"Resource\":\"*\",\"Principal\":{\"AWS\":\"arn:aws:iam::653928081447:role/Admin\"}},{\"Sid\":\"KeyUsage\",\"Effect\":\"Allow\",\"Action\":[\"kms:ReEncrypt*\",\"kms:GenerateDataKey*\",\"kms:Encrypt\",\"kms:DescribeKey\",\"kms:Decrypt\"],\"Resource\":\"*\",\"Principal\":{\"AWS\":\"arn:aws:iam::653928081447:role/valkey-ci-cluster-20260501211745817700000004\"}}]}",
            "override_json": null,
            "override_policy_documents": null,
            "policy_id": null,
            "source_json": null,
            "source_policy_documents": null,
            "statement": [
              {
                "actions": [
                  "kms:*"
                ],
                "condition": [],
                "effect": "Allow",
                "not_actions": [],
                "not_principals": [],
                "not_resources": [],
                "principals": [
                  {
                    "identifiers": [
                      "arn:aws:iam::653928081447:root"
                    ],
                    "type": "AWS"
                  }
                ],
                "resources": [
                  "*"
                ],
                "sid": "Default"
              },
              {
                "actions": [
                  "kms:CancelKeyDeletion",
                  "kms:Create*",
                  "kms:Delete*",
                  "kms:Describe*",
                  "kms:Disable*",
                  "kms:Enable*",
                  "kms:Get*",
                  "kms:ImportKeyMaterial",
                  "kms:List*",
                  "kms:Put*",
                  "kms:ReplicateKey",
                  "kms:Revoke*",
                  "kms:ScheduleKeyDeletion",
                  "kms:TagResource",
                  "kms:UntagResource",
                  "kms:Update*"
                ],
                "condition": [],
                "effect": "Allow",
                "not_actions": [],
                "not_principals": [],
                "not_resources": [],
                "principals": [
                  {
                    "identifiers": [
                      "arn:aws:iam::653928081447:role/Admin"
                    ],
                    "type": "AWS"
                  }
                ],
                "resources": [
                  "*"
                ],
                "sid": "KeyAdministration"
              },
              {
                "actions": [
                  "kms:Decrypt",
                  "kms:DescribeKey",
                  "kms:Encrypt",
                  "kms:GenerateDataKey*",
                  "kms:ReEncrypt*"
                ],
                "condition": [],
                "effect": "Allow",
                "not_actions": [],
                "not_principals": [],
                "not_resources": [],
                "principals": [
                  {
                    "identifiers": [
                      "arn:aws:iam::653928081447:role/valkey-ci-cluster-20260501211745817700000004"
                    ],
                    "type": "AWS"
                  }
                ],
                "resources": [
                  "*"
                ],
                "sid": "KeyUsage"
              }
            ],
            "version": "2012-10-17"
          },
          "sensitive_attributes": []
        }
      ]
    },
    {
      "module": "module.eks.module.kms",
      "mode": "data",
      "type": "aws_partition",
      "name": "current",
      "provider": "provider[\"registry.terraform.io/hashicorp/aws\"]",
      "instances": [
        {
          "index_key": 0,
          "schema_version": 0,
          "attributes": {
            "dns_suffix": "amazonaws.com",
            "id": "aws",
            "partition": "aws",
            "reverse_dns_prefix": "com.amazonaws"
          },
          "sensitive_attributes": []
        }
      ]
    },
    {
      "module": "module.eks.module.kms",
      "mode": "managed",
      "type": "aws_kms_alias",
      "name": "this",
      "provider": "provider[\"registry.terraform.io/hashicorp/aws\"]",
      "instances": [
        {
          "index_key": "cluster",
          "schema_version": 0,
          "attributes": {
            "arn": "arn:aws:kms:us-east-1:653928081447:alias/eks/valkey-ci",
            "id": "alias/eks/valkey-ci",
            "name": "alias/eks/valkey-ci",
            "name_prefix": "",
            "target_key_arn": "arn:aws:kms:us-east-1:653928081447:key/fef2a79c-ba48-4192-80c0-c8598bf6fb2d",
            "target_key_id": "fef2a79c-ba48-4192-80c0-c8598bf6fb2d"
          },
          "sensitive_attributes": [],
          "private": "bnVsbA==",
          "dependencies": [
            "module.eks.aws_iam_role.this",
            "module.eks.data.aws_caller_identity.current",
            "module.eks.data.aws_iam_policy_document.assume_role_policy",
            "module.eks.data.aws_iam_session_context.current",
            "module.eks.module.kms.aws_kms_external_key.this",
            "module.eks.module.kms.aws_kms_key.this",
            "module.eks.module.kms.aws_kms_replica_external_key.this",
            "module.eks.module.kms.aws_kms_replica_key.this",
            "module.eks.module.kms.data.aws_caller_identity.current",
            "module.eks.module.kms.data.aws_iam_policy_document.this",
            "module.eks.module.kms.data.aws_partition.current"
          ]
        }
      ]
    },
    {
      "module": "module.eks.module.kms",
      "mode": "managed",
      "type": "aws_kms_key",
      "name": "this",
      "provider": "provider[\"registry.terraform.io/hashicorp/aws\"]",
      "instances": [
        {
          "index_key": 0,
          "schema_version": 0,
          "attributes": {
            "arn": "arn:aws:kms:us-east-1:653928081447:key/fef2a79c-ba48-4192-80c0-c8598bf6fb2d",
            "bypass_policy_lockout_safety_check": false,
            "custom_key_store_id": "",
            "customer_master_key_spec": "SYMMETRIC_DEFAULT",
            "deletion_window_in_days": null,
            "description": "valkey-ci cluster encryption key",
            "enable_key_rotation": true,
            "id": "fef2a79c-ba48-4192-80c0-c8598bf6fb2d",
            "is_enabled": true,
            "key_id": "fef2a79c-ba48-4192-80c0-c8598bf6fb2d",
            "key_usage": "ENCRYPT_DECRYPT",
            "multi_region": false,
            "policy": "{\"Statement\":[{\"Action\":\"kms:*\",\"Effect\":\"Allow\",\"Principal\":{\"AWS\":\"arn:aws:iam::653928081447:root\"},\"Resource\":\"*\",\"Sid\":\"Default\"},{\"Action\":[\"kms:Update*\",\"kms:UntagResource\",\"kms:TagResource\",\"kms:ScheduleKeyDeletion\",\"kms:Revoke*\",\"kms:ReplicateKey\",\"kms:Put*\",\"kms:List*\",\"kms:ImportKeyMaterial\",\"kms:Get*\",\"kms:Enable*\",\"kms:Disable*\",\"kms:Describe*\",\"kms:Delete*\",\"kms:Create*\",\"kms:CancelKeyDeletion\"],\"Effect\":\"Allow\",\"Principal\":{\"AWS\":\"arn:aws:iam::653928081447:role/Admin\"},\"Resource\":\"*\",\"Sid\":\"KeyAdministration\"},{\"Action\":[\"kms:ReEncrypt*\",\"kms:GenerateDataKey*\",\"kms:Encrypt\",\"kms:DescribeKey\",\"kms:Decrypt\"],\"Effect\":\"Allow\",\"Principal\":{\"AWS\":\"arn:aws:iam::653928081447:role/valkey-ci-cluster-20260501211745817700000004\"},\"Resource\":\"*\",\"Sid\":\"KeyUsage\"}],\"Version\":\"2012-10-17\"}",
            "rotation_period_in_days": 365,
            "tags": {
              "Owner": "roshkhatri",
              "Project": "valkey-ci",
              "terraform-aws-modules": "eks"
            },
            "tags_all": {
              "Owner": "roshkhatri",
              "Project": "valkey-ci",
              "terraform-aws-modules": "eks"
            },
            "timeouts": null,
            "xks_key_id": ""
          },
          "sensitive_attributes": [],
          "private": "eyJlMmJmYjczMC1lY2FhLTExZTYtOGY4OC0zNDM2M2JjN2M0YzAiOnsiY3JlYXRlIjoxMjAwMDAwMDAwMDB9fQ==",
          "dependencies": [
            "module.eks.aws_iam_role.this",
            "module.eks.data.aws_caller_identity.current",
            "module.eks.data.aws_iam_policy_document.assume_role_policy",
            "module.eks.data.aws_iam_session_context.current",
            "module.eks.module.kms.data.aws_caller_identity.current",
            "module.eks.module.kms.data.aws_iam_policy_document.this",
            "module.eks.module.kms.data.aws_partition.current"
          ]
        }
      ]
    },
    {
      "module": "module.karpenter",
      "mode": "data",
      "type": "aws_caller_identity",
      "name": "current",
      "provider": "provider[\"registry.terraform.io/hashicorp/aws\"]",
      "instances": [
        {
          "schema_version": 0,
          "attributes": {
            "account_id": "653928081447",
            "arn": "arn:aws:sts::653928081447:assumed-role/Admin/rvkhatri-Isengard",
            "id": "653928081447",
            "user_id": "AROAZQQJGVAT7Y6ORLTFH:rvkhatri-Isengard"
          },
          "sensitive_attributes": []
        }
      ]
    },
    {
      "module": "module.karpenter",
      "mode": "data",
      "type": "aws_iam_policy_document",
      "name": "controller",
      "provider": "provider[\"registry.terraform.io/hashicorp/aws\"]",
      "instances": [
        {
          "index_key": 0,
          "schema_version": 0,
          "attributes": {
            "id": "3223824151",
            "json": "{\n  \"Version\": \"2012-10-17\",\n  \"Statement\": [\n    {\n      \"Sid\": \"AllowScopedEC2InstanceAccessActions\",\n      \"Effect\": \"Allow\",\n      \"Action\": [\n        \"ec2:RunInstances\",\n        \"ec2:CreateFleet\"\n      ],\n      \"Resource\": [\n        \"arn:aws:ec2:us-east-1::snapshot/*\",\n        \"arn:aws:ec2:us-east-1::image/*\",\n        \"arn:aws:ec2:us-east-1:*:subnet/*\",\n        \"arn:aws:ec2:us-east-1:*:security-group/*\",\n        \"arn:aws:ec2:us-east-1:*:capacity-reservation/*\"\n      ]\n    },\n    {\n      \"Sid\": \"AllowScopedEC2LaunchTemplateAccessActions\",\n      \"Effect\": \"Allow\",\n      \"Action\": [\n        \"ec2:RunInstances\",\n        \"ec2:CreateFleet\"\n      ],\n      \"Resource\": \"arn:aws:ec2:us-east-1:*:launch-template/*\",\n      \"Condition\": {\n        \"StringEquals\": {\n          \"aws:ResourceTag/kubernetes.io/cluster/valkey-ci\": \"owned\"\n        },\n        \"StringLike\": {\n          \"aws:ResourceTag/karpenter.sh/nodepool\": \"*\"\n        }\n      }\n    },\n    {\n      \"Sid\": \"AllowScopedEC2InstanceActionsWithTags\",\n      \"Effect\": \"Allow\",\n      \"Action\": [\n        \"ec2:RunInstances\",\n        \"ec2:CreateLaunchTemplate\",\n        \"ec2:CreateFleet\"\n      ],\n      \"Resource\": [\n        \"arn:aws:ec2:us-east-1:*:volume/*\",\n        \"arn:aws:ec2:us-east-1:*:spot-instances-request/*\",\n        \"arn:aws:ec2:us-east-1:*:network-interface/*\",\n        \"arn:aws:ec2:us-east-1:*:launch-template/*\",\n        \"arn:aws:ec2:us-east-1:*:instance/*\",\n        \"arn:aws:ec2:us-east-1:*:fleet/*\"\n      ],\n      \"Condition\": {\n        \"StringEquals\": {\n          \"aws:RequestTag/eks:eks-cluster-name\": \"valkey-ci\",\n          \"aws:RequestTag/kubernetes.io/cluster/valkey-ci\": \"owned\"\n        },\n        \"StringLike\": {\n          \"aws:RequestTag/karpenter.sh/nodepool\": \"*\"\n        }\n      }\n    },\n    {\n      \"Sid\": \"AllowScopedResourceCreationTagging\",\n      \"Effect\": \"Allow\",\n      \"Action\": \"ec2:CreateTags\",\n      \"Resource\": [\n        \"arn:aws:ec2:us-east-1:*:volume/*\",\n        \"arn:aws:ec2:us-east-1:*:spot-instances-request/*\",\n        \"arn:aws:ec2:us-east-1:*:network-interface/*\",\n        \"arn:aws:ec2:us-east-1:*:launch-template/*\",\n        \"arn:aws:ec2:us-east-1:*:instance/*\",\n        \"arn:aws:ec2:us-east-1:*:fleet/*\"\n      ],\n      \"Condition\": {\n        \"StringEquals\": {\n          \"aws:RequestTag/eks:eks-cluster-name\": \"valkey-ci\",\n          \"aws:RequestTag/kubernetes.io/cluster/valkey-ci\": \"owned\",\n          \"ec2:CreateAction\": [\n            \"RunInstances\",\n            \"CreateFleet\",\n            \"CreateLaunchTemplate\"\n          ]\n        },\n        \"StringLike\": {\n          \"aws:RequestTag/karpenter.sh/nodepool\": \"*\"\n        }\n      }\n    },\n    {\n      \"Sid\": \"AllowScopedResourceTagging\",\n      \"Effect\": \"Allow\",\n      \"Action\": \"ec2:CreateTags\",\n      \"Resource\": \"arn:aws:ec2:us-east-1:*:instance/*\",\n      \"Condition\": {\n        \"ForAllValues:StringEquals\": {\n          \"aws:TagKeys\": [\n            \"eks:eks-cluster-name\",\n            \"karpenter.sh/nodeclaim\",\n            \"Name\"\n          ]\n        },\n        \"StringEquals\": {\n          \"aws:ResourceTag/kubernetes.io/cluster/valkey-ci\": \"owned\"\n        },\n        \"StringEqualsIfExists\": {\n          \"aws:RequestTag/eks:eks-cluster-name\": \"valkey-ci\"\n        },\n        \"StringLike\": {\n          \"aws:ResourceTag/karpenter.sh/nodepool\": \"*\"\n        }\n      }\n    },\n    {\n      \"Sid\": \"AllowScopedDeletion\",\n      \"Effect\": \"Allow\",\n      \"Action\": [\n        \"ec2:TerminateInstances\",\n        \"ec2:DeleteLaunchTemplate\"\n      ],\n      \"Resource\": [\n        \"arn:aws:ec2:us-east-1:*:launch-template/*\",\n        \"arn:aws:ec2:us-east-1:*:instance/*\"\n      ],\n      \"Condition\": {\n        \"StringEquals\": {\n          \"aws:ResourceTag/kubernetes.io/cluster/valkey-ci\": \"owned\"\n        },\n        \"StringLike\": {\n          \"aws:ResourceTag/karpenter.sh/nodepool\": \"*\"\n        }\n      }\n    },\n    {\n      \"Sid\": \"AllowRegionalReadActions\",\n      \"Effect\": \"Allow\",\n      \"Action\": [\n        \"ec2:DescribeSubnets\",\n        \"ec2:DescribeSpotPriceHistory\",\n        \"ec2:DescribeSecurityGroups\",\n        \"ec2:DescribeLaunchTemplates\",\n        \"ec2:DescribeInstances\",\n        \"ec2:DescribeInstanceTypes\",\n        \"ec2:DescribeInstanceTypeOfferings\",\n        \"ec2:DescribeImages\",\n        \"ec2:DescribeAvailabilityZones\"\n      ],\n      \"Resource\": \"*\",\n      \"Condition\": {\n        \"StringEquals\": {\n          \"aws:RequestedRegion\": \"us-east-1\"\n        }\n      }\n    },\n    {\n      \"Sid\": \"AllowSSMReadActions\",\n      \"Effect\": \"Allow\",\n      \"Action\": \"ssm:GetParameter\",\n      \"Resource\": \"arn:aws:ssm:us-east-1::parameter/aws/service/*\"\n    },\n    {\n      \"Sid\": \"AllowPricingReadActions\",\n      \"Effect\": \"Allow\",\n      \"Action\": \"pricing:GetProducts\",\n      \"Resource\": \"*\"\n    },\n    {\n      \"Sid\": \"AllowInterruptionQueueActions\",\n      \"Effect\": \"Allow\",\n      \"Action\": [\n        \"sqs:ReceiveMessage\",\n        \"sqs:GetQueueUrl\",\n        \"sqs:DeleteMessage\"\n      ],\n      \"Resource\": \"arn:aws:sqs:us-east-1:653928081447:Karpenter-valkey-ci\"\n    },\n    {\n      \"Sid\": \"AllowPassingInstanceRole\",\n      \"Effect\": \"Allow\",\n      \"Action\": \"iam:PassRole\",\n      \"Resource\": \"arn:aws:iam::653928081447:role/Karpenter-valkey-ci-20260501212738858700000016\",\n      \"Condition\": {\n        \"StringEquals\": {\n          \"iam:PassedToService\": \"ec2.amazonaws.com\"\n        }\n      }\n    },\n    {\n      \"Sid\": \"AllowScopedInstanceProfileCreationActions\",\n      \"Effect\": \"Allow\",\n      \"Action\": \"iam:CreateInstanceProfile\",\n      \"Resource\": \"arn:aws:iam::653928081447:instance-profile/*\",\n      \"Condition\": {\n        \"StringEquals\": {\n          \"aws:RequestTag/eks:eks-cluster-name\": \"valkey-ci\",\n          \"aws:RequestTag/kubernetes.io/cluster/valkey-ci\": \"owned\",\n          \"aws:RequestTag/topology.kubernetes.io/region\": \"us-east-1\"\n        },\n        \"StringLike\": {\n          \"aws:RequestTag/karpenter.k8s.aws/ec2nodeclass\": \"*\"\n        }\n      }\n    },\n    {\n      \"Sid\": \"AllowScopedInstanceProfileTagActions\",\n      \"Effect\": \"Allow\",\n      \"Action\": \"iam:TagInstanceProfile\",\n      \"Resource\": \"arn:aws:iam::653928081447:instance-profile/*\",\n      \"Condition\": {\n        \"StringEquals\": {\n          \"aws:RequestTag/eks:eks-cluster-name\": \"valkey-ci\",\n          \"aws:RequestTag/kubernetes.io/cluster/valkey-ci\": \"owned\",\n          \"aws:RequestTag/topology.kubernetes.io/region\": \"us-east-1\",\n          \"aws:ResourceTag/kubernetes.io/cluster/valkey-ci\": \"owned\",\n          \"aws:ResourceTag/topology.kubernetes.io/region\": \"us-east-1\"\n        },\n        \"StringLike\": {\n          \"aws:RequestTag/karpenter.k8s.aws/ec2nodeclass\": \"*\",\n          \"aws:ResourceTag/karpenter.k8s.aws/ec2nodeclass\": \"*\"\n        }\n      }\n    },\n    {\n      \"Sid\": \"AllowScopedInstanceProfileActions\",\n      \"Effect\": \"Allow\",\n      \"Action\": [\n        \"iam:RemoveRoleFromInstanceProfile\",\n        \"iam:DeleteInstanceProfile\",\n        \"iam:AddRoleToInstanceProfile\"\n      ],\n      \"Resource\": \"arn:aws:iam::653928081447:instance-profile/*\",\n      \"Condition\": {\n        \"StringEquals\": {\n          \"aws:ResourceTag/kubernetes.io/cluster/valkey-ci\": \"owned\",\n          \"aws:ResourceTag/topology.kubernetes.io/region\": \"us-east-1\"\n        },\n        \"StringLike\": {\n          \"aws:ResourceTag/karpenter.k8s.aws/ec2nodeclass\": \"*\"\n        }\n      }\n    },\n    {\n      \"Sid\": \"AllowInstanceProfileReadActions\",\n      \"Effect\": \"Allow\",\n      \"Action\": \"iam:GetInstanceProfile\",\n      \"Resource\": \"arn:aws:iam::653928081447:instance-profile/*\"\n    },\n    {\n      \"Sid\": \"AllowAPIServerEndpointDiscovery\",\n      \"Effect\": \"Allow\",\n      \"Action\": \"eks:DescribeCluster\",\n      \"Resource\": \"arn:aws:eks:us-east-1:653928081447:cluster/valkey-ci\"\n    }\n  ]\n}",
            "minified_json": "{\"Version\":\"2012-10-17\",\"Statement\":[{\"Sid\":\"AllowScopedEC2InstanceAccessActions\",\"Effect\":\"Allow\",\"Action\":[\"ec2:RunInstances\",\"ec2:CreateFleet\"],\"Resource\":[\"arn:aws:ec2:us-east-1::snapshot/*\",\"arn:aws:ec2:us-east-1::image/*\",\"arn:aws:ec2:us-east-1:*:subnet/*\",\"arn:aws:ec2:us-east-1:*:security-group/*\",\"arn:aws:ec2:us-east-1:*:capacity-reservation/*\"]},{\"Sid\":\"AllowScopedEC2LaunchTemplateAccessActions\",\"Effect\":\"Allow\",\"Action\":[\"ec2:RunInstances\",\"ec2:CreateFleet\"],\"Resource\":\"arn:aws:ec2:us-east-1:*:launch-template/*\",\"Condition\":{\"StringEquals\":{\"aws:ResourceTag/kubernetes.io/cluster/valkey-ci\":\"owned\"},\"StringLike\":{\"aws:ResourceTag/karpenter.sh/nodepool\":\"*\"}}},{\"Sid\":\"AllowScopedEC2InstanceActionsWithTags\",\"Effect\":\"Allow\",\"Action\":[\"ec2:RunInstances\",\"ec2:CreateLaunchTemplate\",\"ec2:CreateFleet\"],\"Resource\":[\"arn:aws:ec2:us-east-1:*:volume/*\",\"arn:aws:ec2:us-east-1:*:spot-instances-request/*\",\"arn:aws:ec2:us-east-1:*:network-interface/*\",\"arn:aws:ec2:us-east-1:*:launch-template/*\",\"arn:aws:ec2:us-east-1:*:instance/*\",\"arn:aws:ec2:us-east-1:*:fleet/*\"],\"Condition\":{\"StringEquals\":{\"aws:RequestTag/eks:eks-cluster-name\":\"valkey-ci\",\"aws:RequestTag/kubernetes.io/cluster/valkey-ci\":\"owned\"},\"StringLike\":{\"aws:RequestTag/karpenter.sh/nodepool\":\"*\"}}},{\"Sid\":\"AllowScopedResourceCreationTagging\",\"Effect\":\"Allow\",\"Action\":\"ec2:CreateTags\",\"Resource\":[\"arn:aws:ec2:us-east-1:*:volume/*\",\"arn:aws:ec2:us-east-1:*:spot-instances-request/*\",\"arn:aws:ec2:us-east-1:*:network-interface/*\",\"arn:aws:ec2:us-east-1:*:launch-template/*\",\"arn:aws:ec2:us-east-1:*:instance/*\",\"arn:aws:ec2:us-east-1:*:fleet/*\"],\"Condition\":{\"StringEquals\":{\"aws:RequestTag/eks:eks-cluster-name\":\"valkey-ci\",\"aws:RequestTag/kubernetes.io/cluster/valkey-ci\":\"owned\",\"ec2:CreateAction\":[\"RunInstances\",\"CreateFleet\",\"CreateLaunchTemplate\"]},\"StringLike\":{\"aws:RequestTag/karpenter.sh/nodepool\":\"*\"}}},{\"Sid\":\"AllowScopedResourceTagging\",\"Effect\":\"Allow\",\"Action\":\"ec2:CreateTags\",\"Resource\":\"arn:aws:ec2:us-east-1:*:instance/*\",\"Condition\":{\"ForAllValues:StringEquals\":{\"aws:TagKeys\":[\"eks:eks-cluster-name\",\"karpenter.sh/nodeclaim\",\"Name\"]},\"StringEquals\":{\"aws:ResourceTag/kubernetes.io/cluster/valkey-ci\":\"owned\"},\"StringEqualsIfExists\":{\"aws:RequestTag/eks:eks-cluster-name\":\"valkey-ci\"},\"StringLike\":{\"aws:ResourceTag/karpenter.sh/nodepool\":\"*\"}}},{\"Sid\":\"AllowScopedDeletion\",\"Effect\":\"Allow\",\"Action\":[\"ec2:TerminateInstances\",\"ec2:DeleteLaunchTemplate\"],\"Resource\":[\"arn:aws:ec2:us-east-1:*:launch-template/*\",\"arn:aws:ec2:us-east-1:*:instance/*\"],\"Condition\":{\"StringEquals\":{\"aws:ResourceTag/kubernetes.io/cluster/valkey-ci\":\"owned\"},\"StringLike\":{\"aws:ResourceTag/karpenter.sh/nodepool\":\"*\"}}},{\"Sid\":\"AllowRegionalReadActions\",\"Effect\":\"Allow\",\"Action\":[\"ec2:DescribeSubnets\",\"ec2:DescribeSpotPriceHistory\",\"ec2:DescribeSecurityGroups\",\"ec2:DescribeLaunchTemplates\",\"ec2:DescribeInstances\",\"ec2:DescribeInstanceTypes\",\"ec2:DescribeInstanceTypeOfferings\",\"ec2:DescribeImages\",\"ec2:DescribeAvailabilityZones\"],\"Resource\":\"*\",\"Condition\":{\"StringEquals\":{\"aws:RequestedRegion\":\"us-east-1\"}}},{\"Sid\":\"AllowSSMReadActions\",\"Effect\":\"Allow\",\"Action\":\"ssm:GetParameter\",\"Resource\":\"arn:aws:ssm:us-east-1::parameter/aws/service/*\"},{\"Sid\":\"AllowPricingReadActions\",\"Effect\":\"Allow\",\"Action\":\"pricing:GetProducts\",\"Resource\":\"*\"},{\"Sid\":\"AllowInterruptionQueueActions\",\"Effect\":\"Allow\",\"Action\":[\"sqs:ReceiveMessage\",\"sqs:GetQueueUrl\",\"sqs:DeleteMessage\"],\"Resource\":\"arn:aws:sqs:us-east-1:653928081447:Karpenter-valkey-ci\"},{\"Sid\":\"AllowPassingInstanceRole\",\"Effect\":\"Allow\",\"Action\":\"iam:PassRole\",\"Resource\":\"arn:aws:iam::653928081447:role/Karpenter-valkey-ci-20260501212738858700000016\",\"Condition\":{\"StringEquals\":{\"iam:PassedToService\":\"ec2.amazonaws.com\"}}},{\"Sid\":\"AllowScopedInstanceProfileCreationActions\",\"Effect\":\"Allow\",\"Action\":\"iam:CreateInstanceProfile\",\"Resource\":\"arn:aws:iam::653928081447:instance-profile/*\",\"Condition\":{\"StringEquals\":{\"aws:RequestTag/eks:eks-cluster-name\":\"valkey-ci\",\"aws:RequestTag/kubernetes.io/cluster/valkey-ci\":\"owned\",\"aws:RequestTag/topology.kubernetes.io/region\":\"us-east-1\"},\"StringLike\":{\"aws:RequestTag/karpenter.k8s.aws/ec2nodeclass\":\"*\"}}},{\"Sid\":\"AllowScopedInstanceProfileTagActions\",\"Effect\":\"Allow\",\"Action\":\"iam:TagInstanceProfile\",\"Resource\":\"arn:aws:iam::653928081447:instance-profile/*\",\"Condition\":{\"StringEquals\":{\"aws:RequestTag/eks:eks-cluster-name\":\"valkey-ci\",\"aws:RequestTag/kubernetes.io/cluster/valkey-ci\":\"owned\",\"aws:RequestTag/topology.kubernetes.io/region\":\"us-east-1\",\"aws:ResourceTag/kubernetes.io/cluster/valkey-ci\":\"owned\",\"aws:ResourceTag/topology.kubernetes.io/region\":\"us-east-1\"},\"StringLike\":{\"aws:RequestTag/karpenter.k8s.aws/ec2nodeclass\":\"*\",\"aws:ResourceTag/karpenter.k8s.aws/ec2nodeclass\":\"*\"}}},{\"Sid\":\"AllowScopedInstanceProfileActions\",\"Effect\":\"Allow\",\"Action\":[\"iam:RemoveRoleFromInstanceProfile\",\"iam:DeleteInstanceProfile\",\"iam:AddRoleToInstanceProfile\"],\"Resource\":\"arn:aws:iam::653928081447:instance-profile/*\",\"Condition\":{\"StringEquals\":{\"aws:ResourceTag/kubernetes.io/cluster/valkey-ci\":\"owned\",\"aws:ResourceTag/topology.kubernetes.io/region\":\"us-east-1\"},\"StringLike\":{\"aws:ResourceTag/karpenter.k8s.aws/ec2nodeclass\":\"*\"}}},{\"Sid\":\"AllowInstanceProfileReadActions\",\"Effect\":\"Allow\",\"Action\":\"iam:GetInstanceProfile\",\"Resource\":\"arn:aws:iam::653928081447:instance-profile/*\"},{\"Sid\":\"AllowAPIServerEndpointDiscovery\",\"Effect\":\"Allow\",\"Action\":\"eks:DescribeCluster\",\"Resource\":\"arn:aws:eks:us-east-1:653928081447:cluster/valkey-ci\"}]}",
            "override_json": null,
            "override_policy_documents": null,
            "policy_id": null,
            "source_json": null,
            "source_policy_documents": [
              "{\n  \"Version\": \"2012-10-17\",\n  \"Statement\": [\n    {\n      \"Sid\": \"AllowScopedEC2InstanceAccessActions\",\n      \"Effect\": \"Allow\",\n      \"Action\": [\n        \"ec2:RunInstances\",\n        \"ec2:CreateFleet\"\n      ],\n      \"Resource\": [\n        \"arn:aws:ec2:us-east-1::snapshot/*\",\n        \"arn:aws:ec2:us-east-1::image/*\",\n        \"arn:aws:ec2:us-east-1:*:subnet/*\",\n        \"arn:aws:ec2:us-east-1:*:security-group/*\",\n        \"arn:aws:ec2:us-east-1:*:capacity-reservation/*\"\n      ]\n    },\n    {\n      \"Sid\": \"AllowScopedEC2LaunchTemplateAccessActions\",\n      \"Effect\": \"Allow\",\n      \"Action\": [\n        \"ec2:RunInstances\",\n        \"ec2:CreateFleet\"\n      ],\n      \"Resource\": \"arn:aws:ec2:us-east-1:*:launch-template/*\",\n      \"Condition\": {\n        \"StringEquals\": {\n          \"aws:ResourceTag/kubernetes.io/cluster/valkey-ci\": \"owned\"\n        },\n        \"StringLike\": {\n          \"aws:ResourceTag/karpenter.sh/nodepool\": \"*\"\n        }\n      }\n    },\n    {\n      \"Sid\": \"AllowScopedEC2InstanceActionsWithTags\",\n      \"Effect\": \"Allow\",\n      \"Action\": [\n        \"ec2:RunInstances\",\n        \"ec2:CreateLaunchTemplate\",\n        \"ec2:CreateFleet\"\n      ],\n      \"Resource\": [\n        \"arn:aws:ec2:us-east-1:*:volume/*\",\n        \"arn:aws:ec2:us-east-1:*:spot-instances-request/*\",\n        \"arn:aws:ec2:us-east-1:*:network-interface/*\",\n        \"arn:aws:ec2:us-east-1:*:launch-template/*\",\n        \"arn:aws:ec2:us-east-1:*:instance/*\",\n        \"arn:aws:ec2:us-east-1:*:fleet/*\"\n      ],\n      \"Condition\": {\n        \"StringEquals\": {\n          \"aws:RequestTag/eks:eks-cluster-name\": \"valkey-ci\",\n          \"aws:RequestTag/kubernetes.io/cluster/valkey-ci\": \"owned\"\n        },\n        \"StringLike\": {\n          \"aws:RequestTag/karpenter.sh/nodepool\": \"*\"\n        }\n      }\n    },\n    {\n      \"Sid\": \"AllowScopedResourceCreationTagging\",\n      \"Effect\": \"Allow\",\n      \"Action\": \"ec2:CreateTags\",\n      \"Resource\": [\n        \"arn:aws:ec2:us-east-1:*:volume/*\",\n        \"arn:aws:ec2:us-east-1:*:spot-instances-request/*\",\n        \"arn:aws:ec2:us-east-1:*:network-interface/*\",\n        \"arn:aws:ec2:us-east-1:*:launch-template/*\",\n        \"arn:aws:ec2:us-east-1:*:instance/*\",\n        \"arn:aws:ec2:us-east-1:*:fleet/*\"\n      ],\n      \"Condition\": {\n        \"StringEquals\": {\n          \"aws:RequestTag/eks:eks-cluster-name\": \"valkey-ci\",\n          \"aws:RequestTag/kubernetes.io/cluster/valkey-ci\": \"owned\",\n          \"ec2:CreateAction\": [\n            \"RunInstances\",\n            \"CreateFleet\",\n            \"CreateLaunchTemplate\"\n          ]\n        },\n        \"StringLike\": {\n          \"aws:RequestTag/karpenter.sh/nodepool\": \"*\"\n        }\n      }\n    },\n    {\n      \"Sid\": \"AllowScopedResourceTagging\",\n      \"Effect\": \"Allow\",\n      \"Action\": \"ec2:CreateTags\",\n      \"Resource\": \"arn:aws:ec2:us-east-1:*:instance/*\",\n      \"Condition\": {\n        \"ForAllValues:StringEquals\": {\n          \"aws:TagKeys\": [\n            \"eks:eks-cluster-name\",\n            \"karpenter.sh/nodeclaim\",\n            \"Name\"\n          ]\n        },\n        \"StringEquals\": {\n          \"aws:ResourceTag/kubernetes.io/cluster/valkey-ci\": \"owned\"\n        },\n        \"StringEqualsIfExists\": {\n          \"aws:RequestTag/eks:eks-cluster-name\": \"valkey-ci\"\n        },\n        \"StringLike\": {\n          \"aws:ResourceTag/karpenter.sh/nodepool\": \"*\"\n        }\n      }\n    },\n    {\n      \"Sid\": \"AllowScopedDeletion\",\n      \"Effect\": \"Allow\",\n      \"Action\": [\n        \"ec2:TerminateInstances\",\n        \"ec2:DeleteLaunchTemplate\"\n      ],\n      \"Resource\": [\n        \"arn:aws:ec2:us-east-1:*:launch-template/*\",\n        \"arn:aws:ec2:us-east-1:*:instance/*\"\n      ],\n      \"Condition\": {\n        \"StringEquals\": {\n          \"aws:ResourceTag/kubernetes.io/cluster/valkey-ci\": \"owned\"\n        },\n        \"StringLike\": {\n          \"aws:ResourceTag/karpenter.sh/nodepool\": \"*\"\n        }\n      }\n    },\n    {\n      \"Sid\": \"AllowRegionalReadActions\",\n      \"Effect\": \"Allow\",\n      \"Action\": [\n        \"ec2:DescribeSubnets\",\n        \"ec2:DescribeSpotPriceHistory\",\n        \"ec2:DescribeSecurityGroups\",\n        \"ec2:DescribeLaunchTemplates\",\n        \"ec2:DescribeInstances\",\n        \"ec2:DescribeInstanceTypes\",\n        \"ec2:DescribeInstanceTypeOfferings\",\n        \"ec2:DescribeImages\",\n        \"ec2:DescribeAvailabilityZones\"\n      ],\n      \"Resource\": \"*\",\n      \"Condition\": {\n        \"StringEquals\": {\n          \"aws:RequestedRegion\": \"us-east-1\"\n        }\n      }\n    },\n    {\n      \"Sid\": \"AllowSSMReadActions\",\n      \"Effect\": \"Allow\",\n      \"Action\": \"ssm:GetParameter\",\n      \"Resource\": \"arn:aws:ssm:us-east-1::parameter/aws/service/*\"\n    },\n    {\n      \"Sid\": \"AllowPricingReadActions\",\n      \"Effect\": \"Allow\",\n      \"Action\": \"pricing:GetProducts\",\n      \"Resource\": \"*\"\n    },\n    {\n      \"Sid\": \"AllowInterruptionQueueActions\",\n      \"Effect\": \"Allow\",\n      \"Action\": [\n        \"sqs:ReceiveMessage\",\n        \"sqs:GetQueueUrl\",\n        \"sqs:DeleteMessage\"\n      ],\n      \"Resource\": \"arn:aws:sqs:us-east-1:653928081447:Karpenter-valkey-ci\"\n    },\n    {\n      \"Sid\": \"AllowPassingInstanceRole\",\n      \"Effect\": \"Allow\",\n      \"Action\": \"iam:PassRole\",\n      \"Resource\": \"arn:aws:iam::653928081447:role/Karpenter-valkey-ci-20260501212738858700000016\",\n      \"Condition\": {\n        \"StringEquals\": {\n          \"iam:PassedToService\": \"ec2.amazonaws.com\"\n        }\n      }\n    },\n    {\n      \"Sid\": \"AllowScopedInstanceProfileCreationActions\",\n      \"Effect\": \"Allow\",\n      \"Action\": \"iam:CreateInstanceProfile\",\n      \"Resource\": \"arn:aws:iam::653928081447:instance-profile/*\",\n      \"Condition\": {\n        \"StringEquals\": {\n          \"aws:RequestTag/eks:eks-cluster-name\": \"valkey-ci\",\n          \"aws:RequestTag/kubernetes.io/cluster/valkey-ci\": \"owned\",\n          \"aws:RequestTag/topology.kubernetes.io/region\": \"us-east-1\"\n        },\n        \"StringLike\": {\n          \"aws:RequestTag/karpenter.k8s.aws/ec2nodeclass\": \"*\"\n        }\n      }\n    },\n    {\n      \"Sid\": \"AllowScopedInstanceProfileTagActions\",\n      \"Effect\": \"Allow\",\n      \"Action\": \"iam:TagInstanceProfile\",\n      \"Resource\": \"arn:aws:iam::653928081447:instance-profile/*\",\n      \"Condition\": {\n        \"StringEquals\": {\n          \"aws:RequestTag/eks:eks-cluster-name\": \"valkey-ci\",\n          \"aws:RequestTag/kubernetes.io/cluster/valkey-ci\": \"owned\",\n          \"aws:RequestTag/topology.kubernetes.io/region\": \"us-east-1\",\n          \"aws:ResourceTag/kubernetes.io/cluster/valkey-ci\": \"owned\",\n          \"aws:ResourceTag/topology.kubernetes.io/region\": \"us-east-1\"\n        },\n        \"StringLike\": {\n          \"aws:RequestTag/karpenter.k8s.aws/ec2nodeclass\": \"*\",\n          \"aws:ResourceTag/karpenter.k8s.aws/ec2nodeclass\": \"*\"\n        }\n      }\n    },\n    {\n      \"Sid\": \"AllowScopedInstanceProfileActions\",\n      \"Effect\": \"Allow\",\n      \"Action\": [\n        \"iam:RemoveRoleFromInstanceProfile\",\n        \"iam:DeleteInstanceProfile\",\n        \"iam:AddRoleToInstanceProfile\"\n      ],\n      \"Resource\": \"arn:aws:iam::653928081447:instance-profile/*\",\n      \"Condition\": {\n        \"StringEquals\": {\n          \"aws:ResourceTag/kubernetes.io/cluster/valkey-ci\": \"owned\",\n          \"aws:ResourceTag/topology.kubernetes.io/region\": \"us-east-1\"\n        },\n        \"StringLike\": {\n          \"aws:ResourceTag/karpenter.k8s.aws/ec2nodeclass\": \"*\"\n        }\n      }\n    },\n    {\n      \"Sid\": \"AllowInstanceProfileReadActions\",\n      \"Effect\": \"Allow\",\n      \"Action\": \"iam:GetInstanceProfile\",\n      \"Resource\": \"arn:aws:iam::653928081447:instance-profile/*\"\n    },\n    {\n      \"Sid\": \"AllowAPIServerEndpointDiscovery\",\n      \"Effect\": \"Allow\",\n      \"Action\": \"eks:DescribeCluster\",\n      \"Resource\": \"arn:aws:eks:us-east-1:653928081447:cluster/valkey-ci\"\n    }\n  ]\n}"
            ],
            "statement": null,
            "version": "2012-10-17"
          },
          "sensitive_attributes": []
        }
      ]
    },
    {
      "module": "module.karpenter",
      "mode": "data",
      "type": "aws_iam_policy_document",
      "name": "controller_assume_role",
      "provider": "provider[\"registry.terraform.io/hashicorp/aws\"]",
      "instances": [
        {
          "index_key": 0,
          "schema_version": 0,
          "attributes": {
            "id": "819195744",
            "json": "{\n  \"Version\": \"2012-10-17\",\n  \"Statement\": [\n    {\n      \"Effect\": \"Allow\",\n      \"Action\": [\n        \"sts:TagSession\",\n        \"sts:AssumeRole\"\n      ],\n      \"Principal\": {\n        \"Service\": \"pods.eks.amazonaws.com\"\n      }\n    }\n  ]\n}",
            "minified_json": "{\"Version\":\"2012-10-17\",\"Statement\":[{\"Effect\":\"Allow\",\"Action\":[\"sts:TagSession\",\"sts:AssumeRole\"],\"Principal\":{\"Service\":\"pods.eks.amazonaws.com\"}}]}",
            "override_json": null,
            "override_policy_documents": null,
            "policy_id": null,
            "source_json": null,
            "source_policy_documents": null,
            "statement": [
              {
                "actions": [
                  "sts:AssumeRole",
                  "sts:TagSession"
                ],
                "condition": [],
                "effect": "Allow",
                "not_actions": [],
                "not_principals": [],
                "not_resources": [],
                "principals": [
                  {
                    "identifiers": [
                      "pods.eks.amazonaws.com"
                    ],
                    "type": "Service"
                  }
                ],
                "resources": [],
                "sid": ""
              }
            ],
            "version": "2012-10-17"
          },
          "sensitive_attributes": []
        }
      ]
    },
    {
      "module": "module.karpenter",
      "mode": "data",
      "type": "aws_iam_policy_document",
      "name": "node_assume_role",
      "provider": "provider[\"registry.terraform.io/hashicorp/aws\"]",
      "instances": [
        {
          "index_key": 0,
          "schema_version": 0,
          "attributes": {
            "id": "2560088296",
            "json": "{\n  \"Version\": \"2012-10-17\",\n  \"Statement\": [\n    {\n      \"Sid\": \"EKSNodeAssumeRole\",\n      \"Effect\": \"Allow\",\n      \"Action\": \"sts:AssumeRole\",\n      \"Principal\": {\n        \"Service\": \"ec2.amazonaws.com\"\n      }\n    }\n  ]\n}",
            "minified_json": "{\"Version\":\"2012-10-17\",\"Statement\":[{\"Sid\":\"EKSNodeAssumeRole\",\"Effect\":\"Allow\",\"Action\":\"sts:AssumeRole\",\"Principal\":{\"Service\":\"ec2.amazonaws.com\"}}]}",
            "override_json": null,
            "override_policy_documents": null,
            "policy_id": null,
            "source_json": null,
            "source_policy_documents": null,
            "statement": [
              {
                "actions": [
                  "sts:AssumeRole"
                ],
                "condition": [],
                "effect": "Allow",
                "not_actions": [],
                "not_principals": [],
                "not_resources": [],
                "principals": [
                  {
                    "identifiers": [
                      "ec2.amazonaws.com"
                    ],
                    "type": "Service"
                  }
                ],
                "resources": [],
                "sid": "EKSNodeAssumeRole"
              }
            ],
            "version": "2012-10-17"
          },
          "sensitive_attributes": []
        }
      ]
    },
    {
      "module": "module.karpenter",
      "mode": "data",
      "type": "aws_iam_policy_document",
      "name": "queue",
      "provider": "provider[\"registry.terraform.io/hashicorp/aws\"]",
      "instances": [
        {
          "index_key": 0,
          "schema_version": 0,
          "attributes": {
            "id": "691141530",
            "json": "{\n  \"Version\": \"2012-10-17\",\n  \"Statement\": [\n    {\n      \"Sid\": \"SqsWrite\",\n      \"Effect\": \"Allow\",\n      \"Action\": \"sqs:SendMessage\",\n      \"Resource\": \"arn:aws:sqs:us-east-1:653928081447:Karpenter-valkey-ci\",\n      \"Principal\": {\n        \"Service\": [\n          \"sqs.amazonaws.com\",\n          \"events.amazonaws.com\"\n        ]\n      }\n    },\n    {\n      \"Sid\": \"DenyHTTP\",\n      \"Effect\": \"Deny\",\n      \"Action\": \"sqs:*\",\n      \"Resource\": \"arn:aws:sqs:us-east-1:653928081447:Karpenter-valkey-ci\",\n      \"Principal\": \"*\",\n      \"Condition\": {\n        \"StringEquals\": {\n          \"aws:SecureTransport\": \"false\"\n        }\n      }\n    }\n  ]\n}",
            "minified_json": "{\"Version\":\"2012-10-17\",\"Statement\":[{\"Sid\":\"SqsWrite\",\"Effect\":\"Allow\",\"Action\":\"sqs:SendMessage\",\"Resource\":\"arn:aws:sqs:us-east-1:653928081447:Karpenter-valkey-ci\",\"Principal\":{\"Service\":[\"sqs.amazonaws.com\",\"events.amazonaws.com\"]}},{\"Sid\":\"DenyHTTP\",\"Effect\":\"Deny\",\"Action\":\"sqs:*\",\"Resource\":\"arn:aws:sqs:us-east-1:653928081447:Karpenter-valkey-ci\",\"Principal\":\"*\",\"Condition\":{\"StringEquals\":{\"aws:SecureTransport\":\"false\"}}}]}",
            "override_json": null,
            "override_policy_documents": null,
            "policy_id": null,
            "source_json": null,
            "source_policy_documents": null,
            "statement": [
              {
                "actions": [
                  "sqs:SendMessage"
                ],
                "condition": [],
                "effect": "Allow",
                "not_actions": [],
                "not_principals": [],
                "not_resources": [],
                "principals": [
                  {
                    "identifiers": [
                      "events.amazonaws.com",
                      "sqs.amazonaws.com"
                    ],
                    "type": "Service"
                  }
                ],
                "resources": [
                  "arn:aws:sqs:us-east-1:653928081447:Karpenter-valkey-ci"
                ],
                "sid": "SqsWrite"
              },
              {
                "actions": [
                  "sqs:*"
                ],
                "condition": [
                  {
                    "test": "StringEquals",
                    "values": [
                      "false"
                    ],
                    "variable": "aws:SecureTransport"
                  }
                ],
                "effect": "Deny",
                "not_actions": [],
                "not_principals": [],
                "not_resources": [],
                "principals": [
                  {
                    "identifiers": [
                      "*"
                    ],
                    "type": "*"
                  }
                ],
                "resources": [
                  "arn:aws:sqs:us-east-1:653928081447:Karpenter-valkey-ci"
                ],
                "sid": "DenyHTTP"
              }
            ],
            "version": "2012-10-17"
          },
          "sensitive_attributes": []
        }
      ]
    },
    {
      "module": "module.karpenter",
      "mode": "data",
      "type": "aws_iam_policy_document",
      "name": "v033",
      "provider": "provider[\"registry.terraform.io/hashicorp/aws\"]",
      "instances": [
        {
          "index_key": 0,
          "schema_version": 0,
          "attributes": {
            "id": "2651154759",
            "json": "{\n  \"Version\": \"2012-10-17\",\n  \"Statement\": [\n    {\n      \"Sid\": \"AllowScopedEC2InstanceActions\",\n      \"Effect\": \"Allow\",\n      \"Action\": [\n        \"ec2:RunInstances\",\n        \"ec2:CreateFleet\"\n      ],\n      \"Resource\": [\n        \"arn:aws:ec2:*::snapshot/*\",\n        \"arn:aws:ec2:*::image/*\",\n        \"arn:aws:ec2:*:*:subnet/*\",\n        \"arn:aws:ec2:*:*:spot-instances-request/*\",\n        \"arn:aws:ec2:*:*:security-group/*\",\n        \"arn:aws:ec2:*:*:launch-template/*\"\n      ]\n    },\n    {\n      \"Sid\": \"AllowScopedEC2InstanceActionsWithTags\",\n      \"Effect\": \"Allow\",\n      \"Action\": [\n        \"ec2:RunInstances\",\n        \"ec2:CreateLaunchTemplate\",\n        \"ec2:CreateFleet\"\n      ],\n      \"Resource\": [\n        \"arn:aws:ec2:*:*:volume/*\",\n        \"arn:aws:ec2:*:*:spot-instances-request/*\",\n        \"arn:aws:ec2:*:*:network-interface/*\",\n        \"arn:aws:ec2:*:*:launch-template/*\",\n        \"arn:aws:ec2:*:*:instance/*\",\n        \"arn:aws:ec2:*:*:fleet/*\"\n      ],\n      \"Condition\": {\n        \"StringEquals\": {\n          \"aws:RequestTag/kubernetes.io/cluster/valkey-ci\": \"owned\"\n        },\n        \"StringLike\": {\n          \"aws:RequestTag/karpenter.sh/nodepool\": \"*\"\n        }\n      }\n    },\n    {\n      \"Sid\": \"AllowScopedResourceCreationTagging\",\n      \"Effect\": \"Allow\",\n      \"Action\": \"ec2:CreateTags\",\n      \"Resource\": [\n        \"arn:aws:ec2:*:*:volume/*\",\n        \"arn:aws:ec2:*:*:spot-instances-request/*\",\n        \"arn:aws:ec2:*:*:network-interface/*\",\n        \"arn:aws:ec2:*:*:launch-template/*\",\n        \"arn:aws:ec2:*:*:instance/*\",\n        \"arn:aws:ec2:*:*:fleet/*\"\n      ],\n      \"Condition\": {\n        \"StringEquals\": {\n          \"aws:RequestTag/kubernetes.io/cluster/valkey-ci\": \"owned\",\n          \"ec2:CreateAction\": [\n            \"RunInstances\",\n            \"CreateFleet\",\n            \"CreateLaunchTemplate\"\n          ]\n        },\n        \"StringLike\": {\n          \"aws:RequestTag/karpenter.sh/nodepool\": \"*\"\n        }\n      }\n    },\n    {\n      \"Sid\": \"AllowScopedResourceTagging\",\n      \"Effect\": \"Allow\",\n      \"Action\": \"ec2:CreateTags\",\n      \"Resource\": \"arn:aws:ec2:*:*:instance/*\",\n      \"Condition\": {\n        \"ForAllValues:StringEquals\": {\n          \"aws:TagKeys\": [\n            \"karpenter.sh/nodeclaim\",\n            \"Name\"\n          ]\n        },\n        \"StringEquals\": {\n          \"aws:ResourceTag/kubernetes.io/cluster/valkey-ci\": \"owned\"\n        },\n        \"StringLike\": {\n          \"aws:ResourceTag/karpenter.sh/nodepool\": \"*\"\n        }\n      }\n    },\n    {\n      \"Sid\": \"AllowScopedDeletion\",\n      \"Effect\": \"Allow\",\n      \"Action\": [\n        \"ec2:TerminateInstances\",\n        \"ec2:DeleteLaunchTemplate\"\n      ],\n      \"Resource\": [\n        \"arn:aws:ec2:*:*:launch-template/*\",\n        \"arn:aws:ec2:*:*:instance/*\"\n      ],\n      \"Condition\": {\n        \"StringEquals\": {\n          \"aws:ResourceTag/kubernetes.io/cluster/valkey-ci\": \"owned\"\n        },\n        \"StringLike\": {\n          \"aws:ResourceTag/karpenter.sh/nodepool\": \"*\"\n        }\n      }\n    },\n    {\n      \"Sid\": \"AllowRegionalReadActions\",\n      \"Effect\": \"Allow\",\n      \"Action\": [\n        \"ec2:DescribeSubnets\",\n        \"ec2:DescribeSpotPriceHistory\",\n        \"ec2:DescribeSecurityGroups\",\n        \"ec2:DescribeLaunchTemplates\",\n        \"ec2:DescribeInstances\",\n        \"ec2:DescribeInstanceTypes\",\n        \"ec2:DescribeInstanceTypeOfferings\",\n        \"ec2:DescribeImages\",\n        \"ec2:DescribeAvailabilityZones\"\n      ],\n      \"Resource\": \"*\",\n      \"Condition\": {\n        \"StringEquals\": {\n          \"aws:RequestedRegion\": \"us-east-1\"\n        }\n      }\n    },\n    {\n      \"Sid\": \"AllowSSMReadActions\",\n      \"Effect\": \"Allow\",\n      \"Action\": \"ssm:GetParameter\",\n      \"Resource\": \"arn:aws:ssm:us-east-1::parameter/aws/service/*\"\n    },\n    {\n      \"Sid\": \"AllowPricingReadActions\",\n      \"Effect\": \"Allow\",\n      \"Action\": \"pricing:GetProducts\",\n      \"Resource\": \"*\"\n    },\n    {\n      \"Sid\": \"AllowInterruptionQueueActions\",\n      \"Effect\": \"Allow\",\n      \"Action\": [\n        \"sqs:ReceiveMessage\",\n        \"sqs:GetQueueUrl\",\n        \"sqs:GetQueueAttributes\",\n        \"sqs:DeleteMessage\"\n      ],\n      \"Resource\": \"arn:aws:sqs:us-east-1:653928081447:Karpenter-valkey-ci\"\n    },\n    {\n      \"Sid\": \"AllowPassingInstanceRole\",\n      \"Effect\": \"Allow\",\n      \"Action\": \"iam:PassRole\",\n      \"Resource\": \"arn:aws:iam::653928081447:role/Karpenter-valkey-ci-20260501212738858700000016\",\n      \"Condition\": {\n        \"StringEquals\": {\n          \"iam:PassedToService\": \"ec2.amazonaws.com\"\n        }\n      }\n    },\n    {\n      \"Sid\": \"AllowScopedInstanceProfileCreationActions\",\n      \"Effect\": \"Allow\",\n      \"Action\": \"iam:CreateInstanceProfile\",\n      \"Resource\": \"*\",\n      \"Condition\": {\n        \"StringEquals\": {\n          \"aws:RequestTag/kubernetes.io/cluster/valkey-ci\": \"owned\",\n          \"aws:RequestTag/topology.kubernetes.io/region\": \"us-east-1\"\n        },\n        \"StringLike\": {\n          \"aws:RequestTag/karpenter.k8s.aws/ec2nodeclass\": \"*\"\n        }\n      }\n    },\n    {\n      \"Sid\": \"AllowScopedInstanceProfileTagActions\",\n      \"Effect\": \"Allow\",\n      \"Action\": \"iam:TagInstanceProfile\",\n      \"Resource\": \"*\",\n      \"Condition\": {\n        \"StringEquals\": {\n          \"aws:RequestTag/kubernetes.io/cluster/valkey-ci\": \"owned\",\n          \"aws:ResourceTag/kubernetes.io/cluster/valkey-ci\": \"owned\",\n          \"aws:ResourceTag/topology.kubernetes.io/region\": \"us-east-1\"\n        },\n        \"StringLike\": {\n          \"aws:RequestTag/karpenter.k8s.aws/ec2nodeclass\": \"*\",\n          \"aws:ResourceTag/karpenter.k8s.aws/ec2nodeclass\": \"*\"\n        }\n      }\n    },\n    {\n      \"Sid\": \"AllowScopedInstanceProfileActions\",\n      \"Effect\": \"Allow\",\n      \"Action\": [\n        \"iam:RemoveRoleFromInstanceProfile\",\n        \"iam:DeleteInstanceProfile\",\n        \"iam:AddRoleToInstanceProfile\"\n      ],\n      \"Resource\": \"*\",\n      \"Condition\": {\n        \"StringEquals\": {\n          \"aws:ResourceTag/kubernetes.io/cluster/valkey-ci\": \"owned\",\n          \"aws:ResourceTag/topology.kubernetes.io/region\": \"us-east-1\"\n        },\n        \"StringLike\": {\n          \"aws:ResourceTag/karpenter.k8s.aws/ec2nodeclass\": \"*\"\n        }\n      }\n    },\n    {\n      \"Sid\": \"AllowInstanceProfileReadActions\",\n      \"Effect\": \"Allow\",\n      \"Action\": \"iam:GetInstanceProfile\",\n      \"Resource\": \"*\"\n    },\n    {\n      \"Sid\": \"AllowAPIServerEndpointDiscovery\",\n      \"Effect\": \"Allow\",\n      \"Action\": \"eks:DescribeCluster\",\n      \"Resource\": \"arn:aws:eks:us-east-1:653928081447:cluster/valkey-ci\"\n    }\n  ]\n}",
            "minified_json": "{\"Version\":\"2012-10-17\",\"Statement\":[{\"Sid\":\"AllowScopedEC2InstanceActions\",\"Effect\":\"Allow\",\"Action\":[\"ec2:RunInstances\",\"ec2:CreateFleet\"],\"Resource\":[\"arn:aws:ec2:*::snapshot/*\",\"arn:aws:ec2:*::image/*\",\"arn:aws:ec2:*:*:subnet/*\",\"arn:aws:ec2:*:*:spot-instances-request/*\",\"arn:aws:ec2:*:*:security-group/*\",\"arn:aws:ec2:*:*:launch-template/*\"]},{\"Sid\":\"AllowScopedEC2InstanceActionsWithTags\",\"Effect\":\"Allow\",\"Action\":[\"ec2:RunInstances\",\"ec2:CreateLaunchTemplate\",\"ec2:CreateFleet\"],\"Resource\":[\"arn:aws:ec2:*:*:volume/*\",\"arn:aws:ec2:*:*:spot-instances-request/*\",\"arn:aws:ec2:*:*:network-interface/*\",\"arn:aws:ec2:*:*:launch-template/*\",\"arn:aws:ec2:*:*:instance/*\",\"arn:aws:ec2:*:*:fleet/*\"],\"Condition\":{\"StringEquals\":{\"aws:RequestTag/kubernetes.io/cluster/valkey-ci\":\"owned\"},\"StringLike\":{\"aws:RequestTag/karpenter.sh/nodepool\":\"*\"}}},{\"Sid\":\"AllowScopedResourceCreationTagging\",\"Effect\":\"Allow\",\"Action\":\"ec2:CreateTags\",\"Resource\":[\"arn:aws:ec2:*:*:volume/*\",\"arn:aws:ec2:*:*:spot-instances-request/*\",\"arn:aws:ec2:*:*:network-interface/*\",\"arn:aws:ec2:*:*:launch-template/*\",\"arn:aws:ec2:*:*:instance/*\",\"arn:aws:ec2:*:*:fleet/*\"],\"Condition\":{\"StringEquals\":{\"aws:RequestTag/kubernetes.io/cluster/valkey-ci\":\"owned\",\"ec2:CreateAction\":[\"RunInstances\",\"CreateFleet\",\"CreateLaunchTemplate\"]},\"StringLike\":{\"aws:RequestTag/karpenter.sh/nodepool\":\"*\"}}},{\"Sid\":\"AllowScopedResourceTagging\",\"Effect\":\"Allow\",\"Action\":\"ec2:CreateTags\",\"Resource\":\"arn:aws:ec2:*:*:instance/*\",\"Condition\":{\"ForAllValues:StringEquals\":{\"aws:TagKeys\":[\"karpenter.sh/nodeclaim\",\"Name\"]},\"StringEquals\":{\"aws:ResourceTag/kubernetes.io/cluster/valkey-ci\":\"owned\"},\"StringLike\":{\"aws:ResourceTag/karpenter.sh/nodepool\":\"*\"}}},{\"Sid\":\"AllowScopedDeletion\",\"Effect\":\"Allow\",\"Action\":[\"ec2:TerminateInstances\",\"ec2:DeleteLaunchTemplate\"],\"Resource\":[\"arn:aws:ec2:*:*:launch-template/*\",\"arn:aws:ec2:*:*:instance/*\"],\"Condition\":{\"StringEquals\":{\"aws:ResourceTag/kubernetes.io/cluster/valkey-ci\":\"owned\"},\"StringLike\":{\"aws:ResourceTag/karpenter.sh/nodepool\":\"*\"}}},{\"Sid\":\"AllowRegionalReadActions\",\"Effect\":\"Allow\",\"Action\":[\"ec2:DescribeSubnets\",\"ec2:DescribeSpotPriceHistory\",\"ec2:DescribeSecurityGroups\",\"ec2:DescribeLaunchTemplates\",\"ec2:DescribeInstances\",\"ec2:DescribeInstanceTypes\",\"ec2:DescribeInstanceTypeOfferings\",\"ec2:DescribeImages\",\"ec2:DescribeAvailabilityZones\"],\"Resource\":\"*\",\"Condition\":{\"StringEquals\":{\"aws:RequestedRegion\":\"us-east-1\"}}},{\"Sid\":\"AllowSSMReadActions\",\"Effect\":\"Allow\",\"Action\":\"ssm:GetParameter\",\"Resource\":\"arn:aws:ssm:us-east-1::parameter/aws/service/*\"},{\"Sid\":\"AllowPricingReadActions\",\"Effect\":\"Allow\",\"Action\":\"pricing:GetProducts\",\"Resource\":\"*\"},{\"Sid\":\"AllowInterruptionQueueActions\",\"Effect\":\"Allow\",\"Action\":[\"sqs:ReceiveMessage\",\"sqs:GetQueueUrl\",\"sqs:GetQueueAttributes\",\"sqs:DeleteMessage\"],\"Resource\":\"arn:aws:sqs:us-east-1:653928081447:Karpenter-valkey-ci\"},{\"Sid\":\"AllowPassingInstanceRole\",\"Effect\":\"Allow\",\"Action\":\"iam:PassRole\",\"Resource\":\"arn:aws:iam::653928081447:role/Karpenter-valkey-ci-20260501212738858700000016\",\"Condition\":{\"StringEquals\":{\"iam:PassedToService\":\"ec2.amazonaws.com\"}}},{\"Sid\":\"AllowScopedInstanceProfileCreationActions\",\"Effect\":\"Allow\",\"Action\":\"iam:CreateInstanceProfile\",\"Resource\":\"*\",\"Condition\":{\"StringEquals\":{\"aws:RequestTag/kubernetes.io/cluster/valkey-ci\":\"owned\",\"aws:RequestTag/topology.kubernetes.io/region\":\"us-east-1\"},\"StringLike\":{\"aws:RequestTag/karpenter.k8s.aws/ec2nodeclass\":\"*\"}}},{\"Sid\":\"AllowScopedInstanceProfileTagActions\",\"Effect\":\"Allow\",\"Action\":\"iam:TagInstanceProfile\",\"Resource\":\"*\",\"Condition\":{\"StringEquals\":{\"aws:RequestTag/kubernetes.io/cluster/valkey-ci\":\"owned\",\"aws:ResourceTag/kubernetes.io/cluster/valkey-ci\":\"owned\",\"aws:ResourceTag/topology.kubernetes.io/region\":\"us-east-1\"},\"StringLike\":{\"aws:RequestTag/karpenter.k8s.aws/ec2nodeclass\":\"*\",\"aws:ResourceTag/karpenter.k8s.aws/ec2nodeclass\":\"*\"}}},{\"Sid\":\"AllowScopedInstanceProfileActions\",\"Effect\":\"Allow\",\"Action\":[\"iam:RemoveRoleFromInstanceProfile\",\"iam:DeleteInstanceProfile\",\"iam:AddRoleToInstanceProfile\"],\"Resource\":\"*\",\"Condition\":{\"StringEquals\":{\"aws:ResourceTag/kubernetes.io/cluster/valkey-ci\":\"owned\",\"aws:ResourceTag/topology.kubernetes.io/region\":\"us-east-1\"},\"StringLike\":{\"aws:ResourceTag/karpenter.k8s.aws/ec2nodeclass\":\"*\"}}},{\"Sid\":\"AllowInstanceProfileReadActions\",\"Effect\":\"Allow\",\"Action\":\"iam:GetInstanceProfile\",\"Resource\":\"*\"},{\"Sid\":\"AllowAPIServerEndpointDiscovery\",\"Effect\":\"Allow\",\"Action\":\"eks:DescribeCluster\",\"Resource\":\"arn:aws:eks:us-east-1:653928081447:cluster/valkey-ci\"}]}",
            "override_json": null,
            "override_policy_documents": null,
            "policy_id": null,
            "source_json": null,
            "source_policy_documents": null,
            "statement": [
              {
                "actions": [
                  "ec2:CreateFleet",
                  "ec2:RunInstances"
                ],
                "condition": [],
                "effect": "Allow",
                "not_actions": [],
                "not_principals": [],
                "not_resources": [],
                "principals": [],
                "resources": [
                  "arn:aws:ec2:*:*:launch-template/*",
                  "arn:aws:ec2:*:*:security-group/*",
                  "arn:aws:ec2:*:*:spot-instances-request/*",
                  "arn:aws:ec2:*:*:subnet/*",
                  "arn:aws:ec2:*::image/*",
                  "arn:aws:ec2:*::snapshot/*"
                ],
                "sid": "AllowScopedEC2InstanceActions"
              },
              {
                "actions": [
                  "ec2:CreateFleet",
                  "ec2:CreateLaunchTemplate",
                  "ec2:RunInstances"
                ],
                "condition": [
                  {
                    "test": "StringEquals",
                    "values": [
                      "owned"
                    ],
                    "variable": "aws:RequestTag/kubernetes.io/cluster/valkey-ci"
                  },
                  {
                    "test": "StringLike",
                    "values": [
                      "*"
                    ],
                    "variable": "aws:RequestTag/karpenter.sh/nodepool"
                  }
                ],
                "effect": "Allow",
                "not_actions": [],
                "not_principals": [],
                "not_resources": [],
                "principals": [],
                "resources": [
                  "arn:aws:ec2:*:*:fleet/*",
                  "arn:aws:ec2:*:*:instance/*",
                  "arn:aws:ec2:*:*:launch-template/*",
                  "arn:aws:ec2:*:*:network-interface/*",
                  "arn:aws:ec2:*:*:spot-instances-request/*",
                  "arn:aws:ec2:*:*:volume/*"
                ],
                "sid": "AllowScopedEC2InstanceActionsWithTags"
              },
              {
                "actions": [
                  "ec2:CreateTags"
                ],
                "condition": [
                  {
                    "test": "StringEquals",
                    "values": [
                      "RunInstances",
                      "CreateFleet",
                      "CreateLaunchTemplate"
                    ],
                    "variable": "ec2:CreateAction"
                  },
                  {
                    "test": "StringEquals",
                    "values": [
                      "owned"
                    ],
                    "variable": "aws:RequestTag/kubernetes.io/cluster/valkey-ci"
                  },
                  {
                    "test": "StringLike",
                    "values": [
                      "*"
                    ],
                    "variable": "aws:RequestTag/karpenter.sh/nodepool"
                  }
                ],
                "effect": "Allow",
                "not_actions": [],
                "not_principals": [],
                "not_resources": [],
                "principals": [],
                "resources": [
                  "arn:aws:ec2:*:*:fleet/*",
                  "arn:aws:ec2:*:*:instance/*",
                  "arn:aws:ec2:*:*:launch-template/*",
                  "arn:aws:ec2:*:*:network-interface/*",
                  "arn:aws:ec2:*:*:spot-instances-request/*",
                  "arn:aws:ec2:*:*:volume/*"
                ],
                "sid": "AllowScopedResourceCreationTagging"
              },
              {
                "actions": [
                  "ec2:CreateTags"
                ],
                "condition": [
                  {
                    "test": "ForAllValues:StringEquals",
                    "values": [
                      "karpenter.sh/nodeclaim",
                      "Name"
                    ],
                    "variable": "aws:TagKeys"
                  },
                  {
                    "test": "StringEquals",
                    "values": [
                      "owned"
                    ],
                    "variable": "aws:ResourceTag/kubernetes.io/cluster/valkey-ci"
                  },
                  {
                    "test": "StringLike",
                    "values": [
                      "*"
                    ],
                    "variable": "aws:ResourceTag/karpenter.sh/nodepool"
                  }
                ],
                "effect": "Allow",
                "not_actions": [],
                "not_principals": [],
                "not_resources": [],
                "principals": [],
                "resources": [
                  "arn:aws:ec2:*:*:instance/*"
                ],
                "sid": "AllowScopedResourceTagging"
              },
              {
                "actions": [
                  "ec2:DeleteLaunchTemplate",
                  "ec2:TerminateInstances"
                ],
                "condition": [
                  {
                    "test": "StringEquals",
                    "values": [
                      "owned"
                    ],
                    "variable": "aws:ResourceTag/kubernetes.io/cluster/valkey-ci"
                  },
                  {
                    "test": "StringLike",
                    "values": [
                      "*"
                    ],
                    "variable": "aws:ResourceTag/karpenter.sh/nodepool"
                  }
                ],
                "effect": "Allow",
                "not_actions": [],
                "not_principals": [],
                "not_resources": [],
                "principals": [],
                "resources": [
                  "arn:aws:ec2:*:*:instance/*",
                  "arn:aws:ec2:*:*:launch-template/*"
                ],
                "sid": "AllowScopedDeletion"
              },
              {
                "actions": [
                  "ec2:DescribeAvailabilityZones",
                  "ec2:DescribeImages",
                  "ec2:DescribeInstanceTypeOfferings",
                  "ec2:DescribeInstanceTypes",
                  "ec2:DescribeInstances",
                  "ec2:DescribeLaunchTemplates",
                  "ec2:DescribeSecurityGroups",
                  "ec2:DescribeSpotPriceHistory",
                  "ec2:DescribeSubnets"
                ],
                "condition": [
                  {
                    "test": "StringEquals",
                    "values": [
                      "us-east-1"
                    ],
                    "variable": "aws:RequestedRegion"
                  }
                ],
                "effect": "Allow",
                "not_actions": [],
                "not_principals": [],
                "not_resources": [],
                "principals": [],
                "resources": [
                  "*"
                ],
                "sid": "AllowRegionalReadActions"
              },
              {
                "actions": [
                  "ssm:GetParameter"
                ],
                "condition": [],
                "effect": "Allow",
                "not_actions": [],
                "not_principals": [],
                "not_resources": [],
                "principals": [],
                "resources": [
                  "arn:aws:ssm:us-east-1::parameter/aws/service/*"
                ],
                "sid": "AllowSSMReadActions"
              },
              {
                "actions": [
                  "pricing:GetProducts"
                ],
                "condition": [],
                "effect": "Allow",
                "not_actions": [],
                "not_principals": [],
                "not_resources": [],
                "principals": [],
                "resources": [
                  "*"
                ],
                "sid": "AllowPricingReadActions"
              },
              {
                "actions": [
                  "sqs:DeleteMessage",
                  "sqs:GetQueueAttributes",
                  "sqs:GetQueueUrl",
                  "sqs:ReceiveMessage"
                ],
                "condition": [],
                "effect": "Allow",
                "not_actions": [],
                "not_principals": [],
                "not_resources": [],
                "principals": [],
                "resources": [
                  "arn:aws:sqs:us-east-1:653928081447:Karpenter-valkey-ci"
                ],
                "sid": "AllowInterruptionQueueActions"
              },
              {
                "actions": [
                  "iam:PassRole"
                ],
                "condition": [
                  {
                    "test": "StringEquals",
                    "values": [
                      "ec2.amazonaws.com"
                    ],
                    "variable": "iam:PassedToService"
                  }
                ],
                "effect": "Allow",
                "not_actions": [],
                "not_principals": [],
                "not_resources": [],
                "principals": [],
                "resources": [
                  "arn:aws:iam::653928081447:role/Karpenter-valkey-ci-20260501212738858700000016"
                ],
                "sid": "AllowPassingInstanceRole"
              },
              {
                "actions": [
                  "iam:CreateInstanceProfile"
                ],
                "condition": [
                  {
                    "test": "StringEquals",
                    "values": [
                      "owned"
                    ],
                    "variable": "aws:RequestTag/kubernetes.io/cluster/valkey-ci"
                  },
                  {
                    "test": "StringEquals",
                    "values": [
                      "us-east-1"
                    ],
                    "variable": "aws:RequestTag/topology.kubernetes.io/region"
                  },
                  {
                    "test": "StringLike",
                    "values": [
                      "*"
                    ],
                    "variable": "aws:RequestTag/karpenter.k8s.aws/ec2nodeclass"
                  }
                ],
                "effect": "Allow",
                "not_actions": [],
                "not_principals": [],
                "not_resources": [],
                "principals": [],
                "resources": [
                  "*"
                ],
                "sid": "AllowScopedInstanceProfileCreationActions"
              },
              {
                "actions": [
                  "iam:TagInstanceProfile"
                ],
                "condition": [
                  {
                    "test": "StringEquals",
                    "values": [
                      "owned"
                    ],
                    "variable": "aws:RequestTag/kubernetes.io/cluster/valkey-ci"
                  },
                  {
                    "test": "StringEquals",
                    "values": [
                      "owned"
                    ],
                    "variable": "aws:ResourceTag/kubernetes.io/cluster/valkey-ci"
                  },
                  {
                    "test": "StringEquals",
                    "values": [
                      "us-east-1"
                    ],
                    "variable": "aws:ResourceTag/topology.kubernetes.io/region"
                  },
                  {
                    "test": "StringLike",
                    "values": [
                      "*"
                    ],
                    "variable": "aws:RequestTag/karpenter.k8s.aws/ec2nodeclass"
                  },
                  {
                    "test": "StringLike",
                    "values": [
                      "*"
                    ],
                    "variable": "aws:ResourceTag/karpenter.k8s.aws/ec2nodeclass"
                  }
                ],
                "effect": "Allow",
                "not_actions": [],
                "not_principals": [],
                "not_resources": [],
                "principals": [],
                "resources": [
                  "*"
                ],
                "sid": "AllowScopedInstanceProfileTagActions"
              },
              {
                "actions": [
                  "iam:AddRoleToInstanceProfile",
                  "iam:DeleteInstanceProfile",
                  "iam:RemoveRoleFromInstanceProfile"
                ],
                "condition": [
                  {
                    "test": "StringEquals",
                    "values": [
                      "owned"
                    ],
                    "variable": "aws:ResourceTag/kubernetes.io/cluster/valkey-ci"
                  },
                  {
                    "test": "StringEquals",
                    "values": [
                      "us-east-1"
                    ],
                    "variable": "aws:ResourceTag/topology.kubernetes.io/region"
                  },
                  {
                    "test": "StringLike",
                    "values": [
                      "*"
                    ],
                    "variable": "aws:ResourceTag/karpenter.k8s.aws/ec2nodeclass"
                  }
                ],
                "effect": "Allow",
                "not_actions": [],
                "not_principals": [],
                "not_resources": [],
                "principals": [],
                "resources": [
                  "*"
                ],
                "sid": "AllowScopedInstanceProfileActions"
              },
              {
                "actions": [
                  "iam:GetInstanceProfile"
                ],
                "condition": [],
                "effect": "Allow",
                "not_actions": [],
                "not_principals": [],
                "not_resources": [],
                "principals": [],
                "resources": [
                  "*"
                ],
                "sid": "AllowInstanceProfileReadActions"
              },
              {
                "actions": [
                  "eks:DescribeCluster"
                ],
                "condition": [],
                "effect": "Allow",
                "not_actions": [],
                "not_principals": [],
                "not_resources": [],
                "principals": [],
                "resources": [
                  "arn:aws:eks:us-east-1:653928081447:cluster/valkey-ci"
                ],
                "sid": "AllowAPIServerEndpointDiscovery"
              }
            ],
            "version": "2012-10-17"
          },
          "sensitive_attributes": []
        }
      ]
    },
    {
      "module": "module.karpenter",
      "mode": "data",
      "type": "aws_iam_policy_document",
      "name": "v1",
      "provider": "provider[\"registry.terraform.io/hashicorp/aws\"]",
      "instances": [
        {
          "index_key": 0,
          "schema_version": 0,
          "attributes": {
            "id": "3223824151",
            "json": "{\n  \"Version\": \"2012-10-17\",\n  \"Statement\": [\n    {\n      \"Sid\": \"AllowScopedEC2InstanceAccessActions\",\n      \"Effect\": \"Allow\",\n      \"Action\": [\n        \"ec2:RunInstances\",\n        \"ec2:CreateFleet\"\n      ],\n      \"Resource\": [\n        \"arn:aws:ec2:us-east-1::snapshot/*\",\n        \"arn:aws:ec2:us-east-1::image/*\",\n        \"arn:aws:ec2:us-east-1:*:subnet/*\",\n        \"arn:aws:ec2:us-east-1:*:security-group/*\",\n        \"arn:aws:ec2:us-east-1:*:capacity-reservation/*\"\n      ]\n    },\n    {\n      \"Sid\": \"AllowScopedEC2LaunchTemplateAccessActions\",\n      \"Effect\": \"Allow\",\n      \"Action\": [\n        \"ec2:RunInstances\",\n        \"ec2:CreateFleet\"\n      ],\n      \"Resource\": \"arn:aws:ec2:us-east-1:*:launch-template/*\",\n      \"Condition\": {\n        \"StringEquals\": {\n          \"aws:ResourceTag/kubernetes.io/cluster/valkey-ci\": \"owned\"\n        },\n        \"StringLike\": {\n          \"aws:ResourceTag/karpenter.sh/nodepool\": \"*\"\n        }\n      }\n    },\n    {\n      \"Sid\": \"AllowScopedEC2InstanceActionsWithTags\",\n      \"Effect\": \"Allow\",\n      \"Action\": [\n        \"ec2:RunInstances\",\n        \"ec2:CreateLaunchTemplate\",\n        \"ec2:CreateFleet\"\n      ],\n      \"Resource\": [\n        \"arn:aws:ec2:us-east-1:*:volume/*\",\n        \"arn:aws:ec2:us-east-1:*:spot-instances-request/*\",\n        \"arn:aws:ec2:us-east-1:*:network-interface/*\",\n        \"arn:aws:ec2:us-east-1:*:launch-template/*\",\n        \"arn:aws:ec2:us-east-1:*:instance/*\",\n        \"arn:aws:ec2:us-east-1:*:fleet/*\"\n      ],\n      \"Condition\": {\n        \"StringEquals\": {\n          \"aws:RequestTag/eks:eks-cluster-name\": \"valkey-ci\",\n          \"aws:RequestTag/kubernetes.io/cluster/valkey-ci\": \"owned\"\n        },\n        \"StringLike\": {\n          \"aws:RequestTag/karpenter.sh/nodepool\": \"*\"\n        }\n      }\n    },\n    {\n      \"Sid\": \"AllowScopedResourceCreationTagging\",\n      \"Effect\": \"Allow\",\n      \"Action\": \"ec2:CreateTags\",\n      \"Resource\": [\n        \"arn:aws:ec2:us-east-1:*:volume/*\",\n        \"arn:aws:ec2:us-east-1:*:spot-instances-request/*\",\n        \"arn:aws:ec2:us-east-1:*:network-interface/*\",\n        \"arn:aws:ec2:us-east-1:*:launch-template/*\",\n        \"arn:aws:ec2:us-east-1:*:instance/*\",\n        \"arn:aws:ec2:us-east-1:*:fleet/*\"\n      ],\n      \"Condition\": {\n        \"StringEquals\": {\n          \"aws:RequestTag/eks:eks-cluster-name\": \"valkey-ci\",\n          \"aws:RequestTag/kubernetes.io/cluster/valkey-ci\": \"owned\",\n          \"ec2:CreateAction\": [\n            \"RunInstances\",\n            \"CreateFleet\",\n            \"CreateLaunchTemplate\"\n          ]\n        },\n        \"StringLike\": {\n          \"aws:RequestTag/karpenter.sh/nodepool\": \"*\"\n        }\n      }\n    },\n    {\n      \"Sid\": \"AllowScopedResourceTagging\",\n      \"Effect\": \"Allow\",\n      \"Action\": \"ec2:CreateTags\",\n      \"Resource\": \"arn:aws:ec2:us-east-1:*:instance/*\",\n      \"Condition\": {\n        \"ForAllValues:StringEquals\": {\n          \"aws:TagKeys\": [\n            \"eks:eks-cluster-name\",\n            \"karpenter.sh/nodeclaim\",\n            \"Name\"\n          ]\n        },\n        \"StringEquals\": {\n          \"aws:ResourceTag/kubernetes.io/cluster/valkey-ci\": \"owned\"\n        },\n        \"StringEqualsIfExists\": {\n          \"aws:RequestTag/eks:eks-cluster-name\": \"valkey-ci\"\n        },\n        \"StringLike\": {\n          \"aws:ResourceTag/karpenter.sh/nodepool\": \"*\"\n        }\n      }\n    },\n    {\n      \"Sid\": \"AllowScopedDeletion\",\n      \"Effect\": \"Allow\",\n      \"Action\": [\n        \"ec2:TerminateInstances\",\n        \"ec2:DeleteLaunchTemplate\"\n      ],\n      \"Resource\": [\n        \"arn:aws:ec2:us-east-1:*:launch-template/*\",\n        \"arn:aws:ec2:us-east-1:*:instance/*\"\n      ],\n      \"Condition\": {\n        \"StringEquals\": {\n          \"aws:ResourceTag/kubernetes.io/cluster/valkey-ci\": \"owned\"\n        },\n        \"StringLike\": {\n          \"aws:ResourceTag/karpenter.sh/nodepool\": \"*\"\n        }\n      }\n    },\n    {\n      \"Sid\": \"AllowRegionalReadActions\",\n      \"Effect\": \"Allow\",\n      \"Action\": [\n        \"ec2:DescribeSubnets\",\n        \"ec2:DescribeSpotPriceHistory\",\n        \"ec2:DescribeSecurityGroups\",\n        \"ec2:DescribeLaunchTemplates\",\n        \"ec2:DescribeInstances\",\n        \"ec2:DescribeInstanceTypes\",\n        \"ec2:DescribeInstanceTypeOfferings\",\n        \"ec2:DescribeImages\",\n        \"ec2:DescribeAvailabilityZones\"\n      ],\n      \"Resource\": \"*\",\n      \"Condition\": {\n        \"StringEquals\": {\n          \"aws:RequestedRegion\": \"us-east-1\"\n        }\n      }\n    },\n    {\n      \"Sid\": \"AllowSSMReadActions\",\n      \"Effect\": \"Allow\",\n      \"Action\": \"ssm:GetParameter\",\n      \"Resource\": \"arn:aws:ssm:us-east-1::parameter/aws/service/*\"\n    },\n    {\n      \"Sid\": \"AllowPricingReadActions\",\n      \"Effect\": \"Allow\",\n      \"Action\": \"pricing:GetProducts\",\n      \"Resource\": \"*\"\n    },\n    {\n      \"Sid\": \"AllowInterruptionQueueActions\",\n      \"Effect\": \"Allow\",\n      \"Action\": [\n        \"sqs:ReceiveMessage\",\n        \"sqs:GetQueueUrl\",\n        \"sqs:DeleteMessage\"\n      ],\n      \"Resource\": \"arn:aws:sqs:us-east-1:653928081447:Karpenter-valkey-ci\"\n    },\n    {\n      \"Sid\": \"AllowPassingInstanceRole\",\n      \"Effect\": \"Allow\",\n      \"Action\": \"iam:PassRole\",\n      \"Resource\": \"arn:aws:iam::653928081447:role/Karpenter-valkey-ci-20260501212738858700000016\",\n      \"Condition\": {\n        \"StringEquals\": {\n          \"iam:PassedToService\": \"ec2.amazonaws.com\"\n        }\n      }\n    },\n    {\n      \"Sid\": \"AllowScopedInstanceProfileCreationActions\",\n      \"Effect\": \"Allow\",\n      \"Action\": \"iam:CreateInstanceProfile\",\n      \"Resource\": \"arn:aws:iam::653928081447:instance-profile/*\",\n      \"Condition\": {\n        \"StringEquals\": {\n          \"aws:RequestTag/eks:eks-cluster-name\": \"valkey-ci\",\n          \"aws:RequestTag/kubernetes.io/cluster/valkey-ci\": \"owned\",\n          \"aws:RequestTag/topology.kubernetes.io/region\": \"us-east-1\"\n        },\n        \"StringLike\": {\n          \"aws:RequestTag/karpenter.k8s.aws/ec2nodeclass\": \"*\"\n        }\n      }\n    },\n    {\n      \"Sid\": \"AllowScopedInstanceProfileTagActions\",\n      \"Effect\": \"Allow\",\n      \"Action\": \"iam:TagInstanceProfile\",\n      \"Resource\": \"arn:aws:iam::653928081447:instance-profile/*\",\n      \"Condition\": {\n        \"StringEquals\": {\n          \"aws:RequestTag/eks:eks-cluster-name\": \"valkey-ci\",\n          \"aws:RequestTag/kubernetes.io/cluster/valkey-ci\": \"owned\",\n          \"aws:RequestTag/topology.kubernetes.io/region\": \"us-east-1\",\n          \"aws:ResourceTag/kubernetes.io/cluster/valkey-ci\": \"owned\",\n          \"aws:ResourceTag/topology.kubernetes.io/region\": \"us-east-1\"\n        },\n        \"StringLike\": {\n          \"aws:RequestTag/karpenter.k8s.aws/ec2nodeclass\": \"*\",\n          \"aws:ResourceTag/karpenter.k8s.aws/ec2nodeclass\": \"*\"\n        }\n      }\n    },\n    {\n      \"Sid\": \"AllowScopedInstanceProfileActions\",\n      \"Effect\": \"Allow\",\n      \"Action\": [\n        \"iam:RemoveRoleFromInstanceProfile\",\n        \"iam:DeleteInstanceProfile\",\n        \"iam:AddRoleToInstanceProfile\"\n      ],\n      \"Resource\": \"arn:aws:iam::653928081447:instance-profile/*\",\n      \"Condition\": {\n        \"StringEquals\": {\n          \"aws:ResourceTag/kubernetes.io/cluster/valkey-ci\": \"owned\",\n          \"aws:ResourceTag/topology.kubernetes.io/region\": \"us-east-1\"\n        },\n        \"StringLike\": {\n          \"aws:ResourceTag/karpenter.k8s.aws/ec2nodeclass\": \"*\"\n        }\n      }\n    },\n    {\n      \"Sid\": \"AllowInstanceProfileReadActions\",\n      \"Effect\": \"Allow\",\n      \"Action\": \"iam:GetInstanceProfile\",\n      \"Resource\": \"arn:aws:iam::653928081447:instance-profile/*\"\n    },\n    {\n      \"Sid\": \"AllowAPIServerEndpointDiscovery\",\n      \"Effect\": \"Allow\",\n      \"Action\": \"eks:DescribeCluster\",\n      \"Resource\": \"arn:aws:eks:us-east-1:653928081447:cluster/valkey-ci\"\n    }\n  ]\n}",
            "minified_json": "{\"Version\":\"2012-10-17\",\"Statement\":[{\"Sid\":\"AllowScopedEC2InstanceAccessActions\",\"Effect\":\"Allow\",\"Action\":[\"ec2:RunInstances\",\"ec2:CreateFleet\"],\"Resource\":[\"arn:aws:ec2:us-east-1::snapshot/*\",\"arn:aws:ec2:us-east-1::image/*\",\"arn:aws:ec2:us-east-1:*:subnet/*\",\"arn:aws:ec2:us-east-1:*:security-group/*\",\"arn:aws:ec2:us-east-1:*:capacity-reservation/*\"]},{\"Sid\":\"AllowScopedEC2LaunchTemplateAccessActions\",\"Effect\":\"Allow\",\"Action\":[\"ec2:RunInstances\",\"ec2:CreateFleet\"],\"Resource\":\"arn:aws:ec2:us-east-1:*:launch-template/*\",\"Condition\":{\"StringEquals\":{\"aws:ResourceTag/kubernetes.io/cluster/valkey-ci\":\"owned\"},\"StringLike\":{\"aws:ResourceTag/karpenter.sh/nodepool\":\"*\"}}},{\"Sid\":\"AllowScopedEC2InstanceActionsWithTags\",\"Effect\":\"Allow\",\"Action\":[\"ec2:RunInstances\",\"ec2:CreateLaunchTemplate\",\"ec2:CreateFleet\"],\"Resource\":[\"arn:aws:ec2:us-east-1:*:volume/*\",\"arn:aws:ec2:us-east-1:*:spot-instances-request/*\",\"arn:aws:ec2:us-east-1:*:network-interface/*\",\"arn:aws:ec2:us-east-1:*:launch-template/*\",\"arn:aws:ec2:us-east-1:*:instance/*\",\"arn:aws:ec2:us-east-1:*:fleet/*\"],\"Condition\":{\"StringEquals\":{\"aws:RequestTag/eks:eks-cluster-name\":\"valkey-ci\",\"aws:RequestTag/kubernetes.io/cluster/valkey-ci\":\"owned\"},\"StringLike\":{\"aws:RequestTag/karpenter.sh/nodepool\":\"*\"}}},{\"Sid\":\"AllowScopedResourceCreationTagging\",\"Effect\":\"Allow\",\"Action\":\"ec2:CreateTags\",\"Resource\":[\"arn:aws:ec2:us-east-1:*:volume/*\",\"arn:aws:ec2:us-east-1:*:spot-instances-request/*\",\"arn:aws:ec2:us-east-1:*:network-interface/*\",\"arn:aws:ec2:us-east-1:*:launch-template/*\",\"arn:aws:ec2:us-east-1:*:instance/*\",\"arn:aws:ec2:us-east-1:*:fleet/*\"],\"Condition\":{\"StringEquals\":{\"aws:RequestTag/eks:eks-cluster-name\":\"valkey-ci\",\"aws:RequestTag/kubernetes.io/cluster/valkey-ci\":\"owned\",\"ec2:CreateAction\":[\"RunInstances\",\"CreateFleet\",\"CreateLaunchTemplate\"]},\"StringLike\":{\"aws:RequestTag/karpenter.sh/nodepool\":\"*\"}}},{\"Sid\":\"AllowScopedResourceTagging\",\"Effect\":\"Allow\",\"Action\":\"ec2:CreateTags\",\"Resource\":\"arn:aws:ec2:us-east-1:*:instance/*\",\"Condition\":{\"ForAllValues:StringEquals\":{\"aws:TagKeys\":[\"eks:eks-cluster-name\",\"karpenter.sh/nodeclaim\",\"Name\"]},\"StringEquals\":{\"aws:ResourceTag/kubernetes.io/cluster/valkey-ci\":\"owned\"},\"StringEqualsIfExists\":{\"aws:RequestTag/eks:eks-cluster-name\":\"valkey-ci\"},\"StringLike\":{\"aws:ResourceTag/karpenter.sh/nodepool\":\"*\"}}},{\"Sid\":\"AllowScopedDeletion\",\"Effect\":\"Allow\",\"Action\":[\"ec2:TerminateInstances\",\"ec2:DeleteLaunchTemplate\"],\"Resource\":[\"arn:aws:ec2:us-east-1:*:launch-template/*\",\"arn:aws:ec2:us-east-1:*:instance/*\"],\"Condition\":{\"StringEquals\":{\"aws:ResourceTag/kubernetes.io/cluster/valkey-ci\":\"owned\"},\"StringLike\":{\"aws:ResourceTag/karpenter.sh/nodepool\":\"*\"}}},{\"Sid\":\"AllowRegionalReadActions\",\"Effect\":\"Allow\",\"Action\":[\"ec2:DescribeSubnets\",\"ec2:DescribeSpotPriceHistory\",\"ec2:DescribeSecurityGroups\",\"ec2:DescribeLaunchTemplates\",\"ec2:DescribeInstances\",\"ec2:DescribeInstanceTypes\",\"ec2:DescribeInstanceTypeOfferings\",\"ec2:DescribeImages\",\"ec2:DescribeAvailabilityZones\"],\"Resource\":\"*\",\"Condition\":{\"StringEquals\":{\"aws:RequestedRegion\":\"us-east-1\"}}},{\"Sid\":\"AllowSSMReadActions\",\"Effect\":\"Allow\",\"Action\":\"ssm:GetParameter\",\"Resource\":\"arn:aws:ssm:us-east-1::parameter/aws/service/*\"},{\"Sid\":\"AllowPricingReadActions\",\"Effect\":\"Allow\",\"Action\":\"pricing:GetProducts\",\"Resource\":\"*\"},{\"Sid\":\"AllowInterruptionQueueActions\",\"Effect\":\"Allow\",\"Action\":[\"sqs:ReceiveMessage\",\"sqs:GetQueueUrl\",\"sqs:DeleteMessage\"],\"Resource\":\"arn:aws:sqs:us-east-1:653928081447:Karpenter-valkey-ci\"},{\"Sid\":\"AllowPassingInstanceRole\",\"Effect\":\"Allow\",\"Action\":\"iam:PassRole\",\"Resource\":\"arn:aws:iam::653928081447:role/Karpenter-valkey-ci-20260501212738858700000016\",\"Condition\":{\"StringEquals\":{\"iam:PassedToService\":\"ec2.amazonaws.com\"}}},{\"Sid\":\"AllowScopedInstanceProfileCreationActions\",\"Effect\":\"Allow\",\"Action\":\"iam:CreateInstanceProfile\",\"Resource\":\"arn:aws:iam::653928081447:instance-profile/*\",\"Condition\":{\"StringEquals\":{\"aws:RequestTag/eks:eks-cluster-name\":\"valkey-ci\",\"aws:RequestTag/kubernetes.io/cluster/valkey-ci\":\"owned\",\"aws:RequestTag/topology.kubernetes.io/region\":\"us-east-1\"},\"StringLike\":{\"aws:RequestTag/karpenter.k8s.aws/ec2nodeclass\":\"*\"}}},{\"Sid\":\"AllowScopedInstanceProfileTagActions\",\"Effect\":\"Allow\",\"Action\":\"iam:TagInstanceProfile\",\"Resource\":\"arn:aws:iam::653928081447:instance-profile/*\",\"Condition\":{\"StringEquals\":{\"aws:RequestTag/eks:eks-cluster-name\":\"valkey-ci\",\"aws:RequestTag/kubernetes.io/cluster/valkey-ci\":\"owned\",\"aws:RequestTag/topology.kubernetes.io/region\":\"us-east-1\",\"aws:ResourceTag/kubernetes.io/cluster/valkey-ci\":\"owned\",\"aws:ResourceTag/topology.kubernetes.io/region\":\"us-east-1\"},\"StringLike\":{\"aws:RequestTag/karpenter.k8s.aws/ec2nodeclass\":\"*\",\"aws:ResourceTag/karpenter.k8s.aws/ec2nodeclass\":\"*\"}}},{\"Sid\":\"AllowScopedInstanceProfileActions\",\"Effect\":\"Allow\",\"Action\":[\"iam:RemoveRoleFromInstanceProfile\",\"iam:DeleteInstanceProfile\",\"iam:AddRoleToInstanceProfile\"],\"Resource\":\"arn:aws:iam::653928081447:instance-profile/*\",\"Condition\":{\"StringEquals\":{\"aws:ResourceTag/kubernetes.io/cluster/valkey-ci\":\"owned\",\"aws:ResourceTag/topology.kubernetes.io/region\":\"us-east-1\"},\"StringLike\":{\"aws:ResourceTag/karpenter.k8s.aws/ec2nodeclass\":\"*\"}}},{\"Sid\":\"AllowInstanceProfileReadActions\",\"Effect\":\"Allow\",\"Action\":\"iam:GetInstanceProfile\",\"Resource\":\"arn:aws:iam::653928081447:instance-profile/*\"},{\"Sid\":\"AllowAPIServerEndpointDiscovery\",\"Effect\":\"Allow\",\"Action\":\"eks:DescribeCluster\",\"Resource\":\"arn:aws:eks:us-east-1:653928081447:cluster/valkey-ci\"}]}",
            "override_json": null,
            "override_policy_documents": null,
            "policy_id": null,
            "source_json": null,
            "source_policy_documents": null,
            "statement": [
              {
                "actions": [
                  "ec2:CreateFleet",
                  "ec2:RunInstances"
                ],
                "condition": [],
                "effect": "Allow",
                "not_actions": [],
                "not_principals": [],
                "not_resources": [],
                "principals": [],
                "resources": [
                  "arn:aws:ec2:us-east-1:*:capacity-reservation/*",
                  "arn:aws:ec2:us-east-1:*:security-group/*",
                  "arn:aws:ec2:us-east-1:*:subnet/*",
                  "arn:aws:ec2:us-east-1::image/*",
                  "arn:aws:ec2:us-east-1::snapshot/*"
                ],
                "sid": "AllowScopedEC2InstanceAccessActions"
              },
              {
                "actions": [
                  "ec2:CreateFleet",
                  "ec2:RunInstances"
                ],
                "condition": [
                  {
                    "test": "StringEquals",
                    "values": [
                      "owned"
                    ],
                    "variable": "aws:ResourceTag/kubernetes.io/cluster/valkey-ci"
                  },
                  {
                    "test": "StringLike",
                    "values": [
                      "*"
                    ],
                    "variable": "aws:ResourceTag/karpenter.sh/nodepool"
                  }
                ],
                "effect": "Allow",
                "not_actions": [],
                "not_principals": [],
                "not_resources": [],
                "principals": [],
                "resources": [
                  "arn:aws:ec2:us-east-1:*:launch-template/*"
                ],
                "sid": "AllowScopedEC2LaunchTemplateAccessActions"
              },
              {
                "actions": [
                  "ec2:CreateFleet",
                  "ec2:CreateLaunchTemplate",
                  "ec2:RunInstances"
                ],
                "condition": [
                  {
                    "test": "StringEquals",
                    "values": [
                      "owned"
                    ],
                    "variable": "aws:RequestTag/kubernetes.io/cluster/valkey-ci"
                  },
                  {
                    "test": "StringEquals",
                    "values": [
                      "valkey-ci"
                    ],
                    "variable": "aws:RequestTag/eks:eks-cluster-name"
                  },
                  {
                    "test": "StringLike",
                    "values": [
                      "*"
                    ],
                    "variable": "aws:RequestTag/karpenter.sh/nodepool"
                  }
                ],
                "effect": "Allow",
                "not_actions": [],
                "not_principals": [],
                "not_resources": [],
                "principals": [],
                "resources": [
                  "arn:aws:ec2:us-east-1:*:fleet/*",
                  "arn:aws:ec2:us-east-1:*:instance/*",
                  "arn:aws:ec2:us-east-1:*:launch-template/*",
                  "arn:aws:ec2:us-east-1:*:network-interface/*",
                  "arn:aws:ec2:us-east-1:*:spot-instances-request/*",
                  "arn:aws:ec2:us-east-1:*:volume/*"
                ],
                "sid": "AllowScopedEC2InstanceActionsWithTags"
              },
              {
                "actions": [
                  "ec2:CreateTags"
                ],
                "condition": [
                  {
                    "test": "StringEquals",
                    "values": [
                      "RunInstances",
                      "CreateFleet",
                      "CreateLaunchTemplate"
                    ],
                    "variable": "ec2:CreateAction"
                  },
                  {
                    "test": "StringEquals",
                    "values": [
                      "owned"
                    ],
                    "variable": "aws:RequestTag/kubernetes.io/cluster/valkey-ci"
                  },
                  {
                    "test": "StringEquals",
                    "values": [
                      "valkey-ci"
                    ],
                    "variable": "aws:RequestTag/eks:eks-cluster-name"
                  },
                  {
                    "test": "StringLike",
                    "values": [
                      "*"
                    ],
                    "variable": "aws:RequestTag/karpenter.sh/nodepool"
                  }
                ],
                "effect": "Allow",
                "not_actions": [],
                "not_principals": [],
                "not_resources": [],
                "principals": [],
                "resources": [
                  "arn:aws:ec2:us-east-1:*:fleet/*",
                  "arn:aws:ec2:us-east-1:*:instance/*",
                  "arn:aws:ec2:us-east-1:*:launch-template/*",
                  "arn:aws:ec2:us-east-1:*:network-interface/*",
                  "arn:aws:ec2:us-east-1:*:spot-instances-request/*",
                  "arn:aws:ec2:us-east-1:*:volume/*"
                ],
                "sid": "AllowScopedResourceCreationTagging"
              },
              {
                "actions": [
                  "ec2:CreateTags"
                ],
                "condition": [
                  {
                    "test": "ForAllValues:StringEquals",
                    "values": [
                      "eks:eks-cluster-name",
                      "karpenter.sh/nodeclaim",
                      "Name"
                    ],
                    "variable": "aws:TagKeys"
                  },
                  {
                    "test": "StringEquals",
                    "values": [
                      "owned"
                    ],
                    "variable": "aws:ResourceTag/kubernetes.io/cluster/valkey-ci"
                  },
                  {
                    "test": "StringEqualsIfExists",
                    "values": [
                      "valkey-ci"
                    ],
                    "variable": "aws:RequestTag/eks:eks-cluster-name"
                  },
                  {
                    "test": "StringLike",
                    "values": [
                      "*"
                    ],
                    "variable": "aws:ResourceTag/karpenter.sh/nodepool"
                  }
                ],
                "effect": "Allow",
                "not_actions": [],
                "not_principals": [],
                "not_resources": [],
                "principals": [],
                "resources": [
                  "arn:aws:ec2:us-east-1:*:instance/*"
                ],
                "sid": "AllowScopedResourceTagging"
              },
              {
                "actions": [
                  "ec2:DeleteLaunchTemplate",
                  "ec2:TerminateInstances"
                ],
                "condition": [
                  {
                    "test": "StringEquals",
                    "values": [
                      "owned"
                    ],
                    "variable": "aws:ResourceTag/kubernetes.io/cluster/valkey-ci"
                  },
                  {
                    "test": "StringLike",
                    "values": [
                      "*"
                    ],
                    "variable": "aws:ResourceTag/karpenter.sh/nodepool"
                  }
                ],
                "effect": "Allow",
                "not_actions": [],
                "not_principals": [],
                "not_resources": [],
                "principals": [],
                "resources": [
                  "arn:aws:ec2:us-east-1:*:instance/*",
                  "arn:aws:ec2:us-east-1:*:launch-template/*"
                ],
                "sid": "AllowScopedDeletion"
              },
              {
                "actions": [
                  "ec2:DescribeAvailabilityZones",
                  "ec2:DescribeImages",
                  "ec2:DescribeInstanceTypeOfferings",
                  "ec2:DescribeInstanceTypes",
                  "ec2:DescribeInstances",
                  "ec2:DescribeLaunchTemplates",
                  "ec2:DescribeSecurityGroups",
                  "ec2:DescribeSpotPriceHistory",
                  "ec2:DescribeSubnets"
                ],
                "condition": [
                  {
                    "test": "StringEquals",
                    "values": [
                      "us-east-1"
                    ],
                    "variable": "aws:RequestedRegion"
                  }
                ],
                "effect": "Allow",
                "not_actions": [],
                "not_principals": [],
                "not_resources": [],
                "principals": [],
                "resources": [
                  "*"
                ],
                "sid": "AllowRegionalReadActions"
              },
              {
                "actions": [
                  "ssm:GetParameter"
                ],
                "condition": [],
                "effect": "Allow",
                "not_actions": [],
                "not_principals": [],
                "not_resources": [],
                "principals": [],
                "resources": [
                  "arn:aws:ssm:us-east-1::parameter/aws/service/*"
                ],
                "sid": "AllowSSMReadActions"
              },
              {
                "actions": [
                  "pricing:GetProducts"
                ],
                "condition": [],
                "effect": "Allow",
                "not_actions": [],
                "not_principals": [],
                "not_resources": [],
                "principals": [],
                "resources": [
                  "*"
                ],
                "sid": "AllowPricingReadActions"
              },
              {
                "actions": [
                  "sqs:DeleteMessage",
                  "sqs:GetQueueUrl",
                  "sqs:ReceiveMessage"
                ],
                "condition": [],
                "effect": "Allow",
                "not_actions": [],
                "not_principals": [],
                "not_resources": [],
                "principals": [],
                "resources": [
                  "arn:aws:sqs:us-east-1:653928081447:Karpenter-valkey-ci"
                ],
                "sid": "AllowInterruptionQueueActions"
              },
              {
                "actions": [
                  "iam:PassRole"
                ],
                "condition": [
                  {
                    "test": "StringEquals",
                    "values": [
                      "ec2.amazonaws.com"
                    ],
                    "variable": "iam:PassedToService"
                  }
                ],
                "effect": "Allow",
                "not_actions": [],
                "not_principals": [],
                "not_resources": [],
                "principals": [],
                "resources": [
                  "arn:aws:iam::653928081447:role/Karpenter-valkey-ci-20260501212738858700000016"
                ],
                "sid": "AllowPassingInstanceRole"
              },
              {
                "actions": [
                  "iam:CreateInstanceProfile"
                ],
                "condition": [
                  {
                    "test": "StringEquals",
                    "values": [
                      "owned"
                    ],
                    "variable": "aws:RequestTag/kubernetes.io/cluster/valkey-ci"
                  },
                  {
                    "test": "StringEquals",
                    "values": [
                      "us-east-1"
                    ],
                    "variable": "aws:RequestTag/topology.kubernetes.io/region"
                  },
                  {
                    "test": "StringEquals",
                    "values": [
                      "valkey-ci"
                    ],
                    "variable": "aws:RequestTag/eks:eks-cluster-name"
                  },
                  {
                    "test": "StringLike",
                    "values": [
                      "*"
                    ],
                    "variable": "aws:RequestTag/karpenter.k8s.aws/ec2nodeclass"
                  }
                ],
                "effect": "Allow",
                "not_actions": [],
                "not_principals": [],
                "not_resources": [],
                "principals": [],
                "resources": [
                  "arn:aws:iam::653928081447:instance-profile/*"
                ],
                "sid": "AllowScopedInstanceProfileCreationActions"
              },
              {
                "actions": [
                  "iam:TagInstanceProfile"
                ],
                "condition": [
                  {
                    "test": "StringEquals",
                    "values": [
                      "owned"
                    ],
                    "variable": "aws:RequestTag/kubernetes.io/cluster/valkey-ci"
                  },
                  {
                    "test": "StringEquals",
                    "values": [
                      "owned"
                    ],
                    "variable": "aws:ResourceTag/kubernetes.io/cluster/valkey-ci"
                  },
                  {
                    "test": "StringEquals",
                    "values": [
                      "us-east-1"
                    ],
                    "variable": "aws:RequestTag/topology.kubernetes.io/region"
                  },
                  {
                    "test": "StringEquals",
                    "values": [
                      "us-east-1"
                    ],
                    "variable": "aws:ResourceTag/topology.kubernetes.io/region"
                  },
                  {
                    "test": "StringEquals",
                    "values": [
                      "valkey-ci"
                    ],
                    "variable": "aws:RequestTag/eks:eks-cluster-name"
                  },
                  {
                    "test": "StringLike",
                    "values": [
                      "*"
                    ],
                    "variable": "aws:RequestTag/karpenter.k8s.aws/ec2nodeclass"
                  },
                  {
                    "test": "StringLike",
                    "values": [
                      "*"
                    ],
                    "variable": "aws:ResourceTag/karpenter.k8s.aws/ec2nodeclass"
                  }
                ],
                "effect": "Allow",
                "not_actions": [],
                "not_principals": [],
                "not_resources": [],
                "principals": [],
                "resources": [
                  "arn:aws:iam::653928081447:instance-profile/*"
                ],
                "sid": "AllowScopedInstanceProfileTagActions"
              },
              {
                "actions": [
                  "iam:AddRoleToInstanceProfile",
                  "iam:DeleteInstanceProfile",
                  "iam:RemoveRoleFromInstanceProfile"
                ],
                "condition": [
                  {
                    "test": "StringEquals",
                    "values": [
                      "owned"
                    ],
                    "variable": "aws:ResourceTag/kubernetes.io/cluster/valkey-ci"
                  },
                  {
                    "test": "StringEquals",
                    "values": [
                      "us-east-1"
                    ],
                    "variable": "aws:ResourceTag/topology.kubernetes.io/region"
                  },
                  {
                    "test": "StringLike",
                    "values": [
                      "*"
                    ],
                    "variable": "aws:ResourceTag/karpenter.k8s.aws/ec2nodeclass"
                  }
                ],
                "effect": "Allow",
                "not_actions": [],
                "not_principals": [],
                "not_resources": [],
                "principals": [],
                "resources": [
                  "arn:aws:iam::653928081447:instance-profile/*"
                ],
                "sid": "AllowScopedInstanceProfileActions"
              },
              {
                "actions": [
                  "iam:GetInstanceProfile"
                ],
                "condition": [],
                "effect": "Allow",
                "not_actions": [],
                "not_principals": [],
                "not_resources": [],
                "principals": [],
                "resources": [
                  "arn:aws:iam::653928081447:instance-profile/*"
                ],
                "sid": "AllowInstanceProfileReadActions"
              },
              {
                "actions": [
                  "eks:DescribeCluster"
                ],
                "condition": [],
                "effect": "Allow",
                "not_actions": [],
                "not_principals": [],
                "not_resources": [],
                "principals": [],
                "resources": [
                  "arn:aws:eks:us-east-1:653928081447:cluster/valkey-ci"
                ],
                "sid": "AllowAPIServerEndpointDiscovery"
              }
            ],
            "version": "2012-10-17"
          },
          "sensitive_attributes": []
        }
      ]
    },
    {
      "module": "module.karpenter",
      "mode": "data",
      "type": "aws_partition",
      "name": "current",
      "provider": "provider[\"registry.terraform.io/hashicorp/aws\"]",
      "instances": [
        {
          "schema_version": 0,
          "attributes": {
            "dns_suffix": "amazonaws.com",
            "id": "aws",
            "partition": "aws",
            "reverse_dns_prefix": "com.amazonaws"
          },
          "sensitive_attributes": []
        }
      ]
    },
    {
      "module": "module.karpenter",
      "mode": "data",
      "type": "aws_region",
      "name": "current",
      "provider": "provider[\"registry.terraform.io/hashicorp/aws\"]",
      "instances": [
        {
          "schema_version": 0,
          "attributes": {
            "description": "US East (N. Virginia)",
            "endpoint": "ec2.us-east-1.amazonaws.com",
            "id": "us-east-1",
            "name": "us-east-1"
          },
          "sensitive_attributes": []
        }
      ]
    },
    {
      "module": "module.karpenter",
      "mode": "managed",
      "type": "aws_cloudwatch_event_rule",
      "name": "this",
      "provider": "provider[\"registry.terraform.io/hashicorp/aws\"]",
      "instances": [
        {
          "index_key": "health_event",
          "schema_version": 1,
          "attributes": {
            "arn": "arn:aws:events:us-east-1:653928081447:rule/KarpenterHealthEvent-20260501212738857400000013",
            "description": "Karpenter interrupt - AWS health event",
            "event_bus_name": "default",
            "event_pattern": "{\"detail-type\":[\"AWS Health Event\"],\"source\":[\"aws.health\"]}",
            "force_destroy": false,
            "id": "KarpenterHealthEvent-20260501212738857400000013",
            "is_enabled": true,
            "name": "KarpenterHealthEvent-20260501212738857400000013",
            "name_prefix": "KarpenterHealthEvent-",
            "role_arn": "",
            "schedule_expression": "",
            "state": "ENABLED",
            "tags": {
              "ClusterName": "valkey-ci",
              "Owner": "roshkhatri",
              "Project": "valkey-ci"
            },
            "tags_all": {
              "ClusterName": "valkey-ci",
              "Owner": "roshkhatri",
              "Project": "valkey-ci"
            }
          },
          "sensitive_attributes": [],
          "private": "eyJzY2hlbWFfdmVyc2lvbiI6IjEifQ==",
          "dependencies": [
            "data.aws_availability_zones.available",
            "module.eks.aws_cloudwatch_log_group.this",
            "module.eks.aws_eks_access_entry.this",
            "module.eks.aws_eks_access_policy_association.this",
            "module.eks.aws_eks_cluster.this",
            "module.eks.aws_iam_policy.cni_ipv6_policy",
            "module.eks.aws_iam_role.eks_auto",
            "module.eks.aws_iam_role.this",
            "module.eks.aws_iam_role_policy_attachment.this",
            "module.eks.aws_security_group.cluster",
            "module.eks.aws_security_group.node",
            "module.eks.aws_security_group_rule.cluster",
            "module.eks.aws_security_group_rule.node",
            "module.eks.data.aws_caller_identity.current",
            "module.eks.data.aws_iam_policy_document.assume_role_policy",
            "module.eks.data.aws_iam_policy_document.cni_ipv6_policy",
            "module.eks.data.aws_iam_policy_document.node_assume_role_policy",
            "module.eks.data.aws_iam_session_context.current",
            "module.eks.data.aws_partition.current",
            "module.eks.module.kms.aws_kms_external_key.this",
            "module.eks.module.kms.aws_kms_key.this",
            "module.eks.module.kms.aws_kms_replica_external_key.this",
            "module.eks.module.kms.aws_kms_replica_key.this",
            "module.eks.module.kms.data.aws_caller_identity.current",
            "module.eks.module.kms.data.aws_iam_policy_document.this",
            "module.eks.module.kms.data.aws_partition.current",
            "module.vpc.aws_subnet.private",
            "module.vpc.aws_vpc.this",
            "module.vpc.aws_vpc_ipv4_cidr_block_association.this"
          ]
        },
        {
          "index_key": "instance_rebalance",
          "schema_version": 1,
          "attributes": {
            "arn": "arn:aws:events:us-east-1:653928081447:rule/KarpenterInstanceRebalance-20260501212738857300000012",
            "description": "Karpenter interrupt - EC2 instance rebalance recommendation",
            "event_bus_name": "default",
            "event_pattern": "{\"detail-type\":[\"EC2 Instance Rebalance Recommendation\"],\"source\":[\"aws.ec2\"]}",
            "force_destroy": false,
            "id": "KarpenterInstanceRebalance-20260501212738857300000012",
            "is_enabled": true,
            "name": "KarpenterInstanceRebalance-20260501212738857300000012",
            "name_prefix": "KarpenterInstanceRebalance-",
            "role_arn": "",
            "schedule_expression": "",
            "state": "ENABLED",
            "tags": {
              "ClusterName": "valkey-ci",
              "Owner": "roshkhatri",
              "Project": "valkey-ci"
            },
            "tags_all": {
              "ClusterName": "valkey-ci",
              "Owner": "roshkhatri",
              "Project": "valkey-ci"
            }
          },
          "sensitive_attributes": [],
          "private": "eyJzY2hlbWFfdmVyc2lvbiI6IjEifQ==",
          "dependencies": [
            "data.aws_availability_zones.available",
            "module.eks.aws_cloudwatch_log_group.this",
            "module.eks.aws_eks_access_entry.this",
            "module.eks.aws_eks_access_policy_association.this",
            "module.eks.aws_eks_cluster.this",
            "module.eks.aws_iam_policy.cni_ipv6_policy",
            "module.eks.aws_iam_role.eks_auto",
            "module.eks.aws_iam_role.this",
            "module.eks.aws_iam_role_policy_attachment.this",
            "module.eks.aws_security_group.cluster",
            "module.eks.aws_security_group.node",
            "module.eks.aws_security_group_rule.cluster",
            "module.eks.aws_security_group_rule.node",
            "module.eks.data.aws_caller_identity.current",
            "module.eks.data.aws_iam_policy_document.assume_role_policy",
            "module.eks.data.aws_iam_policy_document.cni_ipv6_policy",
            "module.eks.data.aws_iam_policy_document.node_assume_role_policy",
            "module.eks.data.aws_iam_session_context.current",
            "module.eks.data.aws_partition.current",
            "module.eks.module.kms.aws_kms_external_key.this",
            "module.eks.module.kms.aws_kms_key.this",
            "module.eks.module.kms.aws_kms_replica_external_key.this",
            "module.eks.module.kms.aws_kms_replica_key.this",
            "module.eks.module.kms.data.aws_caller_identity.current",
            "module.eks.module.kms.data.aws_iam_policy_document.this",
            "module.eks.module.kms.data.aws_partition.current",
            "module.vpc.aws_subnet.private",
            "module.vpc.aws_vpc.this",
            "module.vpc.aws_vpc_ipv4_cidr_block_association.this"
          ]
        },
        {
          "index_key": "instance_state_change",
          "schema_version": 1,
          "attributes": {
            "arn": "arn:aws:events:us-east-1:653928081447:rule/KarpenterInstanceStateChange-20260501212738858400000014",
            "description": "Karpenter interrupt - EC2 instance state-change notification",
            "event_bus_name": "default",
            "event_pattern": "{\"detail-type\":[\"EC2 Instance State-change Notification\"],\"source\":[\"aws.ec2\"]}",
            "force_destroy": false,
            "id": "KarpenterInstanceStateChange-20260501212738858400000014",
            "is_enabled": true,
            "name": "KarpenterInstanceStateChange-20260501212738858400000014",
            "name_prefix": "KarpenterInstanceStateChange-",
            "role_arn": "",
            "schedule_expression": "",
            "state": "ENABLED",
            "tags": {
              "ClusterName": "valkey-ci",
              "Owner": "roshkhatri",
              "Project": "valkey-ci"
            },
            "tags_all": {
              "ClusterName": "valkey-ci",
              "Owner": "roshkhatri",
              "Project": "valkey-ci"
            }
          },
          "sensitive_attributes": [],
          "private": "eyJzY2hlbWFfdmVyc2lvbiI6IjEifQ==",
          "dependencies": [
            "data.aws_availability_zones.available",
            "module.eks.aws_cloudwatch_log_group.this",
            "module.eks.aws_eks_access_entry.this",
            "module.eks.aws_eks_access_policy_association.this",
            "module.eks.aws_eks_cluster.this",
            "module.eks.aws_iam_policy.cni_ipv6_policy",
            "module.eks.aws_iam_role.eks_auto",
            "module.eks.aws_iam_role.this",
            "module.eks.aws_iam_role_policy_attachment.this",
            "module.eks.aws_security_group.cluster",
            "module.eks.aws_security_group.node",
            "module.eks.aws_security_group_rule.cluster",
            "module.eks.aws_security_group_rule.node",
            "module.eks.data.aws_caller_identity.current",
            "module.eks.data.aws_iam_policy_document.assume_role_policy",
            "module.eks.data.aws_iam_policy_document.cni_ipv6_policy",
            "module.eks.data.aws_iam_policy_document.node_assume_role_policy",
            "module.eks.data.aws_iam_session_context.current",
            "module.eks.data.aws_partition.current",
            "module.eks.module.kms.aws_kms_external_key.this",
            "module.eks.module.kms.aws_kms_key.this",
            "module.eks.module.kms.aws_kms_replica_external_key.this",
            "module.eks.module.kms.aws_kms_replica_key.this",
            "module.eks.module.kms.data.aws_caller_identity.current",
            "module.eks.module.kms.data.aws_iam_policy_document.this",
            "module.eks.module.kms.data.aws_partition.current",
            "module.vpc.aws_subnet.private",
            "module.vpc.aws_vpc.this",
            "module.vpc.aws_vpc_ipv4_cidr_block_association.this"
          ]
        },
        {
          "index_key": "spot_interrupt",
          "schema_version": 1,
          "attributes": {
            "arn": "arn:aws:events:us-east-1:653928081447:rule/KarpenterSpotInterrupt-20260501212738858700000015",
            "description": "Karpenter interrupt - EC2 spot instance interruption warning",
            "event_bus_name": "default",
            "event_pattern": "{\"detail-type\":[\"EC2 Spot Instance Interruption Warning\"],\"source\":[\"aws.ec2\"]}",
            "force_destroy": false,
            "id": "KarpenterSpotInterrupt-20260501212738858700000015",
            "is_enabled": true,
            "name": "KarpenterSpotInterrupt-20260501212738858700000015",
            "name_prefix": "KarpenterSpotInterrupt-",
            "role_arn": "",
            "schedule_expression": "",
            "state": "ENABLED",
            "tags": {
              "ClusterName": "valkey-ci",
              "Owner": "roshkhatri",
              "Project": "valkey-ci"
            },
            "tags_all": {
              "ClusterName": "valkey-ci",
              "Owner": "roshkhatri",
              "Project": "valkey-ci"
            }
          },
          "sensitive_attributes": [],
          "private": "eyJzY2hlbWFfdmVyc2lvbiI6IjEifQ==",
          "dependencies": [
            "data.aws_availability_zones.available",
            "module.eks.aws_cloudwatch_log_group.this",
            "module.eks.aws_eks_access_entry.this",
            "module.eks.aws_eks_access_policy_association.this",
            "module.eks.aws_eks_cluster.this",
            "module.eks.aws_iam_policy.cni_ipv6_policy",
            "module.eks.aws_iam_role.eks_auto",
            "module.eks.aws_iam_role.this",
            "module.eks.aws_iam_role_policy_attachment.this",
            "module.eks.aws_security_group.cluster",
            "module.eks.aws_security_group.node",
            "module.eks.aws_security_group_rule.cluster",
            "module.eks.aws_security_group_rule.node",
            "module.eks.data.aws_caller_identity.current",
            "module.eks.data.aws_iam_policy_document.assume_role_policy",
            "module.eks.data.aws_iam_policy_document.cni_ipv6_policy",
            "module.eks.data.aws_iam_policy_document.node_assume_role_policy",
            "module.eks.data.aws_iam_session_context.current",
            "module.eks.data.aws_partition.current",
            "module.eks.module.kms.aws_kms_external_key.this",
            "module.eks.module.kms.aws_kms_key.this",
            "module.eks.module.kms.aws_kms_replica_external_key.this",
            "module.eks.module.kms.aws_kms_replica_key.this",
            "module.eks.module.kms.data.aws_caller_identity.current",
            "module.eks.module.kms.data.aws_iam_policy_document.this",
            "module.eks.module.kms.data.aws_partition.current",
            "module.vpc.aws_subnet.private",
            "module.vpc.aws_vpc.this",
            "module.vpc.aws_vpc_ipv4_cidr_block_association.this"
          ]
        }
      ]
    },
    {
      "module": "module.karpenter",
      "mode": "managed",
      "type": "aws_cloudwatch_event_target",
      "name": "this",
      "provider": "provider[\"registry.terraform.io/hashicorp/aws\"]",
      "instances": [
        {
          "index_key": "health_event",
          "schema_version": 1,
          "attributes": {
            "appsync_target": [],
            "arn": "arn:aws:sqs:us-east-1:653928081447:Karpenter-valkey-ci",
            "batch_target": [],
            "dead_letter_config": [],
            "ecs_target": [],
            "event_bus_name": "default",
            "force_destroy": false,
            "http_target": [],
            "id": "KarpenterHealthEvent-20260501212738857400000013-KarpenterInterruptionQueueTarget",
            "input": "",
            "input_path": "",
            "input_transformer": [],
            "kinesis_target": [],
            "redshift_target": [],
            "retry_policy": [],
            "role_arn": "",
            "rule": "KarpenterHealthEvent-20260501212738857400000013",
            "run_command_targets": [],
            "sagemaker_pipeline_target": [],
            "sqs_target": [],
            "target_id": "KarpenterInterruptionQueueTarget"
          },
          "sensitive_attributes": [],
          "private": "eyJzY2hlbWFfdmVyc2lvbiI6IjEifQ==",
          "dependencies": [
            "data.aws_availability_zones.available",
            "module.eks.aws_cloudwatch_log_group.this",
            "module.eks.aws_eks_access_entry.this",
            "module.eks.aws_eks_access_policy_association.this",
            "module.eks.aws_eks_cluster.this",
            "module.eks.aws_iam_policy.cni_ipv6_policy",
            "module.eks.aws_iam_role.eks_auto",
            "module.eks.aws_iam_role.this",
            "module.eks.aws_iam_role_policy_attachment.this",
            "module.eks.aws_security_group.cluster",
            "module.eks.aws_security_group.node",
            "module.eks.aws_security_group_rule.cluster",
            "module.eks.aws_security_group_rule.node",
            "module.eks.data.aws_caller_identity.current",
            "module.eks.data.aws_iam_policy_document.assume_role_policy",
            "module.eks.data.aws_iam_policy_document.cni_ipv6_policy",
            "module.eks.data.aws_iam_policy_document.node_assume_role_policy",
            "module.eks.data.aws_iam_session_context.current",
            "module.eks.data.aws_partition.current",
            "module.eks.module.kms.aws_kms_external_key.this",
            "module.eks.module.kms.aws_kms_key.this",
            "module.eks.module.kms.aws_kms_replica_external_key.this",
            "module.eks.module.kms.aws_kms_replica_key.this",
            "module.eks.module.kms.data.aws_caller_identity.current",
            "module.eks.module.kms.data.aws_iam_policy_document.this",
            "module.eks.module.kms.data.aws_partition.current",
            "module.karpenter.aws_cloudwatch_event_rule.this",
            "module.karpenter.aws_sqs_queue.this",
            "module.vpc.aws_subnet.private",
            "module.vpc.aws_vpc.this",
            "module.vpc.aws_vpc_ipv4_cidr_block_association.this"
          ]
        },
        {
          "index_key": "instance_rebalance",
          "schema_version": 1,
          "attributes": {
            "appsync_target": [],
            "arn": "arn:aws:sqs:us-east-1:653928081447:Karpenter-valkey-ci",
            "batch_target": [],
            "dead_letter_config": [],
            "ecs_target": [],
            "event_bus_name": "default",
            "force_destroy": false,
            "http_target": [],
            "id": "KarpenterInstanceRebalance-20260501212738857300000012-KarpenterInterruptionQueueTarget",
            "input": "",
            "input_path": "",
            "input_transformer": [],
            "kinesis_target": [],
            "redshift_target": [],
            "retry_policy": [],
            "role_arn": "",
            "rule": "KarpenterInstanceRebalance-20260501212738857300000012",
            "run_command_targets": [],
            "sagemaker_pipeline_target": [],
            "sqs_target": [],
            "target_id": "KarpenterInterruptionQueueTarget"
          },
          "sensitive_attributes": [],
          "private": "eyJzY2hlbWFfdmVyc2lvbiI6IjEifQ==",
          "dependencies": [
            "data.aws_availability_zones.available",
            "module.eks.aws_cloudwatch_log_group.this",
            "module.eks.aws_eks_access_entry.this",
            "module.eks.aws_eks_access_policy_association.this",
            "module.eks.aws_eks_cluster.this",
            "module.eks.aws_iam_policy.cni_ipv6_policy",
            "module.eks.aws_iam_role.eks_auto",
            "module.eks.aws_iam_role.this",
            "module.eks.aws_iam_role_policy_attachment.this",
            "module.eks.aws_security_group.cluster",
            "module.eks.aws_security_group.node",
            "module.eks.aws_security_group_rule.cluster",
            "module.eks.aws_security_group_rule.node",
            "module.eks.data.aws_caller_identity.current",
            "module.eks.data.aws_iam_policy_document.assume_role_policy",
            "module.eks.data.aws_iam_policy_document.cni_ipv6_policy",
            "module.eks.data.aws_iam_policy_document.node_assume_role_policy",
            "module.eks.data.aws_iam_session_context.current",
            "module.eks.data.aws_partition.current",
            "module.eks.module.kms.aws_kms_external_key.this",
            "module.eks.module.kms.aws_kms_key.this",
            "module.eks.module.kms.aws_kms_replica_external_key.this",
            "module.eks.module.kms.aws_kms_replica_key.this",
            "module.eks.module.kms.data.aws_caller_identity.current",
            "module.eks.module.kms.data.aws_iam_policy_document.this",
            "module.eks.module.kms.data.aws_partition.current",
            "module.karpenter.aws_cloudwatch_event_rule.this",
            "module.karpenter.aws_sqs_queue.this",
            "module.vpc.aws_subnet.private",
            "module.vpc.aws_vpc.this",
            "module.vpc.aws_vpc_ipv4_cidr_block_association.this"
          ]
        },
        {
          "index_key": "instance_state_change",
          "schema_version": 1,
          "attributes": {
            "appsync_target": [],
            "arn": "arn:aws:sqs:us-east-1:653928081447:Karpenter-valkey-ci",
            "batch_target": [],
            "dead_letter_config": [],
            "ecs_target": [],
            "event_bus_name": "default",
            "force_destroy": false,
            "http_target": [],
            "id": "KarpenterInstanceStateChange-20260501212738858400000014-KarpenterInterruptionQueueTarget",
            "input": "",
            "input_path": "",
            "input_transformer": [],
            "kinesis_target": [],
            "redshift_target": [],
            "retry_policy": [],
            "role_arn": "",
            "rule": "KarpenterInstanceStateChange-20260501212738858400000014",
            "run_command_targets": [],
            "sagemaker_pipeline_target": [],
            "sqs_target": [],
            "target_id": "KarpenterInterruptionQueueTarget"
          },
          "sensitive_attributes": [],
          "private": "eyJzY2hlbWFfdmVyc2lvbiI6IjEifQ==",
          "dependencies": [
            "data.aws_availability_zones.available",
            "module.eks.aws_cloudwatch_log_group.this",
            "module.eks.aws_eks_access_entry.this",
            "module.eks.aws_eks_access_policy_association.this",
            "module.eks.aws_eks_cluster.this",
            "module.eks.aws_iam_policy.cni_ipv6_policy",
            "module.eks.aws_iam_role.eks_auto",
            "module.eks.aws_iam_role.this",
            "module.eks.aws_iam_role_policy_attachment.this",
            "module.eks.aws_security_group.cluster",
            "module.eks.aws_security_group.node",
            "module.eks.aws_security_group_rule.cluster",
            "module.eks.aws_security_group_rule.node",
            "module.eks.data.aws_caller_identity.current",
            "module.eks.data.aws_iam_policy_document.assume_role_policy",
            "module.eks.data.aws_iam_policy_document.cni_ipv6_policy",
            "module.eks.data.aws_iam_policy_document.node_assume_role_policy",
            "module.eks.data.aws_iam_session_context.current",
            "module.eks.data.aws_partition.current",
            "module.eks.module.kms.aws_kms_external_key.this",
            "module.eks.module.kms.aws_kms_key.this",
            "module.eks.module.kms.aws_kms_replica_external_key.this",
            "module.eks.module.kms.aws_kms_replica_key.this",
            "module.eks.module.kms.data.aws_caller_identity.current",
            "module.eks.module.kms.data.aws_iam_policy_document.this",
            "module.eks.module.kms.data.aws_partition.current",
            "module.karpenter.aws_cloudwatch_event_rule.this",
            "module.karpenter.aws_sqs_queue.this",
            "module.vpc.aws_subnet.private",
            "module.vpc.aws_vpc.this",
            "module.vpc.aws_vpc_ipv4_cidr_block_association.this"
          ]
        },
        {
          "index_key": "spot_interrupt",
          "schema_version": 1,
          "attributes": {
            "appsync_target": [],
            "arn": "arn:aws:sqs:us-east-1:653928081447:Karpenter-valkey-ci",
            "batch_target": [],
            "dead_letter_config": [],
            "ecs_target": [],
            "event_bus_name": "default",
            "force_destroy": false,
            "http_target": [],
            "id": "KarpenterSpotInterrupt-20260501212738858700000015-KarpenterInterruptionQueueTarget",
            "input": "",
            "input_path": "",
            "input_transformer": [],
            "kinesis_target": [],
            "redshift_target": [],
            "retry_policy": [],
            "role_arn": "",
            "rule": "KarpenterSpotInterrupt-20260501212738858700000015",
            "run_command_targets": [],
            "sagemaker_pipeline_target": [],
            "sqs_target": [],
            "target_id": "KarpenterInterruptionQueueTarget"
          },
          "sensitive_attributes": [],
          "private": "eyJzY2hlbWFfdmVyc2lvbiI6IjEifQ==",
          "dependencies": [
            "data.aws_availability_zones.available",
            "module.eks.aws_cloudwatch_log_group.this",
            "module.eks.aws_eks_access_entry.this",
            "module.eks.aws_eks_access_policy_association.this",
            "module.eks.aws_eks_cluster.this",
            "module.eks.aws_iam_policy.cni_ipv6_policy",
            "module.eks.aws_iam_role.eks_auto",
            "module.eks.aws_iam_role.this",
            "module.eks.aws_iam_role_policy_attachment.this",
            "module.eks.aws_security_group.cluster",
            "module.eks.aws_security_group.node",
            "module.eks.aws_security_group_rule.cluster",
            "module.eks.aws_security_group_rule.node",
            "module.eks.data.aws_caller_identity.current",
            "module.eks.data.aws_iam_policy_document.assume_role_policy",
            "module.eks.data.aws_iam_policy_document.cni_ipv6_policy",
            "module.eks.data.aws_iam_policy_document.node_assume_role_policy",
            "module.eks.data.aws_iam_session_context.current",
            "module.eks.data.aws_partition.current",
            "module.eks.module.kms.aws_kms_external_key.this",
            "module.eks.module.kms.aws_kms_key.this",
            "module.eks.module.kms.aws_kms_replica_external_key.this",
            "module.eks.module.kms.aws_kms_replica_key.this",
            "module.eks.module.kms.data.aws_caller_identity.current",
            "module.eks.module.kms.data.aws_iam_policy_document.this",
            "module.eks.module.kms.data.aws_partition.current",
            "module.karpenter.aws_cloudwatch_event_rule.this",
            "module.karpenter.aws_sqs_queue.this",
            "module.vpc.aws_subnet.private",
            "module.vpc.aws_vpc.this",
            "module.vpc.aws_vpc_ipv4_cidr_block_association.this"
          ]
        }
      ]
    },
    {
      "module": "module.karpenter",
      "mode": "managed",
      "type": "aws_eks_access_entry",
      "name": "node",
      "provider": "provider[\"registry.terraform.io/hashicorp/aws\"]",
      "instances": [
        {
          "index_key": 0,
          "schema_version": 0,
          "attributes": {
            "access_entry_arn": "arn:aws:eks:us-east-1:653928081447:access-entry/valkey-ci/role/653928081447/Karpenter-valkey-ci-20260501212738858700000016/5ccef2b8-b943-de6d-692e-b340a0dbf9b2",
            "cluster_name": "valkey-ci",
            "created_at": "2026-05-01T21:28:30Z",
            "id": "valkey-ci:arn:aws:iam::653928081447:role/Karpenter-valkey-ci-20260501212738858700000016",
            "kubernetes_groups": [
              "system:nodes"
            ],
            "modified_at": "2026-05-01T21:28:30Z",
            "principal_arn": "arn:aws:iam::653928081447:role/Karpenter-valkey-ci-20260501212738858700000016",
            "tags": {
              "Owner": "roshkhatri",
              "Project": "valkey-ci"
            },
            "tags_all": {
              "Owner": "roshkhatri",
              "Project": "valkey-ci"
            },
            "timeouts": null,
            "type": "EC2_LINUX",
            "user_name": "system:node:{{EC2PrivateDNSName}}"
          },
          "sensitive_attributes": [],
          "private": "eyJlMmJmYjczMC1lY2FhLTExZTYtOGY4OC0zNDM2M2JjN2M0YzAiOnsiY3JlYXRlIjo2MDAwMDAwMDAwMDAsImRlbGV0ZSI6NjAwMDAwMDAwMDAwfX0=",
          "dependencies": [
            "data.aws_availability_zones.available",
            "module.eks.aws_cloudwatch_log_group.this",
            "module.eks.aws_eks_access_entry.this",
            "module.eks.aws_eks_access_policy_association.this",
            "module.eks.aws_eks_cluster.this",
            "module.eks.aws_iam_policy.cni_ipv6_policy",
            "module.eks.aws_iam_role.eks_auto",
            "module.eks.aws_iam_role.this",
            "module.eks.aws_iam_role_policy_attachment.this",
            "module.eks.aws_security_group.cluster",
            "module.eks.aws_security_group.node",
            "module.eks.aws_security_group_rule.cluster",
            "module.eks.aws_security_group_rule.node",
            "module.eks.data.aws_caller_identity.current",
            "module.eks.data.aws_iam_policy_document.assume_role_policy",
            "module.eks.data.aws_iam_policy_document.cni_ipv6_policy",
            "module.eks.data.aws_iam_policy_document.node_assume_role_policy",
            "module.eks.data.aws_iam_session_context.current",
            "module.eks.data.aws_partition.current",
            "module.eks.module.kms.aws_kms_external_key.this",
            "module.eks.module.kms.aws_kms_key.this",
            "module.eks.module.kms.aws_kms_replica_external_key.this",
            "module.eks.module.kms.aws_kms_replica_key.this",
            "module.eks.module.kms.data.aws_caller_identity.current",
            "module.eks.module.kms.data.aws_iam_policy_document.this",
            "module.eks.module.kms.data.aws_partition.current",
            "module.karpenter.aws_iam_role.node",
            "module.karpenter.aws_sqs_queue.this",
            "module.karpenter.aws_sqs_queue_policy.this",
            "module.karpenter.data.aws_iam_policy_document.node_assume_role",
            "module.karpenter.data.aws_iam_policy_document.queue",
            "module.karpenter.data.aws_partition.current",
            "module.vpc.aws_subnet.private",
            "module.vpc.aws_vpc.this",
            "module.vpc.aws_vpc_ipv4_cidr_block_association.this"
          ]
        }
      ]
    },
    {
      "module": "module.karpenter",
      "mode": "managed",
      "type": "aws_eks_pod_identity_association",
      "name": "karpenter",
      "provider": "provider[\"registry.terraform.io/hashicorp/aws\"]",
      "instances": [
        {
          "index_key": 0,
          "schema_version": 0,
          "attributes": {
            "association_arn": "arn:aws:eks:us-east-1:653928081447:podidentityassociation/valkey-ci/a-hodz4f2kizknn49bv",
            "association_id": "a-hodz4f2kizknn49bv",
            "cluster_name": "valkey-ci",
            "id": "a-hodz4f2kizknn49bv",
            "namespace": "kube-system",
            "role_arn": "arn:aws:iam::653928081447:role/KarpenterController-20260501211745817000000002",
            "service_account": "karpenter",
            "tags": {
              "Owner": "roshkhatri",
              "Project": "valkey-ci"
            },
            "tags_all": {
              "Owner": "roshkhatri",
              "Project": "valkey-ci"
            }
          },
          "sensitive_attributes": [],
          "dependencies": [
            "data.aws_availability_zones.available",
            "module.eks.aws_cloudwatch_log_group.this",
            "module.eks.aws_eks_access_entry.this",
            "module.eks.aws_eks_access_policy_association.this",
            "module.eks.aws_eks_cluster.this",
            "module.eks.aws_iam_policy.cni_ipv6_policy",
            "module.eks.aws_iam_role.eks_auto",
            "module.eks.aws_iam_role.this",
            "module.eks.aws_iam_role_policy_attachment.this",
            "module.eks.aws_security_group.cluster",
            "module.eks.aws_security_group.node",
            "module.eks.aws_security_group_rule.cluster",
            "module.eks.aws_security_group_rule.node",
            "module.eks.data.aws_caller_identity.current",
            "module.eks.data.aws_iam_policy_document.assume_role_policy",
            "module.eks.data.aws_iam_policy_document.cni_ipv6_policy",
            "module.eks.data.aws_iam_policy_document.node_assume_role_policy",
            "module.eks.data.aws_iam_session_context.current",
            "module.eks.data.aws_partition.current",
            "module.eks.module.kms.aws_kms_external_key.this",
            "module.eks.module.kms.aws_kms_key.this",
            "module.eks.module.kms.aws_kms_replica_external_key.this",
            "module.eks.module.kms.aws_kms_replica_key.this",
            "module.eks.module.kms.data.aws_caller_identity.current",
            "module.eks.module.kms.data.aws_iam_policy_document.this",
            "module.eks.module.kms.data.aws_partition.current",
            "module.karpenter.aws_iam_role.controller",
            "module.karpenter.data.aws_iam_policy_document.controller_assume_role",
            "module.vpc.aws_subnet.private",
            "module.vpc.aws_vpc.this",
            "module.vpc.aws_vpc_ipv4_cidr_block_association.this"
          ]
        }
      ]
    },
    {
      "module": "module.karpenter",
      "mode": "managed",
      "type": "aws_iam_policy",
      "name": "controller",
      "provider": "provider[\"registry.terraform.io/hashicorp/aws\"]",
      "instances": [
        {
          "index_key": 0,
          "schema_version": 0,
          "attributes": {
            "arn": "arn:aws:iam::653928081447:policy/KarpenterController-2026050121280494340000001c",
            "attachment_count": 1,
            "description": "Karpenter controller IAM policy",
            "id": "arn:aws:iam::653928081447:policy/KarpenterController-2026050121280494340000001c",
            "name": "KarpenterController-2026050121280494340000001c",
            "name_prefix": "KarpenterController-",
            "path": "/",
            "policy": "{\"Statement\":[{\"Action\":[\"ec2:RunInstances\",\"ec2:CreateFleet\"],\"Effect\":\"Allow\",\"Resource\":[\"arn:aws:ec2:us-east-1::snapshot/*\",\"arn:aws:ec2:us-east-1::image/*\",\"arn:aws:ec2:us-east-1:*:subnet/*\",\"arn:aws:ec2:us-east-1:*:security-group/*\",\"arn:aws:ec2:us-east-1:*:capacity-reservation/*\"],\"Sid\":\"AllowScopedEC2InstanceAccessActions\"},{\"Action\":[\"ec2:RunInstances\",\"ec2:CreateFleet\"],\"Condition\":{\"StringEquals\":{\"aws:ResourceTag/kubernetes.io/cluster/valkey-ci\":\"owned\"},\"StringLike\":{\"aws:ResourceTag/karpenter.sh/nodepool\":\"*\"}},\"Effect\":\"Allow\",\"Resource\":\"arn:aws:ec2:us-east-1:*:launch-template/*\",\"Sid\":\"AllowScopedEC2LaunchTemplateAccessActions\"},{\"Action\":[\"ec2:RunInstances\",\"ec2:CreateLaunchTemplate\",\"ec2:CreateFleet\"],\"Condition\":{\"StringEquals\":{\"aws:RequestTag/eks:eks-cluster-name\":\"valkey-ci\",\"aws:RequestTag/kubernetes.io/cluster/valkey-ci\":\"owned\"},\"StringLike\":{\"aws:RequestTag/karpenter.sh/nodepool\":\"*\"}},\"Effect\":\"Allow\",\"Resource\":[\"arn:aws:ec2:us-east-1:*:volume/*\",\"arn:aws:ec2:us-east-1:*:spot-instances-request/*\",\"arn:aws:ec2:us-east-1:*:network-interface/*\",\"arn:aws:ec2:us-east-1:*:launch-template/*\",\"arn:aws:ec2:us-east-1:*:instance/*\",\"arn:aws:ec2:us-east-1:*:fleet/*\"],\"Sid\":\"AllowScopedEC2InstanceActionsWithTags\"},{\"Action\":\"ec2:CreateTags\",\"Condition\":{\"StringEquals\":{\"aws:RequestTag/eks:eks-cluster-name\":\"valkey-ci\",\"aws:RequestTag/kubernetes.io/cluster/valkey-ci\":\"owned\",\"ec2:CreateAction\":[\"RunInstances\",\"CreateFleet\",\"CreateLaunchTemplate\"]},\"StringLike\":{\"aws:RequestTag/karpenter.sh/nodepool\":\"*\"}},\"Effect\":\"Allow\",\"Resource\":[\"arn:aws:ec2:us-east-1:*:volume/*\",\"arn:aws:ec2:us-east-1:*:spot-instances-request/*\",\"arn:aws:ec2:us-east-1:*:network-interface/*\",\"arn:aws:ec2:us-east-1:*:launch-template/*\",\"arn:aws:ec2:us-east-1:*:instance/*\",\"arn:aws:ec2:us-east-1:*:fleet/*\"],\"Sid\":\"AllowScopedResourceCreationTagging\"},{\"Action\":\"ec2:CreateTags\",\"Condition\":{\"ForAllValues:StringEquals\":{\"aws:TagKeys\":[\"eks:eks-cluster-name\",\"karpenter.sh/nodeclaim\",\"Name\"]},\"StringEquals\":{\"aws:ResourceTag/kubernetes.io/cluster/valkey-ci\":\"owned\"},\"StringEqualsIfExists\":{\"aws:RequestTag/eks:eks-cluster-name\":\"valkey-ci\"},\"StringLike\":{\"aws:ResourceTag/karpenter.sh/nodepool\":\"*\"}},\"Effect\":\"Allow\",\"Resource\":\"arn:aws:ec2:us-east-1:*:instance/*\",\"Sid\":\"AllowScopedResourceTagging\"},{\"Action\":[\"ec2:TerminateInstances\",\"ec2:DeleteLaunchTemplate\"],\"Condition\":{\"StringEquals\":{\"aws:ResourceTag/kubernetes.io/cluster/valkey-ci\":\"owned\"},\"StringLike\":{\"aws:ResourceTag/karpenter.sh/nodepool\":\"*\"}},\"Effect\":\"Allow\",\"Resource\":[\"arn:aws:ec2:us-east-1:*:launch-template/*\",\"arn:aws:ec2:us-east-1:*:instance/*\"],\"Sid\":\"AllowScopedDeletion\"},{\"Action\":[\"ec2:DescribeSubnets\",\"ec2:DescribeSpotPriceHistory\",\"ec2:DescribeSecurityGroups\",\"ec2:DescribeLaunchTemplates\",\"ec2:DescribeInstances\",\"ec2:DescribeInstanceTypes\",\"ec2:DescribeInstanceTypeOfferings\",\"ec2:DescribeImages\",\"ec2:DescribeAvailabilityZones\"],\"Condition\":{\"StringEquals\":{\"aws:RequestedRegion\":\"us-east-1\"}},\"Effect\":\"Allow\",\"Resource\":\"*\",\"Sid\":\"AllowRegionalReadActions\"},{\"Action\":\"ssm:GetParameter\",\"Effect\":\"Allow\",\"Resource\":\"arn:aws:ssm:us-east-1::parameter/aws/service/*\",\"Sid\":\"AllowSSMReadActions\"},{\"Action\":\"pricing:GetProducts\",\"Effect\":\"Allow\",\"Resource\":\"*\",\"Sid\":\"AllowPricingReadActions\"},{\"Action\":[\"sqs:ReceiveMessage\",\"sqs:GetQueueUrl\",\"sqs:DeleteMessage\"],\"Effect\":\"Allow\",\"Resource\":\"arn:aws:sqs:us-east-1:653928081447:Karpenter-valkey-ci\",\"Sid\":\"AllowInterruptionQueueActions\"},{\"Action\":\"iam:PassRole\",\"Condition\":{\"StringEquals\":{\"iam:PassedToService\":\"ec2.amazonaws.com\"}},\"Effect\":\"Allow\",\"Resource\":\"arn:aws:iam::653928081447:role/Karpenter-valkey-ci-20260501212738858700000016\",\"Sid\":\"AllowPassingInstanceRole\"},{\"Action\":\"iam:CreateInstanceProfile\",\"Condition\":{\"StringEquals\":{\"aws:RequestTag/eks:eks-cluster-name\":\"valkey-ci\",\"aws:RequestTag/kubernetes.io/cluster/valkey-ci\":\"owned\",\"aws:RequestTag/topology.kubernetes.io/region\":\"us-east-1\"},\"StringLike\":{\"aws:RequestTag/karpenter.k8s.aws/ec2nodeclass\":\"*\"}},\"Effect\":\"Allow\",\"Resource\":\"arn:aws:iam::653928081447:instance-profile/*\",\"Sid\":\"AllowScopedInstanceProfileCreationActions\"},{\"Action\":\"iam:TagInstanceProfile\",\"Condition\":{\"StringEquals\":{\"aws:RequestTag/eks:eks-cluster-name\":\"valkey-ci\",\"aws:RequestTag/kubernetes.io/cluster/valkey-ci\":\"owned\",\"aws:RequestTag/topology.kubernetes.io/region\":\"us-east-1\",\"aws:ResourceTag/kubernetes.io/cluster/valkey-ci\":\"owned\",\"aws:ResourceTag/topology.kubernetes.io/region\":\"us-east-1\"},\"StringLike\":{\"aws:RequestTag/karpenter.k8s.aws/ec2nodeclass\":\"*\",\"aws:ResourceTag/karpenter.k8s.aws/ec2nodeclass\":\"*\"}},\"Effect\":\"Allow\",\"Resource\":\"arn:aws:iam::653928081447:instance-profile/*\",\"Sid\":\"AllowScopedInstanceProfileTagActions\"},{\"Action\":[\"iam:RemoveRoleFromInstanceProfile\",\"iam:DeleteInstanceProfile\",\"iam:AddRoleToInstanceProfile\"],\"Condition\":{\"StringEquals\":{\"aws:ResourceTag/kubernetes.io/cluster/valkey-ci\":\"owned\",\"aws:ResourceTag/topology.kubernetes.io/region\":\"us-east-1\"},\"StringLike\":{\"aws:ResourceTag/karpenter.k8s.aws/ec2nodeclass\":\"*\"}},\"Effect\":\"Allow\",\"Resource\":\"arn:aws:iam::653928081447:instance-profile/*\",\"Sid\":\"AllowScopedInstanceProfileActions\"},{\"Action\":\"iam:GetInstanceProfile\",\"Effect\":\"Allow\",\"Resource\":\"arn:aws:iam::653928081447:instance-profile/*\",\"Sid\":\"AllowInstanceProfileReadActions\"},{\"Action\":\"eks:DescribeCluster\",\"Effect\":\"Allow\",\"Resource\":\"arn:aws:eks:us-east-1:653928081447:cluster/valkey-ci\",\"Sid\":\"AllowAPIServerEndpointDiscovery\"}],\"Version\":\"2012-10-17\"}",
            "policy_id": "ANPAZQQJGVATSBWL43IJU",
            "tags": {
              "Owner": "roshkhatri",
              "Project": "valkey-ci"
            },
            "tags_all": {
              "Owner": "roshkhatri",
              "Project": "valkey-ci"
            }
          },
          "sensitive_attributes": [],
          "private": "bnVsbA==",
          "dependencies": [
            "data.aws_availability_zones.available",
            "module.eks.aws_cloudwatch_log_group.this",
            "module.eks.aws_eks_access_entry.this",
            "module.eks.aws_eks_access_policy_association.this",
            "module.eks.aws_eks_cluster.this",
            "module.eks.aws_iam_policy.cni_ipv6_policy",
            "module.eks.aws_iam_role.eks_auto",
            "module.eks.aws_iam_role.this",
            "module.eks.aws_iam_role_policy_attachment.this",
            "module.eks.aws_security_group.cluster",
            "module.eks.aws_security_group.node",
            "module.eks.aws_security_group_rule.cluster",
            "module.eks.aws_security_group_rule.node",
            "module.eks.data.aws_caller_identity.current",
            "module.eks.data.aws_iam_policy_document.assume_role_policy",
            "module.eks.data.aws_iam_policy_document.cni_ipv6_policy",
            "module.eks.data.aws_iam_policy_document.node_assume_role_policy",
            "module.eks.data.aws_iam_session_context.current",
            "module.eks.data.aws_partition.current",
            "module.eks.module.kms.aws_kms_external_key.this",
            "module.eks.module.kms.aws_kms_key.this",
            "module.eks.module.kms.aws_kms_replica_external_key.this",
            "module.eks.module.kms.aws_kms_replica_key.this",
            "module.eks.module.kms.data.aws_caller_identity.current",
            "module.eks.module.kms.data.aws_iam_policy_document.this",
            "module.eks.module.kms.data.aws_partition.current",
            "module.karpenter.aws_iam_role.node",
            "module.karpenter.aws_sqs_queue.this",
            "module.karpenter.data.aws_caller_identity.current",
            "module.karpenter.data.aws_iam_policy_document.controller",
            "module.karpenter.data.aws_iam_policy_document.node_assume_role",
            "module.karpenter.data.aws_iam_policy_document.v033",
            "module.karpenter.data.aws_iam_policy_document.v1",
            "module.karpenter.data.aws_partition.current",
            "module.karpenter.data.aws_region.current",
            "module.vpc.aws_subnet.private",
            "module.vpc.aws_vpc.this",
            "module.vpc.aws_vpc_ipv4_cidr_block_association.this"
          ]
        }
      ]
    },
    {
      "module": "module.karpenter",
      "mode": "managed",
      "type": "aws_iam_role",
      "name": "controller",
      "provider": "provider[\"registry.terraform.io/hashicorp/aws\"]",
      "instances": [
        {
          "index_key": 0,
          "schema_version": 0,
          "attributes": {
            "arn": "arn:aws:iam::653928081447:role/KarpenterController-20260501211745817000000002",
            "assume_role_policy": "{\"Statement\":[{\"Action\":[\"sts:TagSession\",\"sts:AssumeRole\"],\"Effect\":\"Allow\",\"Principal\":{\"Service\":\"pods.eks.amazonaws.com\"}}],\"Version\":\"2012-10-17\"}",
            "create_date": "2026-05-01T21:17:46Z",
            "description": "Karpenter controller IAM role",
            "force_detach_policies": true,
            "id": "KarpenterController-20260501211745817000000002",
            "inline_policy": [],
            "managed_policy_arns": [
              "arn:aws:iam::653928081447:policy/KarpenterController-2026050121280494340000001c"
            ],
            "max_session_duration": 3600,
            "name": "KarpenterController-20260501211745817000000002",
            "name_prefix": "KarpenterController-",
            "path": "/",
            "permissions_boundary": "",
            "tags": {
              "Owner": "roshkhatri",
              "Project": "valkey-ci"
            },
            "tags_all": {
              "Owner": "roshkhatri",
              "Project": "valkey-ci"
            },
            "unique_id": "AROAZQQJGVATUGZLAV56H"
          },
          "sensitive_attributes": [],
          "private": "bnVsbA==",
          "dependencies": [
            "module.karpenter.data.aws_iam_policy_document.controller_assume_role"
          ]
        }
      ]
    },
    {
      "module": "module.karpenter",
      "mode": "managed",
      "type": "aws_iam_role",
      "name": "node",
      "provider": "provider[\"registry.terraform.io/hashicorp/aws\"]",
      "instances": [
        {
          "index_key": 0,
          "schema_version": 0,
          "attributes": {
            "arn": "arn:aws:iam::653928081447:role/Karpenter-valkey-ci-20260501212738858700000016",
            "assume_role_policy": "{\"Statement\":[{\"Action\":\"sts:AssumeRole\",\"Effect\":\"Allow\",\"Principal\":{\"Service\":\"ec2.amazonaws.com\"},\"Sid\":\"EKSNodeAssumeRole\"}],\"Version\":\"2012-10-17\"}",
            "create_date": "2026-05-01T21:27:38Z",
            "description": "",
            "force_detach_policies": true,
            "id": "Karpenter-valkey-ci-20260501212738858700000016",
            "inline_policy": [],
            "managed_policy_arns": [
              "arn:aws:iam::aws:policy/AmazonEC2ContainerRegistryReadOnly",
              "arn:aws:iam::aws:policy/AmazonEKSWorkerNodePolicy",
              "arn:aws:iam::aws:policy/AmazonEKS_CNI_Policy",
              "arn:aws:iam::aws:policy/AmazonSSMManagedInstanceCore"
            ],
            "max_session_duration": 3600,
            "name": "Karpenter-valkey-ci-20260501212738858700000016",
            "name_prefix": "Karpenter-valkey-ci-",
            "path": "/",
            "permissions_boundary": "",
            "tags": {
              "Owner": "roshkhatri",
              "Project": "valkey-ci"
            },
            "tags_all": {
              "Owner": "roshkhatri",
              "Project": "valkey-ci"
            },
            "unique_id": "AROAZQQJGVAT2YNWMURZE"
          },
          "sensitive_attributes": [],
          "private": "bnVsbA==",
          "dependencies": [
            "data.aws_availability_zones.available",
            "module.eks.aws_cloudwatch_log_group.this",
            "module.eks.aws_eks_access_entry.this",
            "module.eks.aws_eks_access_policy_association.this",
            "module.eks.aws_eks_cluster.this",
            "module.eks.aws_iam_policy.cni_ipv6_policy",
            "module.eks.aws_iam_role.eks_auto",
            "module.eks.aws_iam_role.this",
            "module.eks.aws_iam_role_policy_attachment.this",
            "module.eks.aws_security_group.cluster",
            "module.eks.aws_security_group.node",
            "module.eks.aws_security_group_rule.cluster",
            "module.eks.aws_security_group_rule.node",
            "module.eks.data.aws_caller_identity.current",
            "module.eks.data.aws_iam_policy_document.assume_role_policy",
            "module.eks.data.aws_iam_policy_document.cni_ipv6_policy",
            "module.eks.data.aws_iam_policy_document.node_assume_role_policy",
            "module.eks.data.aws_iam_session_context.current",
            "module.eks.data.aws_partition.current",
            "module.eks.module.kms.aws_kms_external_key.this",
            "module.eks.module.kms.aws_kms_key.this",
            "module.eks.module.kms.aws_kms_replica_external_key.this",
            "module.eks.module.kms.aws_kms_replica_key.this",
            "module.eks.module.kms.data.aws_caller_identity.current",
            "module.eks.module.kms.data.aws_iam_policy_document.this",
            "module.eks.module.kms.data.aws_partition.current",
            "module.karpenter.data.aws_iam_policy_document.node_assume_role",
            "module.karpenter.data.aws_partition.current",
            "module.vpc.aws_subnet.private",
            "module.vpc.aws_vpc.this",
            "module.vpc.aws_vpc_ipv4_cidr_block_association.this"
          ]
        }
      ]
    },
    {
      "module": "module.karpenter",
      "mode": "managed",
      "type": "aws_iam_role_policy_attachment",
      "name": "controller",
      "provider": "provider[\"registry.terraform.io/hashicorp/aws\"]",
      "instances": [
        {
          "index_key": 0,
          "schema_version": 0,
          "attributes": {
            "id": "KarpenterController-20260501211745817000000002-2026050121280541620000001d",
            "policy_arn": "arn:aws:iam::653928081447:policy/KarpenterController-2026050121280494340000001c",
            "role": "KarpenterController-20260501211745817000000002"
          },
          "sensitive_attributes": [],
          "private": "bnVsbA==",
          "dependencies": [
            "data.aws_availability_zones.available",
            "module.eks.aws_cloudwatch_log_group.this",
            "module.eks.aws_eks_access_entry.this",
            "module.eks.aws_eks_access_policy_association.this",
            "module.eks.aws_eks_cluster.this",
            "module.eks.aws_iam_policy.cni_ipv6_policy",
            "module.eks.aws_iam_role.eks_auto",
            "module.eks.aws_iam_role.this",
            "module.eks.aws_iam_role_policy_attachment.this",
            "module.eks.aws_security_group.cluster",
            "module.eks.aws_security_group.node",
            "module.eks.aws_security_group_rule.cluster",
            "module.eks.aws_security_group_rule.node",
            "module.eks.data.aws_caller_identity.current",
            "module.eks.data.aws_iam_policy_document.assume_role_policy",
            "module.eks.data.aws_iam_policy_document.cni_ipv6_policy",
            "module.eks.data.aws_iam_policy_document.node_assume_role_policy",
            "module.eks.data.aws_iam_session_context.current",
            "module.eks.data.aws_partition.current",
            "module.eks.module.kms.aws_kms_external_key.this",
            "module.eks.module.kms.aws_kms_key.this",
            "module.eks.module.kms.aws_kms_replica_external_key.this",
            "module.eks.module.kms.aws_kms_replica_key.this",
            "module.eks.module.kms.data.aws_caller_identity.current",
            "module.eks.module.kms.data.aws_iam_policy_document.this",
            "module.eks.module.kms.data.aws_partition.current",
            "module.karpenter.aws_iam_policy.controller",
            "module.karpenter.aws_iam_role.controller",
            "module.karpenter.aws_iam_role.node",
            "module.karpenter.aws_sqs_queue.this",
            "module.karpenter.data.aws_caller_identity.current",
            "module.karpenter.data.aws_iam_policy_document.controller",
            "module.karpenter.data.aws_iam_policy_document.controller_assume_role",
            "module.karpenter.data.aws_iam_policy_document.node_assume_role",
            "module.karpenter.data.aws_iam_policy_document.v033",
            "module.karpenter.data.aws_iam_policy_document.v1",
            "module.karpenter.data.aws_partition.current",
            "module.karpenter.data.aws_region.current",
            "module.vpc.aws_subnet.private",
            "module.vpc.aws_vpc.this",
            "module.vpc.aws_vpc_ipv4_cidr_block_association.this"
          ]
        }
      ]
    },
    {
      "module": "module.karpenter",
      "mode": "managed",
      "type": "aws_iam_role_policy_attachment",
      "name": "node",
      "provider": "provider[\"registry.terraform.io/hashicorp/aws\"]",
      "instances": [
        {
          "index_key": "AmazonEC2ContainerRegistryReadOnly",
          "schema_version": 0,
          "attributes": {
            "id": "Karpenter-valkey-ci-20260501212738858700000016-20260501212739544300000019",
            "policy_arn": "arn:aws:iam::aws:policy/AmazonEC2ContainerRegistryReadOnly",
            "role": "Karpenter-valkey-ci-20260501212738858700000016"
          },
          "sensitive_attributes": [],
          "private": "bnVsbA==",
          "dependencies": [
            "data.aws_availability_zones.available",
            "module.eks.aws_cloudwatch_log_group.this",
            "module.eks.aws_eks_access_entry.this",
            "module.eks.aws_eks_access_policy_association.this",
            "module.eks.aws_eks_cluster.this",
            "module.eks.aws_iam_policy.cni_ipv6_policy",
            "module.eks.aws_iam_role.eks_auto",
            "module.eks.aws_iam_role.this",
            "module.eks.aws_iam_role_policy_attachment.this",
            "module.eks.aws_security_group.cluster",
            "module.eks.aws_security_group.node",
            "module.eks.aws_security_group_rule.cluster",
            "module.eks.aws_security_group_rule.node",
            "module.eks.data.aws_caller_identity.current",
            "module.eks.data.aws_iam_policy_document.assume_role_policy",
            "module.eks.data.aws_iam_policy_document.cni_ipv6_policy",
            "module.eks.data.aws_iam_policy_document.node_assume_role_policy",
            "module.eks.data.aws_iam_session_context.current",
            "module.eks.data.aws_partition.current",
            "module.eks.module.kms.aws_kms_external_key.this",
            "module.eks.module.kms.aws_kms_key.this",
            "module.eks.module.kms.aws_kms_replica_external_key.this",
            "module.eks.module.kms.aws_kms_replica_key.this",
            "module.eks.module.kms.data.aws_caller_identity.current",
            "module.eks.module.kms.data.aws_iam_policy_document.this",
            "module.eks.module.kms.data.aws_partition.current",
            "module.karpenter.aws_iam_role.node",
            "module.karpenter.data.aws_caller_identity.current",
            "module.karpenter.data.aws_iam_policy_document.node_assume_role",
            "module.karpenter.data.aws_partition.current",
            "module.vpc.aws_subnet.private",
            "module.vpc.aws_vpc.this",
            "module.vpc.aws_vpc_ipv4_cidr_block_association.this"
          ]
        },
        {
          "index_key": "AmazonEKSWorkerNodePolicy",
          "schema_version": 0,
          "attributes": {
            "id": "Karpenter-valkey-ci-20260501212738858700000016-2026050121273973230000001b",
            "policy_arn": "arn:aws:iam::aws:policy/AmazonEKSWorkerNodePolicy",
            "role": "Karpenter-valkey-ci-20260501212738858700000016"
          },
          "sensitive_attributes": [],
          "private": "bnVsbA==",
          "dependencies": [
            "data.aws_availability_zones.available",
            "module.eks.aws_cloudwatch_log_group.this",
            "module.eks.aws_eks_access_entry.this",
            "module.eks.aws_eks_access_policy_association.this",
            "module.eks.aws_eks_cluster.this",
            "module.eks.aws_iam_policy.cni_ipv6_policy",
            "module.eks.aws_iam_role.eks_auto",
            "module.eks.aws_iam_role.this",
            "module.eks.aws_iam_role_policy_attachment.this",
            "module.eks.aws_security_group.cluster",
            "module.eks.aws_security_group.node",
            "module.eks.aws_security_group_rule.cluster",
            "module.eks.aws_security_group_rule.node",
            "module.eks.data.aws_caller_identity.current",
            "module.eks.data.aws_iam_policy_document.assume_role_policy",
            "module.eks.data.aws_iam_policy_document.cni_ipv6_policy",
            "module.eks.data.aws_iam_policy_document.node_assume_role_policy",
            "module.eks.data.aws_iam_session_context.current",
            "module.eks.data.aws_partition.current",
            "module.eks.module.kms.aws_kms_external_key.this",
            "module.eks.module.kms.aws_kms_key.this",
            "module.eks.module.kms.aws_kms_replica_external_key.this",
            "module.eks.module.kms.aws_kms_replica_key.this",
            "module.eks.module.kms.data.aws_caller_identity.current",
            "module.eks.module.kms.data.aws_iam_policy_document.this",
            "module.eks.module.kms.data.aws_partition.current",
            "module.karpenter.aws_iam_role.node",
            "module.karpenter.data.aws_caller_identity.current",
            "module.karpenter.data.aws_iam_policy_document.node_assume_role",
            "module.karpenter.data.aws_partition.current",
            "module.vpc.aws_subnet.private",
            "module.vpc.aws_vpc.this",
            "module.vpc.aws_vpc_ipv4_cidr_block_association.this"
          ]
        },
        {
          "index_key": "AmazonEKS_CNI_Policy",
          "schema_version": 0,
          "attributes": {
            "id": "Karpenter-valkey-ci-20260501212738858700000016-2026050121273967550000001a",
            "policy_arn": "arn:aws:iam::aws:policy/AmazonEKS_CNI_Policy",
            "role": "Karpenter-valkey-ci-20260501212738858700000016"
          },
          "sensitive_attributes": [],
          "private": "bnVsbA==",
          "dependencies": [
            "data.aws_availability_zones.available",
            "module.eks.aws_cloudwatch_log_group.this",
            "module.eks.aws_eks_access_entry.this",
            "module.eks.aws_eks_access_policy_association.this",
            "module.eks.aws_eks_cluster.this",
            "module.eks.aws_iam_policy.cni_ipv6_policy",
            "module.eks.aws_iam_role.eks_auto",
            "module.eks.aws_iam_role.this",
            "module.eks.aws_iam_role_policy_attachment.this",
            "module.eks.aws_security_group.cluster",
            "module.eks.aws_security_group.node",
            "module.eks.aws_security_group_rule.cluster",
            "module.eks.aws_security_group_rule.node",
            "module.eks.data.aws_caller_identity.current",
            "module.eks.data.aws_iam_policy_document.assume_role_policy",
            "module.eks.data.aws_iam_policy_document.cni_ipv6_policy",
            "module.eks.data.aws_iam_policy_document.node_assume_role_policy",
            "module.eks.data.aws_iam_session_context.current",
            "module.eks.data.aws_partition.current",
            "module.eks.module.kms.aws_kms_external_key.this",
            "module.eks.module.kms.aws_kms_key.this",
            "module.eks.module.kms.aws_kms_replica_external_key.this",
            "module.eks.module.kms.aws_kms_replica_key.this",
            "module.eks.module.kms.data.aws_caller_identity.current",
            "module.eks.module.kms.data.aws_iam_policy_document.this",
            "module.eks.module.kms.data.aws_partition.current",
            "module.karpenter.aws_iam_role.node",
            "module.karpenter.data.aws_caller_identity.current",
            "module.karpenter.data.aws_iam_policy_document.node_assume_role",
            "module.karpenter.data.aws_partition.current",
            "module.vpc.aws_subnet.private",
            "module.vpc.aws_vpc.this",
            "module.vpc.aws_vpc_ipv4_cidr_block_association.this"
          ]
        }
      ]
    },
    {
      "module": "module.karpenter",
      "mode": "managed",
      "type": "aws_iam_role_policy_attachment",
      "name": "node_additional",
      "provider": "provider[\"registry.terraform.io/hashicorp/aws\"]",
      "instances": [
        {
          "index_key": "AmazonSSMManagedInstanceCore",
          "schema_version": 0,
          "attributes": {
            "id": "Karpenter-valkey-ci-20260501212738858700000016-20260501212739403700000018",
            "policy_arn": "arn:aws:iam::aws:policy/AmazonSSMManagedInstanceCore",
            "role": "Karpenter-valkey-ci-20260501212738858700000016"
          },
          "sensitive_attributes": [],
          "private": "bnVsbA==",
          "dependencies": [
            "data.aws_availability_zones.available",
            "module.eks.aws_cloudwatch_log_group.this",
            "module.eks.aws_eks_access_entry.this",
            "module.eks.aws_eks_access_policy_association.this",
            "module.eks.aws_eks_cluster.this",
            "module.eks.aws_iam_policy.cni_ipv6_policy",
            "module.eks.aws_iam_role.eks_auto",
            "module.eks.aws_iam_role.this",
            "module.eks.aws_iam_role_policy_attachment.this",
            "module.eks.aws_security_group.cluster",
            "module.eks.aws_security_group.node",
            "module.eks.aws_security_group_rule.cluster",
            "module.eks.aws_security_group_rule.node",
            "module.eks.data.aws_caller_identity.current",
            "module.eks.data.aws_iam_policy_document.assume_role_policy",
            "module.eks.data.aws_iam_policy_document.cni_ipv6_policy",
            "module.eks.data.aws_iam_policy_document.node_assume_role_policy",
            "module.eks.data.aws_iam_session_context.current",
            "module.eks.data.aws_partition.current",
            "module.eks.module.kms.aws_kms_external_key.this",
            "module.eks.module.kms.aws_kms_key.this",
            "module.eks.module.kms.aws_kms_replica_external_key.this",
            "module.eks.module.kms.aws_kms_replica_key.this",
            "module.eks.module.kms.data.aws_caller_identity.current",
            "module.eks.module.kms.data.aws_iam_policy_document.this",
            "module.eks.module.kms.data.aws_partition.current",
            "module.karpenter.aws_iam_role.node",
            "module.karpenter.data.aws_iam_policy_document.node_assume_role",
            "module.karpenter.data.aws_partition.current",
            "module.vpc.aws_subnet.private",
            "module.vpc.aws_vpc.this",
            "module.vpc.aws_vpc_ipv4_cidr_block_association.this"
          ]
        }
      ]
    },
    {
      "module": "module.karpenter",
      "mode": "managed",
      "type": "aws_sqs_queue",
      "name": "this",
      "provider": "provider[\"registry.terraform.io/hashicorp/aws\"]",
      "instances": [
        {
          "index_key": 0,
          "schema_version": 0,
          "attributes": {
            "arn": "arn:aws:sqs:us-east-1:653928081447:Karpenter-valkey-ci",
            "content_based_deduplication": false,
            "deduplication_scope": "",
            "delay_seconds": 0,
            "fifo_queue": false,
            "fifo_throughput_limit": "",
            "id": "https://sqs.us-east-1.amazonaws.com/653928081447/Karpenter-valkey-ci",
            "kms_data_key_reuse_period_seconds": 300,
            "kms_master_key_id": "",
            "max_message_size": 262144,
            "message_retention_seconds": 300,
            "name": "Karpenter-valkey-ci",
            "name_prefix": "",
            "policy": "{\"Statement\":[{\"Action\":\"sqs:SendMessage\",\"Effect\":\"Allow\",\"Principal\":{\"Service\":[\"events.amazonaws.com\",\"sqs.amazonaws.com\"]},\"Resource\":\"arn:aws:sqs:us-east-1:653928081447:Karpenter-valkey-ci\",\"Sid\":\"SqsWrite\"},{\"Action\":\"sqs:*\",\"Condition\":{\"StringEquals\":{\"aws:SecureTransport\":\"false\"}},\"Effect\":\"Deny\",\"Principal\":\"*\",\"Resource\":\"arn:aws:sqs:us-east-1:653928081447:Karpenter-valkey-ci\",\"Sid\":\"DenyHTTP\"}],\"Version\":\"2012-10-17\"}",
            "receive_wait_time_seconds": 0,
            "redrive_allow_policy": "",
            "redrive_policy": "",
            "sqs_managed_sse_enabled": true,
            "tags": {
              "Owner": "roshkhatri",
              "Project": "valkey-ci"
            },
            "tags_all": {
              "Owner": "roshkhatri",
              "Project": "valkey-ci"
            },
            "timeouts": null,
            "url": "https://sqs.us-east-1.amazonaws.com/653928081447/Karpenter-valkey-ci",
            "visibility_timeout_seconds": 30
          },
          "sensitive_attributes": [],
          "private": "eyJlMmJmYjczMC1lY2FhLTExZTYtOGY4OC0zNDM2M2JjN2M0YzAiOnsiY3JlYXRlIjoxODAwMDAwMDAwMDAsImRlbGV0ZSI6MTgwMDAwMDAwMDAwLCJ1cGRhdGUiOjE4MDAwMDAwMDAwMH19",
          "dependencies": [
            "data.aws_availability_zones.available",
            "module.eks.aws_cloudwatch_log_group.this",
            "module.eks.aws_eks_access_entry.this",
            "module.eks.aws_eks_access_policy_association.this",
            "module.eks.aws_eks_cluster.this",
            "module.eks.aws_iam_policy.cni_ipv6_policy",
            "module.eks.aws_iam_role.eks_auto",
            "module.eks.aws_iam_role.this",
            "module.eks.aws_iam_role_policy_attachment.this",
            "module.eks.aws_security_group.cluster",
            "module.eks.aws_security_group.node",
            "module.eks.aws_security_group_rule.cluster",
            "module.eks.aws_security_group_rule.node",
            "module.eks.data.aws_caller_identity.current",
            "module.eks.data.aws_iam_policy_document.assume_role_policy",
            "module.eks.data.aws_iam_policy_document.cni_ipv6_policy",
            "module.eks.data.aws_iam_policy_document.node_assume_role_policy",
            "module.eks.data.aws_iam_session_context.current",
            "module.eks.data.aws_partition.current",
            "module.eks.module.kms.aws_kms_external_key.this",
            "module.eks.module.kms.aws_kms_key.this",
            "module.eks.module.kms.aws_kms_replica_external_key.this",
            "module.eks.module.kms.aws_kms_replica_key.this",
            "module.eks.module.kms.data.aws_caller_identity.current",
            "module.eks.module.kms.data.aws_iam_policy_document.this",
            "module.eks.module.kms.data.aws_partition.current",
            "module.vpc.aws_subnet.private",
            "module.vpc.aws_vpc.this",
            "module.vpc.aws_vpc_ipv4_cidr_block_association.this"
          ]
        }
      ]
    },
    {
      "module": "module.karpenter",
      "mode": "managed",
      "type": "aws_sqs_queue_policy",
      "name": "this",
      "provider": "provider[\"registry.terraform.io/hashicorp/aws\"]",
      "instances": [
        {
          "index_key": 0,
          "schema_version": 1,
          "attributes": {
            "id": "https://sqs.us-east-1.amazonaws.com/653928081447/Karpenter-valkey-ci",
            "policy": "{\"Statement\":[{\"Action\":\"sqs:SendMessage\",\"Effect\":\"Allow\",\"Principal\":{\"Service\":[\"sqs.amazonaws.com\",\"events.amazonaws.com\"]},\"Resource\":\"arn:aws:sqs:us-east-1:653928081447:Karpenter-valkey-ci\",\"Sid\":\"SqsWrite\"},{\"Action\":\"sqs:*\",\"Condition\":{\"StringEquals\":{\"aws:SecureTransport\":\"false\"}},\"Effect\":\"Deny\",\"Principal\":\"*\",\"Resource\":\"arn:aws:sqs:us-east-1:653928081447:Karpenter-valkey-ci\",\"Sid\":\"DenyHTTP\"}],\"Version\":\"2012-10-17\"}",
            "queue_url": "https://sqs.us-east-1.amazonaws.com/653928081447/Karpenter-valkey-ci"
          },
          "sensitive_attributes": [],
          "private": "eyJzY2hlbWFfdmVyc2lvbiI6IjEifQ==",
          "dependencies": [
            "data.aws_availability_zones.available",
            "module.eks.aws_cloudwatch_log_group.this",
            "module.eks.aws_eks_access_entry.this",
            "module.eks.aws_eks_access_policy_association.this",
            "module.eks.aws_eks_cluster.this",
            "module.eks.aws_iam_policy.cni_ipv6_policy",
            "module.eks.aws_iam_role.eks_auto",
            "module.eks.aws_iam_role.this",
            "module.eks.aws_iam_role_policy_attachment.this",
            "module.eks.aws_security_group.cluster",
            "module.eks.aws_security_group.node",
            "module.eks.aws_security_group_rule.cluster",
            "module.eks.aws_security_group_rule.node",
            "module.eks.data.aws_caller_identity.current",
            "module.eks.data.aws_iam_policy_document.assume_role_policy",
            "module.eks.data.aws_iam_policy_document.cni_ipv6_policy",
            "module.eks.data.aws_iam_policy_document.node_assume_role_policy",
            "module.eks.data.aws_iam_session_context.current",
            "module.eks.data.aws_partition.current",
            "module.eks.module.kms.aws_kms_external_key.this",
            "module.eks.module.kms.aws_kms_key.this",
            "module.eks.module.kms.aws_kms_replica_external_key.this",
            "module.eks.module.kms.aws_kms_replica_key.this",
            "module.eks.module.kms.data.aws_caller_identity.current",
            "module.eks.module.kms.data.aws_iam_policy_document.this",
            "module.eks.module.kms.data.aws_partition.current",
            "module.karpenter.aws_sqs_queue.this",
            "module.karpenter.data.aws_iam_policy_document.queue",
            "module.vpc.aws_subnet.private",
            "module.vpc.aws_vpc.this",
            "module.vpc.aws_vpc_ipv4_cidr_block_association.this"
          ]
        }
      ]
    },
    {
      "module": "module.vpc",
      "mode": "managed",
      "type": "aws_default_network_acl",
      "name": "this",
      "provider": "provider[\"registry.terraform.io/hashicorp/aws\"]",
      "instances": [
        {
          "index_key": 0,
          "schema_version": 0,
          "attributes": {
            "arn": "arn:aws:ec2:us-east-1:653928081447:network-acl/acl-0fbd5e9a76eec6cd8",
            "default_network_acl_id": "acl-0fbd5e9a76eec6cd8",
            "egress": [
              {
                "action": "allow",
                "cidr_block": "",
                "from_port": 0,
                "icmp_code": 0,
                "icmp_type": 0,
                "ipv6_cidr_block": "::/0",
                "protocol": "-1",
                "rule_no": 101,
                "to_port": 0
              },
              {
                "action": "allow",
                "cidr_block": "0.0.0.0/0",
                "from_port": 0,
                "icmp_code": 0,
                "icmp_type": 0,
                "ipv6_cidr_block": "",
                "protocol": "-1",
                "rule_no": 100,
                "to_port": 0
              }
            ],
            "id": "acl-0fbd5e9a76eec6cd8",
            "ingress": [
              {
                "action": "allow",
                "cidr_block": "",
                "from_port": 0,
                "icmp_code": 0,
                "icmp_type": 0,
                "ipv6_cidr_block": "::/0",
                "protocol": "-1",
                "rule_no": 101,
                "to_port": 0
              },
              {
                "action": "allow",
                "cidr_block": "0.0.0.0/0",
                "from_port": 0,
                "icmp_code": 0,
                "icmp_type": 0,
                "ipv6_cidr_block": "",
                "protocol": "-1",
                "rule_no": 100,
                "to_port": 0
              }
            ],
            "owner_id": "653928081447",
            "subnet_ids": [
              "subnet-0513323891764704b",
              "subnet-071f4374bee060c68",
              "subnet-086f4efb20a26df79",
              "subnet-0bc07261e41abc215",
              "subnet-0c54b83204514b8ea",
              "subnet-0e888aca932cb6fb4"
            ],
            "tags": {
              "Name": "valkey-ci-vpc-default",
              "Owner": "roshkhatri",
              "Project": "valkey-ci"
            },
            "tags_all": {
              "Name": "valkey-ci-vpc-default",
              "Owner": "roshkhatri",
              "Project": "valkey-ci"
            },
            "vpc_id": "vpc-0fa984275ed4d8c39"
          },
          "sensitive_attributes": [],
          "private": "bnVsbA==",
          "dependencies": [
            "module.vpc.aws_vpc.this"
          ]
        }
      ]
    },
    {
      "module": "module.vpc",
      "mode": "managed",
      "type": "aws_default_route_table",
      "name": "default",
      "provider": "provider[\"registry.terraform.io/hashicorp/aws\"]",
      "instances": [
        {
          "index_key": 0,
          "schema_version": 0,
          "attributes": {
            "arn": "arn:aws:ec2:us-east-1:653928081447:route-table/rtb-02e381d18cd59b6ae",
            "default_route_table_id": "rtb-02e381d18cd59b6ae",
            "id": "rtb-02e381d18cd59b6ae",
            "owner_id": "653928081447",
            "propagating_vgws": [],
            "route": [],
            "tags": {
              "Name": "valkey-ci-vpc-default",
              "Owner": "roshkhatri",
              "Project": "valkey-ci"
            },
            "tags_all": {
              "Name": "valkey-ci-vpc-default",
              "Owner": "roshkhatri",
              "Project": "valkey-ci"
            },
            "timeouts": {
              "create": "5m",
              "update": "5m"
            },
            "vpc_id": "vpc-0fa984275ed4d8c39"
          },
          "sensitive_attributes": [],
          "private": "eyJlMmJmYjczMC1lY2FhLTExZTYtOGY4OC0zNDM2M2JjN2M0YzAiOnsiY3JlYXRlIjozMDAwMDAwMDAwMDAsInVwZGF0ZSI6MzAwMDAwMDAwMDAwfX0=",
          "dependencies": [
            "module.vpc.aws_vpc.this"
          ]
        }
      ]
    },
    {
      "module": "module.vpc",
      "mode": "managed",
      "type": "aws_default_security_group",
      "name": "this",
      "provider": "provider[\"registry.terraform.io/hashicorp/aws\"]",
      "instances": [
        {
          "index_key": 0,
          "schema_version": 1,
          "attributes": {
            "arn": "arn:aws:ec2:us-east-1:653928081447:security-group/sg-08b3881f3d01b379e",
            "description": "default VPC security group",
            "egress": [],
            "id": "sg-08b3881f3d01b379e",
            "ingress": [],
            "name": "default",
            "name_prefix": "",
            "owner_id": "653928081447",
            "revoke_rules_on_delete": false,
            "tags": {
              "Name": "valkey-ci-vpc-default",
              "Owner": "roshkhatri",
              "Project": "valkey-ci"
            },
            "tags_all": {
              "Name": "valkey-ci-vpc-default",
              "Owner": "roshkhatri",
              "Project": "valkey-ci"
            },
            "vpc_id": "vpc-0fa984275ed4d8c39"
          },
          "sensitive_attributes": [],
          "private": "eyJzY2hlbWFfdmVyc2lvbiI6IjEifQ==",
          "dependencies": [
            "module.vpc.aws_vpc.this"
          ]
        }
      ]
    },
    {
      "module": "module.vpc",
      "mode": "managed",
      "type": "aws_eip",
      "name": "nat",
      "provider": "provider[\"registry.terraform.io/hashicorp/aws\"]",
      "instances": [
        {
          "index_key": 0,
          "schema_version": 0,
          "attributes": {
            "address": null,
            "allocation_id": "eipalloc-05a3657534077c78f",
            "arn": "arn:aws:ec2:us-east-1:653928081447:elastic-ip/eipalloc-05a3657534077c78f",
            "associate_with_private_ip": null,
            "association_id": "eipassoc-0308d8f6e88447ea7",
            "carrier_ip": "",
            "customer_owned_ip": "",
            "customer_owned_ipv4_pool": "",
            "domain": "vpc",
            "id": "eipalloc-05a3657534077c78f",
            "instance": "",
            "ipam_pool_id": null,
            "network_border_group": "us-east-1",
            "network_interface": "eni-0ba8a1e8a7bbdd753",
            "private_dns": "ip-10-0-1-245.ec2.internal",
            "private_ip": "10.0.1.245",
            "ptr_record": "",
            "public_dns": "ec2-52-5-6-222.compute-1.amazonaws.com",
            "public_ip": "52.5.6.222",
            "public_ipv4_pool": "amazon",
            "tags": {
              "Name": "valkey-ci-vpc-us-east-1a",
              "Owner": "roshkhatri",
              "Project": "valkey-ci"
            },
            "tags_all": {
              "Name": "valkey-ci-vpc-us-east-1a",
              "Owner": "roshkhatri",
              "Project": "valkey-ci"
            },
            "timeouts": null,
            "vpc": true
          },
          "sensitive_attributes": [],
          "private": "eyJlMmJmYjczMC1lY2FhLTExZTYtOGY4OC0zNDM2M2JjN2M0YzAiOnsiZGVsZXRlIjoxODAwMDAwMDAwMDAsInJlYWQiOjkwMDAwMDAwMDAwMCwidXBkYXRlIjozMDAwMDAwMDAwMDB9fQ==",
          "dependencies": [
            "data.aws_availability_zones.available",
            "module.vpc.aws_internet_gateway.this",
            "module.vpc.aws_vpc.this",
            "module.vpc.aws_vpc_ipv4_cidr_block_association.this"
          ]
        }
      ]
    },
    {
      "module": "module.vpc",
      "mode": "managed",
      "type": "aws_internet_gateway",
      "name": "this",
      "provider": "provider[\"registry.terraform.io/hashicorp/aws\"]",
      "instances": [
        {
          "index_key": 0,
          "schema_version": 0,
          "attributes": {
            "arn": "arn:aws:ec2:us-east-1:653928081447:internet-gateway/igw-063abd57fa257620d",
            "id": "igw-063abd57fa257620d",
            "owner_id": "653928081447",
            "tags": {
              "Name": "valkey-ci-vpc",
              "Owner": "roshkhatri",
              "Project": "valkey-ci"
            },
            "tags_all": {
              "Name": "valkey-ci-vpc",
              "Owner": "roshkhatri",
              "Project": "valkey-ci"
            },
            "timeouts": null,
            "vpc_id": "vpc-0fa984275ed4d8c39"
          },
          "sensitive_attributes": [],
          "private": "eyJlMmJmYjczMC1lY2FhLTExZTYtOGY4OC0zNDM2M2JjN2M0YzAiOnsiY3JlYXRlIjoxMjAwMDAwMDAwMDAwLCJkZWxldGUiOjEyMDAwMDAwMDAwMDAsInVwZGF0ZSI6MTIwMDAwMDAwMDAwMH19",
          "dependencies": [
            "module.vpc.aws_vpc.this",
            "module.vpc.aws_vpc_ipv4_cidr_block_association.this"
          ]
        }
      ]
    },
    {
      "module": "module.vpc",
      "mode": "managed",
      "type": "aws_nat_gateway",
      "name": "this",
      "provider": "provider[\"registry.terraform.io/hashicorp/aws\"]",
      "instances": [
        {
          "index_key": 0,
          "schema_version": 0,
          "attributes": {
            "allocation_id": "eipalloc-05a3657534077c78f",
            "association_id": "eipassoc-0308d8f6e88447ea7",
            "connectivity_type": "public",
            "id": "nat-02ffdaa2c53184c67",
            "network_interface_id": "eni-0ba8a1e8a7bbdd753",
            "private_ip": "10.0.1.245",
            "public_ip": "52.5.6.222",
            "secondary_allocation_ids": [],
            "secondary_private_ip_address_count": 0,
            "secondary_private_ip_addresses": [],
            "subnet_id": "subnet-086f4efb20a26df79",
            "tags": {
              "Name": "valkey-ci-vpc-us-east-1a",
              "Owner": "roshkhatri",
              "Project": "valkey-ci"
            },
            "tags_all": {
              "Name": "valkey-ci-vpc-us-east-1a",
              "Owner": "roshkhatri",
              "Project": "valkey-ci"
            },
            "timeouts": null
          },
          "sensitive_attributes": [],
          "private": "eyJlMmJmYjczMC1lY2FhLTExZTYtOGY4OC0zNDM2M2JjN2M0YzAiOnsiY3JlYXRlIjo2MDAwMDAwMDAwMDAsImRlbGV0ZSI6MTgwMDAwMDAwMDAwMCwidXBkYXRlIjo2MDAwMDAwMDAwMDB9fQ==",
          "dependencies": [
            "data.aws_availability_zones.available",
            "module.vpc.aws_eip.nat",
            "module.vpc.aws_internet_gateway.this",
            "module.vpc.aws_subnet.public",
            "module.vpc.aws_vpc.this",
            "module.vpc.aws_vpc_ipv4_cidr_block_association.this"
          ]
        }
      ]
    },
    {
      "module": "module.vpc",
      "mode": "managed",
      "type": "aws_route",
      "name": "private_nat_gateway",
      "provider": "provider[\"registry.terraform.io/hashicorp/aws\"]",
      "instances": [
        {
          "index_key": 0,
          "schema_version": 0,
          "attributes": {
            "carrier_gateway_id": "",
            "core_network_arn": "",
            "destination_cidr_block": "0.0.0.0/0",
            "destination_ipv6_cidr_block": "",
            "destination_prefix_list_id": "",
            "egress_only_gateway_id": "",
            "gateway_id": "",
            "id": "r-rtb-08db5d595c0d57b471080289494",
            "instance_id": "",
            "instance_owner_id": "",
            "local_gateway_id": "",
            "nat_gateway_id": "nat-02ffdaa2c53184c67",
            "network_interface_id": "",
            "origin": "CreateRoute",
            "route_table_id": "rtb-08db5d595c0d57b47",
            "state": "active",
            "timeouts": {
              "create": "5m",
              "delete": null,
              "update": null
            },
            "transit_gateway_id": "",
            "vpc_endpoint_id": "",
            "vpc_peering_connection_id": ""
          },
          "sensitive_attributes": [],
          "private": "eyJlMmJmYjczMC1lY2FhLTExZTYtOGY4OC0zNDM2M2JjN2M0YzAiOnsiY3JlYXRlIjozMDAwMDAwMDAwMDAsImRlbGV0ZSI6MzAwMDAwMDAwMDAwLCJ1cGRhdGUiOjEyMDAwMDAwMDAwMH19",
          "dependencies": [
            "data.aws_availability_zones.available",
            "module.vpc.aws_eip.nat",
            "module.vpc.aws_internet_gateway.this",
            "module.vpc.aws_nat_gateway.this",
            "module.vpc.aws_route_table.private",
            "module.vpc.aws_subnet.public",
            "module.vpc.aws_vpc.this",
            "module.vpc.aws_vpc_ipv4_cidr_block_association.this"
          ]
        }
      ]
    },
    {
      "module": "module.vpc",
      "mode": "managed",
      "type": "aws_route",
      "name": "public_internet_gateway",
      "provider": "provider[\"registry.terraform.io/hashicorp/aws\"]",
      "instances": [
        {
          "index_key": 0,
          "schema_version": 0,
          "attributes": {
            "carrier_gateway_id": "",
            "core_network_arn": "",
            "destination_cidr_block": "0.0.0.0/0",
            "destination_ipv6_cidr_block": "",
            "destination_prefix_list_id": "",
            "egress_only_gateway_id": "",
            "gateway_id": "igw-063abd57fa257620d",
            "id": "r-rtb-09ea08549dc384e681080289494",
            "instance_id": "",
            "instance_owner_id": "",
            "local_gateway_id": "",
            "nat_gateway_id": "",
            "network_interface_id": "",
            "origin": "CreateRoute",
            "route_table_id": "rtb-09ea08549dc384e68",
            "state": "active",
            "timeouts": {
              "create": "5m",
              "delete": null,
              "update": null
            },
            "transit_gateway_id": "",
            "vpc_endpoint_id": "",
            "vpc_peering_connection_id": ""
          },
          "sensitive_attributes": [],
          "private": "eyJlMmJmYjczMC1lY2FhLTExZTYtOGY4OC0zNDM2M2JjN2M0YzAiOnsiY3JlYXRlIjozMDAwMDAwMDAwMDAsImRlbGV0ZSI6MzAwMDAwMDAwMDAwLCJ1cGRhdGUiOjEyMDAwMDAwMDAwMH19",
          "dependencies": [
            "data.aws_availability_zones.available",
            "module.vpc.aws_internet_gateway.this",
            "module.vpc.aws_route_table.public",
            "module.vpc.aws_vpc.this",
            "module.vpc.aws_vpc_ipv4_cidr_block_association.this"
          ]
        }
      ]
    },
    {
      "module": "module.vpc",
      "mode": "managed",
      "type": "aws_route_table",
      "name": "private",
      "provider": "provider[\"registry.terraform.io/hashicorp/aws\"]",
      "instances": [
        {
          "index_key": 0,
          "schema_version": 0,
          "attributes": {
            "arn": "arn:aws:ec2:us-east-1:653928081447:route-table/rtb-08db5d595c0d57b47",
            "id": "rtb-08db5d595c0d57b47",
            "owner_id": "653928081447",
            "propagating_vgws": [],
            "route": [
              {
                "carrier_gateway_id": "",
                "cidr_block": "0.0.0.0/0",
                "core_network_arn": "",
                "destination_prefix_list_id": "",
                "egress_only_gateway_id": "",
                "gateway_id": "",
                "ipv6_cidr_block": "",
                "local_gateway_id": "",
                "nat_gateway_id": "nat-02ffdaa2c53184c67",
                "network_interface_id": "",
                "transit_gateway_id": "",
                "vpc_endpoint_id": "",
                "vpc_peering_connection_id": ""
              }
            ],
            "tags": {
              "Name": "valkey-ci-vpc-private",
              "Owner": "roshkhatri",
              "Project": "valkey-ci"
            },
            "tags_all": {
              "Name": "valkey-ci-vpc-private",
              "Owner": "roshkhatri",
              "Project": "valkey-ci"
            },
            "timeouts": null,
            "vpc_id": "vpc-0fa984275ed4d8c39"
          },
          "sensitive_attributes": [],
          "private": "eyJlMmJmYjczMC1lY2FhLTExZTYtOGY4OC0zNDM2M2JjN2M0YzAiOnsiY3JlYXRlIjozMDAwMDAwMDAwMDAsImRlbGV0ZSI6MzAwMDAwMDAwMDAwLCJ1cGRhdGUiOjEyMDAwMDAwMDAwMH19",
          "dependencies": [
            "data.aws_availability_zones.available",
            "module.vpc.aws_vpc.this",
            "module.vpc.aws_vpc_ipv4_cidr_block_association.this"
          ]
        }
      ]
    },
    {
      "module": "module.vpc",
      "mode": "managed",
      "type": "aws_route_table",
      "name": "public",
      "provider": "provider[\"registry.terraform.io/hashicorp/aws\"]",
      "instances": [
        {
          "index_key": 0,
          "schema_version": 0,
          "attributes": {
            "arn": "arn:aws:ec2:us-east-1:653928081447:route-table/rtb-09ea08549dc384e68",
            "id": "rtb-09ea08549dc384e68",
            "owner_id": "653928081447",
            "propagating_vgws": [],
            "route": [
              {
                "carrier_gateway_id": "",
                "cidr_block": "0.0.0.0/0",
                "core_network_arn": "",
                "destination_prefix_list_id": "",
                "egress_only_gateway_id": "",
                "gateway_id": "igw-063abd57fa257620d",
                "ipv6_cidr_block": "",
                "local_gateway_id": "",
                "nat_gateway_id": "",
                "network_interface_id": "",
                "transit_gateway_id": "",
                "vpc_endpoint_id": "",
                "vpc_peering_connection_id": ""
              }
            ],
            "tags": {
              "Name": "valkey-ci-vpc-public",
              "Owner": "roshkhatri",
              "Project": "valkey-ci"
            },
            "tags_all": {
              "Name": "valkey-ci-vpc-public",
              "Owner": "roshkhatri",
              "Project": "valkey-ci"
            },
            "timeouts": null,
            "vpc_id": "vpc-0fa984275ed4d8c39"
          },
          "sensitive_attributes": [],
          "private": "eyJlMmJmYjczMC1lY2FhLTExZTYtOGY4OC0zNDM2M2JjN2M0YzAiOnsiY3JlYXRlIjozMDAwMDAwMDAwMDAsImRlbGV0ZSI6MzAwMDAwMDAwMDAwLCJ1cGRhdGUiOjEyMDAwMDAwMDAwMH19",
          "dependencies": [
            "data.aws_availability_zones.available",
            "module.vpc.aws_vpc.this",
            "module.vpc.aws_vpc_ipv4_cidr_block_association.this"
          ]
        }
      ]
    },
    {
      "module": "module.vpc",
      "mode": "managed",
      "type": "aws_route_table_association",
      "name": "private",
      "provider": "provider[\"registry.terraform.io/hashicorp/aws\"]",
      "instances": [
        {
          "index_key": 0,
          "schema_version": 0,
          "attributes": {
            "gateway_id": "",
            "id": "rtbassoc-0416367f361e16498",
            "route_table_id": "rtb-08db5d595c0d57b47",
            "subnet_id": "subnet-0c54b83204514b8ea",
            "timeouts": null
          },
          "sensitive_attributes": [],
          "private": "eyJlMmJmYjczMC1lY2FhLTExZTYtOGY4OC0zNDM2M2JjN2M0YzAiOnsiY3JlYXRlIjozMDAwMDAwMDAwMDAsImRlbGV0ZSI6MzAwMDAwMDAwMDAwLCJ1cGRhdGUiOjEyMDAwMDAwMDAwMH19",
          "dependencies": [
            "data.aws_availability_zones.available",
            "module.vpc.aws_route_table.private",
            "module.vpc.aws_subnet.private",
            "module.vpc.aws_vpc.this",
            "module.vpc.aws_vpc_ipv4_cidr_block_association.this"
          ]
        },
        {
          "index_key": 1,
          "schema_version": 0,
          "attributes": {
            "gateway_id": "",
            "id": "rtbassoc-05557d5ae401f3722",
            "route_table_id": "rtb-08db5d595c0d57b47",
            "subnet_id": "subnet-0bc07261e41abc215",
            "timeouts": null
          },
          "sensitive_attributes": [],
          "private": "eyJlMmJmYjczMC1lY2FhLTExZTYtOGY4OC0zNDM2M2JjN2M0YzAiOnsiY3JlYXRlIjozMDAwMDAwMDAwMDAsImRlbGV0ZSI6MzAwMDAwMDAwMDAwLCJ1cGRhdGUiOjEyMDAwMDAwMDAwMH19",
          "dependencies": [
            "data.aws_availability_zones.available",
            "module.vpc.aws_route_table.private",
            "module.vpc.aws_subnet.private",
            "module.vpc.aws_vpc.this",
            "module.vpc.aws_vpc_ipv4_cidr_block_association.this"
          ]
        }
      ]
    },
    {
      "module": "module.vpc",
      "mode": "managed",
      "type": "aws_route_table_association",
      "name": "public",
      "provider": "provider[\"registry.terraform.io/hashicorp/aws\"]",
      "instances": [
        {
          "index_key": 0,
          "schema_version": 0,
          "attributes": {
            "gateway_id": "",
            "id": "rtbassoc-0027778ac644779d7",
            "route_table_id": "rtb-09ea08549dc384e68",
            "subnet_id": "subnet-086f4efb20a26df79",
            "timeouts": null
          },
          "sensitive_attributes": [],
          "private": "eyJlMmJmYjczMC1lY2FhLTExZTYtOGY4OC0zNDM2M2JjN2M0YzAiOnsiY3JlYXRlIjozMDAwMDAwMDAwMDAsImRlbGV0ZSI6MzAwMDAwMDAwMDAwLCJ1cGRhdGUiOjEyMDAwMDAwMDAwMH19",
          "dependencies": [
            "data.aws_availability_zones.available",
            "module.vpc.aws_route_table.public",
            "module.vpc.aws_subnet.public",
            "module.vpc.aws_vpc.this",
            "module.vpc.aws_vpc_ipv4_cidr_block_association.this"
          ]
        },
        {
          "index_key": 1,
          "schema_version": 0,
          "attributes": {
            "gateway_id": "",
            "id": "rtbassoc-0add0f2df208ed121",
            "route_table_id": "rtb-09ea08549dc384e68",
            "subnet_id": "subnet-071f4374bee060c68",
            "timeouts": null
          },
          "sensitive_attributes": [],
          "private": "eyJlMmJmYjczMC1lY2FhLTExZTYtOGY4OC0zNDM2M2JjN2M0YzAiOnsiY3JlYXRlIjozMDAwMDAwMDAwMDAsImRlbGV0ZSI6MzAwMDAwMDAwMDAwLCJ1cGRhdGUiOjEyMDAwMDAwMDAwMH19",
          "dependencies": [
            "data.aws_availability_zones.available",
            "module.vpc.aws_route_table.public",
            "module.vpc.aws_subnet.public",
            "module.vpc.aws_vpc.this",
            "module.vpc.aws_vpc_ipv4_cidr_block_association.this"
          ]
        }
      ]
    },
    {
      "module": "module.vpc",
      "mode": "managed",
      "type": "aws_subnet",
      "name": "private",
      "provider": "provider[\"registry.terraform.io/hashicorp/aws\"]",
      "instances": [
        {
          "index_key": 0,
          "schema_version": 1,
          "attributes": {
            "arn": "arn:aws:ec2:us-east-1:653928081447:subnet/subnet-0c54b83204514b8ea",
            "assign_ipv6_address_on_creation": false,
            "availability_zone": "us-east-1a",
            "availability_zone_id": "use1-az6",
            "cidr_block": "10.0.10.0/24",
            "customer_owned_ipv4_pool": "",
            "enable_dns64": false,
            "enable_lni_at_device_index": 0,
            "enable_resource_name_dns_a_record_on_launch": false,
            "enable_resource_name_dns_aaaa_record_on_launch": false,
            "id": "subnet-0c54b83204514b8ea",
            "ipv6_cidr_block": "",
            "ipv6_cidr_block_association_id": "",
            "ipv6_native": false,
            "map_customer_owned_ip_on_launch": false,
            "map_public_ip_on_launch": false,
            "outpost_arn": "",
            "owner_id": "653928081447",
            "private_dns_hostname_type_on_launch": "ip-name",
            "tags": {
              "Name": "valkey-ci-vpc-private-us-east-1a",
              "Owner": "roshkhatri",
              "Project": "valkey-ci",
              "kubernetes.io/role/internal-elb": "1"
            },
            "tags_all": {
              "Name": "valkey-ci-vpc-private-us-east-1a",
              "Owner": "roshkhatri",
              "Project": "valkey-ci",
              "kubernetes.io/role/internal-elb": "1"
            },
            "timeouts": null,
            "vpc_id": "vpc-0fa984275ed4d8c39"
          },
          "sensitive_attributes": [],
          "private": "eyJlMmJmYjczMC1lY2FhLTExZTYtOGY4OC0zNDM2M2JjN2M0YzAiOnsiY3JlYXRlIjo2MDAwMDAwMDAwMDAsImRlbGV0ZSI6MTIwMDAwMDAwMDAwMH0sInNjaGVtYV92ZXJzaW9uIjoiMSJ9",
          "dependencies": [
            "data.aws_availability_zones.available",
            "module.vpc.aws_vpc.this",
            "module.vpc.aws_vpc_ipv4_cidr_block_association.this"
          ]
        },
        {
          "index_key": 1,
          "schema_version": 1,
          "attributes": {
            "arn": "arn:aws:ec2:us-east-1:653928081447:subnet/subnet-0bc07261e41abc215",
            "assign_ipv6_address_on_creation": false,
            "availability_zone": "us-east-1b",
            "availability_zone_id": "use1-az1",
            "cidr_block": "10.0.11.0/24",
            "customer_owned_ipv4_pool": "",
            "enable_dns64": false,
            "enable_lni_at_device_index": 0,
            "enable_resource_name_dns_a_record_on_launch": false,
            "enable_resource_name_dns_aaaa_record_on_launch": false,
            "id": "subnet-0bc07261e41abc215",
            "ipv6_cidr_block": "",
            "ipv6_cidr_block_association_id": "",
            "ipv6_native": false,
            "map_customer_owned_ip_on_launch": false,
            "map_public_ip_on_launch": false,
            "outpost_arn": "",
            "owner_id": "653928081447",
            "private_dns_hostname_type_on_launch": "ip-name",
            "tags": {
              "Name": "valkey-ci-vpc-private-us-east-1b",
              "Owner": "roshkhatri",
              "Project": "valkey-ci",
              "kubernetes.io/role/internal-elb": "1"
            },
            "tags_all": {
              "Name": "valkey-ci-vpc-private-us-east-1b",
              "Owner": "roshkhatri",
              "Project": "valkey-ci",
              "kubernetes.io/role/internal-elb": "1"
            },
            "timeouts": null,
            "vpc_id": "vpc-0fa984275ed4d8c39"
          },
          "sensitive_attributes": [],
          "private": "eyJlMmJmYjczMC1lY2FhLTExZTYtOGY4OC0zNDM2M2JjN2M0YzAiOnsiY3JlYXRlIjo2MDAwMDAwMDAwMDAsImRlbGV0ZSI6MTIwMDAwMDAwMDAwMH0sInNjaGVtYV92ZXJzaW9uIjoiMSJ9",
          "dependencies": [
            "data.aws_availability_zones.available",
            "module.vpc.aws_vpc.this",
            "module.vpc.aws_vpc_ipv4_cidr_block_association.this"
          ]
        }
      ]
    },
    {
      "module": "module.vpc",
      "mode": "managed",
      "type": "aws_subnet",
      "name": "public",
      "provider": "provider[\"registry.terraform.io/hashicorp/aws\"]",
      "instances": [
        {
          "index_key": 0,
          "schema_version": 1,
          "attributes": {
            "arn": "arn:aws:ec2:us-east-1:653928081447:subnet/subnet-086f4efb20a26df79",
            "assign_ipv6_address_on_creation": false,
            "availability_zone": "us-east-1a",
            "availability_zone_id": "use1-az6",
            "cidr_block": "10.0.1.0/24",
            "customer_owned_ipv4_pool": "",
            "enable_dns64": false,
            "enable_lni_at_device_index": 0,
            "enable_resource_name_dns_a_record_on_launch": false,
            "enable_resource_name_dns_aaaa_record_on_launch": false,
            "id": "subnet-086f4efb20a26df79",
            "ipv6_cidr_block": "",
            "ipv6_cidr_block_association_id": "",
            "ipv6_native": false,
            "map_customer_owned_ip_on_launch": false,
            "map_public_ip_on_launch": false,
            "outpost_arn": "",
            "owner_id": "653928081447",
            "private_dns_hostname_type_on_launch": "ip-name",
            "tags": {
              "Name": "valkey-ci-vpc-public-us-east-1a",
              "Owner": "roshkhatri",
              "Project": "valkey-ci",
              "kubernetes.io/role/elb": "1"
            },
            "tags_all": {
              "Name": "valkey-ci-vpc-public-us-east-1a",
              "Owner": "roshkhatri",
              "Project": "valkey-ci",
              "kubernetes.io/role/elb": "1"
            },
            "timeouts": null,
            "vpc_id": "vpc-0fa984275ed4d8c39"
          },
          "sensitive_attributes": [],
          "private": "eyJlMmJmYjczMC1lY2FhLTExZTYtOGY4OC0zNDM2M2JjN2M0YzAiOnsiY3JlYXRlIjo2MDAwMDAwMDAwMDAsImRlbGV0ZSI6MTIwMDAwMDAwMDAwMH0sInNjaGVtYV92ZXJzaW9uIjoiMSJ9",
          "dependencies": [
            "data.aws_availability_zones.available",
            "module.vpc.aws_vpc.this",
            "module.vpc.aws_vpc_ipv4_cidr_block_association.this"
          ]
        },
        {
          "index_key": 1,
          "schema_version": 1,
          "attributes": {
            "arn": "arn:aws:ec2:us-east-1:653928081447:subnet/subnet-071f4374bee060c68",
            "assign_ipv6_address_on_creation": false,
            "availability_zone": "us-east-1b",
            "availability_zone_id": "use1-az1",
            "cidr_block": "10.0.2.0/24",
            "customer_owned_ipv4_pool": "",
            "enable_dns64": false,
            "enable_lni_at_device_index": 0,
            "enable_resource_name_dns_a_record_on_launch": false,
            "enable_resource_name_dns_aaaa_record_on_launch": false,
            "id": "subnet-071f4374bee060c68",
            "ipv6_cidr_block": "",
            "ipv6_cidr_block_association_id": "",
            "ipv6_native": false,
            "map_customer_owned_ip_on_launch": false,
            "map_public_ip_on_launch": false,
            "outpost_arn": "",
            "owner_id": "653928081447",
            "private_dns_hostname_type_on_launch": "ip-name",
            "tags": {
              "Name": "valkey-ci-vpc-public-us-east-1b",
              "Owner": "roshkhatri",
              "Project": "valkey-ci",
              "kubernetes.io/role/elb": "1"
            },
            "tags_all": {
              "Name": "valkey-ci-vpc-public-us-east-1b",
              "Owner": "roshkhatri",
              "Project": "valkey-ci",
              "kubernetes.io/role/elb": "1"
            },
            "timeouts": null,
            "vpc_id": "vpc-0fa984275ed4d8c39"
          },
          "sensitive_attributes": [],
          "private": "eyJlMmJmYjczMC1lY2FhLTExZTYtOGY4OC0zNDM2M2JjN2M0YzAiOnsiY3JlYXRlIjo2MDAwMDAwMDAwMDAsImRlbGV0ZSI6MTIwMDAwMDAwMDAwMH0sInNjaGVtYV92ZXJzaW9uIjoiMSJ9",
          "dependencies": [
            "data.aws_availability_zones.available",
            "module.vpc.aws_vpc.this",
            "module.vpc.aws_vpc_ipv4_cidr_block_association.this"
          ]
        }
      ]
    },
    {
      "module": "module.vpc",
      "mode": "managed",
      "type": "aws_vpc",
      "name": "this",
      "provider": "provider[\"registry.terraform.io/hashicorp/aws\"]",
      "instances": [
        {
          "index_key": 0,
          "schema_version": 1,
          "attributes": {
            "arn": "arn:aws:ec2:us-east-1:653928081447:vpc/vpc-0fa984275ed4d8c39",
            "assign_generated_ipv6_cidr_block": false,
            "cidr_block": "10.0.0.0/16",
            "default_network_acl_id": "acl-0fbd5e9a76eec6cd8",
            "default_route_table_id": "rtb-02e381d18cd59b6ae",
            "default_security_group_id": "sg-08b3881f3d01b379e",
            "dhcp_options_id": "dopt-09abd264e53c1face",
            "enable_dns_hostnames": true,
            "enable_dns_support": true,
            "enable_network_address_usage_metrics": false,
            "id": "vpc-0fa984275ed4d8c39",
            "instance_tenancy": "default",
            "ipv4_ipam_pool_id": null,
            "ipv4_netmask_length": null,
            "ipv6_association_id": "",
            "ipv6_cidr_block": "",
            "ipv6_cidr_block_network_border_group": "",
            "ipv6_ipam_pool_id": "",
            "ipv6_netmask_length": 0,
            "main_route_table_id": "rtb-02e381d18cd59b6ae",
            "owner_id": "653928081447",
            "tags": {
              "Name": "valkey-ci-vpc",
              "Owner": "roshkhatri",
              "Project": "valkey-ci"
            },
            "tags_all": {
              "Name": "valkey-ci-vpc",
              "Owner": "roshkhatri",
              "Project": "valkey-ci"
            }
          },
          "sensitive_attributes": [],
          "private": "eyJzY2hlbWFfdmVyc2lvbiI6IjEifQ==",
          "create_before_destroy": true
        }
      ]
    }
  ],
  "check_results": [
    {
      "object_kind": "resource",
      "config_addr": "module.eks.module.self_managed_node_group.module.user_data.null_resource.validate_cluster_service_cidr",
      "status": "unknown",
      "objects": null
    },
    {
      "object_kind": "resource",
      "config_addr": "module.eks.module.eks_managed_node_group.module.user_data.null_resource.validate_cluster_service_cidr",
      "status": "unknown",
      "objects": null
    },
    {
      "object_kind": "var",
      "config_addr": "module.eks.module.self_managed_node_group.var.platform",
      "status": "unknown",
      "objects": null
    }
  ]
}
